{
  "version": 4,
  "terraform_version": "1.3.3",
  "serial": 1334,
  "lineage": "6506d395-91a3-7d5f-0141-d6f3f924efa8",
  "outputs": {},
  "resources": [
    {
      "module": "module.category-module",
      "mode": "data",
      "type": "aws_iam_role",
      "name": "academy_lambda_access",
      "provider": "provider[\"registry.terraform.io/hashicorp/aws\"]",
      "instances": [
        {
          "schema_version": 0,
          "attributes": {
            "arn": "arn:aws:iam::774416584173:role/academy_lambda_access",
            "assume_role_policy": "{\"Version\":\"2012-10-17\",\"Statement\":[{\"Effect\":\"Allow\",\"Principal\":{\"Service\":[\"lambda.amazonaws.com\",\"apigateway.amazonaws.com\"]},\"Action\":\"sts:AssumeRole\"}]}",
            "create_date": "2023-03-19T08:45:42Z",
            "description": "Allows Lambda functions to call AWS services on your behalf.",
            "id": "academy_lambda_access",
            "max_session_duration": 3600,
            "name": "academy_lambda_access",
            "path": "/",
            "permissions_boundary": "",
            "role_last_used": [
              {
                "last_used_date": "2023-07-12T15:26:49Z",
                "region": "ap-southeast-1"
              }
            ],
            "tags": {},
            "unique_id": "AROA3ITWTJXW4KLMX4ZZZ"
          },
          "sensitive_attributes": []
        }
      ]
    },
    {
      "module": "module.category-module",
      "mode": "managed",
      "type": "aws_api_gateway_api_key",
      "name": "api-key-ftb",
      "provider": "provider[\"registry.terraform.io/hashicorp/aws\"]",
      "instances": [
        {
          "schema_version": 0,
          "attributes": {
            "arn": "arn:aws:apigateway:ap-southeast-1::/apikeys/1bv7hf8jw2",
            "created_date": "2023-07-11T17:30:32Z",
            "description": "Managed by Terraform",
            "enabled": true,
            "id": "1bv7hf8jw2",
            "last_updated_date": "2023-07-11T17:30:32Z",
            "name": "x-api-key-ftb",
            "tags": {},
            "tags_all": {},
            "value": "k4lEuluBzw3Rj0rHyvlKK3ytqkm4ysXgF7ZBs4yh"
          },
          "sensitive_attributes": [],
          "private": "bnVsbA=="
        }
      ]
    },
    {
      "module": "module.category-module",
      "mode": "managed",
      "type": "aws_api_gateway_authorizer",
      "name": "authorizer_resource",
      "provider": "provider[\"registry.terraform.io/hashicorp/aws\"]",
      "instances": [
        {
          "schema_version": 0,
          "attributes": {
            "arn": "arn:aws:apigateway:ap-southeast-1::/restapis/n3ex1fhmv6/authorizers/z2l7aa",
            "authorizer_credentials": "arn:aws:iam::774416584173:role/academy_lambda_access",
            "authorizer_result_ttl_in_seconds": 0,
            "authorizer_uri": "arn:aws:apigateway:ap-southeast-1:lambda:path/2015-03-31/functions/arn:aws:lambda:ap-southeast-1:774416584173:function:api_gateway_authorizer_ftb/invocations",
            "id": "z2l7aa",
            "identity_source": "method.request.header.email,method.request.header.password",
            "identity_validation_expression": "",
            "name": "authorizer_resource",
            "provider_arns": [],
            "rest_api_id": "n3ex1fhmv6",
            "type": "REQUEST"
          },
          "sensitive_attributes": [],
          "private": "bnVsbA==",
          "dependencies": [
            "module.category-module.aws_api_gateway_rest_api.ftb_terraform",
            "module.category-module.aws_lambda_function.authorizer_lambda",
            "module.category-module.data.aws_iam_role.academy_lambda_access",
            "module.category-module.module.authorizer-zip.aws_cloudwatch_log_group.lambda",
            "module.category-module.module.authorizer-zip.aws_iam_policy.additional_inline",
            "module.category-module.module.authorizer-zip.aws_iam_policy.additional_json",
            "module.category-module.module.authorizer-zip.aws_iam_policy.additional_jsons",
            "module.category-module.module.authorizer-zip.aws_iam_policy.async",
            "module.category-module.module.authorizer-zip.aws_iam_policy.dead_letter",
            "module.category-module.module.authorizer-zip.aws_iam_policy.logs",
            "module.category-module.module.authorizer-zip.aws_iam_policy.tracing",
            "module.category-module.module.authorizer-zip.aws_iam_policy.vpc",
            "module.category-module.module.authorizer-zip.aws_iam_policy_attachment.additional_inline",
            "module.category-module.module.authorizer-zip.aws_iam_policy_attachment.additional_json",
            "module.category-module.module.authorizer-zip.aws_iam_policy_attachment.additional_jsons",
            "module.category-module.module.authorizer-zip.aws_iam_policy_attachment.async",
            "module.category-module.module.authorizer-zip.aws_iam_policy_attachment.dead_letter",
            "module.category-module.module.authorizer-zip.aws_iam_policy_attachment.logs",
            "module.category-module.module.authorizer-zip.aws_iam_policy_attachment.tracing",
            "module.category-module.module.authorizer-zip.aws_iam_policy_attachment.vpc",
            "module.category-module.module.authorizer-zip.aws_iam_role.lambda",
            "module.category-module.module.authorizer-zip.aws_iam_role_policy_attachment.additional_many",
            "module.category-module.module.authorizer-zip.aws_iam_role_policy_attachment.additional_one",
            "module.category-module.module.authorizer-zip.aws_lambda_event_source_mapping.this",
            "module.category-module.module.authorizer-zip.aws_lambda_function.this",
            "module.category-module.module.authorizer-zip.aws_lambda_function_event_invoke_config.this",
            "module.category-module.module.authorizer-zip.aws_lambda_layer_version.this",
            "module.category-module.module.authorizer-zip.aws_lambda_permission.current_version_triggers",
            "module.category-module.module.authorizer-zip.aws_lambda_permission.unqualified_alias_triggers",
            "module.category-module.module.authorizer-zip.aws_lambda_provisioned_concurrency_config.current_version",
            "module.category-module.module.authorizer-zip.aws_s3_bucket_object.lambda_package",
            "module.category-module.module.authorizer-zip.data.aws_arn.log_group_arn",
            "module.category-module.module.authorizer-zip.data.aws_cloudwatch_log_group.lambda",
            "module.category-module.module.authorizer-zip.data.aws_iam_policy.tracing",
            "module.category-module.module.authorizer-zip.data.aws_iam_policy.vpc",
            "module.category-module.module.authorizer-zip.data.aws_iam_policy_document.additional_inline",
            "module.category-module.module.authorizer-zip.data.aws_iam_policy_document.assume_role",
            "module.category-module.module.authorizer-zip.data.aws_iam_policy_document.async",
            "module.category-module.module.authorizer-zip.data.aws_iam_policy_document.dead_letter",
            "module.category-module.module.authorizer-zip.data.aws_iam_policy_document.logs",
            "module.category-module.module.authorizer-zip.data.external.archive_prepare",
            "module.category-module.module.authorizer-zip.local_file.archive_plan",
            "module.category-module.module.authorizer-zip.null_resource.archive",
            "module.category-module.module.lambda_layer.aws_lambda_layer_version.this",
            "module.category-module.module.lambda_layer.aws_s3_bucket_object.lambda_package",
            "module.category-module.module.lambda_layer.data.external.archive_prepare",
            "module.category-module.module.lambda_layer.local_file.archive_plan",
            "module.category-module.module.lambda_layer.null_resource.archive"
          ],
          "create_before_destroy": true
        }
      ]
    },
    {
      "module": "module.category-module",
      "mode": "managed",
      "type": "aws_api_gateway_deployment",
      "name": "ftb_deployment",
      "provider": "provider[\"registry.terraform.io/hashicorp/aws\"]",
      "instances": [
        {
          "schema_version": 0,
          "attributes": {
            "created_date": "2023-07-12T15:51:57Z",
            "description": "",
            "execution_arn": "arn:aws:execute-api:ap-southeast-1:774416584173:n3ex1fhmv6/",
            "id": "ec27ag",
            "invoke_url": "https://n3ex1fhmv6.execute-api.ap-southeast-1.amazonaws.com/",
            "rest_api_id": "n3ex1fhmv6",
            "stage_description": null,
            "stage_name": null,
            "triggers": {
              "redeployment": "2be88ca4242c76e8253ac62474851065032d6833"
            },
            "variables": {
              "deployed_at": "2023-07-12T15:51:57Z"
            }
          },
          "sensitive_attributes": [],
          "private": "bnVsbA==",
          "dependencies": [
            "module.category-module.aws_api_gateway_authorizer.authorizer_resource",
            "module.category-module.aws_api_gateway_integration.integration_get_booking",
            "module.category-module.aws_api_gateway_integration.integration_get_flight",
            "module.category-module.aws_api_gateway_integration.integration_post_book-ticket",
            "module.category-module.aws_api_gateway_integration.integration_post_user",
            "module.category-module.aws_api_gateway_method.book-ticket_method",
            "module.category-module.aws_api_gateway_method.get_booking_method",
            "module.category-module.aws_api_gateway_method.get_flight_method",
            "module.category-module.aws_api_gateway_method.user_method",
            "module.category-module.aws_api_gateway_request_validator.book-ticket_validator",
            "module.category-module.aws_api_gateway_request_validator.get_booking_validator",
            "module.category-module.aws_api_gateway_request_validator.get_flight_validator",
            "module.category-module.aws_api_gateway_request_validator.user_validator",
            "module.category-module.aws_api_gateway_resource.book-ticket",
            "module.category-module.aws_api_gateway_resource.flight_booking",
            "module.category-module.aws_api_gateway_resource.get_booking",
            "module.category-module.aws_api_gateway_resource.get_flight",
            "module.category-module.aws_api_gateway_resource.user",
            "module.category-module.aws_api_gateway_resource.v1",
            "module.category-module.aws_api_gateway_rest_api.ftb_terraform",
            "module.category-module.aws_lambda_function.authorizer_lambda",
            "module.category-module.aws_lambda_function.lambda_get_booking",
            "module.category-module.aws_lambda_function.lambda_get_flight",
            "module.category-module.aws_lambda_function.lambda_post_book-ticket",
            "module.category-module.aws_lambda_function.lambda_post_user",
            "module.category-module.data.aws_iam_role.academy_lambda_access",
            "module.category-module.module.authorizer-zip.aws_cloudwatch_log_group.lambda",
            "module.category-module.module.authorizer-zip.aws_iam_policy.additional_inline",
            "module.category-module.module.authorizer-zip.aws_iam_policy.additional_json",
            "module.category-module.module.authorizer-zip.aws_iam_policy.additional_jsons",
            "module.category-module.module.authorizer-zip.aws_iam_policy.async",
            "module.category-module.module.authorizer-zip.aws_iam_policy.dead_letter",
            "module.category-module.module.authorizer-zip.aws_iam_policy.logs",
            "module.category-module.module.authorizer-zip.aws_iam_policy.tracing",
            "module.category-module.module.authorizer-zip.aws_iam_policy.vpc",
            "module.category-module.module.authorizer-zip.aws_iam_policy_attachment.additional_inline",
            "module.category-module.module.authorizer-zip.aws_iam_policy_attachment.additional_json",
            "module.category-module.module.authorizer-zip.aws_iam_policy_attachment.additional_jsons",
            "module.category-module.module.authorizer-zip.aws_iam_policy_attachment.async",
            "module.category-module.module.authorizer-zip.aws_iam_policy_attachment.dead_letter",
            "module.category-module.module.authorizer-zip.aws_iam_policy_attachment.logs",
            "module.category-module.module.authorizer-zip.aws_iam_policy_attachment.tracing",
            "module.category-module.module.authorizer-zip.aws_iam_policy_attachment.vpc",
            "module.category-module.module.authorizer-zip.aws_iam_role.lambda",
            "module.category-module.module.authorizer-zip.aws_iam_role_policy_attachment.additional_many",
            "module.category-module.module.authorizer-zip.aws_iam_role_policy_attachment.additional_one",
            "module.category-module.module.authorizer-zip.aws_lambda_event_source_mapping.this",
            "module.category-module.module.authorizer-zip.aws_lambda_function.this",
            "module.category-module.module.authorizer-zip.aws_lambda_function_event_invoke_config.this",
            "module.category-module.module.authorizer-zip.aws_lambda_layer_version.this",
            "module.category-module.module.authorizer-zip.aws_lambda_permission.current_version_triggers",
            "module.category-module.module.authorizer-zip.aws_lambda_permission.unqualified_alias_triggers",
            "module.category-module.module.authorizer-zip.aws_lambda_provisioned_concurrency_config.current_version",
            "module.category-module.module.authorizer-zip.aws_s3_bucket_object.lambda_package",
            "module.category-module.module.authorizer-zip.data.aws_arn.log_group_arn",
            "module.category-module.module.authorizer-zip.data.aws_cloudwatch_log_group.lambda",
            "module.category-module.module.authorizer-zip.data.aws_iam_policy.tracing",
            "module.category-module.module.authorizer-zip.data.aws_iam_policy.vpc",
            "module.category-module.module.authorizer-zip.data.aws_iam_policy_document.additional_inline",
            "module.category-module.module.authorizer-zip.data.aws_iam_policy_document.assume_role",
            "module.category-module.module.authorizer-zip.data.aws_iam_policy_document.async",
            "module.category-module.module.authorizer-zip.data.aws_iam_policy_document.dead_letter",
            "module.category-module.module.authorizer-zip.data.aws_iam_policy_document.logs",
            "module.category-module.module.authorizer-zip.data.external.archive_prepare",
            "module.category-module.module.authorizer-zip.local_file.archive_plan",
            "module.category-module.module.authorizer-zip.null_resource.archive",
            "module.category-module.module.lambda_layer.aws_lambda_layer_version.this",
            "module.category-module.module.lambda_layer.aws_s3_bucket_object.lambda_package",
            "module.category-module.module.lambda_layer.data.external.archive_prepare",
            "module.category-module.module.lambda_layer.local_file.archive_plan",
            "module.category-module.module.lambda_layer.null_resource.archive",
            "module.category-module.module.zip_get_booking.aws_cloudwatch_log_group.lambda",
            "module.category-module.module.zip_get_booking.aws_iam_policy.additional_inline",
            "module.category-module.module.zip_get_booking.aws_iam_policy.additional_json",
            "module.category-module.module.zip_get_booking.aws_iam_policy.additional_jsons",
            "module.category-module.module.zip_get_booking.aws_iam_policy.async",
            "module.category-module.module.zip_get_booking.aws_iam_policy.dead_letter",
            "module.category-module.module.zip_get_booking.aws_iam_policy.logs",
            "module.category-module.module.zip_get_booking.aws_iam_policy.tracing",
            "module.category-module.module.zip_get_booking.aws_iam_policy.vpc",
            "module.category-module.module.zip_get_booking.aws_iam_policy_attachment.additional_inline",
            "module.category-module.module.zip_get_booking.aws_iam_policy_attachment.additional_json",
            "module.category-module.module.zip_get_booking.aws_iam_policy_attachment.additional_jsons",
            "module.category-module.module.zip_get_booking.aws_iam_policy_attachment.async",
            "module.category-module.module.zip_get_booking.aws_iam_policy_attachment.dead_letter",
            "module.category-module.module.zip_get_booking.aws_iam_policy_attachment.logs",
            "module.category-module.module.zip_get_booking.aws_iam_policy_attachment.tracing",
            "module.category-module.module.zip_get_booking.aws_iam_policy_attachment.vpc",
            "module.category-module.module.zip_get_booking.aws_iam_role.lambda",
            "module.category-module.module.zip_get_booking.aws_iam_role_policy_attachment.additional_many",
            "module.category-module.module.zip_get_booking.aws_iam_role_policy_attachment.additional_one",
            "module.category-module.module.zip_get_booking.aws_lambda_event_source_mapping.this",
            "module.category-module.module.zip_get_booking.aws_lambda_function.this",
            "module.category-module.module.zip_get_booking.aws_lambda_function_event_invoke_config.this",
            "module.category-module.module.zip_get_booking.aws_lambda_layer_version.this",
            "module.category-module.module.zip_get_booking.aws_lambda_permission.current_version_triggers",
            "module.category-module.module.zip_get_booking.aws_lambda_permission.unqualified_alias_triggers",
            "module.category-module.module.zip_get_booking.aws_lambda_provisioned_concurrency_config.current_version",
            "module.category-module.module.zip_get_booking.aws_s3_bucket_object.lambda_package",
            "module.category-module.module.zip_get_booking.data.aws_arn.log_group_arn",
            "module.category-module.module.zip_get_booking.data.aws_cloudwatch_log_group.lambda",
            "module.category-module.module.zip_get_booking.data.aws_iam_policy.tracing",
            "module.category-module.module.zip_get_booking.data.aws_iam_policy.vpc",
            "module.category-module.module.zip_get_booking.data.aws_iam_policy_document.additional_inline",
            "module.category-module.module.zip_get_booking.data.aws_iam_policy_document.assume_role",
            "module.category-module.module.zip_get_booking.data.aws_iam_policy_document.async",
            "module.category-module.module.zip_get_booking.data.aws_iam_policy_document.dead_letter",
            "module.category-module.module.zip_get_booking.data.aws_iam_policy_document.logs",
            "module.category-module.module.zip_get_booking.data.external.archive_prepare",
            "module.category-module.module.zip_get_booking.local_file.archive_plan",
            "module.category-module.module.zip_get_booking.null_resource.archive",
            "module.category-module.module.zip_get_flight.aws_cloudwatch_log_group.lambda",
            "module.category-module.module.zip_get_flight.aws_iam_policy.additional_inline",
            "module.category-module.module.zip_get_flight.aws_iam_policy.additional_json",
            "module.category-module.module.zip_get_flight.aws_iam_policy.additional_jsons",
            "module.category-module.module.zip_get_flight.aws_iam_policy.async",
            "module.category-module.module.zip_get_flight.aws_iam_policy.dead_letter",
            "module.category-module.module.zip_get_flight.aws_iam_policy.logs",
            "module.category-module.module.zip_get_flight.aws_iam_policy.tracing",
            "module.category-module.module.zip_get_flight.aws_iam_policy.vpc",
            "module.category-module.module.zip_get_flight.aws_iam_policy_attachment.additional_inline",
            "module.category-module.module.zip_get_flight.aws_iam_policy_attachment.additional_json",
            "module.category-module.module.zip_get_flight.aws_iam_policy_attachment.additional_jsons",
            "module.category-module.module.zip_get_flight.aws_iam_policy_attachment.async",
            "module.category-module.module.zip_get_flight.aws_iam_policy_attachment.dead_letter",
            "module.category-module.module.zip_get_flight.aws_iam_policy_attachment.logs",
            "module.category-module.module.zip_get_flight.aws_iam_policy_attachment.tracing",
            "module.category-module.module.zip_get_flight.aws_iam_policy_attachment.vpc",
            "module.category-module.module.zip_get_flight.aws_iam_role.lambda",
            "module.category-module.module.zip_get_flight.aws_iam_role_policy_attachment.additional_many",
            "module.category-module.module.zip_get_flight.aws_iam_role_policy_attachment.additional_one",
            "module.category-module.module.zip_get_flight.aws_lambda_event_source_mapping.this",
            "module.category-module.module.zip_get_flight.aws_lambda_function.this",
            "module.category-module.module.zip_get_flight.aws_lambda_function_event_invoke_config.this",
            "module.category-module.module.zip_get_flight.aws_lambda_layer_version.this",
            "module.category-module.module.zip_get_flight.aws_lambda_permission.current_version_triggers",
            "module.category-module.module.zip_get_flight.aws_lambda_permission.unqualified_alias_triggers",
            "module.category-module.module.zip_get_flight.aws_lambda_provisioned_concurrency_config.current_version",
            "module.category-module.module.zip_get_flight.aws_s3_bucket_object.lambda_package",
            "module.category-module.module.zip_get_flight.data.aws_arn.log_group_arn",
            "module.category-module.module.zip_get_flight.data.aws_cloudwatch_log_group.lambda",
            "module.category-module.module.zip_get_flight.data.aws_iam_policy.tracing",
            "module.category-module.module.zip_get_flight.data.aws_iam_policy.vpc",
            "module.category-module.module.zip_get_flight.data.aws_iam_policy_document.additional_inline",
            "module.category-module.module.zip_get_flight.data.aws_iam_policy_document.assume_role",
            "module.category-module.module.zip_get_flight.data.aws_iam_policy_document.async",
            "module.category-module.module.zip_get_flight.data.aws_iam_policy_document.dead_letter",
            "module.category-module.module.zip_get_flight.data.aws_iam_policy_document.logs",
            "module.category-module.module.zip_get_flight.data.external.archive_prepare",
            "module.category-module.module.zip_get_flight.local_file.archive_plan",
            "module.category-module.module.zip_get_flight.null_resource.archive",
            "module.category-module.module.zip_post_book-ticket_mv.aws_cloudwatch_log_group.lambda",
            "module.category-module.module.zip_post_book-ticket_mv.aws_iam_policy.additional_inline",
            "module.category-module.module.zip_post_book-ticket_mv.aws_iam_policy.additional_json",
            "module.category-module.module.zip_post_book-ticket_mv.aws_iam_policy.additional_jsons",
            "module.category-module.module.zip_post_book-ticket_mv.aws_iam_policy.async",
            "module.category-module.module.zip_post_book-ticket_mv.aws_iam_policy.dead_letter",
            "module.category-module.module.zip_post_book-ticket_mv.aws_iam_policy.logs",
            "module.category-module.module.zip_post_book-ticket_mv.aws_iam_policy.tracing",
            "module.category-module.module.zip_post_book-ticket_mv.aws_iam_policy.vpc",
            "module.category-module.module.zip_post_book-ticket_mv.aws_iam_policy_attachment.additional_inline",
            "module.category-module.module.zip_post_book-ticket_mv.aws_iam_policy_attachment.additional_json",
            "module.category-module.module.zip_post_book-ticket_mv.aws_iam_policy_attachment.additional_jsons",
            "module.category-module.module.zip_post_book-ticket_mv.aws_iam_policy_attachment.async",
            "module.category-module.module.zip_post_book-ticket_mv.aws_iam_policy_attachment.dead_letter",
            "module.category-module.module.zip_post_book-ticket_mv.aws_iam_policy_attachment.logs",
            "module.category-module.module.zip_post_book-ticket_mv.aws_iam_policy_attachment.tracing",
            "module.category-module.module.zip_post_book-ticket_mv.aws_iam_policy_attachment.vpc",
            "module.category-module.module.zip_post_book-ticket_mv.aws_iam_role.lambda",
            "module.category-module.module.zip_post_book-ticket_mv.aws_iam_role_policy_attachment.additional_many",
            "module.category-module.module.zip_post_book-ticket_mv.aws_iam_role_policy_attachment.additional_one",
            "module.category-module.module.zip_post_book-ticket_mv.aws_lambda_event_source_mapping.this",
            "module.category-module.module.zip_post_book-ticket_mv.aws_lambda_function.this",
            "module.category-module.module.zip_post_book-ticket_mv.aws_lambda_function_event_invoke_config.this",
            "module.category-module.module.zip_post_book-ticket_mv.aws_lambda_layer_version.this",
            "module.category-module.module.zip_post_book-ticket_mv.aws_lambda_permission.current_version_triggers",
            "module.category-module.module.zip_post_book-ticket_mv.aws_lambda_permission.unqualified_alias_triggers",
            "module.category-module.module.zip_post_book-ticket_mv.aws_lambda_provisioned_concurrency_config.current_version",
            "module.category-module.module.zip_post_book-ticket_mv.aws_s3_bucket_object.lambda_package",
            "module.category-module.module.zip_post_book-ticket_mv.data.aws_arn.log_group_arn",
            "module.category-module.module.zip_post_book-ticket_mv.data.aws_cloudwatch_log_group.lambda",
            "module.category-module.module.zip_post_book-ticket_mv.data.aws_iam_policy.tracing",
            "module.category-module.module.zip_post_book-ticket_mv.data.aws_iam_policy.vpc",
            "module.category-module.module.zip_post_book-ticket_mv.data.aws_iam_policy_document.additional_inline",
            "module.category-module.module.zip_post_book-ticket_mv.data.aws_iam_policy_document.assume_role",
            "module.category-module.module.zip_post_book-ticket_mv.data.aws_iam_policy_document.async",
            "module.category-module.module.zip_post_book-ticket_mv.data.aws_iam_policy_document.dead_letter",
            "module.category-module.module.zip_post_book-ticket_mv.data.aws_iam_policy_document.logs",
            "module.category-module.module.zip_post_book-ticket_mv.data.external.archive_prepare",
            "module.category-module.module.zip_post_book-ticket_mv.local_file.archive_plan",
            "module.category-module.module.zip_post_book-ticket_mv.null_resource.archive",
            "module.category-module.module.zip_post_user_mv.aws_cloudwatch_log_group.lambda",
            "module.category-module.module.zip_post_user_mv.aws_iam_policy.additional_inline",
            "module.category-module.module.zip_post_user_mv.aws_iam_policy.additional_json",
            "module.category-module.module.zip_post_user_mv.aws_iam_policy.additional_jsons",
            "module.category-module.module.zip_post_user_mv.aws_iam_policy.async",
            "module.category-module.module.zip_post_user_mv.aws_iam_policy.dead_letter",
            "module.category-module.module.zip_post_user_mv.aws_iam_policy.logs",
            "module.category-module.module.zip_post_user_mv.aws_iam_policy.tracing",
            "module.category-module.module.zip_post_user_mv.aws_iam_policy.vpc",
            "module.category-module.module.zip_post_user_mv.aws_iam_policy_attachment.additional_inline",
            "module.category-module.module.zip_post_user_mv.aws_iam_policy_attachment.additional_json",
            "module.category-module.module.zip_post_user_mv.aws_iam_policy_attachment.additional_jsons",
            "module.category-module.module.zip_post_user_mv.aws_iam_policy_attachment.async",
            "module.category-module.module.zip_post_user_mv.aws_iam_policy_attachment.dead_letter",
            "module.category-module.module.zip_post_user_mv.aws_iam_policy_attachment.logs",
            "module.category-module.module.zip_post_user_mv.aws_iam_policy_attachment.tracing",
            "module.category-module.module.zip_post_user_mv.aws_iam_policy_attachment.vpc",
            "module.category-module.module.zip_post_user_mv.aws_iam_role.lambda",
            "module.category-module.module.zip_post_user_mv.aws_iam_role_policy_attachment.additional_many",
            "module.category-module.module.zip_post_user_mv.aws_iam_role_policy_attachment.additional_one",
            "module.category-module.module.zip_post_user_mv.aws_lambda_event_source_mapping.this",
            "module.category-module.module.zip_post_user_mv.aws_lambda_function.this",
            "module.category-module.module.zip_post_user_mv.aws_lambda_function_event_invoke_config.this",
            "module.category-module.module.zip_post_user_mv.aws_lambda_layer_version.this",
            "module.category-module.module.zip_post_user_mv.aws_lambda_permission.current_version_triggers",
            "module.category-module.module.zip_post_user_mv.aws_lambda_permission.unqualified_alias_triggers",
            "module.category-module.module.zip_post_user_mv.aws_lambda_provisioned_concurrency_config.current_version",
            "module.category-module.module.zip_post_user_mv.aws_s3_bucket_object.lambda_package",
            "module.category-module.module.zip_post_user_mv.data.aws_arn.log_group_arn",
            "module.category-module.module.zip_post_user_mv.data.aws_cloudwatch_log_group.lambda",
            "module.category-module.module.zip_post_user_mv.data.aws_iam_policy.tracing",
            "module.category-module.module.zip_post_user_mv.data.aws_iam_policy.vpc",
            "module.category-module.module.zip_post_user_mv.data.aws_iam_policy_document.additional_inline",
            "module.category-module.module.zip_post_user_mv.data.aws_iam_policy_document.assume_role",
            "module.category-module.module.zip_post_user_mv.data.aws_iam_policy_document.async",
            "module.category-module.module.zip_post_user_mv.data.aws_iam_policy_document.dead_letter",
            "module.category-module.module.zip_post_user_mv.data.aws_iam_policy_document.logs",
            "module.category-module.module.zip_post_user_mv.data.external.archive_prepare",
            "module.category-module.module.zip_post_user_mv.local_file.archive_plan",
            "module.category-module.module.zip_post_user_mv.null_resource.archive"
          ],
          "create_before_destroy": true
        }
      ]
    },
    {
      "module": "module.category-module",
      "mode": "managed",
      "type": "aws_api_gateway_integration",
      "name": "integration_get_booking",
      "provider": "provider[\"registry.terraform.io/hashicorp/aws\"]",
      "instances": [
        {
          "schema_version": 0,
          "attributes": {
            "cache_key_parameters": [],
            "cache_namespace": "cg0y8q",
            "connection_id": "",
            "connection_type": "INTERNET",
            "content_handling": "",
            "credentials": "",
            "http_method": "GET",
            "id": "agi-n3ex1fhmv6-cg0y8q-GET",
            "integration_http_method": "POST",
            "passthrough_behavior": "WHEN_NO_TEMPLATES",
            "request_parameters": {
              "integration.request.header.Password": "method.request.header.Password",
              "integration.request.header.email": "method.request.header.email",
              "integration.request.header.x-api-key": "method.request.header.x-api-key"
            },
            "request_templates": {
              "application/json": "##  See http://docs.aws.amazon.com/apigateway/latest/developerguide/api-gateway-mapping-template-reference.html\r\n##  This template will pass through all parameters including path, querystring, header, stage variables, and context through to the integration endpoint via the body/payload\r\n#set($allParams = $input.params())\r\n{\r\n\"body-json\" : $input.json('$'),\r\n\"params\" : {\r\n#foreach($type in $allParams.keySet())\r\n    #set($params = $allParams.get($type))\r\n\"$type\" : {\r\n    #foreach($paramName in $params.keySet())\r\n    \"$paramName\" : \"$util.escapeJavaScript($params.get($paramName))\"\r\n        #if($foreach.hasNext),#end\r\n    #end\r\n}\r\n    #if($foreach.hasNext),#end\r\n#end\r\n},\r\n\"stage-variables\" : {\r\n#foreach($key in $stageVariables.keySet())\r\n\"$key\" : \"$util.escapeJavaScript($stageVariables.get($key))\"\r\n    #if($foreach.hasNext),#end\r\n#end\r\n},\r\n\"context\" : {\r\n    \"account-id\" : \"$context.identity.accountId\",\r\n    \"api-id\" : \"$context.apiId\",\r\n    \"api-key\" : \"$context.identity.apiKey\",\r\n    \"authorizer-principal-id\" : \"$context.authorizer.principalId\",\r\n    \"caller\" : \"$context.identity.caller\",\r\n    \"cognito-authentication-provider\" : \"$context.identity.cognitoAuthenticationProvider\",\r\n    \"cognito-authentication-type\" : \"$context.identity.cognitoAuthenticationType\",\r\n    \"cognito-identity-id\" : \"$context.identity.cognitoIdentityId\",\r\n    \"cognito-identity-pool-id\" : \"$context.identity.cognitoIdentityPoolId\",\r\n    \"http-method\" : \"$context.httpMethod\",\r\n    \"stage\" : \"$context.stage\",\r\n    \"source-ip\" : \"$context.identity.sourceIp\",\r\n    \"user\" : \"$context.identity.user\",\r\n    \"user-agent\" : \"$context.identity.userAgent\",\r\n    \"user-arn\" : \"$context.identity.userArn\",\r\n    \"request-id\" : \"$context.requestId\",\r\n    \"resource-id\" : \"$context.resourceId\",\r\n    \"resource-path\" : \"$context.resourcePath\"\r\n    }\r\n}\r\n"
            },
            "resource_id": "cg0y8q",
            "rest_api_id": "n3ex1fhmv6",
            "timeout_milliseconds": 15000,
            "tls_config": [],
            "type": "AWS",
            "uri": "arn:aws:apigateway:ap-southeast-1:lambda:path/2015-03-31/functions/arn:aws:lambda:ap-southeast-1:774416584173:function:lambda_get_booking/invocations"
          },
          "sensitive_attributes": [],
          "private": "bnVsbA==",
          "dependencies": [
            "module.category-module.aws_api_gateway_authorizer.authorizer_resource",
            "module.category-module.aws_api_gateway_method.get_booking_method",
            "module.category-module.aws_api_gateway_request_validator.get_booking_validator",
            "module.category-module.aws_api_gateway_resource.flight_booking",
            "module.category-module.aws_api_gateway_resource.get_booking",
            "module.category-module.aws_api_gateway_resource.v1",
            "module.category-module.aws_api_gateway_rest_api.ftb_terraform",
            "module.category-module.aws_lambda_function.authorizer_lambda",
            "module.category-module.aws_lambda_function.lambda_get_booking",
            "module.category-module.data.aws_iam_role.academy_lambda_access",
            "module.category-module.module.authorizer-zip.aws_cloudwatch_log_group.lambda",
            "module.category-module.module.authorizer-zip.aws_iam_policy.additional_inline",
            "module.category-module.module.authorizer-zip.aws_iam_policy.additional_json",
            "module.category-module.module.authorizer-zip.aws_iam_policy.additional_jsons",
            "module.category-module.module.authorizer-zip.aws_iam_policy.async",
            "module.category-module.module.authorizer-zip.aws_iam_policy.dead_letter",
            "module.category-module.module.authorizer-zip.aws_iam_policy.logs",
            "module.category-module.module.authorizer-zip.aws_iam_policy.tracing",
            "module.category-module.module.authorizer-zip.aws_iam_policy.vpc",
            "module.category-module.module.authorizer-zip.aws_iam_policy_attachment.additional_inline",
            "module.category-module.module.authorizer-zip.aws_iam_policy_attachment.additional_json",
            "module.category-module.module.authorizer-zip.aws_iam_policy_attachment.additional_jsons",
            "module.category-module.module.authorizer-zip.aws_iam_policy_attachment.async",
            "module.category-module.module.authorizer-zip.aws_iam_policy_attachment.dead_letter",
            "module.category-module.module.authorizer-zip.aws_iam_policy_attachment.logs",
            "module.category-module.module.authorizer-zip.aws_iam_policy_attachment.tracing",
            "module.category-module.module.authorizer-zip.aws_iam_policy_attachment.vpc",
            "module.category-module.module.authorizer-zip.aws_iam_role.lambda",
            "module.category-module.module.authorizer-zip.aws_iam_role_policy_attachment.additional_many",
            "module.category-module.module.authorizer-zip.aws_iam_role_policy_attachment.additional_one",
            "module.category-module.module.authorizer-zip.aws_lambda_event_source_mapping.this",
            "module.category-module.module.authorizer-zip.aws_lambda_function.this",
            "module.category-module.module.authorizer-zip.aws_lambda_function_event_invoke_config.this",
            "module.category-module.module.authorizer-zip.aws_lambda_layer_version.this",
            "module.category-module.module.authorizer-zip.aws_lambda_permission.current_version_triggers",
            "module.category-module.module.authorizer-zip.aws_lambda_permission.unqualified_alias_triggers",
            "module.category-module.module.authorizer-zip.aws_lambda_provisioned_concurrency_config.current_version",
            "module.category-module.module.authorizer-zip.aws_s3_bucket_object.lambda_package",
            "module.category-module.module.authorizer-zip.data.aws_arn.log_group_arn",
            "module.category-module.module.authorizer-zip.data.aws_cloudwatch_log_group.lambda",
            "module.category-module.module.authorizer-zip.data.aws_iam_policy.tracing",
            "module.category-module.module.authorizer-zip.data.aws_iam_policy.vpc",
            "module.category-module.module.authorizer-zip.data.aws_iam_policy_document.additional_inline",
            "module.category-module.module.authorizer-zip.data.aws_iam_policy_document.assume_role",
            "module.category-module.module.authorizer-zip.data.aws_iam_policy_document.async",
            "module.category-module.module.authorizer-zip.data.aws_iam_policy_document.dead_letter",
            "module.category-module.module.authorizer-zip.data.aws_iam_policy_document.logs",
            "module.category-module.module.authorizer-zip.data.external.archive_prepare",
            "module.category-module.module.authorizer-zip.local_file.archive_plan",
            "module.category-module.module.authorizer-zip.null_resource.archive",
            "module.category-module.module.lambda_layer.aws_lambda_layer_version.this",
            "module.category-module.module.lambda_layer.aws_s3_bucket_object.lambda_package",
            "module.category-module.module.lambda_layer.data.external.archive_prepare",
            "module.category-module.module.lambda_layer.local_file.archive_plan",
            "module.category-module.module.lambda_layer.null_resource.archive",
            "module.category-module.module.zip_get_booking.aws_cloudwatch_log_group.lambda",
            "module.category-module.module.zip_get_booking.aws_iam_policy.additional_inline",
            "module.category-module.module.zip_get_booking.aws_iam_policy.additional_json",
            "module.category-module.module.zip_get_booking.aws_iam_policy.additional_jsons",
            "module.category-module.module.zip_get_booking.aws_iam_policy.async",
            "module.category-module.module.zip_get_booking.aws_iam_policy.dead_letter",
            "module.category-module.module.zip_get_booking.aws_iam_policy.logs",
            "module.category-module.module.zip_get_booking.aws_iam_policy.tracing",
            "module.category-module.module.zip_get_booking.aws_iam_policy.vpc",
            "module.category-module.module.zip_get_booking.aws_iam_policy_attachment.additional_inline",
            "module.category-module.module.zip_get_booking.aws_iam_policy_attachment.additional_json",
            "module.category-module.module.zip_get_booking.aws_iam_policy_attachment.additional_jsons",
            "module.category-module.module.zip_get_booking.aws_iam_policy_attachment.async",
            "module.category-module.module.zip_get_booking.aws_iam_policy_attachment.dead_letter",
            "module.category-module.module.zip_get_booking.aws_iam_policy_attachment.logs",
            "module.category-module.module.zip_get_booking.aws_iam_policy_attachment.tracing",
            "module.category-module.module.zip_get_booking.aws_iam_policy_attachment.vpc",
            "module.category-module.module.zip_get_booking.aws_iam_role.lambda",
            "module.category-module.module.zip_get_booking.aws_iam_role_policy_attachment.additional_many",
            "module.category-module.module.zip_get_booking.aws_iam_role_policy_attachment.additional_one",
            "module.category-module.module.zip_get_booking.aws_lambda_event_source_mapping.this",
            "module.category-module.module.zip_get_booking.aws_lambda_function.this",
            "module.category-module.module.zip_get_booking.aws_lambda_function_event_invoke_config.this",
            "module.category-module.module.zip_get_booking.aws_lambda_layer_version.this",
            "module.category-module.module.zip_get_booking.aws_lambda_permission.current_version_triggers",
            "module.category-module.module.zip_get_booking.aws_lambda_permission.unqualified_alias_triggers",
            "module.category-module.module.zip_get_booking.aws_lambda_provisioned_concurrency_config.current_version",
            "module.category-module.module.zip_get_booking.aws_s3_bucket_object.lambda_package",
            "module.category-module.module.zip_get_booking.data.aws_arn.log_group_arn",
            "module.category-module.module.zip_get_booking.data.aws_cloudwatch_log_group.lambda",
            "module.category-module.module.zip_get_booking.data.aws_iam_policy.tracing",
            "module.category-module.module.zip_get_booking.data.aws_iam_policy.vpc",
            "module.category-module.module.zip_get_booking.data.aws_iam_policy_document.additional_inline",
            "module.category-module.module.zip_get_booking.data.aws_iam_policy_document.assume_role",
            "module.category-module.module.zip_get_booking.data.aws_iam_policy_document.async",
            "module.category-module.module.zip_get_booking.data.aws_iam_policy_document.dead_letter",
            "module.category-module.module.zip_get_booking.data.aws_iam_policy_document.logs",
            "module.category-module.module.zip_get_booking.data.external.archive_prepare",
            "module.category-module.module.zip_get_booking.local_file.archive_plan",
            "module.category-module.module.zip_get_booking.null_resource.archive"
          ],
          "create_before_destroy": true
        }
      ]
    },
    {
      "module": "module.category-module",
      "mode": "managed",
      "type": "aws_api_gateway_integration",
      "name": "integration_get_flight",
      "provider": "provider[\"registry.terraform.io/hashicorp/aws\"]",
      "instances": [
        {
          "schema_version": 0,
          "attributes": {
            "cache_key_parameters": [],
            "cache_namespace": "sjvwtp",
            "connection_id": "",
            "connection_type": "INTERNET",
            "content_handling": "",
            "credentials": "",
            "http_method": "GET",
            "id": "agi-n3ex1fhmv6-sjvwtp-GET",
            "integration_http_method": "POST",
            "passthrough_behavior": "WHEN_NO_TEMPLATES",
            "request_parameters": {
              "integration.request.header.Password": "method.request.header.Password",
              "integration.request.header.email": "method.request.header.email",
              "integration.request.header.x-api-key": "method.request.header.x-api-key",
              "integration.request.querystring.date": "method.request.querystring.date",
              "integration.request.querystring.from": "method.request.querystring.from",
              "integration.request.querystring.time_from": "method.request.querystring.time_from",
              "integration.request.querystring.time_to": "method.request.querystring.time_to",
              "integration.request.querystring.to": "method.request.querystring.to"
            },
            "request_templates": {
              "application/json": "##  See http://docs.aws.amazon.com/apigateway/latest/developerguide/api-gateway-mapping-template-reference.html\r\n##  This template will pass through all parameters including path, querystring, header, stage variables, and context through to the integration endpoint via the body/payload\r\n#set($allParams = $input.params())\r\n{\r\n\"body-json\" : $input.json('$'),\r\n\"params\" : {\r\n#foreach($type in $allParams.keySet())\r\n    #set($params = $allParams.get($type))\r\n\"$type\" : {\r\n    #foreach($paramName in $params.keySet())\r\n    \"$paramName\" : \"$util.escapeJavaScript($params.get($paramName))\"\r\n        #if($foreach.hasNext),#end\r\n    #end\r\n}\r\n    #if($foreach.hasNext),#end\r\n#end\r\n},\r\n\"stage-variables\" : {\r\n#foreach($key in $stageVariables.keySet())\r\n\"$key\" : \"$util.escapeJavaScript($stageVariables.get($key))\"\r\n    #if($foreach.hasNext),#end\r\n#end\r\n},\r\n\"context\" : {\r\n    \"account-id\" : \"$context.identity.accountId\",\r\n    \"api-id\" : \"$context.apiId\",\r\n    \"api-key\" : \"$context.identity.apiKey\",\r\n    \"authorizer-principal-id\" : \"$context.authorizer.principalId\",\r\n    \"caller\" : \"$context.identity.caller\",\r\n    \"cognito-authentication-provider\" : \"$context.identity.cognitoAuthenticationProvider\",\r\n    \"cognito-authentication-type\" : \"$context.identity.cognitoAuthenticationType\",\r\n    \"cognito-identity-id\" : \"$context.identity.cognitoIdentityId\",\r\n    \"cognito-identity-pool-id\" : \"$context.identity.cognitoIdentityPoolId\",\r\n    \"http-method\" : \"$context.httpMethod\",\r\n    \"stage\" : \"$context.stage\",\r\n    \"source-ip\" : \"$context.identity.sourceIp\",\r\n    \"user\" : \"$context.identity.user\",\r\n    \"user-agent\" : \"$context.identity.userAgent\",\r\n    \"user-arn\" : \"$context.identity.userArn\",\r\n    \"request-id\" : \"$context.requestId\",\r\n    \"resource-id\" : \"$context.resourceId\",\r\n    \"resource-path\" : \"$context.resourcePath\"\r\n    }\r\n}\r\n"
            },
            "resource_id": "sjvwtp",
            "rest_api_id": "n3ex1fhmv6",
            "timeout_milliseconds": 15000,
            "tls_config": [],
            "type": "AWS",
            "uri": "arn:aws:apigateway:ap-southeast-1:lambda:path/2015-03-31/functions/arn:aws:lambda:ap-southeast-1:774416584173:function:lambda_get_flight/invocations"
          },
          "sensitive_attributes": [],
          "private": "bnVsbA==",
          "dependencies": [
            "module.category-module.aws_api_gateway_authorizer.authorizer_resource",
            "module.category-module.aws_api_gateway_method.get_flight_method",
            "module.category-module.aws_api_gateway_request_validator.get_flight_validator",
            "module.category-module.aws_api_gateway_resource.flight_booking",
            "module.category-module.aws_api_gateway_resource.get_flight",
            "module.category-module.aws_api_gateway_resource.v1",
            "module.category-module.aws_api_gateway_rest_api.ftb_terraform",
            "module.category-module.aws_lambda_function.authorizer_lambda",
            "module.category-module.aws_lambda_function.lambda_get_flight",
            "module.category-module.data.aws_iam_role.academy_lambda_access",
            "module.category-module.module.authorizer-zip.aws_cloudwatch_log_group.lambda",
            "module.category-module.module.authorizer-zip.aws_iam_policy.additional_inline",
            "module.category-module.module.authorizer-zip.aws_iam_policy.additional_json",
            "module.category-module.module.authorizer-zip.aws_iam_policy.additional_jsons",
            "module.category-module.module.authorizer-zip.aws_iam_policy.async",
            "module.category-module.module.authorizer-zip.aws_iam_policy.dead_letter",
            "module.category-module.module.authorizer-zip.aws_iam_policy.logs",
            "module.category-module.module.authorizer-zip.aws_iam_policy.tracing",
            "module.category-module.module.authorizer-zip.aws_iam_policy.vpc",
            "module.category-module.module.authorizer-zip.aws_iam_policy_attachment.additional_inline",
            "module.category-module.module.authorizer-zip.aws_iam_policy_attachment.additional_json",
            "module.category-module.module.authorizer-zip.aws_iam_policy_attachment.additional_jsons",
            "module.category-module.module.authorizer-zip.aws_iam_policy_attachment.async",
            "module.category-module.module.authorizer-zip.aws_iam_policy_attachment.dead_letter",
            "module.category-module.module.authorizer-zip.aws_iam_policy_attachment.logs",
            "module.category-module.module.authorizer-zip.aws_iam_policy_attachment.tracing",
            "module.category-module.module.authorizer-zip.aws_iam_policy_attachment.vpc",
            "module.category-module.module.authorizer-zip.aws_iam_role.lambda",
            "module.category-module.module.authorizer-zip.aws_iam_role_policy_attachment.additional_many",
            "module.category-module.module.authorizer-zip.aws_iam_role_policy_attachment.additional_one",
            "module.category-module.module.authorizer-zip.aws_lambda_event_source_mapping.this",
            "module.category-module.module.authorizer-zip.aws_lambda_function.this",
            "module.category-module.module.authorizer-zip.aws_lambda_function_event_invoke_config.this",
            "module.category-module.module.authorizer-zip.aws_lambda_layer_version.this",
            "module.category-module.module.authorizer-zip.aws_lambda_permission.current_version_triggers",
            "module.category-module.module.authorizer-zip.aws_lambda_permission.unqualified_alias_triggers",
            "module.category-module.module.authorizer-zip.aws_lambda_provisioned_concurrency_config.current_version",
            "module.category-module.module.authorizer-zip.aws_s3_bucket_object.lambda_package",
            "module.category-module.module.authorizer-zip.data.aws_arn.log_group_arn",
            "module.category-module.module.authorizer-zip.data.aws_cloudwatch_log_group.lambda",
            "module.category-module.module.authorizer-zip.data.aws_iam_policy.tracing",
            "module.category-module.module.authorizer-zip.data.aws_iam_policy.vpc",
            "module.category-module.module.authorizer-zip.data.aws_iam_policy_document.additional_inline",
            "module.category-module.module.authorizer-zip.data.aws_iam_policy_document.assume_role",
            "module.category-module.module.authorizer-zip.data.aws_iam_policy_document.async",
            "module.category-module.module.authorizer-zip.data.aws_iam_policy_document.dead_letter",
            "module.category-module.module.authorizer-zip.data.aws_iam_policy_document.logs",
            "module.category-module.module.authorizer-zip.data.external.archive_prepare",
            "module.category-module.module.authorizer-zip.local_file.archive_plan",
            "module.category-module.module.authorizer-zip.null_resource.archive",
            "module.category-module.module.lambda_layer.aws_lambda_layer_version.this",
            "module.category-module.module.lambda_layer.aws_s3_bucket_object.lambda_package",
            "module.category-module.module.lambda_layer.data.external.archive_prepare",
            "module.category-module.module.lambda_layer.local_file.archive_plan",
            "module.category-module.module.lambda_layer.null_resource.archive",
            "module.category-module.module.zip_get_flight.aws_cloudwatch_log_group.lambda",
            "module.category-module.module.zip_get_flight.aws_iam_policy.additional_inline",
            "module.category-module.module.zip_get_flight.aws_iam_policy.additional_json",
            "module.category-module.module.zip_get_flight.aws_iam_policy.additional_jsons",
            "module.category-module.module.zip_get_flight.aws_iam_policy.async",
            "module.category-module.module.zip_get_flight.aws_iam_policy.dead_letter",
            "module.category-module.module.zip_get_flight.aws_iam_policy.logs",
            "module.category-module.module.zip_get_flight.aws_iam_policy.tracing",
            "module.category-module.module.zip_get_flight.aws_iam_policy.vpc",
            "module.category-module.module.zip_get_flight.aws_iam_policy_attachment.additional_inline",
            "module.category-module.module.zip_get_flight.aws_iam_policy_attachment.additional_json",
            "module.category-module.module.zip_get_flight.aws_iam_policy_attachment.additional_jsons",
            "module.category-module.module.zip_get_flight.aws_iam_policy_attachment.async",
            "module.category-module.module.zip_get_flight.aws_iam_policy_attachment.dead_letter",
            "module.category-module.module.zip_get_flight.aws_iam_policy_attachment.logs",
            "module.category-module.module.zip_get_flight.aws_iam_policy_attachment.tracing",
            "module.category-module.module.zip_get_flight.aws_iam_policy_attachment.vpc",
            "module.category-module.module.zip_get_flight.aws_iam_role.lambda",
            "module.category-module.module.zip_get_flight.aws_iam_role_policy_attachment.additional_many",
            "module.category-module.module.zip_get_flight.aws_iam_role_policy_attachment.additional_one",
            "module.category-module.module.zip_get_flight.aws_lambda_event_source_mapping.this",
            "module.category-module.module.zip_get_flight.aws_lambda_function.this",
            "module.category-module.module.zip_get_flight.aws_lambda_function_event_invoke_config.this",
            "module.category-module.module.zip_get_flight.aws_lambda_layer_version.this",
            "module.category-module.module.zip_get_flight.aws_lambda_permission.current_version_triggers",
            "module.category-module.module.zip_get_flight.aws_lambda_permission.unqualified_alias_triggers",
            "module.category-module.module.zip_get_flight.aws_lambda_provisioned_concurrency_config.current_version",
            "module.category-module.module.zip_get_flight.aws_s3_bucket_object.lambda_package",
            "module.category-module.module.zip_get_flight.data.aws_arn.log_group_arn",
            "module.category-module.module.zip_get_flight.data.aws_cloudwatch_log_group.lambda",
            "module.category-module.module.zip_get_flight.data.aws_iam_policy.tracing",
            "module.category-module.module.zip_get_flight.data.aws_iam_policy.vpc",
            "module.category-module.module.zip_get_flight.data.aws_iam_policy_document.additional_inline",
            "module.category-module.module.zip_get_flight.data.aws_iam_policy_document.assume_role",
            "module.category-module.module.zip_get_flight.data.aws_iam_policy_document.async",
            "module.category-module.module.zip_get_flight.data.aws_iam_policy_document.dead_letter",
            "module.category-module.module.zip_get_flight.data.aws_iam_policy_document.logs",
            "module.category-module.module.zip_get_flight.data.external.archive_prepare",
            "module.category-module.module.zip_get_flight.local_file.archive_plan",
            "module.category-module.module.zip_get_flight.null_resource.archive"
          ],
          "create_before_destroy": true
        }
      ]
    },
    {
      "module": "module.category-module",
      "mode": "managed",
      "type": "aws_api_gateway_integration",
      "name": "integration_post_book-ticket",
      "provider": "provider[\"registry.terraform.io/hashicorp/aws\"]",
      "instances": [
        {
          "schema_version": 0,
          "attributes": {
            "cache_key_parameters": [],
            "cache_namespace": "fsat0l",
            "connection_id": "",
            "connection_type": "INTERNET",
            "content_handling": "",
            "credentials": "",
            "http_method": "POST",
            "id": "agi-n3ex1fhmv6-fsat0l-POST",
            "integration_http_method": "POST",
            "passthrough_behavior": "WHEN_NO_TEMPLATES",
            "request_parameters": {
              "integration.request.header.Password": "method.request.header.Password",
              "integration.request.header.email": "method.request.header.email",
              "integration.request.header.x-api-key": "method.request.header.x-api-key"
            },
            "request_templates": {
              "application/json": "##  See http://docs.aws.amazon.com/apigateway/latest/developerguide/api-gateway-mapping-template-reference.html\r\n##  This template will pass through all parameters including path, querystring, header, stage variables, and context through to the integration endpoint via the body/payload\r\n#set($allParams = $input.params())\r\n{\r\n\"body-json\" : $input.json('$'),\r\n\"params\" : {\r\n#foreach($type in $allParams.keySet())\r\n    #set($params = $allParams.get($type))\r\n\"$type\" : {\r\n    #foreach($paramName in $params.keySet())\r\n    \"$paramName\" : \"$util.escapeJavaScript($params.get($paramName))\"\r\n        #if($foreach.hasNext),#end\r\n    #end\r\n}\r\n    #if($foreach.hasNext),#end\r\n#end\r\n},\r\n\"stage-variables\" : {\r\n#foreach($key in $stageVariables.keySet())\r\n\"$key\" : \"$util.escapeJavaScript($stageVariables.get($key))\"\r\n    #if($foreach.hasNext),#end\r\n#end\r\n},\r\n\"context\" : {\r\n    \"account-id\" : \"$context.identity.accountId\",\r\n    \"api-id\" : \"$context.apiId\",\r\n    \"api-key\" : \"$context.identity.apiKey\",\r\n    \"authorizer-principal-id\" : \"$context.authorizer.principalId\",\r\n    \"caller\" : \"$context.identity.caller\",\r\n    \"cognito-authentication-provider\" : \"$context.identity.cognitoAuthenticationProvider\",\r\n    \"cognito-authentication-type\" : \"$context.identity.cognitoAuthenticationType\",\r\n    \"cognito-identity-id\" : \"$context.identity.cognitoIdentityId\",\r\n    \"cognito-identity-pool-id\" : \"$context.identity.cognitoIdentityPoolId\",\r\n    \"http-method\" : \"$context.httpMethod\",\r\n    \"stage\" : \"$context.stage\",\r\n    \"source-ip\" : \"$context.identity.sourceIp\",\r\n    \"user\" : \"$context.identity.user\",\r\n    \"user-agent\" : \"$context.identity.userAgent\",\r\n    \"user-arn\" : \"$context.identity.userArn\",\r\n    \"request-id\" : \"$context.requestId\",\r\n    \"resource-id\" : \"$context.resourceId\",\r\n    \"resource-path\" : \"$context.resourcePath\"\r\n    }\r\n}\r\n"
            },
            "resource_id": "fsat0l",
            "rest_api_id": "n3ex1fhmv6",
            "timeout_milliseconds": 15000,
            "tls_config": [],
            "type": "AWS",
            "uri": "arn:aws:apigateway:ap-southeast-1:lambda:path/2015-03-31/functions/arn:aws:lambda:ap-southeast-1:774416584173:function:lambda_post_book_ticket/invocations"
          },
          "sensitive_attributes": [],
          "private": "bnVsbA==",
          "dependencies": [
            "module.category-module.aws_api_gateway_authorizer.authorizer_resource",
            "module.category-module.aws_api_gateway_method.book-ticket_method",
            "module.category-module.aws_api_gateway_request_validator.book-ticket_validator",
            "module.category-module.aws_api_gateway_resource.book-ticket",
            "module.category-module.aws_api_gateway_resource.flight_booking",
            "module.category-module.aws_api_gateway_resource.v1",
            "module.category-module.aws_api_gateway_rest_api.ftb_terraform",
            "module.category-module.aws_lambda_function.authorizer_lambda",
            "module.category-module.aws_lambda_function.lambda_post_book-ticket",
            "module.category-module.data.aws_iam_role.academy_lambda_access",
            "module.category-module.module.authorizer-zip.aws_cloudwatch_log_group.lambda",
            "module.category-module.module.authorizer-zip.aws_iam_policy.additional_inline",
            "module.category-module.module.authorizer-zip.aws_iam_policy.additional_json",
            "module.category-module.module.authorizer-zip.aws_iam_policy.additional_jsons",
            "module.category-module.module.authorizer-zip.aws_iam_policy.async",
            "module.category-module.module.authorizer-zip.aws_iam_policy.dead_letter",
            "module.category-module.module.authorizer-zip.aws_iam_policy.logs",
            "module.category-module.module.authorizer-zip.aws_iam_policy.tracing",
            "module.category-module.module.authorizer-zip.aws_iam_policy.vpc",
            "module.category-module.module.authorizer-zip.aws_iam_policy_attachment.additional_inline",
            "module.category-module.module.authorizer-zip.aws_iam_policy_attachment.additional_json",
            "module.category-module.module.authorizer-zip.aws_iam_policy_attachment.additional_jsons",
            "module.category-module.module.authorizer-zip.aws_iam_policy_attachment.async",
            "module.category-module.module.authorizer-zip.aws_iam_policy_attachment.dead_letter",
            "module.category-module.module.authorizer-zip.aws_iam_policy_attachment.logs",
            "module.category-module.module.authorizer-zip.aws_iam_policy_attachment.tracing",
            "module.category-module.module.authorizer-zip.aws_iam_policy_attachment.vpc",
            "module.category-module.module.authorizer-zip.aws_iam_role.lambda",
            "module.category-module.module.authorizer-zip.aws_iam_role_policy_attachment.additional_many",
            "module.category-module.module.authorizer-zip.aws_iam_role_policy_attachment.additional_one",
            "module.category-module.module.authorizer-zip.aws_lambda_event_source_mapping.this",
            "module.category-module.module.authorizer-zip.aws_lambda_function.this",
            "module.category-module.module.authorizer-zip.aws_lambda_function_event_invoke_config.this",
            "module.category-module.module.authorizer-zip.aws_lambda_layer_version.this",
            "module.category-module.module.authorizer-zip.aws_lambda_permission.current_version_triggers",
            "module.category-module.module.authorizer-zip.aws_lambda_permission.unqualified_alias_triggers",
            "module.category-module.module.authorizer-zip.aws_lambda_provisioned_concurrency_config.current_version",
            "module.category-module.module.authorizer-zip.aws_s3_bucket_object.lambda_package",
            "module.category-module.module.authorizer-zip.data.aws_arn.log_group_arn",
            "module.category-module.module.authorizer-zip.data.aws_cloudwatch_log_group.lambda",
            "module.category-module.module.authorizer-zip.data.aws_iam_policy.tracing",
            "module.category-module.module.authorizer-zip.data.aws_iam_policy.vpc",
            "module.category-module.module.authorizer-zip.data.aws_iam_policy_document.additional_inline",
            "module.category-module.module.authorizer-zip.data.aws_iam_policy_document.assume_role",
            "module.category-module.module.authorizer-zip.data.aws_iam_policy_document.async",
            "module.category-module.module.authorizer-zip.data.aws_iam_policy_document.dead_letter",
            "module.category-module.module.authorizer-zip.data.aws_iam_policy_document.logs",
            "module.category-module.module.authorizer-zip.data.external.archive_prepare",
            "module.category-module.module.authorizer-zip.local_file.archive_plan",
            "module.category-module.module.authorizer-zip.null_resource.archive",
            "module.category-module.module.lambda_layer.aws_lambda_layer_version.this",
            "module.category-module.module.lambda_layer.aws_s3_bucket_object.lambda_package",
            "module.category-module.module.lambda_layer.data.external.archive_prepare",
            "module.category-module.module.lambda_layer.local_file.archive_plan",
            "module.category-module.module.lambda_layer.null_resource.archive",
            "module.category-module.module.zip_post_book-ticket_mv.aws_cloudwatch_log_group.lambda",
            "module.category-module.module.zip_post_book-ticket_mv.aws_iam_policy.additional_inline",
            "module.category-module.module.zip_post_book-ticket_mv.aws_iam_policy.additional_json",
            "module.category-module.module.zip_post_book-ticket_mv.aws_iam_policy.additional_jsons",
            "module.category-module.module.zip_post_book-ticket_mv.aws_iam_policy.async",
            "module.category-module.module.zip_post_book-ticket_mv.aws_iam_policy.dead_letter",
            "module.category-module.module.zip_post_book-ticket_mv.aws_iam_policy.logs",
            "module.category-module.module.zip_post_book-ticket_mv.aws_iam_policy.tracing",
            "module.category-module.module.zip_post_book-ticket_mv.aws_iam_policy.vpc",
            "module.category-module.module.zip_post_book-ticket_mv.aws_iam_policy_attachment.additional_inline",
            "module.category-module.module.zip_post_book-ticket_mv.aws_iam_policy_attachment.additional_json",
            "module.category-module.module.zip_post_book-ticket_mv.aws_iam_policy_attachment.additional_jsons",
            "module.category-module.module.zip_post_book-ticket_mv.aws_iam_policy_attachment.async",
            "module.category-module.module.zip_post_book-ticket_mv.aws_iam_policy_attachment.dead_letter",
            "module.category-module.module.zip_post_book-ticket_mv.aws_iam_policy_attachment.logs",
            "module.category-module.module.zip_post_book-ticket_mv.aws_iam_policy_attachment.tracing",
            "module.category-module.module.zip_post_book-ticket_mv.aws_iam_policy_attachment.vpc",
            "module.category-module.module.zip_post_book-ticket_mv.aws_iam_role.lambda",
            "module.category-module.module.zip_post_book-ticket_mv.aws_iam_role_policy_attachment.additional_many",
            "module.category-module.module.zip_post_book-ticket_mv.aws_iam_role_policy_attachment.additional_one",
            "module.category-module.module.zip_post_book-ticket_mv.aws_lambda_event_source_mapping.this",
            "module.category-module.module.zip_post_book-ticket_mv.aws_lambda_function.this",
            "module.category-module.module.zip_post_book-ticket_mv.aws_lambda_function_event_invoke_config.this",
            "module.category-module.module.zip_post_book-ticket_mv.aws_lambda_layer_version.this",
            "module.category-module.module.zip_post_book-ticket_mv.aws_lambda_permission.current_version_triggers",
            "module.category-module.module.zip_post_book-ticket_mv.aws_lambda_permission.unqualified_alias_triggers",
            "module.category-module.module.zip_post_book-ticket_mv.aws_lambda_provisioned_concurrency_config.current_version",
            "module.category-module.module.zip_post_book-ticket_mv.aws_s3_bucket_object.lambda_package",
            "module.category-module.module.zip_post_book-ticket_mv.data.aws_arn.log_group_arn",
            "module.category-module.module.zip_post_book-ticket_mv.data.aws_cloudwatch_log_group.lambda",
            "module.category-module.module.zip_post_book-ticket_mv.data.aws_iam_policy.tracing",
            "module.category-module.module.zip_post_book-ticket_mv.data.aws_iam_policy.vpc",
            "module.category-module.module.zip_post_book-ticket_mv.data.aws_iam_policy_document.additional_inline",
            "module.category-module.module.zip_post_book-ticket_mv.data.aws_iam_policy_document.assume_role",
            "module.category-module.module.zip_post_book-ticket_mv.data.aws_iam_policy_document.async",
            "module.category-module.module.zip_post_book-ticket_mv.data.aws_iam_policy_document.dead_letter",
            "module.category-module.module.zip_post_book-ticket_mv.data.aws_iam_policy_document.logs",
            "module.category-module.module.zip_post_book-ticket_mv.data.external.archive_prepare",
            "module.category-module.module.zip_post_book-ticket_mv.local_file.archive_plan",
            "module.category-module.module.zip_post_book-ticket_mv.null_resource.archive"
          ],
          "create_before_destroy": true
        }
      ]
    },
    {
      "module": "module.category-module",
      "mode": "managed",
      "type": "aws_api_gateway_integration",
      "name": "integration_post_user",
      "provider": "provider[\"registry.terraform.io/hashicorp/aws\"]",
      "instances": [
        {
          "schema_version": 0,
          "attributes": {
            "cache_key_parameters": [],
            "cache_namespace": "fy5p5l",
            "connection_id": "",
            "connection_type": "INTERNET",
            "content_handling": "",
            "credentials": "",
            "http_method": "POST",
            "id": "agi-n3ex1fhmv6-fy5p5l-POST",
            "integration_http_method": "POST",
            "passthrough_behavior": "WHEN_NO_TEMPLATES",
            "request_parameters": {
              "integration.request.header.x-api-key": "method.request.header.x-api-key"
            },
            "request_templates": {
              "application/json": "##  See http://docs.aws.amazon.com/apigateway/latest/developerguide/api-gateway-mapping-template-reference.html\r\n##  This template will pass through all parameters including path, querystring, header, stage variables, and context through to the integration endpoint via the body/payload\r\n#set($allParams = $input.params())\r\n{\r\n\"body-json\" : $input.json('$'),\r\n\"params\" : {\r\n#foreach($type in $allParams.keySet())\r\n    #set($params = $allParams.get($type))\r\n\"$type\" : {\r\n    #foreach($paramName in $params.keySet())\r\n    \"$paramName\" : \"$util.escapeJavaScript($params.get($paramName))\"\r\n        #if($foreach.hasNext),#end\r\n    #end\r\n}\r\n    #if($foreach.hasNext),#end\r\n#end\r\n},\r\n\"stage-variables\" : {\r\n#foreach($key in $stageVariables.keySet())\r\n\"$key\" : \"$util.escapeJavaScript($stageVariables.get($key))\"\r\n    #if($foreach.hasNext),#end\r\n#end\r\n},\r\n\"context\" : {\r\n    \"account-id\" : \"$context.identity.accountId\",\r\n    \"api-id\" : \"$context.apiId\",\r\n    \"api-key\" : \"$context.identity.apiKey\",\r\n    \"authorizer-principal-id\" : \"$context.authorizer.principalId\",\r\n    \"caller\" : \"$context.identity.caller\",\r\n    \"cognito-authentication-provider\" : \"$context.identity.cognitoAuthenticationProvider\",\r\n    \"cognito-authentication-type\" : \"$context.identity.cognitoAuthenticationType\",\r\n    \"cognito-identity-id\" : \"$context.identity.cognitoIdentityId\",\r\n    \"cognito-identity-pool-id\" : \"$context.identity.cognitoIdentityPoolId\",\r\n    \"http-method\" : \"$context.httpMethod\",\r\n    \"stage\" : \"$context.stage\",\r\n    \"source-ip\" : \"$context.identity.sourceIp\",\r\n    \"user\" : \"$context.identity.user\",\r\n    \"user-agent\" : \"$context.identity.userAgent\",\r\n    \"user-arn\" : \"$context.identity.userArn\",\r\n    \"request-id\" : \"$context.requestId\",\r\n    \"resource-id\" : \"$context.resourceId\",\r\n    \"resource-path\" : \"$context.resourcePath\"\r\n    }\r\n}\r\n"
            },
            "resource_id": "fy5p5l",
            "rest_api_id": "n3ex1fhmv6",
            "timeout_milliseconds": 15000,
            "tls_config": [],
            "type": "AWS",
            "uri": "arn:aws:apigateway:ap-southeast-1:lambda:path/2015-03-31/functions/arn:aws:lambda:ap-southeast-1:774416584173:function:lambda_post_user/invocations"
          },
          "sensitive_attributes": [],
          "private": "bnVsbA==",
          "dependencies": [
            "module.category-module.aws_api_gateway_authorizer.authorizer_resource",
            "module.category-module.aws_api_gateway_method.user_method",
            "module.category-module.aws_api_gateway_request_validator.user_validator",
            "module.category-module.aws_api_gateway_resource.flight_booking",
            "module.category-module.aws_api_gateway_resource.user",
            "module.category-module.aws_api_gateway_resource.v1",
            "module.category-module.aws_api_gateway_rest_api.ftb_terraform",
            "module.category-module.aws_lambda_function.authorizer_lambda",
            "module.category-module.aws_lambda_function.lambda_post_user",
            "module.category-module.data.aws_iam_role.academy_lambda_access",
            "module.category-module.module.authorizer-zip.aws_cloudwatch_log_group.lambda",
            "module.category-module.module.authorizer-zip.aws_iam_policy.additional_inline",
            "module.category-module.module.authorizer-zip.aws_iam_policy.additional_json",
            "module.category-module.module.authorizer-zip.aws_iam_policy.additional_jsons",
            "module.category-module.module.authorizer-zip.aws_iam_policy.async",
            "module.category-module.module.authorizer-zip.aws_iam_policy.dead_letter",
            "module.category-module.module.authorizer-zip.aws_iam_policy.logs",
            "module.category-module.module.authorizer-zip.aws_iam_policy.tracing",
            "module.category-module.module.authorizer-zip.aws_iam_policy.vpc",
            "module.category-module.module.authorizer-zip.aws_iam_policy_attachment.additional_inline",
            "module.category-module.module.authorizer-zip.aws_iam_policy_attachment.additional_json",
            "module.category-module.module.authorizer-zip.aws_iam_policy_attachment.additional_jsons",
            "module.category-module.module.authorizer-zip.aws_iam_policy_attachment.async",
            "module.category-module.module.authorizer-zip.aws_iam_policy_attachment.dead_letter",
            "module.category-module.module.authorizer-zip.aws_iam_policy_attachment.logs",
            "module.category-module.module.authorizer-zip.aws_iam_policy_attachment.tracing",
            "module.category-module.module.authorizer-zip.aws_iam_policy_attachment.vpc",
            "module.category-module.module.authorizer-zip.aws_iam_role.lambda",
            "module.category-module.module.authorizer-zip.aws_iam_role_policy_attachment.additional_many",
            "module.category-module.module.authorizer-zip.aws_iam_role_policy_attachment.additional_one",
            "module.category-module.module.authorizer-zip.aws_lambda_event_source_mapping.this",
            "module.category-module.module.authorizer-zip.aws_lambda_function.this",
            "module.category-module.module.authorizer-zip.aws_lambda_function_event_invoke_config.this",
            "module.category-module.module.authorizer-zip.aws_lambda_layer_version.this",
            "module.category-module.module.authorizer-zip.aws_lambda_permission.current_version_triggers",
            "module.category-module.module.authorizer-zip.aws_lambda_permission.unqualified_alias_triggers",
            "module.category-module.module.authorizer-zip.aws_lambda_provisioned_concurrency_config.current_version",
            "module.category-module.module.authorizer-zip.aws_s3_bucket_object.lambda_package",
            "module.category-module.module.authorizer-zip.data.aws_arn.log_group_arn",
            "module.category-module.module.authorizer-zip.data.aws_cloudwatch_log_group.lambda",
            "module.category-module.module.authorizer-zip.data.aws_iam_policy.tracing",
            "module.category-module.module.authorizer-zip.data.aws_iam_policy.vpc",
            "module.category-module.module.authorizer-zip.data.aws_iam_policy_document.additional_inline",
            "module.category-module.module.authorizer-zip.data.aws_iam_policy_document.assume_role",
            "module.category-module.module.authorizer-zip.data.aws_iam_policy_document.async",
            "module.category-module.module.authorizer-zip.data.aws_iam_policy_document.dead_letter",
            "module.category-module.module.authorizer-zip.data.aws_iam_policy_document.logs",
            "module.category-module.module.authorizer-zip.data.external.archive_prepare",
            "module.category-module.module.authorizer-zip.local_file.archive_plan",
            "module.category-module.module.authorizer-zip.null_resource.archive",
            "module.category-module.module.lambda_layer.aws_lambda_layer_version.this",
            "module.category-module.module.lambda_layer.aws_s3_bucket_object.lambda_package",
            "module.category-module.module.lambda_layer.data.external.archive_prepare",
            "module.category-module.module.lambda_layer.local_file.archive_plan",
            "module.category-module.module.lambda_layer.null_resource.archive",
            "module.category-module.module.zip_post_user_mv.aws_cloudwatch_log_group.lambda",
            "module.category-module.module.zip_post_user_mv.aws_iam_policy.additional_inline",
            "module.category-module.module.zip_post_user_mv.aws_iam_policy.additional_json",
            "module.category-module.module.zip_post_user_mv.aws_iam_policy.additional_jsons",
            "module.category-module.module.zip_post_user_mv.aws_iam_policy.async",
            "module.category-module.module.zip_post_user_mv.aws_iam_policy.dead_letter",
            "module.category-module.module.zip_post_user_mv.aws_iam_policy.logs",
            "module.category-module.module.zip_post_user_mv.aws_iam_policy.tracing",
            "module.category-module.module.zip_post_user_mv.aws_iam_policy.vpc",
            "module.category-module.module.zip_post_user_mv.aws_iam_policy_attachment.additional_inline",
            "module.category-module.module.zip_post_user_mv.aws_iam_policy_attachment.additional_json",
            "module.category-module.module.zip_post_user_mv.aws_iam_policy_attachment.additional_jsons",
            "module.category-module.module.zip_post_user_mv.aws_iam_policy_attachment.async",
            "module.category-module.module.zip_post_user_mv.aws_iam_policy_attachment.dead_letter",
            "module.category-module.module.zip_post_user_mv.aws_iam_policy_attachment.logs",
            "module.category-module.module.zip_post_user_mv.aws_iam_policy_attachment.tracing",
            "module.category-module.module.zip_post_user_mv.aws_iam_policy_attachment.vpc",
            "module.category-module.module.zip_post_user_mv.aws_iam_role.lambda",
            "module.category-module.module.zip_post_user_mv.aws_iam_role_policy_attachment.additional_many",
            "module.category-module.module.zip_post_user_mv.aws_iam_role_policy_attachment.additional_one",
            "module.category-module.module.zip_post_user_mv.aws_lambda_event_source_mapping.this",
            "module.category-module.module.zip_post_user_mv.aws_lambda_function.this",
            "module.category-module.module.zip_post_user_mv.aws_lambda_function_event_invoke_config.this",
            "module.category-module.module.zip_post_user_mv.aws_lambda_layer_version.this",
            "module.category-module.module.zip_post_user_mv.aws_lambda_permission.current_version_triggers",
            "module.category-module.module.zip_post_user_mv.aws_lambda_permission.unqualified_alias_triggers",
            "module.category-module.module.zip_post_user_mv.aws_lambda_provisioned_concurrency_config.current_version",
            "module.category-module.module.zip_post_user_mv.aws_s3_bucket_object.lambda_package",
            "module.category-module.module.zip_post_user_mv.data.aws_arn.log_group_arn",
            "module.category-module.module.zip_post_user_mv.data.aws_cloudwatch_log_group.lambda",
            "module.category-module.module.zip_post_user_mv.data.aws_iam_policy.tracing",
            "module.category-module.module.zip_post_user_mv.data.aws_iam_policy.vpc",
            "module.category-module.module.zip_post_user_mv.data.aws_iam_policy_document.additional_inline",
            "module.category-module.module.zip_post_user_mv.data.aws_iam_policy_document.assume_role",
            "module.category-module.module.zip_post_user_mv.data.aws_iam_policy_document.async",
            "module.category-module.module.zip_post_user_mv.data.aws_iam_policy_document.dead_letter",
            "module.category-module.module.zip_post_user_mv.data.aws_iam_policy_document.logs",
            "module.category-module.module.zip_post_user_mv.data.external.archive_prepare",
            "module.category-module.module.zip_post_user_mv.local_file.archive_plan",
            "module.category-module.module.zip_post_user_mv.null_resource.archive"
          ],
          "create_before_destroy": true
        }
      ]
    },
    {
      "module": "module.category-module",
      "mode": "managed",
      "type": "aws_api_gateway_integration_response",
      "name": "ir-200-book-ticket",
      "provider": "provider[\"registry.terraform.io/hashicorp/aws\"]",
      "instances": [
        {
          "schema_version": 0,
          "attributes": {
            "content_handling": "",
            "http_method": "POST",
            "id": "agir-n3ex1fhmv6-fsat0l-POST-200",
            "resource_id": "fsat0l",
            "response_parameters": {},
            "response_templates": {
              "application/json": "$input.json('$')"
            },
            "rest_api_id": "n3ex1fhmv6",
            "selection_pattern": "",
            "status_code": "200"
          },
          "sensitive_attributes": [],
          "private": "bnVsbA==",
          "dependencies": [
            "module.category-module.aws_api_gateway_authorizer.authorizer_resource",
            "module.category-module.aws_api_gateway_method.book-ticket_method",
            "module.category-module.aws_api_gateway_method_response.book-ticket-200-error",
            "module.category-module.aws_api_gateway_request_validator.book-ticket_validator",
            "module.category-module.aws_api_gateway_resource.book-ticket",
            "module.category-module.aws_api_gateway_resource.flight_booking",
            "module.category-module.aws_api_gateway_resource.v1",
            "module.category-module.aws_api_gateway_rest_api.ftb_terraform",
            "module.category-module.aws_lambda_function.authorizer_lambda",
            "module.category-module.data.aws_iam_role.academy_lambda_access",
            "module.category-module.module.authorizer-zip.aws_cloudwatch_log_group.lambda",
            "module.category-module.module.authorizer-zip.aws_iam_policy.additional_inline",
            "module.category-module.module.authorizer-zip.aws_iam_policy.additional_json",
            "module.category-module.module.authorizer-zip.aws_iam_policy.additional_jsons",
            "module.category-module.module.authorizer-zip.aws_iam_policy.async",
            "module.category-module.module.authorizer-zip.aws_iam_policy.dead_letter",
            "module.category-module.module.authorizer-zip.aws_iam_policy.logs",
            "module.category-module.module.authorizer-zip.aws_iam_policy.tracing",
            "module.category-module.module.authorizer-zip.aws_iam_policy.vpc",
            "module.category-module.module.authorizer-zip.aws_iam_policy_attachment.additional_inline",
            "module.category-module.module.authorizer-zip.aws_iam_policy_attachment.additional_json",
            "module.category-module.module.authorizer-zip.aws_iam_policy_attachment.additional_jsons",
            "module.category-module.module.authorizer-zip.aws_iam_policy_attachment.async",
            "module.category-module.module.authorizer-zip.aws_iam_policy_attachment.dead_letter",
            "module.category-module.module.authorizer-zip.aws_iam_policy_attachment.logs",
            "module.category-module.module.authorizer-zip.aws_iam_policy_attachment.tracing",
            "module.category-module.module.authorizer-zip.aws_iam_policy_attachment.vpc",
            "module.category-module.module.authorizer-zip.aws_iam_role.lambda",
            "module.category-module.module.authorizer-zip.aws_iam_role_policy_attachment.additional_many",
            "module.category-module.module.authorizer-zip.aws_iam_role_policy_attachment.additional_one",
            "module.category-module.module.authorizer-zip.aws_lambda_event_source_mapping.this",
            "module.category-module.module.authorizer-zip.aws_lambda_function.this",
            "module.category-module.module.authorizer-zip.aws_lambda_function_event_invoke_config.this",
            "module.category-module.module.authorizer-zip.aws_lambda_layer_version.this",
            "module.category-module.module.authorizer-zip.aws_lambda_permission.current_version_triggers",
            "module.category-module.module.authorizer-zip.aws_lambda_permission.unqualified_alias_triggers",
            "module.category-module.module.authorizer-zip.aws_lambda_provisioned_concurrency_config.current_version",
            "module.category-module.module.authorizer-zip.aws_s3_bucket_object.lambda_package",
            "module.category-module.module.authorizer-zip.data.aws_arn.log_group_arn",
            "module.category-module.module.authorizer-zip.data.aws_cloudwatch_log_group.lambda",
            "module.category-module.module.authorizer-zip.data.aws_iam_policy.tracing",
            "module.category-module.module.authorizer-zip.data.aws_iam_policy.vpc",
            "module.category-module.module.authorizer-zip.data.aws_iam_policy_document.additional_inline",
            "module.category-module.module.authorizer-zip.data.aws_iam_policy_document.assume_role",
            "module.category-module.module.authorizer-zip.data.aws_iam_policy_document.async",
            "module.category-module.module.authorizer-zip.data.aws_iam_policy_document.dead_letter",
            "module.category-module.module.authorizer-zip.data.aws_iam_policy_document.logs",
            "module.category-module.module.authorizer-zip.data.external.archive_prepare",
            "module.category-module.module.authorizer-zip.local_file.archive_plan",
            "module.category-module.module.authorizer-zip.null_resource.archive",
            "module.category-module.module.lambda_layer.aws_lambda_layer_version.this",
            "module.category-module.module.lambda_layer.aws_s3_bucket_object.lambda_package",
            "module.category-module.module.lambda_layer.data.external.archive_prepare",
            "module.category-module.module.lambda_layer.local_file.archive_plan",
            "module.category-module.module.lambda_layer.null_resource.archive"
          ]
        }
      ]
    },
    {
      "module": "module.category-module",
      "mode": "managed",
      "type": "aws_api_gateway_integration_response",
      "name": "ir-200-get-booking",
      "provider": "provider[\"registry.terraform.io/hashicorp/aws\"]",
      "instances": [
        {
          "schema_version": 0,
          "attributes": {
            "content_handling": "",
            "http_method": "GET",
            "id": "agir-n3ex1fhmv6-cg0y8q-GET-200",
            "resource_id": "cg0y8q",
            "response_parameters": {},
            "response_templates": {
              "application/json": "$input.json('$')"
            },
            "rest_api_id": "n3ex1fhmv6",
            "selection_pattern": "",
            "status_code": "200"
          },
          "sensitive_attributes": [],
          "private": "bnVsbA==",
          "dependencies": [
            "module.category-module.aws_api_gateway_authorizer.authorizer_resource",
            "module.category-module.aws_api_gateway_method.get_booking_method",
            "module.category-module.aws_api_gateway_method_response.get-booking-200-error",
            "module.category-module.aws_api_gateway_request_validator.get_booking_validator",
            "module.category-module.aws_api_gateway_resource.flight_booking",
            "module.category-module.aws_api_gateway_resource.get_booking",
            "module.category-module.aws_api_gateway_resource.v1",
            "module.category-module.aws_api_gateway_rest_api.ftb_terraform",
            "module.category-module.aws_lambda_function.authorizer_lambda",
            "module.category-module.data.aws_iam_role.academy_lambda_access",
            "module.category-module.module.authorizer-zip.aws_cloudwatch_log_group.lambda",
            "module.category-module.module.authorizer-zip.aws_iam_policy.additional_inline",
            "module.category-module.module.authorizer-zip.aws_iam_policy.additional_json",
            "module.category-module.module.authorizer-zip.aws_iam_policy.additional_jsons",
            "module.category-module.module.authorizer-zip.aws_iam_policy.async",
            "module.category-module.module.authorizer-zip.aws_iam_policy.dead_letter",
            "module.category-module.module.authorizer-zip.aws_iam_policy.logs",
            "module.category-module.module.authorizer-zip.aws_iam_policy.tracing",
            "module.category-module.module.authorizer-zip.aws_iam_policy.vpc",
            "module.category-module.module.authorizer-zip.aws_iam_policy_attachment.additional_inline",
            "module.category-module.module.authorizer-zip.aws_iam_policy_attachment.additional_json",
            "module.category-module.module.authorizer-zip.aws_iam_policy_attachment.additional_jsons",
            "module.category-module.module.authorizer-zip.aws_iam_policy_attachment.async",
            "module.category-module.module.authorizer-zip.aws_iam_policy_attachment.dead_letter",
            "module.category-module.module.authorizer-zip.aws_iam_policy_attachment.logs",
            "module.category-module.module.authorizer-zip.aws_iam_policy_attachment.tracing",
            "module.category-module.module.authorizer-zip.aws_iam_policy_attachment.vpc",
            "module.category-module.module.authorizer-zip.aws_iam_role.lambda",
            "module.category-module.module.authorizer-zip.aws_iam_role_policy_attachment.additional_many",
            "module.category-module.module.authorizer-zip.aws_iam_role_policy_attachment.additional_one",
            "module.category-module.module.authorizer-zip.aws_lambda_event_source_mapping.this",
            "module.category-module.module.authorizer-zip.aws_lambda_function.this",
            "module.category-module.module.authorizer-zip.aws_lambda_function_event_invoke_config.this",
            "module.category-module.module.authorizer-zip.aws_lambda_layer_version.this",
            "module.category-module.module.authorizer-zip.aws_lambda_permission.current_version_triggers",
            "module.category-module.module.authorizer-zip.aws_lambda_permission.unqualified_alias_triggers",
            "module.category-module.module.authorizer-zip.aws_lambda_provisioned_concurrency_config.current_version",
            "module.category-module.module.authorizer-zip.aws_s3_bucket_object.lambda_package",
            "module.category-module.module.authorizer-zip.data.aws_arn.log_group_arn",
            "module.category-module.module.authorizer-zip.data.aws_cloudwatch_log_group.lambda",
            "module.category-module.module.authorizer-zip.data.aws_iam_policy.tracing",
            "module.category-module.module.authorizer-zip.data.aws_iam_policy.vpc",
            "module.category-module.module.authorizer-zip.data.aws_iam_policy_document.additional_inline",
            "module.category-module.module.authorizer-zip.data.aws_iam_policy_document.assume_role",
            "module.category-module.module.authorizer-zip.data.aws_iam_policy_document.async",
            "module.category-module.module.authorizer-zip.data.aws_iam_policy_document.dead_letter",
            "module.category-module.module.authorizer-zip.data.aws_iam_policy_document.logs",
            "module.category-module.module.authorizer-zip.data.external.archive_prepare",
            "module.category-module.module.authorizer-zip.local_file.archive_plan",
            "module.category-module.module.authorizer-zip.null_resource.archive",
            "module.category-module.module.lambda_layer.aws_lambda_layer_version.this",
            "module.category-module.module.lambda_layer.aws_s3_bucket_object.lambda_package",
            "module.category-module.module.lambda_layer.data.external.archive_prepare",
            "module.category-module.module.lambda_layer.local_file.archive_plan",
            "module.category-module.module.lambda_layer.null_resource.archive"
          ]
        }
      ]
    },
    {
      "module": "module.category-module",
      "mode": "managed",
      "type": "aws_api_gateway_integration_response",
      "name": "ir-200-get-flight",
      "provider": "provider[\"registry.terraform.io/hashicorp/aws\"]",
      "instances": [
        {
          "schema_version": 0,
          "attributes": {
            "content_handling": "",
            "http_method": "GET",
            "id": "agir-n3ex1fhmv6-sjvwtp-GET-200",
            "resource_id": "sjvwtp",
            "response_parameters": {},
            "response_templates": {
              "application/json": "$input.json('$')"
            },
            "rest_api_id": "n3ex1fhmv6",
            "selection_pattern": "",
            "status_code": "200"
          },
          "sensitive_attributes": [],
          "private": "bnVsbA==",
          "dependencies": [
            "module.category-module.aws_api_gateway_authorizer.authorizer_resource",
            "module.category-module.aws_api_gateway_method.get_flight_method",
            "module.category-module.aws_api_gateway_method_response.get-flight-200-error",
            "module.category-module.aws_api_gateway_request_validator.get_flight_validator",
            "module.category-module.aws_api_gateway_resource.flight_booking",
            "module.category-module.aws_api_gateway_resource.get_flight",
            "module.category-module.aws_api_gateway_resource.v1",
            "module.category-module.aws_api_gateway_rest_api.ftb_terraform",
            "module.category-module.aws_lambda_function.authorizer_lambda",
            "module.category-module.data.aws_iam_role.academy_lambda_access",
            "module.category-module.module.authorizer-zip.aws_cloudwatch_log_group.lambda",
            "module.category-module.module.authorizer-zip.aws_iam_policy.additional_inline",
            "module.category-module.module.authorizer-zip.aws_iam_policy.additional_json",
            "module.category-module.module.authorizer-zip.aws_iam_policy.additional_jsons",
            "module.category-module.module.authorizer-zip.aws_iam_policy.async",
            "module.category-module.module.authorizer-zip.aws_iam_policy.dead_letter",
            "module.category-module.module.authorizer-zip.aws_iam_policy.logs",
            "module.category-module.module.authorizer-zip.aws_iam_policy.tracing",
            "module.category-module.module.authorizer-zip.aws_iam_policy.vpc",
            "module.category-module.module.authorizer-zip.aws_iam_policy_attachment.additional_inline",
            "module.category-module.module.authorizer-zip.aws_iam_policy_attachment.additional_json",
            "module.category-module.module.authorizer-zip.aws_iam_policy_attachment.additional_jsons",
            "module.category-module.module.authorizer-zip.aws_iam_policy_attachment.async",
            "module.category-module.module.authorizer-zip.aws_iam_policy_attachment.dead_letter",
            "module.category-module.module.authorizer-zip.aws_iam_policy_attachment.logs",
            "module.category-module.module.authorizer-zip.aws_iam_policy_attachment.tracing",
            "module.category-module.module.authorizer-zip.aws_iam_policy_attachment.vpc",
            "module.category-module.module.authorizer-zip.aws_iam_role.lambda",
            "module.category-module.module.authorizer-zip.aws_iam_role_policy_attachment.additional_many",
            "module.category-module.module.authorizer-zip.aws_iam_role_policy_attachment.additional_one",
            "module.category-module.module.authorizer-zip.aws_lambda_event_source_mapping.this",
            "module.category-module.module.authorizer-zip.aws_lambda_function.this",
            "module.category-module.module.authorizer-zip.aws_lambda_function_event_invoke_config.this",
            "module.category-module.module.authorizer-zip.aws_lambda_layer_version.this",
            "module.category-module.module.authorizer-zip.aws_lambda_permission.current_version_triggers",
            "module.category-module.module.authorizer-zip.aws_lambda_permission.unqualified_alias_triggers",
            "module.category-module.module.authorizer-zip.aws_lambda_provisioned_concurrency_config.current_version",
            "module.category-module.module.authorizer-zip.aws_s3_bucket_object.lambda_package",
            "module.category-module.module.authorizer-zip.data.aws_arn.log_group_arn",
            "module.category-module.module.authorizer-zip.data.aws_cloudwatch_log_group.lambda",
            "module.category-module.module.authorizer-zip.data.aws_iam_policy.tracing",
            "module.category-module.module.authorizer-zip.data.aws_iam_policy.vpc",
            "module.category-module.module.authorizer-zip.data.aws_iam_policy_document.additional_inline",
            "module.category-module.module.authorizer-zip.data.aws_iam_policy_document.assume_role",
            "module.category-module.module.authorizer-zip.data.aws_iam_policy_document.async",
            "module.category-module.module.authorizer-zip.data.aws_iam_policy_document.dead_letter",
            "module.category-module.module.authorizer-zip.data.aws_iam_policy_document.logs",
            "module.category-module.module.authorizer-zip.data.external.archive_prepare",
            "module.category-module.module.authorizer-zip.local_file.archive_plan",
            "module.category-module.module.authorizer-zip.null_resource.archive",
            "module.category-module.module.lambda_layer.aws_lambda_layer_version.this",
            "module.category-module.module.lambda_layer.aws_s3_bucket_object.lambda_package",
            "module.category-module.module.lambda_layer.data.external.archive_prepare",
            "module.category-module.module.lambda_layer.local_file.archive_plan",
            "module.category-module.module.lambda_layer.null_resource.archive"
          ]
        }
      ]
    },
    {
      "module": "module.category-module",
      "mode": "managed",
      "type": "aws_api_gateway_integration_response",
      "name": "ir-200-post-user",
      "provider": "provider[\"registry.terraform.io/hashicorp/aws\"]",
      "instances": [
        {
          "schema_version": 0,
          "attributes": {
            "content_handling": "",
            "http_method": "POST",
            "id": "agir-n3ex1fhmv6-fy5p5l-POST-200",
            "resource_id": "fy5p5l",
            "response_parameters": {},
            "response_templates": {
              "application/json": "$input.json('$')"
            },
            "rest_api_id": "n3ex1fhmv6",
            "selection_pattern": "",
            "status_code": "200"
          },
          "sensitive_attributes": [],
          "private": "bnVsbA==",
          "dependencies": [
            "module.category-module.aws_api_gateway_authorizer.authorizer_resource",
            "module.category-module.aws_api_gateway_method.user_method",
            "module.category-module.aws_api_gateway_method_response.post-user-200-error",
            "module.category-module.aws_api_gateway_request_validator.user_validator",
            "module.category-module.aws_api_gateway_resource.flight_booking",
            "module.category-module.aws_api_gateway_resource.user",
            "module.category-module.aws_api_gateway_resource.v1",
            "module.category-module.aws_api_gateway_rest_api.ftb_terraform",
            "module.category-module.aws_lambda_function.authorizer_lambda",
            "module.category-module.data.aws_iam_role.academy_lambda_access",
            "module.category-module.module.authorizer-zip.aws_cloudwatch_log_group.lambda",
            "module.category-module.module.authorizer-zip.aws_iam_policy.additional_inline",
            "module.category-module.module.authorizer-zip.aws_iam_policy.additional_json",
            "module.category-module.module.authorizer-zip.aws_iam_policy.additional_jsons",
            "module.category-module.module.authorizer-zip.aws_iam_policy.async",
            "module.category-module.module.authorizer-zip.aws_iam_policy.dead_letter",
            "module.category-module.module.authorizer-zip.aws_iam_policy.logs",
            "module.category-module.module.authorizer-zip.aws_iam_policy.tracing",
            "module.category-module.module.authorizer-zip.aws_iam_policy.vpc",
            "module.category-module.module.authorizer-zip.aws_iam_policy_attachment.additional_inline",
            "module.category-module.module.authorizer-zip.aws_iam_policy_attachment.additional_json",
            "module.category-module.module.authorizer-zip.aws_iam_policy_attachment.additional_jsons",
            "module.category-module.module.authorizer-zip.aws_iam_policy_attachment.async",
            "module.category-module.module.authorizer-zip.aws_iam_policy_attachment.dead_letter",
            "module.category-module.module.authorizer-zip.aws_iam_policy_attachment.logs",
            "module.category-module.module.authorizer-zip.aws_iam_policy_attachment.tracing",
            "module.category-module.module.authorizer-zip.aws_iam_policy_attachment.vpc",
            "module.category-module.module.authorizer-zip.aws_iam_role.lambda",
            "module.category-module.module.authorizer-zip.aws_iam_role_policy_attachment.additional_many",
            "module.category-module.module.authorizer-zip.aws_iam_role_policy_attachment.additional_one",
            "module.category-module.module.authorizer-zip.aws_lambda_event_source_mapping.this",
            "module.category-module.module.authorizer-zip.aws_lambda_function.this",
            "module.category-module.module.authorizer-zip.aws_lambda_function_event_invoke_config.this",
            "module.category-module.module.authorizer-zip.aws_lambda_layer_version.this",
            "module.category-module.module.authorizer-zip.aws_lambda_permission.current_version_triggers",
            "module.category-module.module.authorizer-zip.aws_lambda_permission.unqualified_alias_triggers",
            "module.category-module.module.authorizer-zip.aws_lambda_provisioned_concurrency_config.current_version",
            "module.category-module.module.authorizer-zip.aws_s3_bucket_object.lambda_package",
            "module.category-module.module.authorizer-zip.data.aws_arn.log_group_arn",
            "module.category-module.module.authorizer-zip.data.aws_cloudwatch_log_group.lambda",
            "module.category-module.module.authorizer-zip.data.aws_iam_policy.tracing",
            "module.category-module.module.authorizer-zip.data.aws_iam_policy.vpc",
            "module.category-module.module.authorizer-zip.data.aws_iam_policy_document.additional_inline",
            "module.category-module.module.authorizer-zip.data.aws_iam_policy_document.assume_role",
            "module.category-module.module.authorizer-zip.data.aws_iam_policy_document.async",
            "module.category-module.module.authorizer-zip.data.aws_iam_policy_document.dead_letter",
            "module.category-module.module.authorizer-zip.data.aws_iam_policy_document.logs",
            "module.category-module.module.authorizer-zip.data.external.archive_prepare",
            "module.category-module.module.authorizer-zip.local_file.archive_plan",
            "module.category-module.module.authorizer-zip.null_resource.archive",
            "module.category-module.module.lambda_layer.aws_lambda_layer_version.this",
            "module.category-module.module.lambda_layer.aws_s3_bucket_object.lambda_package",
            "module.category-module.module.lambda_layer.data.external.archive_prepare",
            "module.category-module.module.lambda_layer.local_file.archive_plan",
            "module.category-module.module.lambda_layer.null_resource.archive"
          ]
        }
      ]
    },
    {
      "module": "module.category-module",
      "mode": "managed",
      "type": "aws_api_gateway_integration_response",
      "name": "ir-400-book-ticket",
      "provider": "provider[\"registry.terraform.io/hashicorp/aws\"]",
      "instances": [
        {
          "schema_version": 0,
          "attributes": {
            "content_handling": "",
            "http_method": "POST",
            "id": "agir-n3ex1fhmv6-fsat0l-POST-400",
            "resource_id": "fsat0l",
            "response_parameters": {},
            "response_templates": {
              "application/json": "$input.path('$.errorMessage')"
            },
            "rest_api_id": "n3ex1fhmv6",
            "selection_pattern": ".*Invalid request.*",
            "status_code": "400"
          },
          "sensitive_attributes": [],
          "private": "bnVsbA==",
          "dependencies": [
            "module.category-module.aws_api_gateway_authorizer.authorizer_resource",
            "module.category-module.aws_api_gateway_integration_response.ir-200-book-ticket",
            "module.category-module.aws_api_gateway_method.book-ticket_method",
            "module.category-module.aws_api_gateway_method_response.book-ticket-200-error",
            "module.category-module.aws_api_gateway_method_response.book-ticket-400-error",
            "module.category-module.aws_api_gateway_request_validator.book-ticket_validator",
            "module.category-module.aws_api_gateway_resource.book-ticket",
            "module.category-module.aws_api_gateway_resource.flight_booking",
            "module.category-module.aws_api_gateway_resource.v1",
            "module.category-module.aws_api_gateway_rest_api.ftb_terraform",
            "module.category-module.aws_lambda_function.authorizer_lambda",
            "module.category-module.data.aws_iam_role.academy_lambda_access",
            "module.category-module.module.authorizer-zip.aws_cloudwatch_log_group.lambda",
            "module.category-module.module.authorizer-zip.aws_iam_policy.additional_inline",
            "module.category-module.module.authorizer-zip.aws_iam_policy.additional_json",
            "module.category-module.module.authorizer-zip.aws_iam_policy.additional_jsons",
            "module.category-module.module.authorizer-zip.aws_iam_policy.async",
            "module.category-module.module.authorizer-zip.aws_iam_policy.dead_letter",
            "module.category-module.module.authorizer-zip.aws_iam_policy.logs",
            "module.category-module.module.authorizer-zip.aws_iam_policy.tracing",
            "module.category-module.module.authorizer-zip.aws_iam_policy.vpc",
            "module.category-module.module.authorizer-zip.aws_iam_policy_attachment.additional_inline",
            "module.category-module.module.authorizer-zip.aws_iam_policy_attachment.additional_json",
            "module.category-module.module.authorizer-zip.aws_iam_policy_attachment.additional_jsons",
            "module.category-module.module.authorizer-zip.aws_iam_policy_attachment.async",
            "module.category-module.module.authorizer-zip.aws_iam_policy_attachment.dead_letter",
            "module.category-module.module.authorizer-zip.aws_iam_policy_attachment.logs",
            "module.category-module.module.authorizer-zip.aws_iam_policy_attachment.tracing",
            "module.category-module.module.authorizer-zip.aws_iam_policy_attachment.vpc",
            "module.category-module.module.authorizer-zip.aws_iam_role.lambda",
            "module.category-module.module.authorizer-zip.aws_iam_role_policy_attachment.additional_many",
            "module.category-module.module.authorizer-zip.aws_iam_role_policy_attachment.additional_one",
            "module.category-module.module.authorizer-zip.aws_lambda_event_source_mapping.this",
            "module.category-module.module.authorizer-zip.aws_lambda_function.this",
            "module.category-module.module.authorizer-zip.aws_lambda_function_event_invoke_config.this",
            "module.category-module.module.authorizer-zip.aws_lambda_layer_version.this",
            "module.category-module.module.authorizer-zip.aws_lambda_permission.current_version_triggers",
            "module.category-module.module.authorizer-zip.aws_lambda_permission.unqualified_alias_triggers",
            "module.category-module.module.authorizer-zip.aws_lambda_provisioned_concurrency_config.current_version",
            "module.category-module.module.authorizer-zip.aws_s3_bucket_object.lambda_package",
            "module.category-module.module.authorizer-zip.data.aws_arn.log_group_arn",
            "module.category-module.module.authorizer-zip.data.aws_cloudwatch_log_group.lambda",
            "module.category-module.module.authorizer-zip.data.aws_iam_policy.tracing",
            "module.category-module.module.authorizer-zip.data.aws_iam_policy.vpc",
            "module.category-module.module.authorizer-zip.data.aws_iam_policy_document.additional_inline",
            "module.category-module.module.authorizer-zip.data.aws_iam_policy_document.assume_role",
            "module.category-module.module.authorizer-zip.data.aws_iam_policy_document.async",
            "module.category-module.module.authorizer-zip.data.aws_iam_policy_document.dead_letter",
            "module.category-module.module.authorizer-zip.data.aws_iam_policy_document.logs",
            "module.category-module.module.authorizer-zip.data.external.archive_prepare",
            "module.category-module.module.authorizer-zip.local_file.archive_plan",
            "module.category-module.module.authorizer-zip.null_resource.archive",
            "module.category-module.module.lambda_layer.aws_lambda_layer_version.this",
            "module.category-module.module.lambda_layer.aws_s3_bucket_object.lambda_package",
            "module.category-module.module.lambda_layer.data.external.archive_prepare",
            "module.category-module.module.lambda_layer.local_file.archive_plan",
            "module.category-module.module.lambda_layer.null_resource.archive"
          ]
        }
      ]
    },
    {
      "module": "module.category-module",
      "mode": "managed",
      "type": "aws_api_gateway_integration_response",
      "name": "ir-400-get-booking",
      "provider": "provider[\"registry.terraform.io/hashicorp/aws\"]",
      "instances": [
        {
          "schema_version": 0,
          "attributes": {
            "content_handling": "",
            "http_method": "GET",
            "id": "agir-n3ex1fhmv6-cg0y8q-GET-400",
            "resource_id": "cg0y8q",
            "response_parameters": {},
            "response_templates": {
              "application/json": "$input.path('$.errorMessage')"
            },
            "rest_api_id": "n3ex1fhmv6",
            "selection_pattern": ".*Invalid request.*",
            "status_code": "400"
          },
          "sensitive_attributes": [],
          "private": "bnVsbA==",
          "dependencies": [
            "module.category-module.aws_api_gateway_authorizer.authorizer_resource",
            "module.category-module.aws_api_gateway_integration_response.ir-200-get-booking",
            "module.category-module.aws_api_gateway_method.get_booking_method",
            "module.category-module.aws_api_gateway_method_response.get-booking-200-error",
            "module.category-module.aws_api_gateway_method_response.get-booking-400-error",
            "module.category-module.aws_api_gateway_request_validator.get_booking_validator",
            "module.category-module.aws_api_gateway_resource.flight_booking",
            "module.category-module.aws_api_gateway_resource.get_booking",
            "module.category-module.aws_api_gateway_resource.v1",
            "module.category-module.aws_api_gateway_rest_api.ftb_terraform",
            "module.category-module.aws_lambda_function.authorizer_lambda",
            "module.category-module.data.aws_iam_role.academy_lambda_access",
            "module.category-module.module.authorizer-zip.aws_cloudwatch_log_group.lambda",
            "module.category-module.module.authorizer-zip.aws_iam_policy.additional_inline",
            "module.category-module.module.authorizer-zip.aws_iam_policy.additional_json",
            "module.category-module.module.authorizer-zip.aws_iam_policy.additional_jsons",
            "module.category-module.module.authorizer-zip.aws_iam_policy.async",
            "module.category-module.module.authorizer-zip.aws_iam_policy.dead_letter",
            "module.category-module.module.authorizer-zip.aws_iam_policy.logs",
            "module.category-module.module.authorizer-zip.aws_iam_policy.tracing",
            "module.category-module.module.authorizer-zip.aws_iam_policy.vpc",
            "module.category-module.module.authorizer-zip.aws_iam_policy_attachment.additional_inline",
            "module.category-module.module.authorizer-zip.aws_iam_policy_attachment.additional_json",
            "module.category-module.module.authorizer-zip.aws_iam_policy_attachment.additional_jsons",
            "module.category-module.module.authorizer-zip.aws_iam_policy_attachment.async",
            "module.category-module.module.authorizer-zip.aws_iam_policy_attachment.dead_letter",
            "module.category-module.module.authorizer-zip.aws_iam_policy_attachment.logs",
            "module.category-module.module.authorizer-zip.aws_iam_policy_attachment.tracing",
            "module.category-module.module.authorizer-zip.aws_iam_policy_attachment.vpc",
            "module.category-module.module.authorizer-zip.aws_iam_role.lambda",
            "module.category-module.module.authorizer-zip.aws_iam_role_policy_attachment.additional_many",
            "module.category-module.module.authorizer-zip.aws_iam_role_policy_attachment.additional_one",
            "module.category-module.module.authorizer-zip.aws_lambda_event_source_mapping.this",
            "module.category-module.module.authorizer-zip.aws_lambda_function.this",
            "module.category-module.module.authorizer-zip.aws_lambda_function_event_invoke_config.this",
            "module.category-module.module.authorizer-zip.aws_lambda_layer_version.this",
            "module.category-module.module.authorizer-zip.aws_lambda_permission.current_version_triggers",
            "module.category-module.module.authorizer-zip.aws_lambda_permission.unqualified_alias_triggers",
            "module.category-module.module.authorizer-zip.aws_lambda_provisioned_concurrency_config.current_version",
            "module.category-module.module.authorizer-zip.aws_s3_bucket_object.lambda_package",
            "module.category-module.module.authorizer-zip.data.aws_arn.log_group_arn",
            "module.category-module.module.authorizer-zip.data.aws_cloudwatch_log_group.lambda",
            "module.category-module.module.authorizer-zip.data.aws_iam_policy.tracing",
            "module.category-module.module.authorizer-zip.data.aws_iam_policy.vpc",
            "module.category-module.module.authorizer-zip.data.aws_iam_policy_document.additional_inline",
            "module.category-module.module.authorizer-zip.data.aws_iam_policy_document.assume_role",
            "module.category-module.module.authorizer-zip.data.aws_iam_policy_document.async",
            "module.category-module.module.authorizer-zip.data.aws_iam_policy_document.dead_letter",
            "module.category-module.module.authorizer-zip.data.aws_iam_policy_document.logs",
            "module.category-module.module.authorizer-zip.data.external.archive_prepare",
            "module.category-module.module.authorizer-zip.local_file.archive_plan",
            "module.category-module.module.authorizer-zip.null_resource.archive",
            "module.category-module.module.lambda_layer.aws_lambda_layer_version.this",
            "module.category-module.module.lambda_layer.aws_s3_bucket_object.lambda_package",
            "module.category-module.module.lambda_layer.data.external.archive_prepare",
            "module.category-module.module.lambda_layer.local_file.archive_plan",
            "module.category-module.module.lambda_layer.null_resource.archive"
          ]
        }
      ]
    },
    {
      "module": "module.category-module",
      "mode": "managed",
      "type": "aws_api_gateway_integration_response",
      "name": "ir-400-get-flight",
      "provider": "provider[\"registry.terraform.io/hashicorp/aws\"]",
      "instances": [
        {
          "schema_version": 0,
          "attributes": {
            "content_handling": "",
            "http_method": "GET",
            "id": "agir-n3ex1fhmv6-sjvwtp-GET-400",
            "resource_id": "sjvwtp",
            "response_parameters": {},
            "response_templates": {
              "application/json": "$input.path('$.errorMessage')"
            },
            "rest_api_id": "n3ex1fhmv6",
            "selection_pattern": ".*Invalid request.*",
            "status_code": "400"
          },
          "sensitive_attributes": [],
          "private": "bnVsbA==",
          "dependencies": [
            "module.category-module.aws_api_gateway_authorizer.authorizer_resource",
            "module.category-module.aws_api_gateway_integration_response.ir-200-get-flight",
            "module.category-module.aws_api_gateway_method.get_flight_method",
            "module.category-module.aws_api_gateway_method_response.get-flight-200-error",
            "module.category-module.aws_api_gateway_method_response.get-flight-400-error",
            "module.category-module.aws_api_gateway_request_validator.get_flight_validator",
            "module.category-module.aws_api_gateway_resource.flight_booking",
            "module.category-module.aws_api_gateway_resource.get_flight",
            "module.category-module.aws_api_gateway_resource.v1",
            "module.category-module.aws_api_gateway_rest_api.ftb_terraform",
            "module.category-module.aws_lambda_function.authorizer_lambda",
            "module.category-module.data.aws_iam_role.academy_lambda_access",
            "module.category-module.module.authorizer-zip.aws_cloudwatch_log_group.lambda",
            "module.category-module.module.authorizer-zip.aws_iam_policy.additional_inline",
            "module.category-module.module.authorizer-zip.aws_iam_policy.additional_json",
            "module.category-module.module.authorizer-zip.aws_iam_policy.additional_jsons",
            "module.category-module.module.authorizer-zip.aws_iam_policy.async",
            "module.category-module.module.authorizer-zip.aws_iam_policy.dead_letter",
            "module.category-module.module.authorizer-zip.aws_iam_policy.logs",
            "module.category-module.module.authorizer-zip.aws_iam_policy.tracing",
            "module.category-module.module.authorizer-zip.aws_iam_policy.vpc",
            "module.category-module.module.authorizer-zip.aws_iam_policy_attachment.additional_inline",
            "module.category-module.module.authorizer-zip.aws_iam_policy_attachment.additional_json",
            "module.category-module.module.authorizer-zip.aws_iam_policy_attachment.additional_jsons",
            "module.category-module.module.authorizer-zip.aws_iam_policy_attachment.async",
            "module.category-module.module.authorizer-zip.aws_iam_policy_attachment.dead_letter",
            "module.category-module.module.authorizer-zip.aws_iam_policy_attachment.logs",
            "module.category-module.module.authorizer-zip.aws_iam_policy_attachment.tracing",
            "module.category-module.module.authorizer-zip.aws_iam_policy_attachment.vpc",
            "module.category-module.module.authorizer-zip.aws_iam_role.lambda",
            "module.category-module.module.authorizer-zip.aws_iam_role_policy_attachment.additional_many",
            "module.category-module.module.authorizer-zip.aws_iam_role_policy_attachment.additional_one",
            "module.category-module.module.authorizer-zip.aws_lambda_event_source_mapping.this",
            "module.category-module.module.authorizer-zip.aws_lambda_function.this",
            "module.category-module.module.authorizer-zip.aws_lambda_function_event_invoke_config.this",
            "module.category-module.module.authorizer-zip.aws_lambda_layer_version.this",
            "module.category-module.module.authorizer-zip.aws_lambda_permission.current_version_triggers",
            "module.category-module.module.authorizer-zip.aws_lambda_permission.unqualified_alias_triggers",
            "module.category-module.module.authorizer-zip.aws_lambda_provisioned_concurrency_config.current_version",
            "module.category-module.module.authorizer-zip.aws_s3_bucket_object.lambda_package",
            "module.category-module.module.authorizer-zip.data.aws_arn.log_group_arn",
            "module.category-module.module.authorizer-zip.data.aws_cloudwatch_log_group.lambda",
            "module.category-module.module.authorizer-zip.data.aws_iam_policy.tracing",
            "module.category-module.module.authorizer-zip.data.aws_iam_policy.vpc",
            "module.category-module.module.authorizer-zip.data.aws_iam_policy_document.additional_inline",
            "module.category-module.module.authorizer-zip.data.aws_iam_policy_document.assume_role",
            "module.category-module.module.authorizer-zip.data.aws_iam_policy_document.async",
            "module.category-module.module.authorizer-zip.data.aws_iam_policy_document.dead_letter",
            "module.category-module.module.authorizer-zip.data.aws_iam_policy_document.logs",
            "module.category-module.module.authorizer-zip.data.external.archive_prepare",
            "module.category-module.module.authorizer-zip.local_file.archive_plan",
            "module.category-module.module.authorizer-zip.null_resource.archive",
            "module.category-module.module.lambda_layer.aws_lambda_layer_version.this",
            "module.category-module.module.lambda_layer.aws_s3_bucket_object.lambda_package",
            "module.category-module.module.lambda_layer.data.external.archive_prepare",
            "module.category-module.module.lambda_layer.local_file.archive_plan",
            "module.category-module.module.lambda_layer.null_resource.archive"
          ]
        }
      ]
    },
    {
      "module": "module.category-module",
      "mode": "managed",
      "type": "aws_api_gateway_integration_response",
      "name": "ir-400-post-user",
      "provider": "provider[\"registry.terraform.io/hashicorp/aws\"]",
      "instances": [
        {
          "schema_version": 0,
          "attributes": {
            "content_handling": "",
            "http_method": "POST",
            "id": "agir-n3ex1fhmv6-fy5p5l-POST-400",
            "resource_id": "fy5p5l",
            "response_parameters": {},
            "response_templates": {
              "application/json": "$input.path('$.errorMessage')"
            },
            "rest_api_id": "n3ex1fhmv6",
            "selection_pattern": ".*Invalid request.*",
            "status_code": "400"
          },
          "sensitive_attributes": [],
          "private": "bnVsbA==",
          "dependencies": [
            "module.category-module.aws_api_gateway_authorizer.authorizer_resource",
            "module.category-module.aws_api_gateway_integration_response.ir-200-post-user",
            "module.category-module.aws_api_gateway_method.user_method",
            "module.category-module.aws_api_gateway_method_response.post-user-200-error",
            "module.category-module.aws_api_gateway_method_response.post-user-400-error",
            "module.category-module.aws_api_gateway_request_validator.user_validator",
            "module.category-module.aws_api_gateway_resource.flight_booking",
            "module.category-module.aws_api_gateway_resource.user",
            "module.category-module.aws_api_gateway_resource.v1",
            "module.category-module.aws_api_gateway_rest_api.ftb_terraform",
            "module.category-module.aws_lambda_function.authorizer_lambda",
            "module.category-module.data.aws_iam_role.academy_lambda_access",
            "module.category-module.module.authorizer-zip.aws_cloudwatch_log_group.lambda",
            "module.category-module.module.authorizer-zip.aws_iam_policy.additional_inline",
            "module.category-module.module.authorizer-zip.aws_iam_policy.additional_json",
            "module.category-module.module.authorizer-zip.aws_iam_policy.additional_jsons",
            "module.category-module.module.authorizer-zip.aws_iam_policy.async",
            "module.category-module.module.authorizer-zip.aws_iam_policy.dead_letter",
            "module.category-module.module.authorizer-zip.aws_iam_policy.logs",
            "module.category-module.module.authorizer-zip.aws_iam_policy.tracing",
            "module.category-module.module.authorizer-zip.aws_iam_policy.vpc",
            "module.category-module.module.authorizer-zip.aws_iam_policy_attachment.additional_inline",
            "module.category-module.module.authorizer-zip.aws_iam_policy_attachment.additional_json",
            "module.category-module.module.authorizer-zip.aws_iam_policy_attachment.additional_jsons",
            "module.category-module.module.authorizer-zip.aws_iam_policy_attachment.async",
            "module.category-module.module.authorizer-zip.aws_iam_policy_attachment.dead_letter",
            "module.category-module.module.authorizer-zip.aws_iam_policy_attachment.logs",
            "module.category-module.module.authorizer-zip.aws_iam_policy_attachment.tracing",
            "module.category-module.module.authorizer-zip.aws_iam_policy_attachment.vpc",
            "module.category-module.module.authorizer-zip.aws_iam_role.lambda",
            "module.category-module.module.authorizer-zip.aws_iam_role_policy_attachment.additional_many",
            "module.category-module.module.authorizer-zip.aws_iam_role_policy_attachment.additional_one",
            "module.category-module.module.authorizer-zip.aws_lambda_event_source_mapping.this",
            "module.category-module.module.authorizer-zip.aws_lambda_function.this",
            "module.category-module.module.authorizer-zip.aws_lambda_function_event_invoke_config.this",
            "module.category-module.module.authorizer-zip.aws_lambda_layer_version.this",
            "module.category-module.module.authorizer-zip.aws_lambda_permission.current_version_triggers",
            "module.category-module.module.authorizer-zip.aws_lambda_permission.unqualified_alias_triggers",
            "module.category-module.module.authorizer-zip.aws_lambda_provisioned_concurrency_config.current_version",
            "module.category-module.module.authorizer-zip.aws_s3_bucket_object.lambda_package",
            "module.category-module.module.authorizer-zip.data.aws_arn.log_group_arn",
            "module.category-module.module.authorizer-zip.data.aws_cloudwatch_log_group.lambda",
            "module.category-module.module.authorizer-zip.data.aws_iam_policy.tracing",
            "module.category-module.module.authorizer-zip.data.aws_iam_policy.vpc",
            "module.category-module.module.authorizer-zip.data.aws_iam_policy_document.additional_inline",
            "module.category-module.module.authorizer-zip.data.aws_iam_policy_document.assume_role",
            "module.category-module.module.authorizer-zip.data.aws_iam_policy_document.async",
            "module.category-module.module.authorizer-zip.data.aws_iam_policy_document.dead_letter",
            "module.category-module.module.authorizer-zip.data.aws_iam_policy_document.logs",
            "module.category-module.module.authorizer-zip.data.external.archive_prepare",
            "module.category-module.module.authorizer-zip.local_file.archive_plan",
            "module.category-module.module.authorizer-zip.null_resource.archive",
            "module.category-module.module.lambda_layer.aws_lambda_layer_version.this",
            "module.category-module.module.lambda_layer.aws_s3_bucket_object.lambda_package",
            "module.category-module.module.lambda_layer.data.external.archive_prepare",
            "module.category-module.module.lambda_layer.local_file.archive_plan",
            "module.category-module.module.lambda_layer.null_resource.archive"
          ]
        }
      ]
    },
    {
      "module": "module.category-module",
      "mode": "managed",
      "type": "aws_api_gateway_integration_response",
      "name": "ir-404-get-booking",
      "provider": "provider[\"registry.terraform.io/hashicorp/aws\"]",
      "instances": [
        {
          "schema_version": 0,
          "attributes": {
            "content_handling": "",
            "http_method": "GET",
            "id": "agir-n3ex1fhmv6-cg0y8q-GET-404",
            "resource_id": "cg0y8q",
            "response_parameters": {},
            "response_templates": {
              "application/json": "$input.path('$.errorMessage')"
            },
            "rest_api_id": "n3ex1fhmv6",
            "selection_pattern": ".*Author not found.*",
            "status_code": "404"
          },
          "sensitive_attributes": [],
          "private": "bnVsbA==",
          "dependencies": [
            "module.category-module.aws_api_gateway_authorizer.authorizer_resource",
            "module.category-module.aws_api_gateway_integration_response.ir-200-get-booking",
            "module.category-module.aws_api_gateway_integration_response.ir-400-get-booking",
            "module.category-module.aws_api_gateway_method.get_booking_method",
            "module.category-module.aws_api_gateway_method_response.get-booking-200-error",
            "module.category-module.aws_api_gateway_method_response.get-booking-400-error",
            "module.category-module.aws_api_gateway_method_response.get-booking-404-error",
            "module.category-module.aws_api_gateway_request_validator.get_booking_validator",
            "module.category-module.aws_api_gateway_resource.flight_booking",
            "module.category-module.aws_api_gateway_resource.get_booking",
            "module.category-module.aws_api_gateway_resource.v1",
            "module.category-module.aws_api_gateway_rest_api.ftb_terraform",
            "module.category-module.aws_lambda_function.authorizer_lambda",
            "module.category-module.data.aws_iam_role.academy_lambda_access",
            "module.category-module.module.authorizer-zip.aws_cloudwatch_log_group.lambda",
            "module.category-module.module.authorizer-zip.aws_iam_policy.additional_inline",
            "module.category-module.module.authorizer-zip.aws_iam_policy.additional_json",
            "module.category-module.module.authorizer-zip.aws_iam_policy.additional_jsons",
            "module.category-module.module.authorizer-zip.aws_iam_policy.async",
            "module.category-module.module.authorizer-zip.aws_iam_policy.dead_letter",
            "module.category-module.module.authorizer-zip.aws_iam_policy.logs",
            "module.category-module.module.authorizer-zip.aws_iam_policy.tracing",
            "module.category-module.module.authorizer-zip.aws_iam_policy.vpc",
            "module.category-module.module.authorizer-zip.aws_iam_policy_attachment.additional_inline",
            "module.category-module.module.authorizer-zip.aws_iam_policy_attachment.additional_json",
            "module.category-module.module.authorizer-zip.aws_iam_policy_attachment.additional_jsons",
            "module.category-module.module.authorizer-zip.aws_iam_policy_attachment.async",
            "module.category-module.module.authorizer-zip.aws_iam_policy_attachment.dead_letter",
            "module.category-module.module.authorizer-zip.aws_iam_policy_attachment.logs",
            "module.category-module.module.authorizer-zip.aws_iam_policy_attachment.tracing",
            "module.category-module.module.authorizer-zip.aws_iam_policy_attachment.vpc",
            "module.category-module.module.authorizer-zip.aws_iam_role.lambda",
            "module.category-module.module.authorizer-zip.aws_iam_role_policy_attachment.additional_many",
            "module.category-module.module.authorizer-zip.aws_iam_role_policy_attachment.additional_one",
            "module.category-module.module.authorizer-zip.aws_lambda_event_source_mapping.this",
            "module.category-module.module.authorizer-zip.aws_lambda_function.this",
            "module.category-module.module.authorizer-zip.aws_lambda_function_event_invoke_config.this",
            "module.category-module.module.authorizer-zip.aws_lambda_layer_version.this",
            "module.category-module.module.authorizer-zip.aws_lambda_permission.current_version_triggers",
            "module.category-module.module.authorizer-zip.aws_lambda_permission.unqualified_alias_triggers",
            "module.category-module.module.authorizer-zip.aws_lambda_provisioned_concurrency_config.current_version",
            "module.category-module.module.authorizer-zip.aws_s3_bucket_object.lambda_package",
            "module.category-module.module.authorizer-zip.data.aws_arn.log_group_arn",
            "module.category-module.module.authorizer-zip.data.aws_cloudwatch_log_group.lambda",
            "module.category-module.module.authorizer-zip.data.aws_iam_policy.tracing",
            "module.category-module.module.authorizer-zip.data.aws_iam_policy.vpc",
            "module.category-module.module.authorizer-zip.data.aws_iam_policy_document.additional_inline",
            "module.category-module.module.authorizer-zip.data.aws_iam_policy_document.assume_role",
            "module.category-module.module.authorizer-zip.data.aws_iam_policy_document.async",
            "module.category-module.module.authorizer-zip.data.aws_iam_policy_document.dead_letter",
            "module.category-module.module.authorizer-zip.data.aws_iam_policy_document.logs",
            "module.category-module.module.authorizer-zip.data.external.archive_prepare",
            "module.category-module.module.authorizer-zip.local_file.archive_plan",
            "module.category-module.module.authorizer-zip.null_resource.archive",
            "module.category-module.module.lambda_layer.aws_lambda_layer_version.this",
            "module.category-module.module.lambda_layer.aws_s3_bucket_object.lambda_package",
            "module.category-module.module.lambda_layer.data.external.archive_prepare",
            "module.category-module.module.lambda_layer.local_file.archive_plan",
            "module.category-module.module.lambda_layer.null_resource.archive"
          ]
        }
      ]
    },
    {
      "module": "module.category-module",
      "mode": "managed",
      "type": "aws_api_gateway_integration_response",
      "name": "ir-404-get-flight",
      "provider": "provider[\"registry.terraform.io/hashicorp/aws\"]",
      "instances": [
        {
          "schema_version": 0,
          "attributes": {
            "content_handling": "",
            "http_method": "GET",
            "id": "agir-n3ex1fhmv6-sjvwtp-GET-404",
            "resource_id": "sjvwtp",
            "response_parameters": {},
            "response_templates": {
              "application/json": "$input.path('$.errorMessage')"
            },
            "rest_api_id": "n3ex1fhmv6",
            "selection_pattern": ".*Author not found.*",
            "status_code": "404"
          },
          "sensitive_attributes": [],
          "private": "bnVsbA==",
          "dependencies": [
            "module.category-module.aws_api_gateway_authorizer.authorizer_resource",
            "module.category-module.aws_api_gateway_integration_response.ir-200-get-flight",
            "module.category-module.aws_api_gateway_integration_response.ir-400-get-flight",
            "module.category-module.aws_api_gateway_method.get_flight_method",
            "module.category-module.aws_api_gateway_method_response.get-flight-200-error",
            "module.category-module.aws_api_gateway_method_response.get-flight-400-error",
            "module.category-module.aws_api_gateway_method_response.get-flight-404-error",
            "module.category-module.aws_api_gateway_request_validator.get_flight_validator",
            "module.category-module.aws_api_gateway_resource.flight_booking",
            "module.category-module.aws_api_gateway_resource.get_flight",
            "module.category-module.aws_api_gateway_resource.v1",
            "module.category-module.aws_api_gateway_rest_api.ftb_terraform",
            "module.category-module.aws_lambda_function.authorizer_lambda",
            "module.category-module.data.aws_iam_role.academy_lambda_access",
            "module.category-module.module.authorizer-zip.aws_cloudwatch_log_group.lambda",
            "module.category-module.module.authorizer-zip.aws_iam_policy.additional_inline",
            "module.category-module.module.authorizer-zip.aws_iam_policy.additional_json",
            "module.category-module.module.authorizer-zip.aws_iam_policy.additional_jsons",
            "module.category-module.module.authorizer-zip.aws_iam_policy.async",
            "module.category-module.module.authorizer-zip.aws_iam_policy.dead_letter",
            "module.category-module.module.authorizer-zip.aws_iam_policy.logs",
            "module.category-module.module.authorizer-zip.aws_iam_policy.tracing",
            "module.category-module.module.authorizer-zip.aws_iam_policy.vpc",
            "module.category-module.module.authorizer-zip.aws_iam_policy_attachment.additional_inline",
            "module.category-module.module.authorizer-zip.aws_iam_policy_attachment.additional_json",
            "module.category-module.module.authorizer-zip.aws_iam_policy_attachment.additional_jsons",
            "module.category-module.module.authorizer-zip.aws_iam_policy_attachment.async",
            "module.category-module.module.authorizer-zip.aws_iam_policy_attachment.dead_letter",
            "module.category-module.module.authorizer-zip.aws_iam_policy_attachment.logs",
            "module.category-module.module.authorizer-zip.aws_iam_policy_attachment.tracing",
            "module.category-module.module.authorizer-zip.aws_iam_policy_attachment.vpc",
            "module.category-module.module.authorizer-zip.aws_iam_role.lambda",
            "module.category-module.module.authorizer-zip.aws_iam_role_policy_attachment.additional_many",
            "module.category-module.module.authorizer-zip.aws_iam_role_policy_attachment.additional_one",
            "module.category-module.module.authorizer-zip.aws_lambda_event_source_mapping.this",
            "module.category-module.module.authorizer-zip.aws_lambda_function.this",
            "module.category-module.module.authorizer-zip.aws_lambda_function_event_invoke_config.this",
            "module.category-module.module.authorizer-zip.aws_lambda_layer_version.this",
            "module.category-module.module.authorizer-zip.aws_lambda_permission.current_version_triggers",
            "module.category-module.module.authorizer-zip.aws_lambda_permission.unqualified_alias_triggers",
            "module.category-module.module.authorizer-zip.aws_lambda_provisioned_concurrency_config.current_version",
            "module.category-module.module.authorizer-zip.aws_s3_bucket_object.lambda_package",
            "module.category-module.module.authorizer-zip.data.aws_arn.log_group_arn",
            "module.category-module.module.authorizer-zip.data.aws_cloudwatch_log_group.lambda",
            "module.category-module.module.authorizer-zip.data.aws_iam_policy.tracing",
            "module.category-module.module.authorizer-zip.data.aws_iam_policy.vpc",
            "module.category-module.module.authorizer-zip.data.aws_iam_policy_document.additional_inline",
            "module.category-module.module.authorizer-zip.data.aws_iam_policy_document.assume_role",
            "module.category-module.module.authorizer-zip.data.aws_iam_policy_document.async",
            "module.category-module.module.authorizer-zip.data.aws_iam_policy_document.dead_letter",
            "module.category-module.module.authorizer-zip.data.aws_iam_policy_document.logs",
            "module.category-module.module.authorizer-zip.data.external.archive_prepare",
            "module.category-module.module.authorizer-zip.local_file.archive_plan",
            "module.category-module.module.authorizer-zip.null_resource.archive",
            "module.category-module.module.lambda_layer.aws_lambda_layer_version.this",
            "module.category-module.module.lambda_layer.aws_s3_bucket_object.lambda_package",
            "module.category-module.module.lambda_layer.data.external.archive_prepare",
            "module.category-module.module.lambda_layer.local_file.archive_plan",
            "module.category-module.module.lambda_layer.null_resource.archive"
          ]
        }
      ]
    },
    {
      "module": "module.category-module",
      "mode": "managed",
      "type": "aws_api_gateway_integration_response",
      "name": "ir-500-book-ticket",
      "provider": "provider[\"registry.terraform.io/hashicorp/aws\"]",
      "instances": [
        {
          "schema_version": 0,
          "attributes": {
            "content_handling": "",
            "http_method": "POST",
            "id": "agir-n3ex1fhmv6-fsat0l-POST-500",
            "resource_id": "fsat0l",
            "response_parameters": {},
            "response_templates": {
              "application/json": "$input.path('$.errorMessage')"
            },
            "rest_api_id": "n3ex1fhmv6",
            "selection_pattern": ".*Internal server error.*",
            "status_code": "500"
          },
          "sensitive_attributes": [],
          "private": "bnVsbA==",
          "dependencies": [
            "module.category-module.aws_api_gateway_authorizer.authorizer_resource",
            "module.category-module.aws_api_gateway_integration_response.ir-200-book-ticket",
            "module.category-module.aws_api_gateway_integration_response.ir-400-book-ticket",
            "module.category-module.aws_api_gateway_method.book-ticket_method",
            "module.category-module.aws_api_gateway_method_response.book-ticket-200-error",
            "module.category-module.aws_api_gateway_method_response.book-ticket-400-error",
            "module.category-module.aws_api_gateway_method_response.book-ticket-500-error",
            "module.category-module.aws_api_gateway_request_validator.book-ticket_validator",
            "module.category-module.aws_api_gateway_resource.book-ticket",
            "module.category-module.aws_api_gateway_resource.flight_booking",
            "module.category-module.aws_api_gateway_resource.v1",
            "module.category-module.aws_api_gateway_rest_api.ftb_terraform",
            "module.category-module.aws_lambda_function.authorizer_lambda",
            "module.category-module.data.aws_iam_role.academy_lambda_access",
            "module.category-module.module.authorizer-zip.aws_cloudwatch_log_group.lambda",
            "module.category-module.module.authorizer-zip.aws_iam_policy.additional_inline",
            "module.category-module.module.authorizer-zip.aws_iam_policy.additional_json",
            "module.category-module.module.authorizer-zip.aws_iam_policy.additional_jsons",
            "module.category-module.module.authorizer-zip.aws_iam_policy.async",
            "module.category-module.module.authorizer-zip.aws_iam_policy.dead_letter",
            "module.category-module.module.authorizer-zip.aws_iam_policy.logs",
            "module.category-module.module.authorizer-zip.aws_iam_policy.tracing",
            "module.category-module.module.authorizer-zip.aws_iam_policy.vpc",
            "module.category-module.module.authorizer-zip.aws_iam_policy_attachment.additional_inline",
            "module.category-module.module.authorizer-zip.aws_iam_policy_attachment.additional_json",
            "module.category-module.module.authorizer-zip.aws_iam_policy_attachment.additional_jsons",
            "module.category-module.module.authorizer-zip.aws_iam_policy_attachment.async",
            "module.category-module.module.authorizer-zip.aws_iam_policy_attachment.dead_letter",
            "module.category-module.module.authorizer-zip.aws_iam_policy_attachment.logs",
            "module.category-module.module.authorizer-zip.aws_iam_policy_attachment.tracing",
            "module.category-module.module.authorizer-zip.aws_iam_policy_attachment.vpc",
            "module.category-module.module.authorizer-zip.aws_iam_role.lambda",
            "module.category-module.module.authorizer-zip.aws_iam_role_policy_attachment.additional_many",
            "module.category-module.module.authorizer-zip.aws_iam_role_policy_attachment.additional_one",
            "module.category-module.module.authorizer-zip.aws_lambda_event_source_mapping.this",
            "module.category-module.module.authorizer-zip.aws_lambda_function.this",
            "module.category-module.module.authorizer-zip.aws_lambda_function_event_invoke_config.this",
            "module.category-module.module.authorizer-zip.aws_lambda_layer_version.this",
            "module.category-module.module.authorizer-zip.aws_lambda_permission.current_version_triggers",
            "module.category-module.module.authorizer-zip.aws_lambda_permission.unqualified_alias_triggers",
            "module.category-module.module.authorizer-zip.aws_lambda_provisioned_concurrency_config.current_version",
            "module.category-module.module.authorizer-zip.aws_s3_bucket_object.lambda_package",
            "module.category-module.module.authorizer-zip.data.aws_arn.log_group_arn",
            "module.category-module.module.authorizer-zip.data.aws_cloudwatch_log_group.lambda",
            "module.category-module.module.authorizer-zip.data.aws_iam_policy.tracing",
            "module.category-module.module.authorizer-zip.data.aws_iam_policy.vpc",
            "module.category-module.module.authorizer-zip.data.aws_iam_policy_document.additional_inline",
            "module.category-module.module.authorizer-zip.data.aws_iam_policy_document.assume_role",
            "module.category-module.module.authorizer-zip.data.aws_iam_policy_document.async",
            "module.category-module.module.authorizer-zip.data.aws_iam_policy_document.dead_letter",
            "module.category-module.module.authorizer-zip.data.aws_iam_policy_document.logs",
            "module.category-module.module.authorizer-zip.data.external.archive_prepare",
            "module.category-module.module.authorizer-zip.local_file.archive_plan",
            "module.category-module.module.authorizer-zip.null_resource.archive",
            "module.category-module.module.lambda_layer.aws_lambda_layer_version.this",
            "module.category-module.module.lambda_layer.aws_s3_bucket_object.lambda_package",
            "module.category-module.module.lambda_layer.data.external.archive_prepare",
            "module.category-module.module.lambda_layer.local_file.archive_plan",
            "module.category-module.module.lambda_layer.null_resource.archive"
          ]
        }
      ]
    },
    {
      "module": "module.category-module",
      "mode": "managed",
      "type": "aws_api_gateway_integration_response",
      "name": "ir-500-get-booking",
      "provider": "provider[\"registry.terraform.io/hashicorp/aws\"]",
      "instances": [
        {
          "schema_version": 0,
          "attributes": {
            "content_handling": "",
            "http_method": "GET",
            "id": "agir-n3ex1fhmv6-cg0y8q-GET-500",
            "resource_id": "cg0y8q",
            "response_parameters": {},
            "response_templates": {
              "application/json": "$input.path('$.errorMessage')"
            },
            "rest_api_id": "n3ex1fhmv6",
            "selection_pattern": ".*Internal server error.*",
            "status_code": "500"
          },
          "sensitive_attributes": [],
          "private": "bnVsbA==",
          "dependencies": [
            "module.category-module.aws_api_gateway_authorizer.authorizer_resource",
            "module.category-module.aws_api_gateway_integration_response.ir-200-get-booking",
            "module.category-module.aws_api_gateway_integration_response.ir-400-get-booking",
            "module.category-module.aws_api_gateway_integration_response.ir-404-get-booking",
            "module.category-module.aws_api_gateway_method.get_booking_method",
            "module.category-module.aws_api_gateway_method_response.get-booking-200-error",
            "module.category-module.aws_api_gateway_method_response.get-booking-400-error",
            "module.category-module.aws_api_gateway_method_response.get-booking-404-error",
            "module.category-module.aws_api_gateway_method_response.get-booking-500-error",
            "module.category-module.aws_api_gateway_request_validator.get_booking_validator",
            "module.category-module.aws_api_gateway_resource.flight_booking",
            "module.category-module.aws_api_gateway_resource.get_booking",
            "module.category-module.aws_api_gateway_resource.v1",
            "module.category-module.aws_api_gateway_rest_api.ftb_terraform",
            "module.category-module.aws_lambda_function.authorizer_lambda",
            "module.category-module.data.aws_iam_role.academy_lambda_access",
            "module.category-module.module.authorizer-zip.aws_cloudwatch_log_group.lambda",
            "module.category-module.module.authorizer-zip.aws_iam_policy.additional_inline",
            "module.category-module.module.authorizer-zip.aws_iam_policy.additional_json",
            "module.category-module.module.authorizer-zip.aws_iam_policy.additional_jsons",
            "module.category-module.module.authorizer-zip.aws_iam_policy.async",
            "module.category-module.module.authorizer-zip.aws_iam_policy.dead_letter",
            "module.category-module.module.authorizer-zip.aws_iam_policy.logs",
            "module.category-module.module.authorizer-zip.aws_iam_policy.tracing",
            "module.category-module.module.authorizer-zip.aws_iam_policy.vpc",
            "module.category-module.module.authorizer-zip.aws_iam_policy_attachment.additional_inline",
            "module.category-module.module.authorizer-zip.aws_iam_policy_attachment.additional_json",
            "module.category-module.module.authorizer-zip.aws_iam_policy_attachment.additional_jsons",
            "module.category-module.module.authorizer-zip.aws_iam_policy_attachment.async",
            "module.category-module.module.authorizer-zip.aws_iam_policy_attachment.dead_letter",
            "module.category-module.module.authorizer-zip.aws_iam_policy_attachment.logs",
            "module.category-module.module.authorizer-zip.aws_iam_policy_attachment.tracing",
            "module.category-module.module.authorizer-zip.aws_iam_policy_attachment.vpc",
            "module.category-module.module.authorizer-zip.aws_iam_role.lambda",
            "module.category-module.module.authorizer-zip.aws_iam_role_policy_attachment.additional_many",
            "module.category-module.module.authorizer-zip.aws_iam_role_policy_attachment.additional_one",
            "module.category-module.module.authorizer-zip.aws_lambda_event_source_mapping.this",
            "module.category-module.module.authorizer-zip.aws_lambda_function.this",
            "module.category-module.module.authorizer-zip.aws_lambda_function_event_invoke_config.this",
            "module.category-module.module.authorizer-zip.aws_lambda_layer_version.this",
            "module.category-module.module.authorizer-zip.aws_lambda_permission.current_version_triggers",
            "module.category-module.module.authorizer-zip.aws_lambda_permission.unqualified_alias_triggers",
            "module.category-module.module.authorizer-zip.aws_lambda_provisioned_concurrency_config.current_version",
            "module.category-module.module.authorizer-zip.aws_s3_bucket_object.lambda_package",
            "module.category-module.module.authorizer-zip.data.aws_arn.log_group_arn",
            "module.category-module.module.authorizer-zip.data.aws_cloudwatch_log_group.lambda",
            "module.category-module.module.authorizer-zip.data.aws_iam_policy.tracing",
            "module.category-module.module.authorizer-zip.data.aws_iam_policy.vpc",
            "module.category-module.module.authorizer-zip.data.aws_iam_policy_document.additional_inline",
            "module.category-module.module.authorizer-zip.data.aws_iam_policy_document.assume_role",
            "module.category-module.module.authorizer-zip.data.aws_iam_policy_document.async",
            "module.category-module.module.authorizer-zip.data.aws_iam_policy_document.dead_letter",
            "module.category-module.module.authorizer-zip.data.aws_iam_policy_document.logs",
            "module.category-module.module.authorizer-zip.data.external.archive_prepare",
            "module.category-module.module.authorizer-zip.local_file.archive_plan",
            "module.category-module.module.authorizer-zip.null_resource.archive",
            "module.category-module.module.lambda_layer.aws_lambda_layer_version.this",
            "module.category-module.module.lambda_layer.aws_s3_bucket_object.lambda_package",
            "module.category-module.module.lambda_layer.data.external.archive_prepare",
            "module.category-module.module.lambda_layer.local_file.archive_plan",
            "module.category-module.module.lambda_layer.null_resource.archive"
          ]
        }
      ]
    },
    {
      "module": "module.category-module",
      "mode": "managed",
      "type": "aws_api_gateway_integration_response",
      "name": "ir-500-get-flight",
      "provider": "provider[\"registry.terraform.io/hashicorp/aws\"]",
      "instances": [
        {
          "schema_version": 0,
          "attributes": {
            "content_handling": "",
            "http_method": "GET",
            "id": "agir-n3ex1fhmv6-sjvwtp-GET-500",
            "resource_id": "sjvwtp",
            "response_parameters": {},
            "response_templates": {
              "application/json": "$input.path('$.errorMessage')"
            },
            "rest_api_id": "n3ex1fhmv6",
            "selection_pattern": ".*Internal server error.*",
            "status_code": "500"
          },
          "sensitive_attributes": [],
          "private": "bnVsbA==",
          "dependencies": [
            "module.category-module.aws_api_gateway_authorizer.authorizer_resource",
            "module.category-module.aws_api_gateway_integration_response.ir-200-get-flight",
            "module.category-module.aws_api_gateway_integration_response.ir-400-get-flight",
            "module.category-module.aws_api_gateway_integration_response.ir-404-get-flight",
            "module.category-module.aws_api_gateway_method.get_flight_method",
            "module.category-module.aws_api_gateway_method_response.get-flight-200-error",
            "module.category-module.aws_api_gateway_method_response.get-flight-400-error",
            "module.category-module.aws_api_gateway_method_response.get-flight-404-error",
            "module.category-module.aws_api_gateway_method_response.get-flight-500-error",
            "module.category-module.aws_api_gateway_request_validator.get_flight_validator",
            "module.category-module.aws_api_gateway_resource.flight_booking",
            "module.category-module.aws_api_gateway_resource.get_flight",
            "module.category-module.aws_api_gateway_resource.v1",
            "module.category-module.aws_api_gateway_rest_api.ftb_terraform",
            "module.category-module.aws_lambda_function.authorizer_lambda",
            "module.category-module.data.aws_iam_role.academy_lambda_access",
            "module.category-module.module.authorizer-zip.aws_cloudwatch_log_group.lambda",
            "module.category-module.module.authorizer-zip.aws_iam_policy.additional_inline",
            "module.category-module.module.authorizer-zip.aws_iam_policy.additional_json",
            "module.category-module.module.authorizer-zip.aws_iam_policy.additional_jsons",
            "module.category-module.module.authorizer-zip.aws_iam_policy.async",
            "module.category-module.module.authorizer-zip.aws_iam_policy.dead_letter",
            "module.category-module.module.authorizer-zip.aws_iam_policy.logs",
            "module.category-module.module.authorizer-zip.aws_iam_policy.tracing",
            "module.category-module.module.authorizer-zip.aws_iam_policy.vpc",
            "module.category-module.module.authorizer-zip.aws_iam_policy_attachment.additional_inline",
            "module.category-module.module.authorizer-zip.aws_iam_policy_attachment.additional_json",
            "module.category-module.module.authorizer-zip.aws_iam_policy_attachment.additional_jsons",
            "module.category-module.module.authorizer-zip.aws_iam_policy_attachment.async",
            "module.category-module.module.authorizer-zip.aws_iam_policy_attachment.dead_letter",
            "module.category-module.module.authorizer-zip.aws_iam_policy_attachment.logs",
            "module.category-module.module.authorizer-zip.aws_iam_policy_attachment.tracing",
            "module.category-module.module.authorizer-zip.aws_iam_policy_attachment.vpc",
            "module.category-module.module.authorizer-zip.aws_iam_role.lambda",
            "module.category-module.module.authorizer-zip.aws_iam_role_policy_attachment.additional_many",
            "module.category-module.module.authorizer-zip.aws_iam_role_policy_attachment.additional_one",
            "module.category-module.module.authorizer-zip.aws_lambda_event_source_mapping.this",
            "module.category-module.module.authorizer-zip.aws_lambda_function.this",
            "module.category-module.module.authorizer-zip.aws_lambda_function_event_invoke_config.this",
            "module.category-module.module.authorizer-zip.aws_lambda_layer_version.this",
            "module.category-module.module.authorizer-zip.aws_lambda_permission.current_version_triggers",
            "module.category-module.module.authorizer-zip.aws_lambda_permission.unqualified_alias_triggers",
            "module.category-module.module.authorizer-zip.aws_lambda_provisioned_concurrency_config.current_version",
            "module.category-module.module.authorizer-zip.aws_s3_bucket_object.lambda_package",
            "module.category-module.module.authorizer-zip.data.aws_arn.log_group_arn",
            "module.category-module.module.authorizer-zip.data.aws_cloudwatch_log_group.lambda",
            "module.category-module.module.authorizer-zip.data.aws_iam_policy.tracing",
            "module.category-module.module.authorizer-zip.data.aws_iam_policy.vpc",
            "module.category-module.module.authorizer-zip.data.aws_iam_policy_document.additional_inline",
            "module.category-module.module.authorizer-zip.data.aws_iam_policy_document.assume_role",
            "module.category-module.module.authorizer-zip.data.aws_iam_policy_document.async",
            "module.category-module.module.authorizer-zip.data.aws_iam_policy_document.dead_letter",
            "module.category-module.module.authorizer-zip.data.aws_iam_policy_document.logs",
            "module.category-module.module.authorizer-zip.data.external.archive_prepare",
            "module.category-module.module.authorizer-zip.local_file.archive_plan",
            "module.category-module.module.authorizer-zip.null_resource.archive",
            "module.category-module.module.lambda_layer.aws_lambda_layer_version.this",
            "module.category-module.module.lambda_layer.aws_s3_bucket_object.lambda_package",
            "module.category-module.module.lambda_layer.data.external.archive_prepare",
            "module.category-module.module.lambda_layer.local_file.archive_plan",
            "module.category-module.module.lambda_layer.null_resource.archive"
          ]
        }
      ]
    },
    {
      "module": "module.category-module",
      "mode": "managed",
      "type": "aws_api_gateway_integration_response",
      "name": "ir-500-post-user",
      "provider": "provider[\"registry.terraform.io/hashicorp/aws\"]",
      "instances": [
        {
          "schema_version": 0,
          "attributes": {
            "content_handling": "",
            "http_method": "POST",
            "id": "agir-n3ex1fhmv6-fy5p5l-POST-500",
            "resource_id": "fy5p5l",
            "response_parameters": {},
            "response_templates": {
              "application/json": "$input.path('$.errorMessage')"
            },
            "rest_api_id": "n3ex1fhmv6",
            "selection_pattern": ".*Internal server error.*",
            "status_code": "500"
          },
          "sensitive_attributes": [],
          "private": "bnVsbA==",
          "dependencies": [
            "module.category-module.aws_api_gateway_authorizer.authorizer_resource",
            "module.category-module.aws_api_gateway_integration_response.ir-200-post-user",
            "module.category-module.aws_api_gateway_integration_response.ir-400-post-user",
            "module.category-module.aws_api_gateway_method.user_method",
            "module.category-module.aws_api_gateway_method_response.post-user-200-error",
            "module.category-module.aws_api_gateway_method_response.post-user-400-error",
            "module.category-module.aws_api_gateway_method_response.post-user-500-error",
            "module.category-module.aws_api_gateway_request_validator.user_validator",
            "module.category-module.aws_api_gateway_resource.flight_booking",
            "module.category-module.aws_api_gateway_resource.user",
            "module.category-module.aws_api_gateway_resource.v1",
            "module.category-module.aws_api_gateway_rest_api.ftb_terraform",
            "module.category-module.aws_lambda_function.authorizer_lambda",
            "module.category-module.data.aws_iam_role.academy_lambda_access",
            "module.category-module.module.authorizer-zip.aws_cloudwatch_log_group.lambda",
            "module.category-module.module.authorizer-zip.aws_iam_policy.additional_inline",
            "module.category-module.module.authorizer-zip.aws_iam_policy.additional_json",
            "module.category-module.module.authorizer-zip.aws_iam_policy.additional_jsons",
            "module.category-module.module.authorizer-zip.aws_iam_policy.async",
            "module.category-module.module.authorizer-zip.aws_iam_policy.dead_letter",
            "module.category-module.module.authorizer-zip.aws_iam_policy.logs",
            "module.category-module.module.authorizer-zip.aws_iam_policy.tracing",
            "module.category-module.module.authorizer-zip.aws_iam_policy.vpc",
            "module.category-module.module.authorizer-zip.aws_iam_policy_attachment.additional_inline",
            "module.category-module.module.authorizer-zip.aws_iam_policy_attachment.additional_json",
            "module.category-module.module.authorizer-zip.aws_iam_policy_attachment.additional_jsons",
            "module.category-module.module.authorizer-zip.aws_iam_policy_attachment.async",
            "module.category-module.module.authorizer-zip.aws_iam_policy_attachment.dead_letter",
            "module.category-module.module.authorizer-zip.aws_iam_policy_attachment.logs",
            "module.category-module.module.authorizer-zip.aws_iam_policy_attachment.tracing",
            "module.category-module.module.authorizer-zip.aws_iam_policy_attachment.vpc",
            "module.category-module.module.authorizer-zip.aws_iam_role.lambda",
            "module.category-module.module.authorizer-zip.aws_iam_role_policy_attachment.additional_many",
            "module.category-module.module.authorizer-zip.aws_iam_role_policy_attachment.additional_one",
            "module.category-module.module.authorizer-zip.aws_lambda_event_source_mapping.this",
            "module.category-module.module.authorizer-zip.aws_lambda_function.this",
            "module.category-module.module.authorizer-zip.aws_lambda_function_event_invoke_config.this",
            "module.category-module.module.authorizer-zip.aws_lambda_layer_version.this",
            "module.category-module.module.authorizer-zip.aws_lambda_permission.current_version_triggers",
            "module.category-module.module.authorizer-zip.aws_lambda_permission.unqualified_alias_triggers",
            "module.category-module.module.authorizer-zip.aws_lambda_provisioned_concurrency_config.current_version",
            "module.category-module.module.authorizer-zip.aws_s3_bucket_object.lambda_package",
            "module.category-module.module.authorizer-zip.data.aws_arn.log_group_arn",
            "module.category-module.module.authorizer-zip.data.aws_cloudwatch_log_group.lambda",
            "module.category-module.module.authorizer-zip.data.aws_iam_policy.tracing",
            "module.category-module.module.authorizer-zip.data.aws_iam_policy.vpc",
            "module.category-module.module.authorizer-zip.data.aws_iam_policy_document.additional_inline",
            "module.category-module.module.authorizer-zip.data.aws_iam_policy_document.assume_role",
            "module.category-module.module.authorizer-zip.data.aws_iam_policy_document.async",
            "module.category-module.module.authorizer-zip.data.aws_iam_policy_document.dead_letter",
            "module.category-module.module.authorizer-zip.data.aws_iam_policy_document.logs",
            "module.category-module.module.authorizer-zip.data.external.archive_prepare",
            "module.category-module.module.authorizer-zip.local_file.archive_plan",
            "module.category-module.module.authorizer-zip.null_resource.archive",
            "module.category-module.module.lambda_layer.aws_lambda_layer_version.this",
            "module.category-module.module.lambda_layer.aws_s3_bucket_object.lambda_package",
            "module.category-module.module.lambda_layer.data.external.archive_prepare",
            "module.category-module.module.lambda_layer.local_file.archive_plan",
            "module.category-module.module.lambda_layer.null_resource.archive"
          ]
        }
      ]
    },
    {
      "module": "module.category-module",
      "mode": "managed",
      "type": "aws_api_gateway_method",
      "name": "book-ticket_method",
      "provider": "provider[\"registry.terraform.io/hashicorp/aws\"]",
      "instances": [
        {
          "schema_version": 0,
          "attributes": {
            "api_key_required": true,
            "authorization": "CUSTOM",
            "authorization_scopes": [],
            "authorizer_id": "z2l7aa",
            "http_method": "POST",
            "id": "agm-n3ex1fhmv6-fsat0l-POST",
            "operation_name": "",
            "request_models": {},
            "request_parameters": {
              "method.request.header.Password": true,
              "method.request.header.email": true,
              "method.request.header.x-api-key": true
            },
            "request_validator_id": "vn88h7",
            "resource_id": "fsat0l",
            "rest_api_id": "n3ex1fhmv6"
          },
          "sensitive_attributes": [],
          "private": "bnVsbA==",
          "dependencies": [
            "module.category-module.aws_api_gateway_authorizer.authorizer_resource",
            "module.category-module.aws_api_gateway_request_validator.book-ticket_validator",
            "module.category-module.aws_api_gateway_resource.book-ticket",
            "module.category-module.aws_api_gateway_resource.flight_booking",
            "module.category-module.aws_api_gateway_resource.v1",
            "module.category-module.aws_api_gateway_rest_api.ftb_terraform",
            "module.category-module.aws_lambda_function.authorizer_lambda",
            "module.category-module.data.aws_iam_role.academy_lambda_access",
            "module.category-module.module.authorizer-zip.aws_cloudwatch_log_group.lambda",
            "module.category-module.module.authorizer-zip.aws_iam_policy.additional_inline",
            "module.category-module.module.authorizer-zip.aws_iam_policy.additional_json",
            "module.category-module.module.authorizer-zip.aws_iam_policy.additional_jsons",
            "module.category-module.module.authorizer-zip.aws_iam_policy.async",
            "module.category-module.module.authorizer-zip.aws_iam_policy.dead_letter",
            "module.category-module.module.authorizer-zip.aws_iam_policy.logs",
            "module.category-module.module.authorizer-zip.aws_iam_policy.tracing",
            "module.category-module.module.authorizer-zip.aws_iam_policy.vpc",
            "module.category-module.module.authorizer-zip.aws_iam_policy_attachment.additional_inline",
            "module.category-module.module.authorizer-zip.aws_iam_policy_attachment.additional_json",
            "module.category-module.module.authorizer-zip.aws_iam_policy_attachment.additional_jsons",
            "module.category-module.module.authorizer-zip.aws_iam_policy_attachment.async",
            "module.category-module.module.authorizer-zip.aws_iam_policy_attachment.dead_letter",
            "module.category-module.module.authorizer-zip.aws_iam_policy_attachment.logs",
            "module.category-module.module.authorizer-zip.aws_iam_policy_attachment.tracing",
            "module.category-module.module.authorizer-zip.aws_iam_policy_attachment.vpc",
            "module.category-module.module.authorizer-zip.aws_iam_role.lambda",
            "module.category-module.module.authorizer-zip.aws_iam_role_policy_attachment.additional_many",
            "module.category-module.module.authorizer-zip.aws_iam_role_policy_attachment.additional_one",
            "module.category-module.module.authorizer-zip.aws_lambda_event_source_mapping.this",
            "module.category-module.module.authorizer-zip.aws_lambda_function.this",
            "module.category-module.module.authorizer-zip.aws_lambda_function_event_invoke_config.this",
            "module.category-module.module.authorizer-zip.aws_lambda_layer_version.this",
            "module.category-module.module.authorizer-zip.aws_lambda_permission.current_version_triggers",
            "module.category-module.module.authorizer-zip.aws_lambda_permission.unqualified_alias_triggers",
            "module.category-module.module.authorizer-zip.aws_lambda_provisioned_concurrency_config.current_version",
            "module.category-module.module.authorizer-zip.aws_s3_bucket_object.lambda_package",
            "module.category-module.module.authorizer-zip.data.aws_arn.log_group_arn",
            "module.category-module.module.authorizer-zip.data.aws_cloudwatch_log_group.lambda",
            "module.category-module.module.authorizer-zip.data.aws_iam_policy.tracing",
            "module.category-module.module.authorizer-zip.data.aws_iam_policy.vpc",
            "module.category-module.module.authorizer-zip.data.aws_iam_policy_document.additional_inline",
            "module.category-module.module.authorizer-zip.data.aws_iam_policy_document.assume_role",
            "module.category-module.module.authorizer-zip.data.aws_iam_policy_document.async",
            "module.category-module.module.authorizer-zip.data.aws_iam_policy_document.dead_letter",
            "module.category-module.module.authorizer-zip.data.aws_iam_policy_document.logs",
            "module.category-module.module.authorizer-zip.data.external.archive_prepare",
            "module.category-module.module.authorizer-zip.local_file.archive_plan",
            "module.category-module.module.authorizer-zip.null_resource.archive",
            "module.category-module.module.lambda_layer.aws_lambda_layer_version.this",
            "module.category-module.module.lambda_layer.aws_s3_bucket_object.lambda_package",
            "module.category-module.module.lambda_layer.data.external.archive_prepare",
            "module.category-module.module.lambda_layer.local_file.archive_plan",
            "module.category-module.module.lambda_layer.null_resource.archive"
          ],
          "create_before_destroy": true
        }
      ]
    },
    {
      "module": "module.category-module",
      "mode": "managed",
      "type": "aws_api_gateway_method",
      "name": "get_booking_method",
      "provider": "provider[\"registry.terraform.io/hashicorp/aws\"]",
      "instances": [
        {
          "schema_version": 0,
          "attributes": {
            "api_key_required": true,
            "authorization": "CUSTOM",
            "authorization_scopes": [],
            "authorizer_id": "z2l7aa",
            "http_method": "GET",
            "id": "agm-n3ex1fhmv6-cg0y8q-GET",
            "operation_name": "",
            "request_models": {},
            "request_parameters": {
              "method.request.header.Password": true,
              "method.request.header.email": true,
              "method.request.header.x-api-key": true
            },
            "request_validator_id": "rihecc",
            "resource_id": "cg0y8q",
            "rest_api_id": "n3ex1fhmv6"
          },
          "sensitive_attributes": [],
          "private": "bnVsbA==",
          "dependencies": [
            "module.category-module.aws_api_gateway_authorizer.authorizer_resource",
            "module.category-module.aws_api_gateway_request_validator.get_booking_validator",
            "module.category-module.aws_api_gateway_resource.flight_booking",
            "module.category-module.aws_api_gateway_resource.get_booking",
            "module.category-module.aws_api_gateway_resource.v1",
            "module.category-module.aws_api_gateway_rest_api.ftb_terraform",
            "module.category-module.aws_lambda_function.authorizer_lambda",
            "module.category-module.data.aws_iam_role.academy_lambda_access",
            "module.category-module.module.authorizer-zip.aws_cloudwatch_log_group.lambda",
            "module.category-module.module.authorizer-zip.aws_iam_policy.additional_inline",
            "module.category-module.module.authorizer-zip.aws_iam_policy.additional_json",
            "module.category-module.module.authorizer-zip.aws_iam_policy.additional_jsons",
            "module.category-module.module.authorizer-zip.aws_iam_policy.async",
            "module.category-module.module.authorizer-zip.aws_iam_policy.dead_letter",
            "module.category-module.module.authorizer-zip.aws_iam_policy.logs",
            "module.category-module.module.authorizer-zip.aws_iam_policy.tracing",
            "module.category-module.module.authorizer-zip.aws_iam_policy.vpc",
            "module.category-module.module.authorizer-zip.aws_iam_policy_attachment.additional_inline",
            "module.category-module.module.authorizer-zip.aws_iam_policy_attachment.additional_json",
            "module.category-module.module.authorizer-zip.aws_iam_policy_attachment.additional_jsons",
            "module.category-module.module.authorizer-zip.aws_iam_policy_attachment.async",
            "module.category-module.module.authorizer-zip.aws_iam_policy_attachment.dead_letter",
            "module.category-module.module.authorizer-zip.aws_iam_policy_attachment.logs",
            "module.category-module.module.authorizer-zip.aws_iam_policy_attachment.tracing",
            "module.category-module.module.authorizer-zip.aws_iam_policy_attachment.vpc",
            "module.category-module.module.authorizer-zip.aws_iam_role.lambda",
            "module.category-module.module.authorizer-zip.aws_iam_role_policy_attachment.additional_many",
            "module.category-module.module.authorizer-zip.aws_iam_role_policy_attachment.additional_one",
            "module.category-module.module.authorizer-zip.aws_lambda_event_source_mapping.this",
            "module.category-module.module.authorizer-zip.aws_lambda_function.this",
            "module.category-module.module.authorizer-zip.aws_lambda_function_event_invoke_config.this",
            "module.category-module.module.authorizer-zip.aws_lambda_layer_version.this",
            "module.category-module.module.authorizer-zip.aws_lambda_permission.current_version_triggers",
            "module.category-module.module.authorizer-zip.aws_lambda_permission.unqualified_alias_triggers",
            "module.category-module.module.authorizer-zip.aws_lambda_provisioned_concurrency_config.current_version",
            "module.category-module.module.authorizer-zip.aws_s3_bucket_object.lambda_package",
            "module.category-module.module.authorizer-zip.data.aws_arn.log_group_arn",
            "module.category-module.module.authorizer-zip.data.aws_cloudwatch_log_group.lambda",
            "module.category-module.module.authorizer-zip.data.aws_iam_policy.tracing",
            "module.category-module.module.authorizer-zip.data.aws_iam_policy.vpc",
            "module.category-module.module.authorizer-zip.data.aws_iam_policy_document.additional_inline",
            "module.category-module.module.authorizer-zip.data.aws_iam_policy_document.assume_role",
            "module.category-module.module.authorizer-zip.data.aws_iam_policy_document.async",
            "module.category-module.module.authorizer-zip.data.aws_iam_policy_document.dead_letter",
            "module.category-module.module.authorizer-zip.data.aws_iam_policy_document.logs",
            "module.category-module.module.authorizer-zip.data.external.archive_prepare",
            "module.category-module.module.authorizer-zip.local_file.archive_plan",
            "module.category-module.module.authorizer-zip.null_resource.archive",
            "module.category-module.module.lambda_layer.aws_lambda_layer_version.this",
            "module.category-module.module.lambda_layer.aws_s3_bucket_object.lambda_package",
            "module.category-module.module.lambda_layer.data.external.archive_prepare",
            "module.category-module.module.lambda_layer.local_file.archive_plan",
            "module.category-module.module.lambda_layer.null_resource.archive"
          ],
          "create_before_destroy": true
        }
      ]
    },
    {
      "module": "module.category-module",
      "mode": "managed",
      "type": "aws_api_gateway_method",
      "name": "get_flight_method",
      "provider": "provider[\"registry.terraform.io/hashicorp/aws\"]",
      "instances": [
        {
          "schema_version": 0,
          "attributes": {
            "api_key_required": true,
            "authorization": "CUSTOM",
            "authorization_scopes": [],
            "authorizer_id": "z2l7aa",
            "http_method": "GET",
            "id": "agm-n3ex1fhmv6-sjvwtp-GET",
            "operation_name": "",
            "request_models": {},
            "request_parameters": {
              "method.request.header.Password": true,
              "method.request.header.email": true,
              "method.request.header.x-api-key": true,
              "method.request.querystring.date": true,
              "method.request.querystring.from": true,
              "method.request.querystring.time_from": true,
              "method.request.querystring.time_to": true,
              "method.request.querystring.to": true
            },
            "request_validator_id": "lg7hop",
            "resource_id": "sjvwtp",
            "rest_api_id": "n3ex1fhmv6"
          },
          "sensitive_attributes": [],
          "private": "bnVsbA==",
          "dependencies": [
            "module.category-module.aws_api_gateway_authorizer.authorizer_resource",
            "module.category-module.aws_api_gateway_request_validator.get_flight_validator",
            "module.category-module.aws_api_gateway_resource.flight_booking",
            "module.category-module.aws_api_gateway_resource.get_flight",
            "module.category-module.aws_api_gateway_resource.v1",
            "module.category-module.aws_api_gateway_rest_api.ftb_terraform",
            "module.category-module.aws_lambda_function.authorizer_lambda",
            "module.category-module.data.aws_iam_role.academy_lambda_access",
            "module.category-module.module.authorizer-zip.aws_cloudwatch_log_group.lambda",
            "module.category-module.module.authorizer-zip.aws_iam_policy.additional_inline",
            "module.category-module.module.authorizer-zip.aws_iam_policy.additional_json",
            "module.category-module.module.authorizer-zip.aws_iam_policy.additional_jsons",
            "module.category-module.module.authorizer-zip.aws_iam_policy.async",
            "module.category-module.module.authorizer-zip.aws_iam_policy.dead_letter",
            "module.category-module.module.authorizer-zip.aws_iam_policy.logs",
            "module.category-module.module.authorizer-zip.aws_iam_policy.tracing",
            "module.category-module.module.authorizer-zip.aws_iam_policy.vpc",
            "module.category-module.module.authorizer-zip.aws_iam_policy_attachment.additional_inline",
            "module.category-module.module.authorizer-zip.aws_iam_policy_attachment.additional_json",
            "module.category-module.module.authorizer-zip.aws_iam_policy_attachment.additional_jsons",
            "module.category-module.module.authorizer-zip.aws_iam_policy_attachment.async",
            "module.category-module.module.authorizer-zip.aws_iam_policy_attachment.dead_letter",
            "module.category-module.module.authorizer-zip.aws_iam_policy_attachment.logs",
            "module.category-module.module.authorizer-zip.aws_iam_policy_attachment.tracing",
            "module.category-module.module.authorizer-zip.aws_iam_policy_attachment.vpc",
            "module.category-module.module.authorizer-zip.aws_iam_role.lambda",
            "module.category-module.module.authorizer-zip.aws_iam_role_policy_attachment.additional_many",
            "module.category-module.module.authorizer-zip.aws_iam_role_policy_attachment.additional_one",
            "module.category-module.module.authorizer-zip.aws_lambda_event_source_mapping.this",
            "module.category-module.module.authorizer-zip.aws_lambda_function.this",
            "module.category-module.module.authorizer-zip.aws_lambda_function_event_invoke_config.this",
            "module.category-module.module.authorizer-zip.aws_lambda_layer_version.this",
            "module.category-module.module.authorizer-zip.aws_lambda_permission.current_version_triggers",
            "module.category-module.module.authorizer-zip.aws_lambda_permission.unqualified_alias_triggers",
            "module.category-module.module.authorizer-zip.aws_lambda_provisioned_concurrency_config.current_version",
            "module.category-module.module.authorizer-zip.aws_s3_bucket_object.lambda_package",
            "module.category-module.module.authorizer-zip.data.aws_arn.log_group_arn",
            "module.category-module.module.authorizer-zip.data.aws_cloudwatch_log_group.lambda",
            "module.category-module.module.authorizer-zip.data.aws_iam_policy.tracing",
            "module.category-module.module.authorizer-zip.data.aws_iam_policy.vpc",
            "module.category-module.module.authorizer-zip.data.aws_iam_policy_document.additional_inline",
            "module.category-module.module.authorizer-zip.data.aws_iam_policy_document.assume_role",
            "module.category-module.module.authorizer-zip.data.aws_iam_policy_document.async",
            "module.category-module.module.authorizer-zip.data.aws_iam_policy_document.dead_letter",
            "module.category-module.module.authorizer-zip.data.aws_iam_policy_document.logs",
            "module.category-module.module.authorizer-zip.data.external.archive_prepare",
            "module.category-module.module.authorizer-zip.local_file.archive_plan",
            "module.category-module.module.authorizer-zip.null_resource.archive",
            "module.category-module.module.lambda_layer.aws_lambda_layer_version.this",
            "module.category-module.module.lambda_layer.aws_s3_bucket_object.lambda_package",
            "module.category-module.module.lambda_layer.data.external.archive_prepare",
            "module.category-module.module.lambda_layer.local_file.archive_plan",
            "module.category-module.module.lambda_layer.null_resource.archive"
          ],
          "create_before_destroy": true
        }
      ]
    },
    {
      "module": "module.category-module",
      "mode": "managed",
      "type": "aws_api_gateway_method",
      "name": "user_method",
      "provider": "provider[\"registry.terraform.io/hashicorp/aws\"]",
      "instances": [
        {
          "schema_version": 0,
          "attributes": {
            "api_key_required": true,
            "authorization": "CUSTOM",
            "authorization_scopes": [],
            "authorizer_id": "z2l7aa",
            "http_method": "POST",
            "id": "agm-n3ex1fhmv6-fy5p5l-POST",
            "operation_name": "",
            "request_models": {},
            "request_parameters": {
              "method.request.header.x-api-key": true
            },
            "request_validator_id": "ysp0bq",
            "resource_id": "fy5p5l",
            "rest_api_id": "n3ex1fhmv6"
          },
          "sensitive_attributes": [],
          "private": "bnVsbA==",
          "dependencies": [
            "module.category-module.aws_api_gateway_authorizer.authorizer_resource",
            "module.category-module.aws_api_gateway_request_validator.user_validator",
            "module.category-module.aws_api_gateway_resource.flight_booking",
            "module.category-module.aws_api_gateway_resource.user",
            "module.category-module.aws_api_gateway_resource.v1",
            "module.category-module.aws_api_gateway_rest_api.ftb_terraform",
            "module.category-module.aws_lambda_function.authorizer_lambda",
            "module.category-module.data.aws_iam_role.academy_lambda_access",
            "module.category-module.module.authorizer-zip.aws_cloudwatch_log_group.lambda",
            "module.category-module.module.authorizer-zip.aws_iam_policy.additional_inline",
            "module.category-module.module.authorizer-zip.aws_iam_policy.additional_json",
            "module.category-module.module.authorizer-zip.aws_iam_policy.additional_jsons",
            "module.category-module.module.authorizer-zip.aws_iam_policy.async",
            "module.category-module.module.authorizer-zip.aws_iam_policy.dead_letter",
            "module.category-module.module.authorizer-zip.aws_iam_policy.logs",
            "module.category-module.module.authorizer-zip.aws_iam_policy.tracing",
            "module.category-module.module.authorizer-zip.aws_iam_policy.vpc",
            "module.category-module.module.authorizer-zip.aws_iam_policy_attachment.additional_inline",
            "module.category-module.module.authorizer-zip.aws_iam_policy_attachment.additional_json",
            "module.category-module.module.authorizer-zip.aws_iam_policy_attachment.additional_jsons",
            "module.category-module.module.authorizer-zip.aws_iam_policy_attachment.async",
            "module.category-module.module.authorizer-zip.aws_iam_policy_attachment.dead_letter",
            "module.category-module.module.authorizer-zip.aws_iam_policy_attachment.logs",
            "module.category-module.module.authorizer-zip.aws_iam_policy_attachment.tracing",
            "module.category-module.module.authorizer-zip.aws_iam_policy_attachment.vpc",
            "module.category-module.module.authorizer-zip.aws_iam_role.lambda",
            "module.category-module.module.authorizer-zip.aws_iam_role_policy_attachment.additional_many",
            "module.category-module.module.authorizer-zip.aws_iam_role_policy_attachment.additional_one",
            "module.category-module.module.authorizer-zip.aws_lambda_event_source_mapping.this",
            "module.category-module.module.authorizer-zip.aws_lambda_function.this",
            "module.category-module.module.authorizer-zip.aws_lambda_function_event_invoke_config.this",
            "module.category-module.module.authorizer-zip.aws_lambda_layer_version.this",
            "module.category-module.module.authorizer-zip.aws_lambda_permission.current_version_triggers",
            "module.category-module.module.authorizer-zip.aws_lambda_permission.unqualified_alias_triggers",
            "module.category-module.module.authorizer-zip.aws_lambda_provisioned_concurrency_config.current_version",
            "module.category-module.module.authorizer-zip.aws_s3_bucket_object.lambda_package",
            "module.category-module.module.authorizer-zip.data.aws_arn.log_group_arn",
            "module.category-module.module.authorizer-zip.data.aws_cloudwatch_log_group.lambda",
            "module.category-module.module.authorizer-zip.data.aws_iam_policy.tracing",
            "module.category-module.module.authorizer-zip.data.aws_iam_policy.vpc",
            "module.category-module.module.authorizer-zip.data.aws_iam_policy_document.additional_inline",
            "module.category-module.module.authorizer-zip.data.aws_iam_policy_document.assume_role",
            "module.category-module.module.authorizer-zip.data.aws_iam_policy_document.async",
            "module.category-module.module.authorizer-zip.data.aws_iam_policy_document.dead_letter",
            "module.category-module.module.authorizer-zip.data.aws_iam_policy_document.logs",
            "module.category-module.module.authorizer-zip.data.external.archive_prepare",
            "module.category-module.module.authorizer-zip.local_file.archive_plan",
            "module.category-module.module.authorizer-zip.null_resource.archive",
            "module.category-module.module.lambda_layer.aws_lambda_layer_version.this",
            "module.category-module.module.lambda_layer.aws_s3_bucket_object.lambda_package",
            "module.category-module.module.lambda_layer.data.external.archive_prepare",
            "module.category-module.module.lambda_layer.local_file.archive_plan",
            "module.category-module.module.lambda_layer.null_resource.archive"
          ],
          "create_before_destroy": true
        }
      ]
    },
    {
      "module": "module.category-module",
      "mode": "managed",
      "type": "aws_api_gateway_method_response",
      "name": "book-ticket-200-error",
      "provider": "provider[\"registry.terraform.io/hashicorp/aws\"]",
      "instances": [
        {
          "schema_version": 0,
          "attributes": {
            "http_method": "POST",
            "id": "agmr-n3ex1fhmv6-fsat0l-POST-200",
            "resource_id": "fsat0l",
            "response_models": {
              "application/json": "Empty"
            },
            "response_parameters": {},
            "rest_api_id": "n3ex1fhmv6",
            "status_code": "200"
          },
          "sensitive_attributes": [],
          "private": "bnVsbA==",
          "dependencies": [
            "module.category-module.aws_api_gateway_authorizer.authorizer_resource",
            "module.category-module.aws_api_gateway_method.book-ticket_method",
            "module.category-module.aws_api_gateway_request_validator.book-ticket_validator",
            "module.category-module.aws_api_gateway_resource.book-ticket",
            "module.category-module.aws_api_gateway_resource.flight_booking",
            "module.category-module.aws_api_gateway_resource.v1",
            "module.category-module.aws_api_gateway_rest_api.ftb_terraform",
            "module.category-module.aws_lambda_function.authorizer_lambda",
            "module.category-module.data.aws_iam_role.academy_lambda_access",
            "module.category-module.module.authorizer-zip.aws_cloudwatch_log_group.lambda",
            "module.category-module.module.authorizer-zip.aws_iam_policy.additional_inline",
            "module.category-module.module.authorizer-zip.aws_iam_policy.additional_json",
            "module.category-module.module.authorizer-zip.aws_iam_policy.additional_jsons",
            "module.category-module.module.authorizer-zip.aws_iam_policy.async",
            "module.category-module.module.authorizer-zip.aws_iam_policy.dead_letter",
            "module.category-module.module.authorizer-zip.aws_iam_policy.logs",
            "module.category-module.module.authorizer-zip.aws_iam_policy.tracing",
            "module.category-module.module.authorizer-zip.aws_iam_policy.vpc",
            "module.category-module.module.authorizer-zip.aws_iam_policy_attachment.additional_inline",
            "module.category-module.module.authorizer-zip.aws_iam_policy_attachment.additional_json",
            "module.category-module.module.authorizer-zip.aws_iam_policy_attachment.additional_jsons",
            "module.category-module.module.authorizer-zip.aws_iam_policy_attachment.async",
            "module.category-module.module.authorizer-zip.aws_iam_policy_attachment.dead_letter",
            "module.category-module.module.authorizer-zip.aws_iam_policy_attachment.logs",
            "module.category-module.module.authorizer-zip.aws_iam_policy_attachment.tracing",
            "module.category-module.module.authorizer-zip.aws_iam_policy_attachment.vpc",
            "module.category-module.module.authorizer-zip.aws_iam_role.lambda",
            "module.category-module.module.authorizer-zip.aws_iam_role_policy_attachment.additional_many",
            "module.category-module.module.authorizer-zip.aws_iam_role_policy_attachment.additional_one",
            "module.category-module.module.authorizer-zip.aws_lambda_event_source_mapping.this",
            "module.category-module.module.authorizer-zip.aws_lambda_function.this",
            "module.category-module.module.authorizer-zip.aws_lambda_function_event_invoke_config.this",
            "module.category-module.module.authorizer-zip.aws_lambda_layer_version.this",
            "module.category-module.module.authorizer-zip.aws_lambda_permission.current_version_triggers",
            "module.category-module.module.authorizer-zip.aws_lambda_permission.unqualified_alias_triggers",
            "module.category-module.module.authorizer-zip.aws_lambda_provisioned_concurrency_config.current_version",
            "module.category-module.module.authorizer-zip.aws_s3_bucket_object.lambda_package",
            "module.category-module.module.authorizer-zip.data.aws_arn.log_group_arn",
            "module.category-module.module.authorizer-zip.data.aws_cloudwatch_log_group.lambda",
            "module.category-module.module.authorizer-zip.data.aws_iam_policy.tracing",
            "module.category-module.module.authorizer-zip.data.aws_iam_policy.vpc",
            "module.category-module.module.authorizer-zip.data.aws_iam_policy_document.additional_inline",
            "module.category-module.module.authorizer-zip.data.aws_iam_policy_document.assume_role",
            "module.category-module.module.authorizer-zip.data.aws_iam_policy_document.async",
            "module.category-module.module.authorizer-zip.data.aws_iam_policy_document.dead_letter",
            "module.category-module.module.authorizer-zip.data.aws_iam_policy_document.logs",
            "module.category-module.module.authorizer-zip.data.external.archive_prepare",
            "module.category-module.module.authorizer-zip.local_file.archive_plan",
            "module.category-module.module.authorizer-zip.null_resource.archive",
            "module.category-module.module.lambda_layer.aws_lambda_layer_version.this",
            "module.category-module.module.lambda_layer.aws_s3_bucket_object.lambda_package",
            "module.category-module.module.lambda_layer.data.external.archive_prepare",
            "module.category-module.module.lambda_layer.local_file.archive_plan",
            "module.category-module.module.lambda_layer.null_resource.archive"
          ]
        }
      ]
    },
    {
      "module": "module.category-module",
      "mode": "managed",
      "type": "aws_api_gateway_method_response",
      "name": "book-ticket-400-error",
      "provider": "provider[\"registry.terraform.io/hashicorp/aws\"]",
      "instances": [
        {
          "schema_version": 0,
          "attributes": {
            "http_method": "POST",
            "id": "agmr-n3ex1fhmv6-fsat0l-POST-400",
            "resource_id": "fsat0l",
            "response_models": {
              "application/json": "Empty"
            },
            "response_parameters": {},
            "rest_api_id": "n3ex1fhmv6",
            "status_code": "400"
          },
          "sensitive_attributes": [],
          "private": "bnVsbA==",
          "dependencies": [
            "module.category-module.aws_api_gateway_authorizer.authorizer_resource",
            "module.category-module.aws_api_gateway_method.book-ticket_method",
            "module.category-module.aws_api_gateway_request_validator.book-ticket_validator",
            "module.category-module.aws_api_gateway_resource.book-ticket",
            "module.category-module.aws_api_gateway_resource.flight_booking",
            "module.category-module.aws_api_gateway_resource.v1",
            "module.category-module.aws_api_gateway_rest_api.ftb_terraform",
            "module.category-module.aws_lambda_function.authorizer_lambda",
            "module.category-module.data.aws_iam_role.academy_lambda_access",
            "module.category-module.module.authorizer-zip.aws_cloudwatch_log_group.lambda",
            "module.category-module.module.authorizer-zip.aws_iam_policy.additional_inline",
            "module.category-module.module.authorizer-zip.aws_iam_policy.additional_json",
            "module.category-module.module.authorizer-zip.aws_iam_policy.additional_jsons",
            "module.category-module.module.authorizer-zip.aws_iam_policy.async",
            "module.category-module.module.authorizer-zip.aws_iam_policy.dead_letter",
            "module.category-module.module.authorizer-zip.aws_iam_policy.logs",
            "module.category-module.module.authorizer-zip.aws_iam_policy.tracing",
            "module.category-module.module.authorizer-zip.aws_iam_policy.vpc",
            "module.category-module.module.authorizer-zip.aws_iam_policy_attachment.additional_inline",
            "module.category-module.module.authorizer-zip.aws_iam_policy_attachment.additional_json",
            "module.category-module.module.authorizer-zip.aws_iam_policy_attachment.additional_jsons",
            "module.category-module.module.authorizer-zip.aws_iam_policy_attachment.async",
            "module.category-module.module.authorizer-zip.aws_iam_policy_attachment.dead_letter",
            "module.category-module.module.authorizer-zip.aws_iam_policy_attachment.logs",
            "module.category-module.module.authorizer-zip.aws_iam_policy_attachment.tracing",
            "module.category-module.module.authorizer-zip.aws_iam_policy_attachment.vpc",
            "module.category-module.module.authorizer-zip.aws_iam_role.lambda",
            "module.category-module.module.authorizer-zip.aws_iam_role_policy_attachment.additional_many",
            "module.category-module.module.authorizer-zip.aws_iam_role_policy_attachment.additional_one",
            "module.category-module.module.authorizer-zip.aws_lambda_event_source_mapping.this",
            "module.category-module.module.authorizer-zip.aws_lambda_function.this",
            "module.category-module.module.authorizer-zip.aws_lambda_function_event_invoke_config.this",
            "module.category-module.module.authorizer-zip.aws_lambda_layer_version.this",
            "module.category-module.module.authorizer-zip.aws_lambda_permission.current_version_triggers",
            "module.category-module.module.authorizer-zip.aws_lambda_permission.unqualified_alias_triggers",
            "module.category-module.module.authorizer-zip.aws_lambda_provisioned_concurrency_config.current_version",
            "module.category-module.module.authorizer-zip.aws_s3_bucket_object.lambda_package",
            "module.category-module.module.authorizer-zip.data.aws_arn.log_group_arn",
            "module.category-module.module.authorizer-zip.data.aws_cloudwatch_log_group.lambda",
            "module.category-module.module.authorizer-zip.data.aws_iam_policy.tracing",
            "module.category-module.module.authorizer-zip.data.aws_iam_policy.vpc",
            "module.category-module.module.authorizer-zip.data.aws_iam_policy_document.additional_inline",
            "module.category-module.module.authorizer-zip.data.aws_iam_policy_document.assume_role",
            "module.category-module.module.authorizer-zip.data.aws_iam_policy_document.async",
            "module.category-module.module.authorizer-zip.data.aws_iam_policy_document.dead_letter",
            "module.category-module.module.authorizer-zip.data.aws_iam_policy_document.logs",
            "module.category-module.module.authorizer-zip.data.external.archive_prepare",
            "module.category-module.module.authorizer-zip.local_file.archive_plan",
            "module.category-module.module.authorizer-zip.null_resource.archive",
            "module.category-module.module.lambda_layer.aws_lambda_layer_version.this",
            "module.category-module.module.lambda_layer.aws_s3_bucket_object.lambda_package",
            "module.category-module.module.lambda_layer.data.external.archive_prepare",
            "module.category-module.module.lambda_layer.local_file.archive_plan",
            "module.category-module.module.lambda_layer.null_resource.archive"
          ]
        }
      ]
    },
    {
      "module": "module.category-module",
      "mode": "managed",
      "type": "aws_api_gateway_method_response",
      "name": "book-ticket-500-error",
      "provider": "provider[\"registry.terraform.io/hashicorp/aws\"]",
      "instances": [
        {
          "schema_version": 0,
          "attributes": {
            "http_method": "POST",
            "id": "agmr-n3ex1fhmv6-fsat0l-POST-500",
            "resource_id": "fsat0l",
            "response_models": {
              "application/json": "Empty"
            },
            "response_parameters": {},
            "rest_api_id": "n3ex1fhmv6",
            "status_code": "500"
          },
          "sensitive_attributes": [],
          "private": "bnVsbA==",
          "dependencies": [
            "module.category-module.aws_api_gateway_authorizer.authorizer_resource",
            "module.category-module.aws_api_gateway_method.book-ticket_method",
            "module.category-module.aws_api_gateway_request_validator.book-ticket_validator",
            "module.category-module.aws_api_gateway_resource.book-ticket",
            "module.category-module.aws_api_gateway_resource.flight_booking",
            "module.category-module.aws_api_gateway_resource.v1",
            "module.category-module.aws_api_gateway_rest_api.ftb_terraform",
            "module.category-module.aws_lambda_function.authorizer_lambda",
            "module.category-module.data.aws_iam_role.academy_lambda_access",
            "module.category-module.module.authorizer-zip.aws_cloudwatch_log_group.lambda",
            "module.category-module.module.authorizer-zip.aws_iam_policy.additional_inline",
            "module.category-module.module.authorizer-zip.aws_iam_policy.additional_json",
            "module.category-module.module.authorizer-zip.aws_iam_policy.additional_jsons",
            "module.category-module.module.authorizer-zip.aws_iam_policy.async",
            "module.category-module.module.authorizer-zip.aws_iam_policy.dead_letter",
            "module.category-module.module.authorizer-zip.aws_iam_policy.logs",
            "module.category-module.module.authorizer-zip.aws_iam_policy.tracing",
            "module.category-module.module.authorizer-zip.aws_iam_policy.vpc",
            "module.category-module.module.authorizer-zip.aws_iam_policy_attachment.additional_inline",
            "module.category-module.module.authorizer-zip.aws_iam_policy_attachment.additional_json",
            "module.category-module.module.authorizer-zip.aws_iam_policy_attachment.additional_jsons",
            "module.category-module.module.authorizer-zip.aws_iam_policy_attachment.async",
            "module.category-module.module.authorizer-zip.aws_iam_policy_attachment.dead_letter",
            "module.category-module.module.authorizer-zip.aws_iam_policy_attachment.logs",
            "module.category-module.module.authorizer-zip.aws_iam_policy_attachment.tracing",
            "module.category-module.module.authorizer-zip.aws_iam_policy_attachment.vpc",
            "module.category-module.module.authorizer-zip.aws_iam_role.lambda",
            "module.category-module.module.authorizer-zip.aws_iam_role_policy_attachment.additional_many",
            "module.category-module.module.authorizer-zip.aws_iam_role_policy_attachment.additional_one",
            "module.category-module.module.authorizer-zip.aws_lambda_event_source_mapping.this",
            "module.category-module.module.authorizer-zip.aws_lambda_function.this",
            "module.category-module.module.authorizer-zip.aws_lambda_function_event_invoke_config.this",
            "module.category-module.module.authorizer-zip.aws_lambda_layer_version.this",
            "module.category-module.module.authorizer-zip.aws_lambda_permission.current_version_triggers",
            "module.category-module.module.authorizer-zip.aws_lambda_permission.unqualified_alias_triggers",
            "module.category-module.module.authorizer-zip.aws_lambda_provisioned_concurrency_config.current_version",
            "module.category-module.module.authorizer-zip.aws_s3_bucket_object.lambda_package",
            "module.category-module.module.authorizer-zip.data.aws_arn.log_group_arn",
            "module.category-module.module.authorizer-zip.data.aws_cloudwatch_log_group.lambda",
            "module.category-module.module.authorizer-zip.data.aws_iam_policy.tracing",
            "module.category-module.module.authorizer-zip.data.aws_iam_policy.vpc",
            "module.category-module.module.authorizer-zip.data.aws_iam_policy_document.additional_inline",
            "module.category-module.module.authorizer-zip.data.aws_iam_policy_document.assume_role",
            "module.category-module.module.authorizer-zip.data.aws_iam_policy_document.async",
            "module.category-module.module.authorizer-zip.data.aws_iam_policy_document.dead_letter",
            "module.category-module.module.authorizer-zip.data.aws_iam_policy_document.logs",
            "module.category-module.module.authorizer-zip.data.external.archive_prepare",
            "module.category-module.module.authorizer-zip.local_file.archive_plan",
            "module.category-module.module.authorizer-zip.null_resource.archive",
            "module.category-module.module.lambda_layer.aws_lambda_layer_version.this",
            "module.category-module.module.lambda_layer.aws_s3_bucket_object.lambda_package",
            "module.category-module.module.lambda_layer.data.external.archive_prepare",
            "module.category-module.module.lambda_layer.local_file.archive_plan",
            "module.category-module.module.lambda_layer.null_resource.archive"
          ]
        }
      ]
    },
    {
      "module": "module.category-module",
      "mode": "managed",
      "type": "aws_api_gateway_method_response",
      "name": "get-booking-200-error",
      "provider": "provider[\"registry.terraform.io/hashicorp/aws\"]",
      "instances": [
        {
          "schema_version": 0,
          "attributes": {
            "http_method": "GET",
            "id": "agmr-n3ex1fhmv6-cg0y8q-GET-200",
            "resource_id": "cg0y8q",
            "response_models": {
              "application/json": "Empty"
            },
            "response_parameters": {},
            "rest_api_id": "n3ex1fhmv6",
            "status_code": "200"
          },
          "sensitive_attributes": [],
          "private": "bnVsbA==",
          "dependencies": [
            "module.category-module.aws_api_gateway_authorizer.authorizer_resource",
            "module.category-module.aws_api_gateway_method.get_booking_method",
            "module.category-module.aws_api_gateway_request_validator.get_booking_validator",
            "module.category-module.aws_api_gateway_resource.flight_booking",
            "module.category-module.aws_api_gateway_resource.get_booking",
            "module.category-module.aws_api_gateway_resource.v1",
            "module.category-module.aws_api_gateway_rest_api.ftb_terraform",
            "module.category-module.aws_lambda_function.authorizer_lambda",
            "module.category-module.data.aws_iam_role.academy_lambda_access",
            "module.category-module.module.authorizer-zip.aws_cloudwatch_log_group.lambda",
            "module.category-module.module.authorizer-zip.aws_iam_policy.additional_inline",
            "module.category-module.module.authorizer-zip.aws_iam_policy.additional_json",
            "module.category-module.module.authorizer-zip.aws_iam_policy.additional_jsons",
            "module.category-module.module.authorizer-zip.aws_iam_policy.async",
            "module.category-module.module.authorizer-zip.aws_iam_policy.dead_letter",
            "module.category-module.module.authorizer-zip.aws_iam_policy.logs",
            "module.category-module.module.authorizer-zip.aws_iam_policy.tracing",
            "module.category-module.module.authorizer-zip.aws_iam_policy.vpc",
            "module.category-module.module.authorizer-zip.aws_iam_policy_attachment.additional_inline",
            "module.category-module.module.authorizer-zip.aws_iam_policy_attachment.additional_json",
            "module.category-module.module.authorizer-zip.aws_iam_policy_attachment.additional_jsons",
            "module.category-module.module.authorizer-zip.aws_iam_policy_attachment.async",
            "module.category-module.module.authorizer-zip.aws_iam_policy_attachment.dead_letter",
            "module.category-module.module.authorizer-zip.aws_iam_policy_attachment.logs",
            "module.category-module.module.authorizer-zip.aws_iam_policy_attachment.tracing",
            "module.category-module.module.authorizer-zip.aws_iam_policy_attachment.vpc",
            "module.category-module.module.authorizer-zip.aws_iam_role.lambda",
            "module.category-module.module.authorizer-zip.aws_iam_role_policy_attachment.additional_many",
            "module.category-module.module.authorizer-zip.aws_iam_role_policy_attachment.additional_one",
            "module.category-module.module.authorizer-zip.aws_lambda_event_source_mapping.this",
            "module.category-module.module.authorizer-zip.aws_lambda_function.this",
            "module.category-module.module.authorizer-zip.aws_lambda_function_event_invoke_config.this",
            "module.category-module.module.authorizer-zip.aws_lambda_layer_version.this",
            "module.category-module.module.authorizer-zip.aws_lambda_permission.current_version_triggers",
            "module.category-module.module.authorizer-zip.aws_lambda_permission.unqualified_alias_triggers",
            "module.category-module.module.authorizer-zip.aws_lambda_provisioned_concurrency_config.current_version",
            "module.category-module.module.authorizer-zip.aws_s3_bucket_object.lambda_package",
            "module.category-module.module.authorizer-zip.data.aws_arn.log_group_arn",
            "module.category-module.module.authorizer-zip.data.aws_cloudwatch_log_group.lambda",
            "module.category-module.module.authorizer-zip.data.aws_iam_policy.tracing",
            "module.category-module.module.authorizer-zip.data.aws_iam_policy.vpc",
            "module.category-module.module.authorizer-zip.data.aws_iam_policy_document.additional_inline",
            "module.category-module.module.authorizer-zip.data.aws_iam_policy_document.assume_role",
            "module.category-module.module.authorizer-zip.data.aws_iam_policy_document.async",
            "module.category-module.module.authorizer-zip.data.aws_iam_policy_document.dead_letter",
            "module.category-module.module.authorizer-zip.data.aws_iam_policy_document.logs",
            "module.category-module.module.authorizer-zip.data.external.archive_prepare",
            "module.category-module.module.authorizer-zip.local_file.archive_plan",
            "module.category-module.module.authorizer-zip.null_resource.archive",
            "module.category-module.module.lambda_layer.aws_lambda_layer_version.this",
            "module.category-module.module.lambda_layer.aws_s3_bucket_object.lambda_package",
            "module.category-module.module.lambda_layer.data.external.archive_prepare",
            "module.category-module.module.lambda_layer.local_file.archive_plan",
            "module.category-module.module.lambda_layer.null_resource.archive"
          ]
        }
      ]
    },
    {
      "module": "module.category-module",
      "mode": "managed",
      "type": "aws_api_gateway_method_response",
      "name": "get-booking-400-error",
      "provider": "provider[\"registry.terraform.io/hashicorp/aws\"]",
      "instances": [
        {
          "schema_version": 0,
          "attributes": {
            "http_method": "GET",
            "id": "agmr-n3ex1fhmv6-cg0y8q-GET-400",
            "resource_id": "cg0y8q",
            "response_models": {
              "application/json": "Empty"
            },
            "response_parameters": {},
            "rest_api_id": "n3ex1fhmv6",
            "status_code": "400"
          },
          "sensitive_attributes": [],
          "private": "bnVsbA==",
          "dependencies": [
            "module.category-module.aws_api_gateway_authorizer.authorizer_resource",
            "module.category-module.aws_api_gateway_method.get_booking_method",
            "module.category-module.aws_api_gateway_request_validator.get_booking_validator",
            "module.category-module.aws_api_gateway_resource.flight_booking",
            "module.category-module.aws_api_gateway_resource.get_booking",
            "module.category-module.aws_api_gateway_resource.v1",
            "module.category-module.aws_api_gateway_rest_api.ftb_terraform",
            "module.category-module.aws_lambda_function.authorizer_lambda",
            "module.category-module.data.aws_iam_role.academy_lambda_access",
            "module.category-module.module.authorizer-zip.aws_cloudwatch_log_group.lambda",
            "module.category-module.module.authorizer-zip.aws_iam_policy.additional_inline",
            "module.category-module.module.authorizer-zip.aws_iam_policy.additional_json",
            "module.category-module.module.authorizer-zip.aws_iam_policy.additional_jsons",
            "module.category-module.module.authorizer-zip.aws_iam_policy.async",
            "module.category-module.module.authorizer-zip.aws_iam_policy.dead_letter",
            "module.category-module.module.authorizer-zip.aws_iam_policy.logs",
            "module.category-module.module.authorizer-zip.aws_iam_policy.tracing",
            "module.category-module.module.authorizer-zip.aws_iam_policy.vpc",
            "module.category-module.module.authorizer-zip.aws_iam_policy_attachment.additional_inline",
            "module.category-module.module.authorizer-zip.aws_iam_policy_attachment.additional_json",
            "module.category-module.module.authorizer-zip.aws_iam_policy_attachment.additional_jsons",
            "module.category-module.module.authorizer-zip.aws_iam_policy_attachment.async",
            "module.category-module.module.authorizer-zip.aws_iam_policy_attachment.dead_letter",
            "module.category-module.module.authorizer-zip.aws_iam_policy_attachment.logs",
            "module.category-module.module.authorizer-zip.aws_iam_policy_attachment.tracing",
            "module.category-module.module.authorizer-zip.aws_iam_policy_attachment.vpc",
            "module.category-module.module.authorizer-zip.aws_iam_role.lambda",
            "module.category-module.module.authorizer-zip.aws_iam_role_policy_attachment.additional_many",
            "module.category-module.module.authorizer-zip.aws_iam_role_policy_attachment.additional_one",
            "module.category-module.module.authorizer-zip.aws_lambda_event_source_mapping.this",
            "module.category-module.module.authorizer-zip.aws_lambda_function.this",
            "module.category-module.module.authorizer-zip.aws_lambda_function_event_invoke_config.this",
            "module.category-module.module.authorizer-zip.aws_lambda_layer_version.this",
            "module.category-module.module.authorizer-zip.aws_lambda_permission.current_version_triggers",
            "module.category-module.module.authorizer-zip.aws_lambda_permission.unqualified_alias_triggers",
            "module.category-module.module.authorizer-zip.aws_lambda_provisioned_concurrency_config.current_version",
            "module.category-module.module.authorizer-zip.aws_s3_bucket_object.lambda_package",
            "module.category-module.module.authorizer-zip.data.aws_arn.log_group_arn",
            "module.category-module.module.authorizer-zip.data.aws_cloudwatch_log_group.lambda",
            "module.category-module.module.authorizer-zip.data.aws_iam_policy.tracing",
            "module.category-module.module.authorizer-zip.data.aws_iam_policy.vpc",
            "module.category-module.module.authorizer-zip.data.aws_iam_policy_document.additional_inline",
            "module.category-module.module.authorizer-zip.data.aws_iam_policy_document.assume_role",
            "module.category-module.module.authorizer-zip.data.aws_iam_policy_document.async",
            "module.category-module.module.authorizer-zip.data.aws_iam_policy_document.dead_letter",
            "module.category-module.module.authorizer-zip.data.aws_iam_policy_document.logs",
            "module.category-module.module.authorizer-zip.data.external.archive_prepare",
            "module.category-module.module.authorizer-zip.local_file.archive_plan",
            "module.category-module.module.authorizer-zip.null_resource.archive",
            "module.category-module.module.lambda_layer.aws_lambda_layer_version.this",
            "module.category-module.module.lambda_layer.aws_s3_bucket_object.lambda_package",
            "module.category-module.module.lambda_layer.data.external.archive_prepare",
            "module.category-module.module.lambda_layer.local_file.archive_plan",
            "module.category-module.module.lambda_layer.null_resource.archive"
          ]
        }
      ]
    },
    {
      "module": "module.category-module",
      "mode": "managed",
      "type": "aws_api_gateway_method_response",
      "name": "get-booking-404-error",
      "provider": "provider[\"registry.terraform.io/hashicorp/aws\"]",
      "instances": [
        {
          "schema_version": 0,
          "attributes": {
            "http_method": "GET",
            "id": "agmr-n3ex1fhmv6-cg0y8q-GET-404",
            "resource_id": "cg0y8q",
            "response_models": {
              "application/json": "Empty"
            },
            "response_parameters": {},
            "rest_api_id": "n3ex1fhmv6",
            "status_code": "404"
          },
          "sensitive_attributes": [],
          "private": "bnVsbA==",
          "dependencies": [
            "module.category-module.aws_api_gateway_authorizer.authorizer_resource",
            "module.category-module.aws_api_gateway_method.get_booking_method",
            "module.category-module.aws_api_gateway_request_validator.get_booking_validator",
            "module.category-module.aws_api_gateway_resource.flight_booking",
            "module.category-module.aws_api_gateway_resource.get_booking",
            "module.category-module.aws_api_gateway_resource.v1",
            "module.category-module.aws_api_gateway_rest_api.ftb_terraform",
            "module.category-module.aws_lambda_function.authorizer_lambda",
            "module.category-module.data.aws_iam_role.academy_lambda_access",
            "module.category-module.module.authorizer-zip.aws_cloudwatch_log_group.lambda",
            "module.category-module.module.authorizer-zip.aws_iam_policy.additional_inline",
            "module.category-module.module.authorizer-zip.aws_iam_policy.additional_json",
            "module.category-module.module.authorizer-zip.aws_iam_policy.additional_jsons",
            "module.category-module.module.authorizer-zip.aws_iam_policy.async",
            "module.category-module.module.authorizer-zip.aws_iam_policy.dead_letter",
            "module.category-module.module.authorizer-zip.aws_iam_policy.logs",
            "module.category-module.module.authorizer-zip.aws_iam_policy.tracing",
            "module.category-module.module.authorizer-zip.aws_iam_policy.vpc",
            "module.category-module.module.authorizer-zip.aws_iam_policy_attachment.additional_inline",
            "module.category-module.module.authorizer-zip.aws_iam_policy_attachment.additional_json",
            "module.category-module.module.authorizer-zip.aws_iam_policy_attachment.additional_jsons",
            "module.category-module.module.authorizer-zip.aws_iam_policy_attachment.async",
            "module.category-module.module.authorizer-zip.aws_iam_policy_attachment.dead_letter",
            "module.category-module.module.authorizer-zip.aws_iam_policy_attachment.logs",
            "module.category-module.module.authorizer-zip.aws_iam_policy_attachment.tracing",
            "module.category-module.module.authorizer-zip.aws_iam_policy_attachment.vpc",
            "module.category-module.module.authorizer-zip.aws_iam_role.lambda",
            "module.category-module.module.authorizer-zip.aws_iam_role_policy_attachment.additional_many",
            "module.category-module.module.authorizer-zip.aws_iam_role_policy_attachment.additional_one",
            "module.category-module.module.authorizer-zip.aws_lambda_event_source_mapping.this",
            "module.category-module.module.authorizer-zip.aws_lambda_function.this",
            "module.category-module.module.authorizer-zip.aws_lambda_function_event_invoke_config.this",
            "module.category-module.module.authorizer-zip.aws_lambda_layer_version.this",
            "module.category-module.module.authorizer-zip.aws_lambda_permission.current_version_triggers",
            "module.category-module.module.authorizer-zip.aws_lambda_permission.unqualified_alias_triggers",
            "module.category-module.module.authorizer-zip.aws_lambda_provisioned_concurrency_config.current_version",
            "module.category-module.module.authorizer-zip.aws_s3_bucket_object.lambda_package",
            "module.category-module.module.authorizer-zip.data.aws_arn.log_group_arn",
            "module.category-module.module.authorizer-zip.data.aws_cloudwatch_log_group.lambda",
            "module.category-module.module.authorizer-zip.data.aws_iam_policy.tracing",
            "module.category-module.module.authorizer-zip.data.aws_iam_policy.vpc",
            "module.category-module.module.authorizer-zip.data.aws_iam_policy_document.additional_inline",
            "module.category-module.module.authorizer-zip.data.aws_iam_policy_document.assume_role",
            "module.category-module.module.authorizer-zip.data.aws_iam_policy_document.async",
            "module.category-module.module.authorizer-zip.data.aws_iam_policy_document.dead_letter",
            "module.category-module.module.authorizer-zip.data.aws_iam_policy_document.logs",
            "module.category-module.module.authorizer-zip.data.external.archive_prepare",
            "module.category-module.module.authorizer-zip.local_file.archive_plan",
            "module.category-module.module.authorizer-zip.null_resource.archive",
            "module.category-module.module.lambda_layer.aws_lambda_layer_version.this",
            "module.category-module.module.lambda_layer.aws_s3_bucket_object.lambda_package",
            "module.category-module.module.lambda_layer.data.external.archive_prepare",
            "module.category-module.module.lambda_layer.local_file.archive_plan",
            "module.category-module.module.lambda_layer.null_resource.archive"
          ]
        }
      ]
    },
    {
      "module": "module.category-module",
      "mode": "managed",
      "type": "aws_api_gateway_method_response",
      "name": "get-booking-500-error",
      "provider": "provider[\"registry.terraform.io/hashicorp/aws\"]",
      "instances": [
        {
          "schema_version": 0,
          "attributes": {
            "http_method": "GET",
            "id": "agmr-n3ex1fhmv6-cg0y8q-GET-500",
            "resource_id": "cg0y8q",
            "response_models": {
              "application/json": "Empty"
            },
            "response_parameters": {},
            "rest_api_id": "n3ex1fhmv6",
            "status_code": "500"
          },
          "sensitive_attributes": [],
          "private": "bnVsbA==",
          "dependencies": [
            "module.category-module.aws_api_gateway_authorizer.authorizer_resource",
            "module.category-module.aws_api_gateway_method.get_booking_method",
            "module.category-module.aws_api_gateway_request_validator.get_booking_validator",
            "module.category-module.aws_api_gateway_resource.flight_booking",
            "module.category-module.aws_api_gateway_resource.get_booking",
            "module.category-module.aws_api_gateway_resource.v1",
            "module.category-module.aws_api_gateway_rest_api.ftb_terraform",
            "module.category-module.aws_lambda_function.authorizer_lambda",
            "module.category-module.data.aws_iam_role.academy_lambda_access",
            "module.category-module.module.authorizer-zip.aws_cloudwatch_log_group.lambda",
            "module.category-module.module.authorizer-zip.aws_iam_policy.additional_inline",
            "module.category-module.module.authorizer-zip.aws_iam_policy.additional_json",
            "module.category-module.module.authorizer-zip.aws_iam_policy.additional_jsons",
            "module.category-module.module.authorizer-zip.aws_iam_policy.async",
            "module.category-module.module.authorizer-zip.aws_iam_policy.dead_letter",
            "module.category-module.module.authorizer-zip.aws_iam_policy.logs",
            "module.category-module.module.authorizer-zip.aws_iam_policy.tracing",
            "module.category-module.module.authorizer-zip.aws_iam_policy.vpc",
            "module.category-module.module.authorizer-zip.aws_iam_policy_attachment.additional_inline",
            "module.category-module.module.authorizer-zip.aws_iam_policy_attachment.additional_json",
            "module.category-module.module.authorizer-zip.aws_iam_policy_attachment.additional_jsons",
            "module.category-module.module.authorizer-zip.aws_iam_policy_attachment.async",
            "module.category-module.module.authorizer-zip.aws_iam_policy_attachment.dead_letter",
            "module.category-module.module.authorizer-zip.aws_iam_policy_attachment.logs",
            "module.category-module.module.authorizer-zip.aws_iam_policy_attachment.tracing",
            "module.category-module.module.authorizer-zip.aws_iam_policy_attachment.vpc",
            "module.category-module.module.authorizer-zip.aws_iam_role.lambda",
            "module.category-module.module.authorizer-zip.aws_iam_role_policy_attachment.additional_many",
            "module.category-module.module.authorizer-zip.aws_iam_role_policy_attachment.additional_one",
            "module.category-module.module.authorizer-zip.aws_lambda_event_source_mapping.this",
            "module.category-module.module.authorizer-zip.aws_lambda_function.this",
            "module.category-module.module.authorizer-zip.aws_lambda_function_event_invoke_config.this",
            "module.category-module.module.authorizer-zip.aws_lambda_layer_version.this",
            "module.category-module.module.authorizer-zip.aws_lambda_permission.current_version_triggers",
            "module.category-module.module.authorizer-zip.aws_lambda_permission.unqualified_alias_triggers",
            "module.category-module.module.authorizer-zip.aws_lambda_provisioned_concurrency_config.current_version",
            "module.category-module.module.authorizer-zip.aws_s3_bucket_object.lambda_package",
            "module.category-module.module.authorizer-zip.data.aws_arn.log_group_arn",
            "module.category-module.module.authorizer-zip.data.aws_cloudwatch_log_group.lambda",
            "module.category-module.module.authorizer-zip.data.aws_iam_policy.tracing",
            "module.category-module.module.authorizer-zip.data.aws_iam_policy.vpc",
            "module.category-module.module.authorizer-zip.data.aws_iam_policy_document.additional_inline",
            "module.category-module.module.authorizer-zip.data.aws_iam_policy_document.assume_role",
            "module.category-module.module.authorizer-zip.data.aws_iam_policy_document.async",
            "module.category-module.module.authorizer-zip.data.aws_iam_policy_document.dead_letter",
            "module.category-module.module.authorizer-zip.data.aws_iam_policy_document.logs",
            "module.category-module.module.authorizer-zip.data.external.archive_prepare",
            "module.category-module.module.authorizer-zip.local_file.archive_plan",
            "module.category-module.module.authorizer-zip.null_resource.archive",
            "module.category-module.module.lambda_layer.aws_lambda_layer_version.this",
            "module.category-module.module.lambda_layer.aws_s3_bucket_object.lambda_package",
            "module.category-module.module.lambda_layer.data.external.archive_prepare",
            "module.category-module.module.lambda_layer.local_file.archive_plan",
            "module.category-module.module.lambda_layer.null_resource.archive"
          ]
        }
      ]
    },
    {
      "module": "module.category-module",
      "mode": "managed",
      "type": "aws_api_gateway_method_response",
      "name": "get-flight-200-error",
      "provider": "provider[\"registry.terraform.io/hashicorp/aws\"]",
      "instances": [
        {
          "schema_version": 0,
          "attributes": {
            "http_method": "GET",
            "id": "agmr-n3ex1fhmv6-sjvwtp-GET-200",
            "resource_id": "sjvwtp",
            "response_models": {
              "application/json": "Empty"
            },
            "response_parameters": {},
            "rest_api_id": "n3ex1fhmv6",
            "status_code": "200"
          },
          "sensitive_attributes": [],
          "private": "bnVsbA==",
          "dependencies": [
            "module.category-module.aws_api_gateway_authorizer.authorizer_resource",
            "module.category-module.aws_api_gateway_method.get_flight_method",
            "module.category-module.aws_api_gateway_request_validator.get_flight_validator",
            "module.category-module.aws_api_gateway_resource.flight_booking",
            "module.category-module.aws_api_gateway_resource.get_flight",
            "module.category-module.aws_api_gateway_resource.v1",
            "module.category-module.aws_api_gateway_rest_api.ftb_terraform",
            "module.category-module.aws_lambda_function.authorizer_lambda",
            "module.category-module.data.aws_iam_role.academy_lambda_access",
            "module.category-module.module.authorizer-zip.aws_cloudwatch_log_group.lambda",
            "module.category-module.module.authorizer-zip.aws_iam_policy.additional_inline",
            "module.category-module.module.authorizer-zip.aws_iam_policy.additional_json",
            "module.category-module.module.authorizer-zip.aws_iam_policy.additional_jsons",
            "module.category-module.module.authorizer-zip.aws_iam_policy.async",
            "module.category-module.module.authorizer-zip.aws_iam_policy.dead_letter",
            "module.category-module.module.authorizer-zip.aws_iam_policy.logs",
            "module.category-module.module.authorizer-zip.aws_iam_policy.tracing",
            "module.category-module.module.authorizer-zip.aws_iam_policy.vpc",
            "module.category-module.module.authorizer-zip.aws_iam_policy_attachment.additional_inline",
            "module.category-module.module.authorizer-zip.aws_iam_policy_attachment.additional_json",
            "module.category-module.module.authorizer-zip.aws_iam_policy_attachment.additional_jsons",
            "module.category-module.module.authorizer-zip.aws_iam_policy_attachment.async",
            "module.category-module.module.authorizer-zip.aws_iam_policy_attachment.dead_letter",
            "module.category-module.module.authorizer-zip.aws_iam_policy_attachment.logs",
            "module.category-module.module.authorizer-zip.aws_iam_policy_attachment.tracing",
            "module.category-module.module.authorizer-zip.aws_iam_policy_attachment.vpc",
            "module.category-module.module.authorizer-zip.aws_iam_role.lambda",
            "module.category-module.module.authorizer-zip.aws_iam_role_policy_attachment.additional_many",
            "module.category-module.module.authorizer-zip.aws_iam_role_policy_attachment.additional_one",
            "module.category-module.module.authorizer-zip.aws_lambda_event_source_mapping.this",
            "module.category-module.module.authorizer-zip.aws_lambda_function.this",
            "module.category-module.module.authorizer-zip.aws_lambda_function_event_invoke_config.this",
            "module.category-module.module.authorizer-zip.aws_lambda_layer_version.this",
            "module.category-module.module.authorizer-zip.aws_lambda_permission.current_version_triggers",
            "module.category-module.module.authorizer-zip.aws_lambda_permission.unqualified_alias_triggers",
            "module.category-module.module.authorizer-zip.aws_lambda_provisioned_concurrency_config.current_version",
            "module.category-module.module.authorizer-zip.aws_s3_bucket_object.lambda_package",
            "module.category-module.module.authorizer-zip.data.aws_arn.log_group_arn",
            "module.category-module.module.authorizer-zip.data.aws_cloudwatch_log_group.lambda",
            "module.category-module.module.authorizer-zip.data.aws_iam_policy.tracing",
            "module.category-module.module.authorizer-zip.data.aws_iam_policy.vpc",
            "module.category-module.module.authorizer-zip.data.aws_iam_policy_document.additional_inline",
            "module.category-module.module.authorizer-zip.data.aws_iam_policy_document.assume_role",
            "module.category-module.module.authorizer-zip.data.aws_iam_policy_document.async",
            "module.category-module.module.authorizer-zip.data.aws_iam_policy_document.dead_letter",
            "module.category-module.module.authorizer-zip.data.aws_iam_policy_document.logs",
            "module.category-module.module.authorizer-zip.data.external.archive_prepare",
            "module.category-module.module.authorizer-zip.local_file.archive_plan",
            "module.category-module.module.authorizer-zip.null_resource.archive",
            "module.category-module.module.lambda_layer.aws_lambda_layer_version.this",
            "module.category-module.module.lambda_layer.aws_s3_bucket_object.lambda_package",
            "module.category-module.module.lambda_layer.data.external.archive_prepare",
            "module.category-module.module.lambda_layer.local_file.archive_plan",
            "module.category-module.module.lambda_layer.null_resource.archive"
          ]
        }
      ]
    },
    {
      "module": "module.category-module",
      "mode": "managed",
      "type": "aws_api_gateway_method_response",
      "name": "get-flight-400-error",
      "provider": "provider[\"registry.terraform.io/hashicorp/aws\"]",
      "instances": [
        {
          "schema_version": 0,
          "attributes": {
            "http_method": "GET",
            "id": "agmr-n3ex1fhmv6-sjvwtp-GET-400",
            "resource_id": "sjvwtp",
            "response_models": {
              "application/json": "Empty"
            },
            "response_parameters": {},
            "rest_api_id": "n3ex1fhmv6",
            "status_code": "400"
          },
          "sensitive_attributes": [],
          "private": "bnVsbA==",
          "dependencies": [
            "module.category-module.aws_api_gateway_authorizer.authorizer_resource",
            "module.category-module.aws_api_gateway_method.get_flight_method",
            "module.category-module.aws_api_gateway_request_validator.get_flight_validator",
            "module.category-module.aws_api_gateway_resource.flight_booking",
            "module.category-module.aws_api_gateway_resource.get_flight",
            "module.category-module.aws_api_gateway_resource.v1",
            "module.category-module.aws_api_gateway_rest_api.ftb_terraform",
            "module.category-module.aws_lambda_function.authorizer_lambda",
            "module.category-module.data.aws_iam_role.academy_lambda_access",
            "module.category-module.module.authorizer-zip.aws_cloudwatch_log_group.lambda",
            "module.category-module.module.authorizer-zip.aws_iam_policy.additional_inline",
            "module.category-module.module.authorizer-zip.aws_iam_policy.additional_json",
            "module.category-module.module.authorizer-zip.aws_iam_policy.additional_jsons",
            "module.category-module.module.authorizer-zip.aws_iam_policy.async",
            "module.category-module.module.authorizer-zip.aws_iam_policy.dead_letter",
            "module.category-module.module.authorizer-zip.aws_iam_policy.logs",
            "module.category-module.module.authorizer-zip.aws_iam_policy.tracing",
            "module.category-module.module.authorizer-zip.aws_iam_policy.vpc",
            "module.category-module.module.authorizer-zip.aws_iam_policy_attachment.additional_inline",
            "module.category-module.module.authorizer-zip.aws_iam_policy_attachment.additional_json",
            "module.category-module.module.authorizer-zip.aws_iam_policy_attachment.additional_jsons",
            "module.category-module.module.authorizer-zip.aws_iam_policy_attachment.async",
            "module.category-module.module.authorizer-zip.aws_iam_policy_attachment.dead_letter",
            "module.category-module.module.authorizer-zip.aws_iam_policy_attachment.logs",
            "module.category-module.module.authorizer-zip.aws_iam_policy_attachment.tracing",
            "module.category-module.module.authorizer-zip.aws_iam_policy_attachment.vpc",
            "module.category-module.module.authorizer-zip.aws_iam_role.lambda",
            "module.category-module.module.authorizer-zip.aws_iam_role_policy_attachment.additional_many",
            "module.category-module.module.authorizer-zip.aws_iam_role_policy_attachment.additional_one",
            "module.category-module.module.authorizer-zip.aws_lambda_event_source_mapping.this",
            "module.category-module.module.authorizer-zip.aws_lambda_function.this",
            "module.category-module.module.authorizer-zip.aws_lambda_function_event_invoke_config.this",
            "module.category-module.module.authorizer-zip.aws_lambda_layer_version.this",
            "module.category-module.module.authorizer-zip.aws_lambda_permission.current_version_triggers",
            "module.category-module.module.authorizer-zip.aws_lambda_permission.unqualified_alias_triggers",
            "module.category-module.module.authorizer-zip.aws_lambda_provisioned_concurrency_config.current_version",
            "module.category-module.module.authorizer-zip.aws_s3_bucket_object.lambda_package",
            "module.category-module.module.authorizer-zip.data.aws_arn.log_group_arn",
            "module.category-module.module.authorizer-zip.data.aws_cloudwatch_log_group.lambda",
            "module.category-module.module.authorizer-zip.data.aws_iam_policy.tracing",
            "module.category-module.module.authorizer-zip.data.aws_iam_policy.vpc",
            "module.category-module.module.authorizer-zip.data.aws_iam_policy_document.additional_inline",
            "module.category-module.module.authorizer-zip.data.aws_iam_policy_document.assume_role",
            "module.category-module.module.authorizer-zip.data.aws_iam_policy_document.async",
            "module.category-module.module.authorizer-zip.data.aws_iam_policy_document.dead_letter",
            "module.category-module.module.authorizer-zip.data.aws_iam_policy_document.logs",
            "module.category-module.module.authorizer-zip.data.external.archive_prepare",
            "module.category-module.module.authorizer-zip.local_file.archive_plan",
            "module.category-module.module.authorizer-zip.null_resource.archive",
            "module.category-module.module.lambda_layer.aws_lambda_layer_version.this",
            "module.category-module.module.lambda_layer.aws_s3_bucket_object.lambda_package",
            "module.category-module.module.lambda_layer.data.external.archive_prepare",
            "module.category-module.module.lambda_layer.local_file.archive_plan",
            "module.category-module.module.lambda_layer.null_resource.archive"
          ]
        }
      ]
    },
    {
      "module": "module.category-module",
      "mode": "managed",
      "type": "aws_api_gateway_method_response",
      "name": "get-flight-404-error",
      "provider": "provider[\"registry.terraform.io/hashicorp/aws\"]",
      "instances": [
        {
          "schema_version": 0,
          "attributes": {
            "http_method": "GET",
            "id": "agmr-n3ex1fhmv6-sjvwtp-GET-404",
            "resource_id": "sjvwtp",
            "response_models": {
              "application/json": "Empty"
            },
            "response_parameters": {},
            "rest_api_id": "n3ex1fhmv6",
            "status_code": "404"
          },
          "sensitive_attributes": [],
          "private": "bnVsbA==",
          "dependencies": [
            "module.category-module.aws_api_gateway_authorizer.authorizer_resource",
            "module.category-module.aws_api_gateway_method.get_flight_method",
            "module.category-module.aws_api_gateway_request_validator.get_flight_validator",
            "module.category-module.aws_api_gateway_resource.flight_booking",
            "module.category-module.aws_api_gateway_resource.get_flight",
            "module.category-module.aws_api_gateway_resource.v1",
            "module.category-module.aws_api_gateway_rest_api.ftb_terraform",
            "module.category-module.aws_lambda_function.authorizer_lambda",
            "module.category-module.data.aws_iam_role.academy_lambda_access",
            "module.category-module.module.authorizer-zip.aws_cloudwatch_log_group.lambda",
            "module.category-module.module.authorizer-zip.aws_iam_policy.additional_inline",
            "module.category-module.module.authorizer-zip.aws_iam_policy.additional_json",
            "module.category-module.module.authorizer-zip.aws_iam_policy.additional_jsons",
            "module.category-module.module.authorizer-zip.aws_iam_policy.async",
            "module.category-module.module.authorizer-zip.aws_iam_policy.dead_letter",
            "module.category-module.module.authorizer-zip.aws_iam_policy.logs",
            "module.category-module.module.authorizer-zip.aws_iam_policy.tracing",
            "module.category-module.module.authorizer-zip.aws_iam_policy.vpc",
            "module.category-module.module.authorizer-zip.aws_iam_policy_attachment.additional_inline",
            "module.category-module.module.authorizer-zip.aws_iam_policy_attachment.additional_json",
            "module.category-module.module.authorizer-zip.aws_iam_policy_attachment.additional_jsons",
            "module.category-module.module.authorizer-zip.aws_iam_policy_attachment.async",
            "module.category-module.module.authorizer-zip.aws_iam_policy_attachment.dead_letter",
            "module.category-module.module.authorizer-zip.aws_iam_policy_attachment.logs",
            "module.category-module.module.authorizer-zip.aws_iam_policy_attachment.tracing",
            "module.category-module.module.authorizer-zip.aws_iam_policy_attachment.vpc",
            "module.category-module.module.authorizer-zip.aws_iam_role.lambda",
            "module.category-module.module.authorizer-zip.aws_iam_role_policy_attachment.additional_many",
            "module.category-module.module.authorizer-zip.aws_iam_role_policy_attachment.additional_one",
            "module.category-module.module.authorizer-zip.aws_lambda_event_source_mapping.this",
            "module.category-module.module.authorizer-zip.aws_lambda_function.this",
            "module.category-module.module.authorizer-zip.aws_lambda_function_event_invoke_config.this",
            "module.category-module.module.authorizer-zip.aws_lambda_layer_version.this",
            "module.category-module.module.authorizer-zip.aws_lambda_permission.current_version_triggers",
            "module.category-module.module.authorizer-zip.aws_lambda_permission.unqualified_alias_triggers",
            "module.category-module.module.authorizer-zip.aws_lambda_provisioned_concurrency_config.current_version",
            "module.category-module.module.authorizer-zip.aws_s3_bucket_object.lambda_package",
            "module.category-module.module.authorizer-zip.data.aws_arn.log_group_arn",
            "module.category-module.module.authorizer-zip.data.aws_cloudwatch_log_group.lambda",
            "module.category-module.module.authorizer-zip.data.aws_iam_policy.tracing",
            "module.category-module.module.authorizer-zip.data.aws_iam_policy.vpc",
            "module.category-module.module.authorizer-zip.data.aws_iam_policy_document.additional_inline",
            "module.category-module.module.authorizer-zip.data.aws_iam_policy_document.assume_role",
            "module.category-module.module.authorizer-zip.data.aws_iam_policy_document.async",
            "module.category-module.module.authorizer-zip.data.aws_iam_policy_document.dead_letter",
            "module.category-module.module.authorizer-zip.data.aws_iam_policy_document.logs",
            "module.category-module.module.authorizer-zip.data.external.archive_prepare",
            "module.category-module.module.authorizer-zip.local_file.archive_plan",
            "module.category-module.module.authorizer-zip.null_resource.archive",
            "module.category-module.module.lambda_layer.aws_lambda_layer_version.this",
            "module.category-module.module.lambda_layer.aws_s3_bucket_object.lambda_package",
            "module.category-module.module.lambda_layer.data.external.archive_prepare",
            "module.category-module.module.lambda_layer.local_file.archive_plan",
            "module.category-module.module.lambda_layer.null_resource.archive"
          ]
        }
      ]
    },
    {
      "module": "module.category-module",
      "mode": "managed",
      "type": "aws_api_gateway_method_response",
      "name": "get-flight-500-error",
      "provider": "provider[\"registry.terraform.io/hashicorp/aws\"]",
      "instances": [
        {
          "schema_version": 0,
          "attributes": {
            "http_method": "GET",
            "id": "agmr-n3ex1fhmv6-sjvwtp-GET-500",
            "resource_id": "sjvwtp",
            "response_models": {
              "application/json": "Empty"
            },
            "response_parameters": {},
            "rest_api_id": "n3ex1fhmv6",
            "status_code": "500"
          },
          "sensitive_attributes": [],
          "private": "bnVsbA==",
          "dependencies": [
            "module.category-module.aws_api_gateway_authorizer.authorizer_resource",
            "module.category-module.aws_api_gateway_method.get_flight_method",
            "module.category-module.aws_api_gateway_request_validator.get_flight_validator",
            "module.category-module.aws_api_gateway_resource.flight_booking",
            "module.category-module.aws_api_gateway_resource.get_flight",
            "module.category-module.aws_api_gateway_resource.v1",
            "module.category-module.aws_api_gateway_rest_api.ftb_terraform",
            "module.category-module.aws_lambda_function.authorizer_lambda",
            "module.category-module.data.aws_iam_role.academy_lambda_access",
            "module.category-module.module.authorizer-zip.aws_cloudwatch_log_group.lambda",
            "module.category-module.module.authorizer-zip.aws_iam_policy.additional_inline",
            "module.category-module.module.authorizer-zip.aws_iam_policy.additional_json",
            "module.category-module.module.authorizer-zip.aws_iam_policy.additional_jsons",
            "module.category-module.module.authorizer-zip.aws_iam_policy.async",
            "module.category-module.module.authorizer-zip.aws_iam_policy.dead_letter",
            "module.category-module.module.authorizer-zip.aws_iam_policy.logs",
            "module.category-module.module.authorizer-zip.aws_iam_policy.tracing",
            "module.category-module.module.authorizer-zip.aws_iam_policy.vpc",
            "module.category-module.module.authorizer-zip.aws_iam_policy_attachment.additional_inline",
            "module.category-module.module.authorizer-zip.aws_iam_policy_attachment.additional_json",
            "module.category-module.module.authorizer-zip.aws_iam_policy_attachment.additional_jsons",
            "module.category-module.module.authorizer-zip.aws_iam_policy_attachment.async",
            "module.category-module.module.authorizer-zip.aws_iam_policy_attachment.dead_letter",
            "module.category-module.module.authorizer-zip.aws_iam_policy_attachment.logs",
            "module.category-module.module.authorizer-zip.aws_iam_policy_attachment.tracing",
            "module.category-module.module.authorizer-zip.aws_iam_policy_attachment.vpc",
            "module.category-module.module.authorizer-zip.aws_iam_role.lambda",
            "module.category-module.module.authorizer-zip.aws_iam_role_policy_attachment.additional_many",
            "module.category-module.module.authorizer-zip.aws_iam_role_policy_attachment.additional_one",
            "module.category-module.module.authorizer-zip.aws_lambda_event_source_mapping.this",
            "module.category-module.module.authorizer-zip.aws_lambda_function.this",
            "module.category-module.module.authorizer-zip.aws_lambda_function_event_invoke_config.this",
            "module.category-module.module.authorizer-zip.aws_lambda_layer_version.this",
            "module.category-module.module.authorizer-zip.aws_lambda_permission.current_version_triggers",
            "module.category-module.module.authorizer-zip.aws_lambda_permission.unqualified_alias_triggers",
            "module.category-module.module.authorizer-zip.aws_lambda_provisioned_concurrency_config.current_version",
            "module.category-module.module.authorizer-zip.aws_s3_bucket_object.lambda_package",
            "module.category-module.module.authorizer-zip.data.aws_arn.log_group_arn",
            "module.category-module.module.authorizer-zip.data.aws_cloudwatch_log_group.lambda",
            "module.category-module.module.authorizer-zip.data.aws_iam_policy.tracing",
            "module.category-module.module.authorizer-zip.data.aws_iam_policy.vpc",
            "module.category-module.module.authorizer-zip.data.aws_iam_policy_document.additional_inline",
            "module.category-module.module.authorizer-zip.data.aws_iam_policy_document.assume_role",
            "module.category-module.module.authorizer-zip.data.aws_iam_policy_document.async",
            "module.category-module.module.authorizer-zip.data.aws_iam_policy_document.dead_letter",
            "module.category-module.module.authorizer-zip.data.aws_iam_policy_document.logs",
            "module.category-module.module.authorizer-zip.data.external.archive_prepare",
            "module.category-module.module.authorizer-zip.local_file.archive_plan",
            "module.category-module.module.authorizer-zip.null_resource.archive",
            "module.category-module.module.lambda_layer.aws_lambda_layer_version.this",
            "module.category-module.module.lambda_layer.aws_s3_bucket_object.lambda_package",
            "module.category-module.module.lambda_layer.data.external.archive_prepare",
            "module.category-module.module.lambda_layer.local_file.archive_plan",
            "module.category-module.module.lambda_layer.null_resource.archive"
          ]
        }
      ]
    },
    {
      "module": "module.category-module",
      "mode": "managed",
      "type": "aws_api_gateway_method_response",
      "name": "post-user-200-error",
      "provider": "provider[\"registry.terraform.io/hashicorp/aws\"]",
      "instances": [
        {
          "schema_version": 0,
          "attributes": {
            "http_method": "POST",
            "id": "agmr-n3ex1fhmv6-fy5p5l-POST-200",
            "resource_id": "fy5p5l",
            "response_models": {
              "application/json": "Empty"
            },
            "response_parameters": {},
            "rest_api_id": "n3ex1fhmv6",
            "status_code": "200"
          },
          "sensitive_attributes": [],
          "private": "bnVsbA==",
          "dependencies": [
            "module.category-module.aws_api_gateway_authorizer.authorizer_resource",
            "module.category-module.aws_api_gateway_method.user_method",
            "module.category-module.aws_api_gateway_request_validator.user_validator",
            "module.category-module.aws_api_gateway_resource.flight_booking",
            "module.category-module.aws_api_gateway_resource.user",
            "module.category-module.aws_api_gateway_resource.v1",
            "module.category-module.aws_api_gateway_rest_api.ftb_terraform",
            "module.category-module.aws_lambda_function.authorizer_lambda",
            "module.category-module.data.aws_iam_role.academy_lambda_access",
            "module.category-module.module.authorizer-zip.aws_cloudwatch_log_group.lambda",
            "module.category-module.module.authorizer-zip.aws_iam_policy.additional_inline",
            "module.category-module.module.authorizer-zip.aws_iam_policy.additional_json",
            "module.category-module.module.authorizer-zip.aws_iam_policy.additional_jsons",
            "module.category-module.module.authorizer-zip.aws_iam_policy.async",
            "module.category-module.module.authorizer-zip.aws_iam_policy.dead_letter",
            "module.category-module.module.authorizer-zip.aws_iam_policy.logs",
            "module.category-module.module.authorizer-zip.aws_iam_policy.tracing",
            "module.category-module.module.authorizer-zip.aws_iam_policy.vpc",
            "module.category-module.module.authorizer-zip.aws_iam_policy_attachment.additional_inline",
            "module.category-module.module.authorizer-zip.aws_iam_policy_attachment.additional_json",
            "module.category-module.module.authorizer-zip.aws_iam_policy_attachment.additional_jsons",
            "module.category-module.module.authorizer-zip.aws_iam_policy_attachment.async",
            "module.category-module.module.authorizer-zip.aws_iam_policy_attachment.dead_letter",
            "module.category-module.module.authorizer-zip.aws_iam_policy_attachment.logs",
            "module.category-module.module.authorizer-zip.aws_iam_policy_attachment.tracing",
            "module.category-module.module.authorizer-zip.aws_iam_policy_attachment.vpc",
            "module.category-module.module.authorizer-zip.aws_iam_role.lambda",
            "module.category-module.module.authorizer-zip.aws_iam_role_policy_attachment.additional_many",
            "module.category-module.module.authorizer-zip.aws_iam_role_policy_attachment.additional_one",
            "module.category-module.module.authorizer-zip.aws_lambda_event_source_mapping.this",
            "module.category-module.module.authorizer-zip.aws_lambda_function.this",
            "module.category-module.module.authorizer-zip.aws_lambda_function_event_invoke_config.this",
            "module.category-module.module.authorizer-zip.aws_lambda_layer_version.this",
            "module.category-module.module.authorizer-zip.aws_lambda_permission.current_version_triggers",
            "module.category-module.module.authorizer-zip.aws_lambda_permission.unqualified_alias_triggers",
            "module.category-module.module.authorizer-zip.aws_lambda_provisioned_concurrency_config.current_version",
            "module.category-module.module.authorizer-zip.aws_s3_bucket_object.lambda_package",
            "module.category-module.module.authorizer-zip.data.aws_arn.log_group_arn",
            "module.category-module.module.authorizer-zip.data.aws_cloudwatch_log_group.lambda",
            "module.category-module.module.authorizer-zip.data.aws_iam_policy.tracing",
            "module.category-module.module.authorizer-zip.data.aws_iam_policy.vpc",
            "module.category-module.module.authorizer-zip.data.aws_iam_policy_document.additional_inline",
            "module.category-module.module.authorizer-zip.data.aws_iam_policy_document.assume_role",
            "module.category-module.module.authorizer-zip.data.aws_iam_policy_document.async",
            "module.category-module.module.authorizer-zip.data.aws_iam_policy_document.dead_letter",
            "module.category-module.module.authorizer-zip.data.aws_iam_policy_document.logs",
            "module.category-module.module.authorizer-zip.data.external.archive_prepare",
            "module.category-module.module.authorizer-zip.local_file.archive_plan",
            "module.category-module.module.authorizer-zip.null_resource.archive",
            "module.category-module.module.lambda_layer.aws_lambda_layer_version.this",
            "module.category-module.module.lambda_layer.aws_s3_bucket_object.lambda_package",
            "module.category-module.module.lambda_layer.data.external.archive_prepare",
            "module.category-module.module.lambda_layer.local_file.archive_plan",
            "module.category-module.module.lambda_layer.null_resource.archive"
          ]
        }
      ]
    },
    {
      "module": "module.category-module",
      "mode": "managed",
      "type": "aws_api_gateway_method_response",
      "name": "post-user-400-error",
      "provider": "provider[\"registry.terraform.io/hashicorp/aws\"]",
      "instances": [
        {
          "schema_version": 0,
          "attributes": {
            "http_method": "POST",
            "id": "agmr-n3ex1fhmv6-fy5p5l-POST-400",
            "resource_id": "fy5p5l",
            "response_models": {
              "application/json": "Empty"
            },
            "response_parameters": {},
            "rest_api_id": "n3ex1fhmv6",
            "status_code": "400"
          },
          "sensitive_attributes": [],
          "private": "bnVsbA==",
          "dependencies": [
            "module.category-module.aws_api_gateway_authorizer.authorizer_resource",
            "module.category-module.aws_api_gateway_method.user_method",
            "module.category-module.aws_api_gateway_request_validator.user_validator",
            "module.category-module.aws_api_gateway_resource.flight_booking",
            "module.category-module.aws_api_gateway_resource.user",
            "module.category-module.aws_api_gateway_resource.v1",
            "module.category-module.aws_api_gateway_rest_api.ftb_terraform",
            "module.category-module.aws_lambda_function.authorizer_lambda",
            "module.category-module.data.aws_iam_role.academy_lambda_access",
            "module.category-module.module.authorizer-zip.aws_cloudwatch_log_group.lambda",
            "module.category-module.module.authorizer-zip.aws_iam_policy.additional_inline",
            "module.category-module.module.authorizer-zip.aws_iam_policy.additional_json",
            "module.category-module.module.authorizer-zip.aws_iam_policy.additional_jsons",
            "module.category-module.module.authorizer-zip.aws_iam_policy.async",
            "module.category-module.module.authorizer-zip.aws_iam_policy.dead_letter",
            "module.category-module.module.authorizer-zip.aws_iam_policy.logs",
            "module.category-module.module.authorizer-zip.aws_iam_policy.tracing",
            "module.category-module.module.authorizer-zip.aws_iam_policy.vpc",
            "module.category-module.module.authorizer-zip.aws_iam_policy_attachment.additional_inline",
            "module.category-module.module.authorizer-zip.aws_iam_policy_attachment.additional_json",
            "module.category-module.module.authorizer-zip.aws_iam_policy_attachment.additional_jsons",
            "module.category-module.module.authorizer-zip.aws_iam_policy_attachment.async",
            "module.category-module.module.authorizer-zip.aws_iam_policy_attachment.dead_letter",
            "module.category-module.module.authorizer-zip.aws_iam_policy_attachment.logs",
            "module.category-module.module.authorizer-zip.aws_iam_policy_attachment.tracing",
            "module.category-module.module.authorizer-zip.aws_iam_policy_attachment.vpc",
            "module.category-module.module.authorizer-zip.aws_iam_role.lambda",
            "module.category-module.module.authorizer-zip.aws_iam_role_policy_attachment.additional_many",
            "module.category-module.module.authorizer-zip.aws_iam_role_policy_attachment.additional_one",
            "module.category-module.module.authorizer-zip.aws_lambda_event_source_mapping.this",
            "module.category-module.module.authorizer-zip.aws_lambda_function.this",
            "module.category-module.module.authorizer-zip.aws_lambda_function_event_invoke_config.this",
            "module.category-module.module.authorizer-zip.aws_lambda_layer_version.this",
            "module.category-module.module.authorizer-zip.aws_lambda_permission.current_version_triggers",
            "module.category-module.module.authorizer-zip.aws_lambda_permission.unqualified_alias_triggers",
            "module.category-module.module.authorizer-zip.aws_lambda_provisioned_concurrency_config.current_version",
            "module.category-module.module.authorizer-zip.aws_s3_bucket_object.lambda_package",
            "module.category-module.module.authorizer-zip.data.aws_arn.log_group_arn",
            "module.category-module.module.authorizer-zip.data.aws_cloudwatch_log_group.lambda",
            "module.category-module.module.authorizer-zip.data.aws_iam_policy.tracing",
            "module.category-module.module.authorizer-zip.data.aws_iam_policy.vpc",
            "module.category-module.module.authorizer-zip.data.aws_iam_policy_document.additional_inline",
            "module.category-module.module.authorizer-zip.data.aws_iam_policy_document.assume_role",
            "module.category-module.module.authorizer-zip.data.aws_iam_policy_document.async",
            "module.category-module.module.authorizer-zip.data.aws_iam_policy_document.dead_letter",
            "module.category-module.module.authorizer-zip.data.aws_iam_policy_document.logs",
            "module.category-module.module.authorizer-zip.data.external.archive_prepare",
            "module.category-module.module.authorizer-zip.local_file.archive_plan",
            "module.category-module.module.authorizer-zip.null_resource.archive",
            "module.category-module.module.lambda_layer.aws_lambda_layer_version.this",
            "module.category-module.module.lambda_layer.aws_s3_bucket_object.lambda_package",
            "module.category-module.module.lambda_layer.data.external.archive_prepare",
            "module.category-module.module.lambda_layer.local_file.archive_plan",
            "module.category-module.module.lambda_layer.null_resource.archive"
          ]
        }
      ]
    },
    {
      "module": "module.category-module",
      "mode": "managed",
      "type": "aws_api_gateway_method_response",
      "name": "post-user-500-error",
      "provider": "provider[\"registry.terraform.io/hashicorp/aws\"]",
      "instances": [
        {
          "schema_version": 0,
          "attributes": {
            "http_method": "POST",
            "id": "agmr-n3ex1fhmv6-fy5p5l-POST-500",
            "resource_id": "fy5p5l",
            "response_models": {
              "application/json": "Empty"
            },
            "response_parameters": {},
            "rest_api_id": "n3ex1fhmv6",
            "status_code": "500"
          },
          "sensitive_attributes": [],
          "private": "bnVsbA==",
          "dependencies": [
            "module.category-module.aws_api_gateway_authorizer.authorizer_resource",
            "module.category-module.aws_api_gateway_method.user_method",
            "module.category-module.aws_api_gateway_request_validator.user_validator",
            "module.category-module.aws_api_gateway_resource.flight_booking",
            "module.category-module.aws_api_gateway_resource.user",
            "module.category-module.aws_api_gateway_resource.v1",
            "module.category-module.aws_api_gateway_rest_api.ftb_terraform",
            "module.category-module.aws_lambda_function.authorizer_lambda",
            "module.category-module.data.aws_iam_role.academy_lambda_access",
            "module.category-module.module.authorizer-zip.aws_cloudwatch_log_group.lambda",
            "module.category-module.module.authorizer-zip.aws_iam_policy.additional_inline",
            "module.category-module.module.authorizer-zip.aws_iam_policy.additional_json",
            "module.category-module.module.authorizer-zip.aws_iam_policy.additional_jsons",
            "module.category-module.module.authorizer-zip.aws_iam_policy.async",
            "module.category-module.module.authorizer-zip.aws_iam_policy.dead_letter",
            "module.category-module.module.authorizer-zip.aws_iam_policy.logs",
            "module.category-module.module.authorizer-zip.aws_iam_policy.tracing",
            "module.category-module.module.authorizer-zip.aws_iam_policy.vpc",
            "module.category-module.module.authorizer-zip.aws_iam_policy_attachment.additional_inline",
            "module.category-module.module.authorizer-zip.aws_iam_policy_attachment.additional_json",
            "module.category-module.module.authorizer-zip.aws_iam_policy_attachment.additional_jsons",
            "module.category-module.module.authorizer-zip.aws_iam_policy_attachment.async",
            "module.category-module.module.authorizer-zip.aws_iam_policy_attachment.dead_letter",
            "module.category-module.module.authorizer-zip.aws_iam_policy_attachment.logs",
            "module.category-module.module.authorizer-zip.aws_iam_policy_attachment.tracing",
            "module.category-module.module.authorizer-zip.aws_iam_policy_attachment.vpc",
            "module.category-module.module.authorizer-zip.aws_iam_role.lambda",
            "module.category-module.module.authorizer-zip.aws_iam_role_policy_attachment.additional_many",
            "module.category-module.module.authorizer-zip.aws_iam_role_policy_attachment.additional_one",
            "module.category-module.module.authorizer-zip.aws_lambda_event_source_mapping.this",
            "module.category-module.module.authorizer-zip.aws_lambda_function.this",
            "module.category-module.module.authorizer-zip.aws_lambda_function_event_invoke_config.this",
            "module.category-module.module.authorizer-zip.aws_lambda_layer_version.this",
            "module.category-module.module.authorizer-zip.aws_lambda_permission.current_version_triggers",
            "module.category-module.module.authorizer-zip.aws_lambda_permission.unqualified_alias_triggers",
            "module.category-module.module.authorizer-zip.aws_lambda_provisioned_concurrency_config.current_version",
            "module.category-module.module.authorizer-zip.aws_s3_bucket_object.lambda_package",
            "module.category-module.module.authorizer-zip.data.aws_arn.log_group_arn",
            "module.category-module.module.authorizer-zip.data.aws_cloudwatch_log_group.lambda",
            "module.category-module.module.authorizer-zip.data.aws_iam_policy.tracing",
            "module.category-module.module.authorizer-zip.data.aws_iam_policy.vpc",
            "module.category-module.module.authorizer-zip.data.aws_iam_policy_document.additional_inline",
            "module.category-module.module.authorizer-zip.data.aws_iam_policy_document.assume_role",
            "module.category-module.module.authorizer-zip.data.aws_iam_policy_document.async",
            "module.category-module.module.authorizer-zip.data.aws_iam_policy_document.dead_letter",
            "module.category-module.module.authorizer-zip.data.aws_iam_policy_document.logs",
            "module.category-module.module.authorizer-zip.data.external.archive_prepare",
            "module.category-module.module.authorizer-zip.local_file.archive_plan",
            "module.category-module.module.authorizer-zip.null_resource.archive",
            "module.category-module.module.lambda_layer.aws_lambda_layer_version.this",
            "module.category-module.module.lambda_layer.aws_s3_bucket_object.lambda_package",
            "module.category-module.module.lambda_layer.data.external.archive_prepare",
            "module.category-module.module.lambda_layer.local_file.archive_plan",
            "module.category-module.module.lambda_layer.null_resource.archive"
          ]
        }
      ]
    },
    {
      "module": "module.category-module",
      "mode": "managed",
      "type": "aws_api_gateway_request_validator",
      "name": "book-ticket_validator",
      "provider": "provider[\"registry.terraform.io/hashicorp/aws\"]",
      "instances": [
        {
          "schema_version": 0,
          "attributes": {
            "id": "vn88h7",
            "name": "book-ticket-validator",
            "rest_api_id": "n3ex1fhmv6",
            "validate_request_body": true,
            "validate_request_parameters": true
          },
          "sensitive_attributes": [],
          "private": "bnVsbA==",
          "dependencies": [
            "module.category-module.aws_api_gateway_rest_api.ftb_terraform"
          ],
          "create_before_destroy": true
        }
      ]
    },
    {
      "module": "module.category-module",
      "mode": "managed",
      "type": "aws_api_gateway_request_validator",
      "name": "get_booking_validator",
      "provider": "provider[\"registry.terraform.io/hashicorp/aws\"]",
      "instances": [
        {
          "schema_version": 0,
          "attributes": {
            "id": "rihecc",
            "name": "get-booking-validator",
            "rest_api_id": "n3ex1fhmv6",
            "validate_request_body": false,
            "validate_request_parameters": true
          },
          "sensitive_attributes": [],
          "private": "bnVsbA==",
          "dependencies": [
            "module.category-module.aws_api_gateway_rest_api.ftb_terraform"
          ],
          "create_before_destroy": true
        }
      ]
    },
    {
      "module": "module.category-module",
      "mode": "managed",
      "type": "aws_api_gateway_request_validator",
      "name": "get_flight_validator",
      "provider": "provider[\"registry.terraform.io/hashicorp/aws\"]",
      "instances": [
        {
          "schema_version": 0,
          "attributes": {
            "id": "lg7hop",
            "name": "get-flight-validator",
            "rest_api_id": "n3ex1fhmv6",
            "validate_request_body": false,
            "validate_request_parameters": true
          },
          "sensitive_attributes": [],
          "private": "bnVsbA==",
          "dependencies": [
            "module.category-module.aws_api_gateway_rest_api.ftb_terraform"
          ],
          "create_before_destroy": true
        }
      ]
    },
    {
      "module": "module.category-module",
      "mode": "managed",
      "type": "aws_api_gateway_request_validator",
      "name": "user_validator",
      "provider": "provider[\"registry.terraform.io/hashicorp/aws\"]",
      "instances": [
        {
          "schema_version": 0,
          "attributes": {
            "id": "ysp0bq",
            "name": "user-validator",
            "rest_api_id": "n3ex1fhmv6",
            "validate_request_body": true,
            "validate_request_parameters": true
          },
          "sensitive_attributes": [],
          "private": "bnVsbA==",
          "dependencies": [
            "module.category-module.aws_api_gateway_rest_api.ftb_terraform"
          ],
          "create_before_destroy": true
        }
      ]
    },
    {
      "module": "module.category-module",
      "mode": "managed",
      "type": "aws_api_gateway_resource",
      "name": "book-ticket",
      "provider": "provider[\"registry.terraform.io/hashicorp/aws\"]",
      "instances": [
        {
          "schema_version": 0,
          "attributes": {
            "id": "fsat0l",
            "parent_id": "psmfzn",
            "path": "/v1/flight/book-ticket",
            "path_part": "book-ticket",
            "rest_api_id": "n3ex1fhmv6"
          },
          "sensitive_attributes": [],
          "private": "bnVsbA==",
          "dependencies": [
            "module.category-module.aws_api_gateway_resource.flight_booking",
            "module.category-module.aws_api_gateway_resource.v1",
            "module.category-module.aws_api_gateway_rest_api.ftb_terraform"
          ],
          "create_before_destroy": true
        }
      ]
    },
    {
      "module": "module.category-module",
      "mode": "managed",
      "type": "aws_api_gateway_resource",
      "name": "flight_booking",
      "provider": "provider[\"registry.terraform.io/hashicorp/aws\"]",
      "instances": [
        {
          "schema_version": 0,
          "attributes": {
            "id": "psmfzn",
            "parent_id": "xwkqpk",
            "path": "/v1/flight",
            "path_part": "flight",
            "rest_api_id": "n3ex1fhmv6"
          },
          "sensitive_attributes": [],
          "private": "bnVsbA==",
          "dependencies": [
            "module.category-module.aws_api_gateway_resource.v1",
            "module.category-module.aws_api_gateway_rest_api.ftb_terraform"
          ],
          "create_before_destroy": true
        }
      ]
    },
    {
      "module": "module.category-module",
      "mode": "managed",
      "type": "aws_api_gateway_resource",
      "name": "get_booking",
      "provider": "provider[\"registry.terraform.io/hashicorp/aws\"]",
      "instances": [
        {
          "schema_version": 0,
          "attributes": {
            "id": "cg0y8q",
            "parent_id": "psmfzn",
            "path": "/v1/flight/get-booking",
            "path_part": "get-booking",
            "rest_api_id": "n3ex1fhmv6"
          },
          "sensitive_attributes": [],
          "private": "bnVsbA==",
          "dependencies": [
            "module.category-module.aws_api_gateway_resource.flight_booking",
            "module.category-module.aws_api_gateway_resource.v1",
            "module.category-module.aws_api_gateway_rest_api.ftb_terraform"
          ],
          "create_before_destroy": true
        }
      ]
    },
    {
      "module": "module.category-module",
      "mode": "managed",
      "type": "aws_api_gateway_resource",
      "name": "get_flight",
      "provider": "provider[\"registry.terraform.io/hashicorp/aws\"]",
      "instances": [
        {
          "schema_version": 0,
          "attributes": {
            "id": "sjvwtp",
            "parent_id": "psmfzn",
            "path": "/v1/flight/get-flight",
            "path_part": "get-flight",
            "rest_api_id": "n3ex1fhmv6"
          },
          "sensitive_attributes": [],
          "private": "bnVsbA==",
          "dependencies": [
            "module.category-module.aws_api_gateway_resource.flight_booking",
            "module.category-module.aws_api_gateway_resource.v1",
            "module.category-module.aws_api_gateway_rest_api.ftb_terraform"
          ],
          "create_before_destroy": true
        }
      ]
    },
    {
      "module": "module.category-module",
      "mode": "managed",
      "type": "aws_api_gateway_resource",
      "name": "user",
      "provider": "provider[\"registry.terraform.io/hashicorp/aws\"]",
      "instances": [
        {
          "schema_version": 0,
          "attributes": {
            "id": "fy5p5l",
            "parent_id": "psmfzn",
            "path": "/v1/flight/user",
            "path_part": "user",
            "rest_api_id": "n3ex1fhmv6"
          },
          "sensitive_attributes": [],
          "private": "bnVsbA==",
          "dependencies": [
            "module.category-module.aws_api_gateway_resource.flight_booking",
            "module.category-module.aws_api_gateway_resource.v1",
            "module.category-module.aws_api_gateway_rest_api.ftb_terraform"
          ],
          "create_before_destroy": true
        }
      ]
    },
    {
      "module": "module.category-module",
      "mode": "managed",
      "type": "aws_api_gateway_resource",
      "name": "v1",
      "provider": "provider[\"registry.terraform.io/hashicorp/aws\"]",
      "instances": [
        {
          "schema_version": 0,
          "attributes": {
            "id": "xwkqpk",
            "parent_id": "exqs2mwuya",
            "path": "/v1",
            "path_part": "v1",
            "rest_api_id": "n3ex1fhmv6"
          },
          "sensitive_attributes": [],
          "private": "bnVsbA==",
          "dependencies": [
            "module.category-module.aws_api_gateway_rest_api.ftb_terraform"
          ],
          "create_before_destroy": true
        }
      ]
    },
    {
      "module": "module.category-module",
      "mode": "managed",
      "type": "aws_api_gateway_rest_api",
      "name": "ftb_terraform",
      "provider": "provider[\"registry.terraform.io/hashicorp/aws\"]",
      "instances": [
        {
          "schema_version": 0,
          "attributes": {
            "api_key_source": "HEADER",
            "arn": "arn:aws:apigateway:ap-southeast-1::/restapis/n3ex1fhmv6",
            "binary_media_types": [],
            "body": null,
            "created_date": "2023-07-11T17:20:24Z",
            "description": "flight_ticket_booking",
            "disable_execute_api_endpoint": false,
            "endpoint_configuration": [
              {
                "types": [
                  "REGIONAL"
                ],
                "vpc_endpoint_ids": []
              }
            ],
            "execution_arn": "arn:aws:execute-api:ap-southeast-1:774416584173:n3ex1fhmv6",
            "fail_on_warnings": null,
            "id": "n3ex1fhmv6",
            "minimum_compression_size": "",
            "name": "flight_ticket_booking_system",
            "parameters": null,
            "policy": "",
            "put_rest_api_mode": null,
            "root_resource_id": "exqs2mwuya",
            "tags": {
              "Author": "Bhavya Sree",
              "Project": "flight_ticket_booking"
            },
            "tags_all": {
              "Author": "Bhavya Sree",
              "Project": "flight_ticket_booking"
            }
          },
          "sensitive_attributes": [],
          "private": "bnVsbA==",
          "create_before_destroy": true
        }
      ]
    },
    {
      "module": "module.category-module",
      "mode": "managed",
      "type": "aws_api_gateway_stage",
      "name": "ftb_stage",
      "provider": "provider[\"registry.terraform.io/hashicorp/aws\"]",
      "instances": [
        {
          "schema_version": 0,
          "attributes": {
            "access_log_settings": [],
            "arn": "arn:aws:apigateway:ap-southeast-1::/restapis/n3ex1fhmv6/stages/Development",
            "cache_cluster_enabled": false,
            "cache_cluster_size": "",
            "canary_settings": [],
            "client_certificate_id": "",
            "deployment_id": "ec27ag",
            "description": "",
            "documentation_version": "",
            "execution_arn": "arn:aws:execute-api:ap-southeast-1:774416584173:n3ex1fhmv6/Development",
            "id": "ags-n3ex1fhmv6-Development",
            "invoke_url": "https://n3ex1fhmv6.execute-api.ap-southeast-1.amazonaws.com/Development",
            "rest_api_id": "n3ex1fhmv6",
            "stage_name": "Development",
            "tags": {},
            "tags_all": {},
            "variables": {},
            "web_acl_arn": "",
            "xray_tracing_enabled": false
          },
          "sensitive_attributes": [],
          "private": "bnVsbA==",
          "dependencies": [
            "module.category-module.aws_api_gateway_authorizer.authorizer_resource",
            "module.category-module.aws_api_gateway_deployment.ftb_deployment",
            "module.category-module.aws_api_gateway_integration.integration_get_booking",
            "module.category-module.aws_api_gateway_integration.integration_get_flight",
            "module.category-module.aws_api_gateway_integration.integration_post_book-ticket",
            "module.category-module.aws_api_gateway_integration.integration_post_user",
            "module.category-module.aws_api_gateway_method.book-ticket_method",
            "module.category-module.aws_api_gateway_method.get_booking_method",
            "module.category-module.aws_api_gateway_method.get_flight_method",
            "module.category-module.aws_api_gateway_method.user_method",
            "module.category-module.aws_api_gateway_request_validator.book-ticket_validator",
            "module.category-module.aws_api_gateway_request_validator.get_booking_validator",
            "module.category-module.aws_api_gateway_request_validator.get_flight_validator",
            "module.category-module.aws_api_gateway_request_validator.user_validator",
            "module.category-module.aws_api_gateway_resource.book-ticket",
            "module.category-module.aws_api_gateway_resource.flight_booking",
            "module.category-module.aws_api_gateway_resource.get_booking",
            "module.category-module.aws_api_gateway_resource.get_flight",
            "module.category-module.aws_api_gateway_resource.user",
            "module.category-module.aws_api_gateway_resource.v1",
            "module.category-module.aws_api_gateway_rest_api.ftb_terraform",
            "module.category-module.aws_lambda_function.authorizer_lambda",
            "module.category-module.aws_lambda_function.lambda_get_booking",
            "module.category-module.aws_lambda_function.lambda_get_flight",
            "module.category-module.aws_lambda_function.lambda_post_book-ticket",
            "module.category-module.aws_lambda_function.lambda_post_user",
            "module.category-module.data.aws_iam_role.academy_lambda_access",
            "module.category-module.module.authorizer-zip.aws_cloudwatch_log_group.lambda",
            "module.category-module.module.authorizer-zip.aws_iam_policy.additional_inline",
            "module.category-module.module.authorizer-zip.aws_iam_policy.additional_json",
            "module.category-module.module.authorizer-zip.aws_iam_policy.additional_jsons",
            "module.category-module.module.authorizer-zip.aws_iam_policy.async",
            "module.category-module.module.authorizer-zip.aws_iam_policy.dead_letter",
            "module.category-module.module.authorizer-zip.aws_iam_policy.logs",
            "module.category-module.module.authorizer-zip.aws_iam_policy.tracing",
            "module.category-module.module.authorizer-zip.aws_iam_policy.vpc",
            "module.category-module.module.authorizer-zip.aws_iam_policy_attachment.additional_inline",
            "module.category-module.module.authorizer-zip.aws_iam_policy_attachment.additional_json",
            "module.category-module.module.authorizer-zip.aws_iam_policy_attachment.additional_jsons",
            "module.category-module.module.authorizer-zip.aws_iam_policy_attachment.async",
            "module.category-module.module.authorizer-zip.aws_iam_policy_attachment.dead_letter",
            "module.category-module.module.authorizer-zip.aws_iam_policy_attachment.logs",
            "module.category-module.module.authorizer-zip.aws_iam_policy_attachment.tracing",
            "module.category-module.module.authorizer-zip.aws_iam_policy_attachment.vpc",
            "module.category-module.module.authorizer-zip.aws_iam_role.lambda",
            "module.category-module.module.authorizer-zip.aws_iam_role_policy_attachment.additional_many",
            "module.category-module.module.authorizer-zip.aws_iam_role_policy_attachment.additional_one",
            "module.category-module.module.authorizer-zip.aws_lambda_event_source_mapping.this",
            "module.category-module.module.authorizer-zip.aws_lambda_function.this",
            "module.category-module.module.authorizer-zip.aws_lambda_function_event_invoke_config.this",
            "module.category-module.module.authorizer-zip.aws_lambda_layer_version.this",
            "module.category-module.module.authorizer-zip.aws_lambda_permission.current_version_triggers",
            "module.category-module.module.authorizer-zip.aws_lambda_permission.unqualified_alias_triggers",
            "module.category-module.module.authorizer-zip.aws_lambda_provisioned_concurrency_config.current_version",
            "module.category-module.module.authorizer-zip.aws_s3_bucket_object.lambda_package",
            "module.category-module.module.authorizer-zip.data.aws_arn.log_group_arn",
            "module.category-module.module.authorizer-zip.data.aws_cloudwatch_log_group.lambda",
            "module.category-module.module.authorizer-zip.data.aws_iam_policy.tracing",
            "module.category-module.module.authorizer-zip.data.aws_iam_policy.vpc",
            "module.category-module.module.authorizer-zip.data.aws_iam_policy_document.additional_inline",
            "module.category-module.module.authorizer-zip.data.aws_iam_policy_document.assume_role",
            "module.category-module.module.authorizer-zip.data.aws_iam_policy_document.async",
            "module.category-module.module.authorizer-zip.data.aws_iam_policy_document.dead_letter",
            "module.category-module.module.authorizer-zip.data.aws_iam_policy_document.logs",
            "module.category-module.module.authorizer-zip.data.external.archive_prepare",
            "module.category-module.module.authorizer-zip.local_file.archive_plan",
            "module.category-module.module.authorizer-zip.null_resource.archive",
            "module.category-module.module.lambda_layer.aws_lambda_layer_version.this",
            "module.category-module.module.lambda_layer.aws_s3_bucket_object.lambda_package",
            "module.category-module.module.lambda_layer.data.external.archive_prepare",
            "module.category-module.module.lambda_layer.local_file.archive_plan",
            "module.category-module.module.lambda_layer.null_resource.archive",
            "module.category-module.module.zip_get_booking.aws_cloudwatch_log_group.lambda",
            "module.category-module.module.zip_get_booking.aws_iam_policy.additional_inline",
            "module.category-module.module.zip_get_booking.aws_iam_policy.additional_json",
            "module.category-module.module.zip_get_booking.aws_iam_policy.additional_jsons",
            "module.category-module.module.zip_get_booking.aws_iam_policy.async",
            "module.category-module.module.zip_get_booking.aws_iam_policy.dead_letter",
            "module.category-module.module.zip_get_booking.aws_iam_policy.logs",
            "module.category-module.module.zip_get_booking.aws_iam_policy.tracing",
            "module.category-module.module.zip_get_booking.aws_iam_policy.vpc",
            "module.category-module.module.zip_get_booking.aws_iam_policy_attachment.additional_inline",
            "module.category-module.module.zip_get_booking.aws_iam_policy_attachment.additional_json",
            "module.category-module.module.zip_get_booking.aws_iam_policy_attachment.additional_jsons",
            "module.category-module.module.zip_get_booking.aws_iam_policy_attachment.async",
            "module.category-module.module.zip_get_booking.aws_iam_policy_attachment.dead_letter",
            "module.category-module.module.zip_get_booking.aws_iam_policy_attachment.logs",
            "module.category-module.module.zip_get_booking.aws_iam_policy_attachment.tracing",
            "module.category-module.module.zip_get_booking.aws_iam_policy_attachment.vpc",
            "module.category-module.module.zip_get_booking.aws_iam_role.lambda",
            "module.category-module.module.zip_get_booking.aws_iam_role_policy_attachment.additional_many",
            "module.category-module.module.zip_get_booking.aws_iam_role_policy_attachment.additional_one",
            "module.category-module.module.zip_get_booking.aws_lambda_event_source_mapping.this",
            "module.category-module.module.zip_get_booking.aws_lambda_function.this",
            "module.category-module.module.zip_get_booking.aws_lambda_function_event_invoke_config.this",
            "module.category-module.module.zip_get_booking.aws_lambda_layer_version.this",
            "module.category-module.module.zip_get_booking.aws_lambda_permission.current_version_triggers",
            "module.category-module.module.zip_get_booking.aws_lambda_permission.unqualified_alias_triggers",
            "module.category-module.module.zip_get_booking.aws_lambda_provisioned_concurrency_config.current_version",
            "module.category-module.module.zip_get_booking.aws_s3_bucket_object.lambda_package",
            "module.category-module.module.zip_get_booking.data.aws_arn.log_group_arn",
            "module.category-module.module.zip_get_booking.data.aws_cloudwatch_log_group.lambda",
            "module.category-module.module.zip_get_booking.data.aws_iam_policy.tracing",
            "module.category-module.module.zip_get_booking.data.aws_iam_policy.vpc",
            "module.category-module.module.zip_get_booking.data.aws_iam_policy_document.additional_inline",
            "module.category-module.module.zip_get_booking.data.aws_iam_policy_document.assume_role",
            "module.category-module.module.zip_get_booking.data.aws_iam_policy_document.async",
            "module.category-module.module.zip_get_booking.data.aws_iam_policy_document.dead_letter",
            "module.category-module.module.zip_get_booking.data.aws_iam_policy_document.logs",
            "module.category-module.module.zip_get_booking.data.external.archive_prepare",
            "module.category-module.module.zip_get_booking.local_file.archive_plan",
            "module.category-module.module.zip_get_booking.null_resource.archive",
            "module.category-module.module.zip_get_flight.aws_cloudwatch_log_group.lambda",
            "module.category-module.module.zip_get_flight.aws_iam_policy.additional_inline",
            "module.category-module.module.zip_get_flight.aws_iam_policy.additional_json",
            "module.category-module.module.zip_get_flight.aws_iam_policy.additional_jsons",
            "module.category-module.module.zip_get_flight.aws_iam_policy.async",
            "module.category-module.module.zip_get_flight.aws_iam_policy.dead_letter",
            "module.category-module.module.zip_get_flight.aws_iam_policy.logs",
            "module.category-module.module.zip_get_flight.aws_iam_policy.tracing",
            "module.category-module.module.zip_get_flight.aws_iam_policy.vpc",
            "module.category-module.module.zip_get_flight.aws_iam_policy_attachment.additional_inline",
            "module.category-module.module.zip_get_flight.aws_iam_policy_attachment.additional_json",
            "module.category-module.module.zip_get_flight.aws_iam_policy_attachment.additional_jsons",
            "module.category-module.module.zip_get_flight.aws_iam_policy_attachment.async",
            "module.category-module.module.zip_get_flight.aws_iam_policy_attachment.dead_letter",
            "module.category-module.module.zip_get_flight.aws_iam_policy_attachment.logs",
            "module.category-module.module.zip_get_flight.aws_iam_policy_attachment.tracing",
            "module.category-module.module.zip_get_flight.aws_iam_policy_attachment.vpc",
            "module.category-module.module.zip_get_flight.aws_iam_role.lambda",
            "module.category-module.module.zip_get_flight.aws_iam_role_policy_attachment.additional_many",
            "module.category-module.module.zip_get_flight.aws_iam_role_policy_attachment.additional_one",
            "module.category-module.module.zip_get_flight.aws_lambda_event_source_mapping.this",
            "module.category-module.module.zip_get_flight.aws_lambda_function.this",
            "module.category-module.module.zip_get_flight.aws_lambda_function_event_invoke_config.this",
            "module.category-module.module.zip_get_flight.aws_lambda_layer_version.this",
            "module.category-module.module.zip_get_flight.aws_lambda_permission.current_version_triggers",
            "module.category-module.module.zip_get_flight.aws_lambda_permission.unqualified_alias_triggers",
            "module.category-module.module.zip_get_flight.aws_lambda_provisioned_concurrency_config.current_version",
            "module.category-module.module.zip_get_flight.aws_s3_bucket_object.lambda_package",
            "module.category-module.module.zip_get_flight.data.aws_arn.log_group_arn",
            "module.category-module.module.zip_get_flight.data.aws_cloudwatch_log_group.lambda",
            "module.category-module.module.zip_get_flight.data.aws_iam_policy.tracing",
            "module.category-module.module.zip_get_flight.data.aws_iam_policy.vpc",
            "module.category-module.module.zip_get_flight.data.aws_iam_policy_document.additional_inline",
            "module.category-module.module.zip_get_flight.data.aws_iam_policy_document.assume_role",
            "module.category-module.module.zip_get_flight.data.aws_iam_policy_document.async",
            "module.category-module.module.zip_get_flight.data.aws_iam_policy_document.dead_letter",
            "module.category-module.module.zip_get_flight.data.aws_iam_policy_document.logs",
            "module.category-module.module.zip_get_flight.data.external.archive_prepare",
            "module.category-module.module.zip_get_flight.local_file.archive_plan",
            "module.category-module.module.zip_get_flight.null_resource.archive",
            "module.category-module.module.zip_post_book-ticket_mv.aws_cloudwatch_log_group.lambda",
            "module.category-module.module.zip_post_book-ticket_mv.aws_iam_policy.additional_inline",
            "module.category-module.module.zip_post_book-ticket_mv.aws_iam_policy.additional_json",
            "module.category-module.module.zip_post_book-ticket_mv.aws_iam_policy.additional_jsons",
            "module.category-module.module.zip_post_book-ticket_mv.aws_iam_policy.async",
            "module.category-module.module.zip_post_book-ticket_mv.aws_iam_policy.dead_letter",
            "module.category-module.module.zip_post_book-ticket_mv.aws_iam_policy.logs",
            "module.category-module.module.zip_post_book-ticket_mv.aws_iam_policy.tracing",
            "module.category-module.module.zip_post_book-ticket_mv.aws_iam_policy.vpc",
            "module.category-module.module.zip_post_book-ticket_mv.aws_iam_policy_attachment.additional_inline",
            "module.category-module.module.zip_post_book-ticket_mv.aws_iam_policy_attachment.additional_json",
            "module.category-module.module.zip_post_book-ticket_mv.aws_iam_policy_attachment.additional_jsons",
            "module.category-module.module.zip_post_book-ticket_mv.aws_iam_policy_attachment.async",
            "module.category-module.module.zip_post_book-ticket_mv.aws_iam_policy_attachment.dead_letter",
            "module.category-module.module.zip_post_book-ticket_mv.aws_iam_policy_attachment.logs",
            "module.category-module.module.zip_post_book-ticket_mv.aws_iam_policy_attachment.tracing",
            "module.category-module.module.zip_post_book-ticket_mv.aws_iam_policy_attachment.vpc",
            "module.category-module.module.zip_post_book-ticket_mv.aws_iam_role.lambda",
            "module.category-module.module.zip_post_book-ticket_mv.aws_iam_role_policy_attachment.additional_many",
            "module.category-module.module.zip_post_book-ticket_mv.aws_iam_role_policy_attachment.additional_one",
            "module.category-module.module.zip_post_book-ticket_mv.aws_lambda_event_source_mapping.this",
            "module.category-module.module.zip_post_book-ticket_mv.aws_lambda_function.this",
            "module.category-module.module.zip_post_book-ticket_mv.aws_lambda_function_event_invoke_config.this",
            "module.category-module.module.zip_post_book-ticket_mv.aws_lambda_layer_version.this",
            "module.category-module.module.zip_post_book-ticket_mv.aws_lambda_permission.current_version_triggers",
            "module.category-module.module.zip_post_book-ticket_mv.aws_lambda_permission.unqualified_alias_triggers",
            "module.category-module.module.zip_post_book-ticket_mv.aws_lambda_provisioned_concurrency_config.current_version",
            "module.category-module.module.zip_post_book-ticket_mv.aws_s3_bucket_object.lambda_package",
            "module.category-module.module.zip_post_book-ticket_mv.data.aws_arn.log_group_arn",
            "module.category-module.module.zip_post_book-ticket_mv.data.aws_cloudwatch_log_group.lambda",
            "module.category-module.module.zip_post_book-ticket_mv.data.aws_iam_policy.tracing",
            "module.category-module.module.zip_post_book-ticket_mv.data.aws_iam_policy.vpc",
            "module.category-module.module.zip_post_book-ticket_mv.data.aws_iam_policy_document.additional_inline",
            "module.category-module.module.zip_post_book-ticket_mv.data.aws_iam_policy_document.assume_role",
            "module.category-module.module.zip_post_book-ticket_mv.data.aws_iam_policy_document.async",
            "module.category-module.module.zip_post_book-ticket_mv.data.aws_iam_policy_document.dead_letter",
            "module.category-module.module.zip_post_book-ticket_mv.data.aws_iam_policy_document.logs",
            "module.category-module.module.zip_post_book-ticket_mv.data.external.archive_prepare",
            "module.category-module.module.zip_post_book-ticket_mv.local_file.archive_plan",
            "module.category-module.module.zip_post_book-ticket_mv.null_resource.archive",
            "module.category-module.module.zip_post_user_mv.aws_cloudwatch_log_group.lambda",
            "module.category-module.module.zip_post_user_mv.aws_iam_policy.additional_inline",
            "module.category-module.module.zip_post_user_mv.aws_iam_policy.additional_json",
            "module.category-module.module.zip_post_user_mv.aws_iam_policy.additional_jsons",
            "module.category-module.module.zip_post_user_mv.aws_iam_policy.async",
            "module.category-module.module.zip_post_user_mv.aws_iam_policy.dead_letter",
            "module.category-module.module.zip_post_user_mv.aws_iam_policy.logs",
            "module.category-module.module.zip_post_user_mv.aws_iam_policy.tracing",
            "module.category-module.module.zip_post_user_mv.aws_iam_policy.vpc",
            "module.category-module.module.zip_post_user_mv.aws_iam_policy_attachment.additional_inline",
            "module.category-module.module.zip_post_user_mv.aws_iam_policy_attachment.additional_json",
            "module.category-module.module.zip_post_user_mv.aws_iam_policy_attachment.additional_jsons",
            "module.category-module.module.zip_post_user_mv.aws_iam_policy_attachment.async",
            "module.category-module.module.zip_post_user_mv.aws_iam_policy_attachment.dead_letter",
            "module.category-module.module.zip_post_user_mv.aws_iam_policy_attachment.logs",
            "module.category-module.module.zip_post_user_mv.aws_iam_policy_attachment.tracing",
            "module.category-module.module.zip_post_user_mv.aws_iam_policy_attachment.vpc",
            "module.category-module.module.zip_post_user_mv.aws_iam_role.lambda",
            "module.category-module.module.zip_post_user_mv.aws_iam_role_policy_attachment.additional_many",
            "module.category-module.module.zip_post_user_mv.aws_iam_role_policy_attachment.additional_one",
            "module.category-module.module.zip_post_user_mv.aws_lambda_event_source_mapping.this",
            "module.category-module.module.zip_post_user_mv.aws_lambda_function.this",
            "module.category-module.module.zip_post_user_mv.aws_lambda_function_event_invoke_config.this",
            "module.category-module.module.zip_post_user_mv.aws_lambda_layer_version.this",
            "module.category-module.module.zip_post_user_mv.aws_lambda_permission.current_version_triggers",
            "module.category-module.module.zip_post_user_mv.aws_lambda_permission.unqualified_alias_triggers",
            "module.category-module.module.zip_post_user_mv.aws_lambda_provisioned_concurrency_config.current_version",
            "module.category-module.module.zip_post_user_mv.aws_s3_bucket_object.lambda_package",
            "module.category-module.module.zip_post_user_mv.data.aws_arn.log_group_arn",
            "module.category-module.module.zip_post_user_mv.data.aws_cloudwatch_log_group.lambda",
            "module.category-module.module.zip_post_user_mv.data.aws_iam_policy.tracing",
            "module.category-module.module.zip_post_user_mv.data.aws_iam_policy.vpc",
            "module.category-module.module.zip_post_user_mv.data.aws_iam_policy_document.additional_inline",
            "module.category-module.module.zip_post_user_mv.data.aws_iam_policy_document.assume_role",
            "module.category-module.module.zip_post_user_mv.data.aws_iam_policy_document.async",
            "module.category-module.module.zip_post_user_mv.data.aws_iam_policy_document.dead_letter",
            "module.category-module.module.zip_post_user_mv.data.aws_iam_policy_document.logs",
            "module.category-module.module.zip_post_user_mv.data.external.archive_prepare",
            "module.category-module.module.zip_post_user_mv.local_file.archive_plan",
            "module.category-module.module.zip_post_user_mv.null_resource.archive"
          ]
        }
      ]
    },
    {
      "module": "module.category-module",
      "mode": "managed",
      "type": "aws_api_gateway_usage_plan",
      "name": "ftbusageplan",
      "provider": "provider[\"registry.terraform.io/hashicorp/aws\"]",
      "instances": [
        {
          "schema_version": 0,
          "attributes": {
            "api_stages": [
              {
                "api_id": "n3ex1fhmv6",
                "stage": "Development",
                "throttle": []
              }
            ],
            "arn": "arn:aws:apigateway:ap-southeast-1::/usageplans/lxsaen",
            "description": "",
            "id": "lxsaen",
            "name": "my_usage_plan_ftb",
            "product_code": "",
            "quota_settings": [],
            "tags": {},
            "tags_all": {},
            "throttle_settings": []
          },
          "sensitive_attributes": [],
          "private": "bnVsbA==",
          "dependencies": [
            "module.category-module.aws_api_gateway_authorizer.authorizer_resource",
            "module.category-module.aws_api_gateway_deployment.ftb_deployment",
            "module.category-module.aws_api_gateway_integration.integration_get_booking",
            "module.category-module.aws_api_gateway_integration.integration_get_flight",
            "module.category-module.aws_api_gateway_integration.integration_post_book-ticket",
            "module.category-module.aws_api_gateway_integration.integration_post_user",
            "module.category-module.aws_api_gateway_method.book-ticket_method",
            "module.category-module.aws_api_gateway_method.get_booking_method",
            "module.category-module.aws_api_gateway_method.get_flight_method",
            "module.category-module.aws_api_gateway_method.user_method",
            "module.category-module.aws_api_gateway_request_validator.book-ticket_validator",
            "module.category-module.aws_api_gateway_request_validator.get_booking_validator",
            "module.category-module.aws_api_gateway_request_validator.get_flight_validator",
            "module.category-module.aws_api_gateway_request_validator.user_validator",
            "module.category-module.aws_api_gateway_resource.book-ticket",
            "module.category-module.aws_api_gateway_resource.flight_booking",
            "module.category-module.aws_api_gateway_resource.get_booking",
            "module.category-module.aws_api_gateway_resource.get_flight",
            "module.category-module.aws_api_gateway_resource.user",
            "module.category-module.aws_api_gateway_resource.v1",
            "module.category-module.aws_api_gateway_rest_api.ftb_terraform",
            "module.category-module.aws_api_gateway_stage.ftb_stage",
            "module.category-module.aws_lambda_function.authorizer_lambda",
            "module.category-module.aws_lambda_function.lambda_get_booking",
            "module.category-module.aws_lambda_function.lambda_get_flight",
            "module.category-module.aws_lambda_function.lambda_post_book-ticket",
            "module.category-module.aws_lambda_function.lambda_post_user",
            "module.category-module.data.aws_iam_role.academy_lambda_access",
            "module.category-module.module.authorizer-zip.aws_cloudwatch_log_group.lambda",
            "module.category-module.module.authorizer-zip.aws_iam_policy.additional_inline",
            "module.category-module.module.authorizer-zip.aws_iam_policy.additional_json",
            "module.category-module.module.authorizer-zip.aws_iam_policy.additional_jsons",
            "module.category-module.module.authorizer-zip.aws_iam_policy.async",
            "module.category-module.module.authorizer-zip.aws_iam_policy.dead_letter",
            "module.category-module.module.authorizer-zip.aws_iam_policy.logs",
            "module.category-module.module.authorizer-zip.aws_iam_policy.tracing",
            "module.category-module.module.authorizer-zip.aws_iam_policy.vpc",
            "module.category-module.module.authorizer-zip.aws_iam_policy_attachment.additional_inline",
            "module.category-module.module.authorizer-zip.aws_iam_policy_attachment.additional_json",
            "module.category-module.module.authorizer-zip.aws_iam_policy_attachment.additional_jsons",
            "module.category-module.module.authorizer-zip.aws_iam_policy_attachment.async",
            "module.category-module.module.authorizer-zip.aws_iam_policy_attachment.dead_letter",
            "module.category-module.module.authorizer-zip.aws_iam_policy_attachment.logs",
            "module.category-module.module.authorizer-zip.aws_iam_policy_attachment.tracing",
            "module.category-module.module.authorizer-zip.aws_iam_policy_attachment.vpc",
            "module.category-module.module.authorizer-zip.aws_iam_role.lambda",
            "module.category-module.module.authorizer-zip.aws_iam_role_policy_attachment.additional_many",
            "module.category-module.module.authorizer-zip.aws_iam_role_policy_attachment.additional_one",
            "module.category-module.module.authorizer-zip.aws_lambda_event_source_mapping.this",
            "module.category-module.module.authorizer-zip.aws_lambda_function.this",
            "module.category-module.module.authorizer-zip.aws_lambda_function_event_invoke_config.this",
            "module.category-module.module.authorizer-zip.aws_lambda_layer_version.this",
            "module.category-module.module.authorizer-zip.aws_lambda_permission.current_version_triggers",
            "module.category-module.module.authorizer-zip.aws_lambda_permission.unqualified_alias_triggers",
            "module.category-module.module.authorizer-zip.aws_lambda_provisioned_concurrency_config.current_version",
            "module.category-module.module.authorizer-zip.aws_s3_bucket_object.lambda_package",
            "module.category-module.module.authorizer-zip.data.aws_arn.log_group_arn",
            "module.category-module.module.authorizer-zip.data.aws_cloudwatch_log_group.lambda",
            "module.category-module.module.authorizer-zip.data.aws_iam_policy.tracing",
            "module.category-module.module.authorizer-zip.data.aws_iam_policy.vpc",
            "module.category-module.module.authorizer-zip.data.aws_iam_policy_document.additional_inline",
            "module.category-module.module.authorizer-zip.data.aws_iam_policy_document.assume_role",
            "module.category-module.module.authorizer-zip.data.aws_iam_policy_document.async",
            "module.category-module.module.authorizer-zip.data.aws_iam_policy_document.dead_letter",
            "module.category-module.module.authorizer-zip.data.aws_iam_policy_document.logs",
            "module.category-module.module.authorizer-zip.data.external.archive_prepare",
            "module.category-module.module.authorizer-zip.local_file.archive_plan",
            "module.category-module.module.authorizer-zip.null_resource.archive",
            "module.category-module.module.lambda_layer.aws_lambda_layer_version.this",
            "module.category-module.module.lambda_layer.aws_s3_bucket_object.lambda_package",
            "module.category-module.module.lambda_layer.data.external.archive_prepare",
            "module.category-module.module.lambda_layer.local_file.archive_plan",
            "module.category-module.module.lambda_layer.null_resource.archive",
            "module.category-module.module.zip_get_booking.aws_cloudwatch_log_group.lambda",
            "module.category-module.module.zip_get_booking.aws_iam_policy.additional_inline",
            "module.category-module.module.zip_get_booking.aws_iam_policy.additional_json",
            "module.category-module.module.zip_get_booking.aws_iam_policy.additional_jsons",
            "module.category-module.module.zip_get_booking.aws_iam_policy.async",
            "module.category-module.module.zip_get_booking.aws_iam_policy.dead_letter",
            "module.category-module.module.zip_get_booking.aws_iam_policy.logs",
            "module.category-module.module.zip_get_booking.aws_iam_policy.tracing",
            "module.category-module.module.zip_get_booking.aws_iam_policy.vpc",
            "module.category-module.module.zip_get_booking.aws_iam_policy_attachment.additional_inline",
            "module.category-module.module.zip_get_booking.aws_iam_policy_attachment.additional_json",
            "module.category-module.module.zip_get_booking.aws_iam_policy_attachment.additional_jsons",
            "module.category-module.module.zip_get_booking.aws_iam_policy_attachment.async",
            "module.category-module.module.zip_get_booking.aws_iam_policy_attachment.dead_letter",
            "module.category-module.module.zip_get_booking.aws_iam_policy_attachment.logs",
            "module.category-module.module.zip_get_booking.aws_iam_policy_attachment.tracing",
            "module.category-module.module.zip_get_booking.aws_iam_policy_attachment.vpc",
            "module.category-module.module.zip_get_booking.aws_iam_role.lambda",
            "module.category-module.module.zip_get_booking.aws_iam_role_policy_attachment.additional_many",
            "module.category-module.module.zip_get_booking.aws_iam_role_policy_attachment.additional_one",
            "module.category-module.module.zip_get_booking.aws_lambda_event_source_mapping.this",
            "module.category-module.module.zip_get_booking.aws_lambda_function.this",
            "module.category-module.module.zip_get_booking.aws_lambda_function_event_invoke_config.this",
            "module.category-module.module.zip_get_booking.aws_lambda_layer_version.this",
            "module.category-module.module.zip_get_booking.aws_lambda_permission.current_version_triggers",
            "module.category-module.module.zip_get_booking.aws_lambda_permission.unqualified_alias_triggers",
            "module.category-module.module.zip_get_booking.aws_lambda_provisioned_concurrency_config.current_version",
            "module.category-module.module.zip_get_booking.aws_s3_bucket_object.lambda_package",
            "module.category-module.module.zip_get_booking.data.aws_arn.log_group_arn",
            "module.category-module.module.zip_get_booking.data.aws_cloudwatch_log_group.lambda",
            "module.category-module.module.zip_get_booking.data.aws_iam_policy.tracing",
            "module.category-module.module.zip_get_booking.data.aws_iam_policy.vpc",
            "module.category-module.module.zip_get_booking.data.aws_iam_policy_document.additional_inline",
            "module.category-module.module.zip_get_booking.data.aws_iam_policy_document.assume_role",
            "module.category-module.module.zip_get_booking.data.aws_iam_policy_document.async",
            "module.category-module.module.zip_get_booking.data.aws_iam_policy_document.dead_letter",
            "module.category-module.module.zip_get_booking.data.aws_iam_policy_document.logs",
            "module.category-module.module.zip_get_booking.data.external.archive_prepare",
            "module.category-module.module.zip_get_booking.local_file.archive_plan",
            "module.category-module.module.zip_get_booking.null_resource.archive",
            "module.category-module.module.zip_get_flight.aws_cloudwatch_log_group.lambda",
            "module.category-module.module.zip_get_flight.aws_iam_policy.additional_inline",
            "module.category-module.module.zip_get_flight.aws_iam_policy.additional_json",
            "module.category-module.module.zip_get_flight.aws_iam_policy.additional_jsons",
            "module.category-module.module.zip_get_flight.aws_iam_policy.async",
            "module.category-module.module.zip_get_flight.aws_iam_policy.dead_letter",
            "module.category-module.module.zip_get_flight.aws_iam_policy.logs",
            "module.category-module.module.zip_get_flight.aws_iam_policy.tracing",
            "module.category-module.module.zip_get_flight.aws_iam_policy.vpc",
            "module.category-module.module.zip_get_flight.aws_iam_policy_attachment.additional_inline",
            "module.category-module.module.zip_get_flight.aws_iam_policy_attachment.additional_json",
            "module.category-module.module.zip_get_flight.aws_iam_policy_attachment.additional_jsons",
            "module.category-module.module.zip_get_flight.aws_iam_policy_attachment.async",
            "module.category-module.module.zip_get_flight.aws_iam_policy_attachment.dead_letter",
            "module.category-module.module.zip_get_flight.aws_iam_policy_attachment.logs",
            "module.category-module.module.zip_get_flight.aws_iam_policy_attachment.tracing",
            "module.category-module.module.zip_get_flight.aws_iam_policy_attachment.vpc",
            "module.category-module.module.zip_get_flight.aws_iam_role.lambda",
            "module.category-module.module.zip_get_flight.aws_iam_role_policy_attachment.additional_many",
            "module.category-module.module.zip_get_flight.aws_iam_role_policy_attachment.additional_one",
            "module.category-module.module.zip_get_flight.aws_lambda_event_source_mapping.this",
            "module.category-module.module.zip_get_flight.aws_lambda_function.this",
            "module.category-module.module.zip_get_flight.aws_lambda_function_event_invoke_config.this",
            "module.category-module.module.zip_get_flight.aws_lambda_layer_version.this",
            "module.category-module.module.zip_get_flight.aws_lambda_permission.current_version_triggers",
            "module.category-module.module.zip_get_flight.aws_lambda_permission.unqualified_alias_triggers",
            "module.category-module.module.zip_get_flight.aws_lambda_provisioned_concurrency_config.current_version",
            "module.category-module.module.zip_get_flight.aws_s3_bucket_object.lambda_package",
            "module.category-module.module.zip_get_flight.data.aws_arn.log_group_arn",
            "module.category-module.module.zip_get_flight.data.aws_cloudwatch_log_group.lambda",
            "module.category-module.module.zip_get_flight.data.aws_iam_policy.tracing",
            "module.category-module.module.zip_get_flight.data.aws_iam_policy.vpc",
            "module.category-module.module.zip_get_flight.data.aws_iam_policy_document.additional_inline",
            "module.category-module.module.zip_get_flight.data.aws_iam_policy_document.assume_role",
            "module.category-module.module.zip_get_flight.data.aws_iam_policy_document.async",
            "module.category-module.module.zip_get_flight.data.aws_iam_policy_document.dead_letter",
            "module.category-module.module.zip_get_flight.data.aws_iam_policy_document.logs",
            "module.category-module.module.zip_get_flight.data.external.archive_prepare",
            "module.category-module.module.zip_get_flight.local_file.archive_plan",
            "module.category-module.module.zip_get_flight.null_resource.archive",
            "module.category-module.module.zip_post_book-ticket_mv.aws_cloudwatch_log_group.lambda",
            "module.category-module.module.zip_post_book-ticket_mv.aws_iam_policy.additional_inline",
            "module.category-module.module.zip_post_book-ticket_mv.aws_iam_policy.additional_json",
            "module.category-module.module.zip_post_book-ticket_mv.aws_iam_policy.additional_jsons",
            "module.category-module.module.zip_post_book-ticket_mv.aws_iam_policy.async",
            "module.category-module.module.zip_post_book-ticket_mv.aws_iam_policy.dead_letter",
            "module.category-module.module.zip_post_book-ticket_mv.aws_iam_policy.logs",
            "module.category-module.module.zip_post_book-ticket_mv.aws_iam_policy.tracing",
            "module.category-module.module.zip_post_book-ticket_mv.aws_iam_policy.vpc",
            "module.category-module.module.zip_post_book-ticket_mv.aws_iam_policy_attachment.additional_inline",
            "module.category-module.module.zip_post_book-ticket_mv.aws_iam_policy_attachment.additional_json",
            "module.category-module.module.zip_post_book-ticket_mv.aws_iam_policy_attachment.additional_jsons",
            "module.category-module.module.zip_post_book-ticket_mv.aws_iam_policy_attachment.async",
            "module.category-module.module.zip_post_book-ticket_mv.aws_iam_policy_attachment.dead_letter",
            "module.category-module.module.zip_post_book-ticket_mv.aws_iam_policy_attachment.logs",
            "module.category-module.module.zip_post_book-ticket_mv.aws_iam_policy_attachment.tracing",
            "module.category-module.module.zip_post_book-ticket_mv.aws_iam_policy_attachment.vpc",
            "module.category-module.module.zip_post_book-ticket_mv.aws_iam_role.lambda",
            "module.category-module.module.zip_post_book-ticket_mv.aws_iam_role_policy_attachment.additional_many",
            "module.category-module.module.zip_post_book-ticket_mv.aws_iam_role_policy_attachment.additional_one",
            "module.category-module.module.zip_post_book-ticket_mv.aws_lambda_event_source_mapping.this",
            "module.category-module.module.zip_post_book-ticket_mv.aws_lambda_function.this",
            "module.category-module.module.zip_post_book-ticket_mv.aws_lambda_function_event_invoke_config.this",
            "module.category-module.module.zip_post_book-ticket_mv.aws_lambda_layer_version.this",
            "module.category-module.module.zip_post_book-ticket_mv.aws_lambda_permission.current_version_triggers",
            "module.category-module.module.zip_post_book-ticket_mv.aws_lambda_permission.unqualified_alias_triggers",
            "module.category-module.module.zip_post_book-ticket_mv.aws_lambda_provisioned_concurrency_config.current_version",
            "module.category-module.module.zip_post_book-ticket_mv.aws_s3_bucket_object.lambda_package",
            "module.category-module.module.zip_post_book-ticket_mv.data.aws_arn.log_group_arn",
            "module.category-module.module.zip_post_book-ticket_mv.data.aws_cloudwatch_log_group.lambda",
            "module.category-module.module.zip_post_book-ticket_mv.data.aws_iam_policy.tracing",
            "module.category-module.module.zip_post_book-ticket_mv.data.aws_iam_policy.vpc",
            "module.category-module.module.zip_post_book-ticket_mv.data.aws_iam_policy_document.additional_inline",
            "module.category-module.module.zip_post_book-ticket_mv.data.aws_iam_policy_document.assume_role",
            "module.category-module.module.zip_post_book-ticket_mv.data.aws_iam_policy_document.async",
            "module.category-module.module.zip_post_book-ticket_mv.data.aws_iam_policy_document.dead_letter",
            "module.category-module.module.zip_post_book-ticket_mv.data.aws_iam_policy_document.logs",
            "module.category-module.module.zip_post_book-ticket_mv.data.external.archive_prepare",
            "module.category-module.module.zip_post_book-ticket_mv.local_file.archive_plan",
            "module.category-module.module.zip_post_book-ticket_mv.null_resource.archive",
            "module.category-module.module.zip_post_user_mv.aws_cloudwatch_log_group.lambda",
            "module.category-module.module.zip_post_user_mv.aws_iam_policy.additional_inline",
            "module.category-module.module.zip_post_user_mv.aws_iam_policy.additional_json",
            "module.category-module.module.zip_post_user_mv.aws_iam_policy.additional_jsons",
            "module.category-module.module.zip_post_user_mv.aws_iam_policy.async",
            "module.category-module.module.zip_post_user_mv.aws_iam_policy.dead_letter",
            "module.category-module.module.zip_post_user_mv.aws_iam_policy.logs",
            "module.category-module.module.zip_post_user_mv.aws_iam_policy.tracing",
            "module.category-module.module.zip_post_user_mv.aws_iam_policy.vpc",
            "module.category-module.module.zip_post_user_mv.aws_iam_policy_attachment.additional_inline",
            "module.category-module.module.zip_post_user_mv.aws_iam_policy_attachment.additional_json",
            "module.category-module.module.zip_post_user_mv.aws_iam_policy_attachment.additional_jsons",
            "module.category-module.module.zip_post_user_mv.aws_iam_policy_attachment.async",
            "module.category-module.module.zip_post_user_mv.aws_iam_policy_attachment.dead_letter",
            "module.category-module.module.zip_post_user_mv.aws_iam_policy_attachment.logs",
            "module.category-module.module.zip_post_user_mv.aws_iam_policy_attachment.tracing",
            "module.category-module.module.zip_post_user_mv.aws_iam_policy_attachment.vpc",
            "module.category-module.module.zip_post_user_mv.aws_iam_role.lambda",
            "module.category-module.module.zip_post_user_mv.aws_iam_role_policy_attachment.additional_many",
            "module.category-module.module.zip_post_user_mv.aws_iam_role_policy_attachment.additional_one",
            "module.category-module.module.zip_post_user_mv.aws_lambda_event_source_mapping.this",
            "module.category-module.module.zip_post_user_mv.aws_lambda_function.this",
            "module.category-module.module.zip_post_user_mv.aws_lambda_function_event_invoke_config.this",
            "module.category-module.module.zip_post_user_mv.aws_lambda_layer_version.this",
            "module.category-module.module.zip_post_user_mv.aws_lambda_permission.current_version_triggers",
            "module.category-module.module.zip_post_user_mv.aws_lambda_permission.unqualified_alias_triggers",
            "module.category-module.module.zip_post_user_mv.aws_lambda_provisioned_concurrency_config.current_version",
            "module.category-module.module.zip_post_user_mv.aws_s3_bucket_object.lambda_package",
            "module.category-module.module.zip_post_user_mv.data.aws_arn.log_group_arn",
            "module.category-module.module.zip_post_user_mv.data.aws_cloudwatch_log_group.lambda",
            "module.category-module.module.zip_post_user_mv.data.aws_iam_policy.tracing",
            "module.category-module.module.zip_post_user_mv.data.aws_iam_policy.vpc",
            "module.category-module.module.zip_post_user_mv.data.aws_iam_policy_document.additional_inline",
            "module.category-module.module.zip_post_user_mv.data.aws_iam_policy_document.assume_role",
            "module.category-module.module.zip_post_user_mv.data.aws_iam_policy_document.async",
            "module.category-module.module.zip_post_user_mv.data.aws_iam_policy_document.dead_letter",
            "module.category-module.module.zip_post_user_mv.data.aws_iam_policy_document.logs",
            "module.category-module.module.zip_post_user_mv.data.external.archive_prepare",
            "module.category-module.module.zip_post_user_mv.local_file.archive_plan",
            "module.category-module.module.zip_post_user_mv.null_resource.archive"
          ]
        }
      ]
    },
    {
      "module": "module.category-module",
      "mode": "managed",
      "type": "aws_api_gateway_usage_plan_key",
      "name": "main",
      "provider": "provider[\"registry.terraform.io/hashicorp/aws\"]",
      "instances": [
        {
          "schema_version": 0,
          "attributes": {
            "id": "1bv7hf8jw2",
            "key_id": "1bv7hf8jw2",
            "key_type": "API_KEY",
            "name": "x-api-key-ftb",
            "usage_plan_id": "lxsaen",
            "value": "k4lEuluBzw3Rj0rHyvlKK3ytqkm4ysXgF7ZBs4yh"
          },
          "sensitive_attributes": [],
          "private": "bnVsbA==",
          "dependencies": [
            "module.category-module.aws_api_gateway_api_key.api-key-ftb",
            "module.category-module.aws_api_gateway_authorizer.authorizer_resource",
            "module.category-module.aws_api_gateway_deployment.ftb_deployment",
            "module.category-module.aws_api_gateway_integration.integration_get_booking",
            "module.category-module.aws_api_gateway_integration.integration_get_flight",
            "module.category-module.aws_api_gateway_integration.integration_post_book-ticket",
            "module.category-module.aws_api_gateway_integration.integration_post_user",
            "module.category-module.aws_api_gateway_method.book-ticket_method",
            "module.category-module.aws_api_gateway_method.get_booking_method",
            "module.category-module.aws_api_gateway_method.get_flight_method",
            "module.category-module.aws_api_gateway_method.user_method",
            "module.category-module.aws_api_gateway_request_validator.book-ticket_validator",
            "module.category-module.aws_api_gateway_request_validator.get_booking_validator",
            "module.category-module.aws_api_gateway_request_validator.get_flight_validator",
            "module.category-module.aws_api_gateway_request_validator.user_validator",
            "module.category-module.aws_api_gateway_resource.book-ticket",
            "module.category-module.aws_api_gateway_resource.flight_booking",
            "module.category-module.aws_api_gateway_resource.get_booking",
            "module.category-module.aws_api_gateway_resource.get_flight",
            "module.category-module.aws_api_gateway_resource.user",
            "module.category-module.aws_api_gateway_resource.v1",
            "module.category-module.aws_api_gateway_rest_api.ftb_terraform",
            "module.category-module.aws_api_gateway_stage.ftb_stage",
            "module.category-module.aws_api_gateway_usage_plan.ftbusageplan",
            "module.category-module.aws_lambda_function.authorizer_lambda",
            "module.category-module.aws_lambda_function.lambda_get_booking",
            "module.category-module.aws_lambda_function.lambda_get_flight",
            "module.category-module.aws_lambda_function.lambda_post_book-ticket",
            "module.category-module.aws_lambda_function.lambda_post_user",
            "module.category-module.data.aws_iam_role.academy_lambda_access",
            "module.category-module.module.authorizer-zip.aws_cloudwatch_log_group.lambda",
            "module.category-module.module.authorizer-zip.aws_iam_policy.additional_inline",
            "module.category-module.module.authorizer-zip.aws_iam_policy.additional_json",
            "module.category-module.module.authorizer-zip.aws_iam_policy.additional_jsons",
            "module.category-module.module.authorizer-zip.aws_iam_policy.async",
            "module.category-module.module.authorizer-zip.aws_iam_policy.dead_letter",
            "module.category-module.module.authorizer-zip.aws_iam_policy.logs",
            "module.category-module.module.authorizer-zip.aws_iam_policy.tracing",
            "module.category-module.module.authorizer-zip.aws_iam_policy.vpc",
            "module.category-module.module.authorizer-zip.aws_iam_policy_attachment.additional_inline",
            "module.category-module.module.authorizer-zip.aws_iam_policy_attachment.additional_json",
            "module.category-module.module.authorizer-zip.aws_iam_policy_attachment.additional_jsons",
            "module.category-module.module.authorizer-zip.aws_iam_policy_attachment.async",
            "module.category-module.module.authorizer-zip.aws_iam_policy_attachment.dead_letter",
            "module.category-module.module.authorizer-zip.aws_iam_policy_attachment.logs",
            "module.category-module.module.authorizer-zip.aws_iam_policy_attachment.tracing",
            "module.category-module.module.authorizer-zip.aws_iam_policy_attachment.vpc",
            "module.category-module.module.authorizer-zip.aws_iam_role.lambda",
            "module.category-module.module.authorizer-zip.aws_iam_role_policy_attachment.additional_many",
            "module.category-module.module.authorizer-zip.aws_iam_role_policy_attachment.additional_one",
            "module.category-module.module.authorizer-zip.aws_lambda_event_source_mapping.this",
            "module.category-module.module.authorizer-zip.aws_lambda_function.this",
            "module.category-module.module.authorizer-zip.aws_lambda_function_event_invoke_config.this",
            "module.category-module.module.authorizer-zip.aws_lambda_layer_version.this",
            "module.category-module.module.authorizer-zip.aws_lambda_permission.current_version_triggers",
            "module.category-module.module.authorizer-zip.aws_lambda_permission.unqualified_alias_triggers",
            "module.category-module.module.authorizer-zip.aws_lambda_provisioned_concurrency_config.current_version",
            "module.category-module.module.authorizer-zip.aws_s3_bucket_object.lambda_package",
            "module.category-module.module.authorizer-zip.data.aws_arn.log_group_arn",
            "module.category-module.module.authorizer-zip.data.aws_cloudwatch_log_group.lambda",
            "module.category-module.module.authorizer-zip.data.aws_iam_policy.tracing",
            "module.category-module.module.authorizer-zip.data.aws_iam_policy.vpc",
            "module.category-module.module.authorizer-zip.data.aws_iam_policy_document.additional_inline",
            "module.category-module.module.authorizer-zip.data.aws_iam_policy_document.assume_role",
            "module.category-module.module.authorizer-zip.data.aws_iam_policy_document.async",
            "module.category-module.module.authorizer-zip.data.aws_iam_policy_document.dead_letter",
            "module.category-module.module.authorizer-zip.data.aws_iam_policy_document.logs",
            "module.category-module.module.authorizer-zip.data.external.archive_prepare",
            "module.category-module.module.authorizer-zip.local_file.archive_plan",
            "module.category-module.module.authorizer-zip.null_resource.archive",
            "module.category-module.module.lambda_layer.aws_lambda_layer_version.this",
            "module.category-module.module.lambda_layer.aws_s3_bucket_object.lambda_package",
            "module.category-module.module.lambda_layer.data.external.archive_prepare",
            "module.category-module.module.lambda_layer.local_file.archive_plan",
            "module.category-module.module.lambda_layer.null_resource.archive",
            "module.category-module.module.zip_get_booking.aws_cloudwatch_log_group.lambda",
            "module.category-module.module.zip_get_booking.aws_iam_policy.additional_inline",
            "module.category-module.module.zip_get_booking.aws_iam_policy.additional_json",
            "module.category-module.module.zip_get_booking.aws_iam_policy.additional_jsons",
            "module.category-module.module.zip_get_booking.aws_iam_policy.async",
            "module.category-module.module.zip_get_booking.aws_iam_policy.dead_letter",
            "module.category-module.module.zip_get_booking.aws_iam_policy.logs",
            "module.category-module.module.zip_get_booking.aws_iam_policy.tracing",
            "module.category-module.module.zip_get_booking.aws_iam_policy.vpc",
            "module.category-module.module.zip_get_booking.aws_iam_policy_attachment.additional_inline",
            "module.category-module.module.zip_get_booking.aws_iam_policy_attachment.additional_json",
            "module.category-module.module.zip_get_booking.aws_iam_policy_attachment.additional_jsons",
            "module.category-module.module.zip_get_booking.aws_iam_policy_attachment.async",
            "module.category-module.module.zip_get_booking.aws_iam_policy_attachment.dead_letter",
            "module.category-module.module.zip_get_booking.aws_iam_policy_attachment.logs",
            "module.category-module.module.zip_get_booking.aws_iam_policy_attachment.tracing",
            "module.category-module.module.zip_get_booking.aws_iam_policy_attachment.vpc",
            "module.category-module.module.zip_get_booking.aws_iam_role.lambda",
            "module.category-module.module.zip_get_booking.aws_iam_role_policy_attachment.additional_many",
            "module.category-module.module.zip_get_booking.aws_iam_role_policy_attachment.additional_one",
            "module.category-module.module.zip_get_booking.aws_lambda_event_source_mapping.this",
            "module.category-module.module.zip_get_booking.aws_lambda_function.this",
            "module.category-module.module.zip_get_booking.aws_lambda_function_event_invoke_config.this",
            "module.category-module.module.zip_get_booking.aws_lambda_layer_version.this",
            "module.category-module.module.zip_get_booking.aws_lambda_permission.current_version_triggers",
            "module.category-module.module.zip_get_booking.aws_lambda_permission.unqualified_alias_triggers",
            "module.category-module.module.zip_get_booking.aws_lambda_provisioned_concurrency_config.current_version",
            "module.category-module.module.zip_get_booking.aws_s3_bucket_object.lambda_package",
            "module.category-module.module.zip_get_booking.data.aws_arn.log_group_arn",
            "module.category-module.module.zip_get_booking.data.aws_cloudwatch_log_group.lambda",
            "module.category-module.module.zip_get_booking.data.aws_iam_policy.tracing",
            "module.category-module.module.zip_get_booking.data.aws_iam_policy.vpc",
            "module.category-module.module.zip_get_booking.data.aws_iam_policy_document.additional_inline",
            "module.category-module.module.zip_get_booking.data.aws_iam_policy_document.assume_role",
            "module.category-module.module.zip_get_booking.data.aws_iam_policy_document.async",
            "module.category-module.module.zip_get_booking.data.aws_iam_policy_document.dead_letter",
            "module.category-module.module.zip_get_booking.data.aws_iam_policy_document.logs",
            "module.category-module.module.zip_get_booking.data.external.archive_prepare",
            "module.category-module.module.zip_get_booking.local_file.archive_plan",
            "module.category-module.module.zip_get_booking.null_resource.archive",
            "module.category-module.module.zip_get_flight.aws_cloudwatch_log_group.lambda",
            "module.category-module.module.zip_get_flight.aws_iam_policy.additional_inline",
            "module.category-module.module.zip_get_flight.aws_iam_policy.additional_json",
            "module.category-module.module.zip_get_flight.aws_iam_policy.additional_jsons",
            "module.category-module.module.zip_get_flight.aws_iam_policy.async",
            "module.category-module.module.zip_get_flight.aws_iam_policy.dead_letter",
            "module.category-module.module.zip_get_flight.aws_iam_policy.logs",
            "module.category-module.module.zip_get_flight.aws_iam_policy.tracing",
            "module.category-module.module.zip_get_flight.aws_iam_policy.vpc",
            "module.category-module.module.zip_get_flight.aws_iam_policy_attachment.additional_inline",
            "module.category-module.module.zip_get_flight.aws_iam_policy_attachment.additional_json",
            "module.category-module.module.zip_get_flight.aws_iam_policy_attachment.additional_jsons",
            "module.category-module.module.zip_get_flight.aws_iam_policy_attachment.async",
            "module.category-module.module.zip_get_flight.aws_iam_policy_attachment.dead_letter",
            "module.category-module.module.zip_get_flight.aws_iam_policy_attachment.logs",
            "module.category-module.module.zip_get_flight.aws_iam_policy_attachment.tracing",
            "module.category-module.module.zip_get_flight.aws_iam_policy_attachment.vpc",
            "module.category-module.module.zip_get_flight.aws_iam_role.lambda",
            "module.category-module.module.zip_get_flight.aws_iam_role_policy_attachment.additional_many",
            "module.category-module.module.zip_get_flight.aws_iam_role_policy_attachment.additional_one",
            "module.category-module.module.zip_get_flight.aws_lambda_event_source_mapping.this",
            "module.category-module.module.zip_get_flight.aws_lambda_function.this",
            "module.category-module.module.zip_get_flight.aws_lambda_function_event_invoke_config.this",
            "module.category-module.module.zip_get_flight.aws_lambda_layer_version.this",
            "module.category-module.module.zip_get_flight.aws_lambda_permission.current_version_triggers",
            "module.category-module.module.zip_get_flight.aws_lambda_permission.unqualified_alias_triggers",
            "module.category-module.module.zip_get_flight.aws_lambda_provisioned_concurrency_config.current_version",
            "module.category-module.module.zip_get_flight.aws_s3_bucket_object.lambda_package",
            "module.category-module.module.zip_get_flight.data.aws_arn.log_group_arn",
            "module.category-module.module.zip_get_flight.data.aws_cloudwatch_log_group.lambda",
            "module.category-module.module.zip_get_flight.data.aws_iam_policy.tracing",
            "module.category-module.module.zip_get_flight.data.aws_iam_policy.vpc",
            "module.category-module.module.zip_get_flight.data.aws_iam_policy_document.additional_inline",
            "module.category-module.module.zip_get_flight.data.aws_iam_policy_document.assume_role",
            "module.category-module.module.zip_get_flight.data.aws_iam_policy_document.async",
            "module.category-module.module.zip_get_flight.data.aws_iam_policy_document.dead_letter",
            "module.category-module.module.zip_get_flight.data.aws_iam_policy_document.logs",
            "module.category-module.module.zip_get_flight.data.external.archive_prepare",
            "module.category-module.module.zip_get_flight.local_file.archive_plan",
            "module.category-module.module.zip_get_flight.null_resource.archive",
            "module.category-module.module.zip_post_book-ticket_mv.aws_cloudwatch_log_group.lambda",
            "module.category-module.module.zip_post_book-ticket_mv.aws_iam_policy.additional_inline",
            "module.category-module.module.zip_post_book-ticket_mv.aws_iam_policy.additional_json",
            "module.category-module.module.zip_post_book-ticket_mv.aws_iam_policy.additional_jsons",
            "module.category-module.module.zip_post_book-ticket_mv.aws_iam_policy.async",
            "module.category-module.module.zip_post_book-ticket_mv.aws_iam_policy.dead_letter",
            "module.category-module.module.zip_post_book-ticket_mv.aws_iam_policy.logs",
            "module.category-module.module.zip_post_book-ticket_mv.aws_iam_policy.tracing",
            "module.category-module.module.zip_post_book-ticket_mv.aws_iam_policy.vpc",
            "module.category-module.module.zip_post_book-ticket_mv.aws_iam_policy_attachment.additional_inline",
            "module.category-module.module.zip_post_book-ticket_mv.aws_iam_policy_attachment.additional_json",
            "module.category-module.module.zip_post_book-ticket_mv.aws_iam_policy_attachment.additional_jsons",
            "module.category-module.module.zip_post_book-ticket_mv.aws_iam_policy_attachment.async",
            "module.category-module.module.zip_post_book-ticket_mv.aws_iam_policy_attachment.dead_letter",
            "module.category-module.module.zip_post_book-ticket_mv.aws_iam_policy_attachment.logs",
            "module.category-module.module.zip_post_book-ticket_mv.aws_iam_policy_attachment.tracing",
            "module.category-module.module.zip_post_book-ticket_mv.aws_iam_policy_attachment.vpc",
            "module.category-module.module.zip_post_book-ticket_mv.aws_iam_role.lambda",
            "module.category-module.module.zip_post_book-ticket_mv.aws_iam_role_policy_attachment.additional_many",
            "module.category-module.module.zip_post_book-ticket_mv.aws_iam_role_policy_attachment.additional_one",
            "module.category-module.module.zip_post_book-ticket_mv.aws_lambda_event_source_mapping.this",
            "module.category-module.module.zip_post_book-ticket_mv.aws_lambda_function.this",
            "module.category-module.module.zip_post_book-ticket_mv.aws_lambda_function_event_invoke_config.this",
            "module.category-module.module.zip_post_book-ticket_mv.aws_lambda_layer_version.this",
            "module.category-module.module.zip_post_book-ticket_mv.aws_lambda_permission.current_version_triggers",
            "module.category-module.module.zip_post_book-ticket_mv.aws_lambda_permission.unqualified_alias_triggers",
            "module.category-module.module.zip_post_book-ticket_mv.aws_lambda_provisioned_concurrency_config.current_version",
            "module.category-module.module.zip_post_book-ticket_mv.aws_s3_bucket_object.lambda_package",
            "module.category-module.module.zip_post_book-ticket_mv.data.aws_arn.log_group_arn",
            "module.category-module.module.zip_post_book-ticket_mv.data.aws_cloudwatch_log_group.lambda",
            "module.category-module.module.zip_post_book-ticket_mv.data.aws_iam_policy.tracing",
            "module.category-module.module.zip_post_book-ticket_mv.data.aws_iam_policy.vpc",
            "module.category-module.module.zip_post_book-ticket_mv.data.aws_iam_policy_document.additional_inline",
            "module.category-module.module.zip_post_book-ticket_mv.data.aws_iam_policy_document.assume_role",
            "module.category-module.module.zip_post_book-ticket_mv.data.aws_iam_policy_document.async",
            "module.category-module.module.zip_post_book-ticket_mv.data.aws_iam_policy_document.dead_letter",
            "module.category-module.module.zip_post_book-ticket_mv.data.aws_iam_policy_document.logs",
            "module.category-module.module.zip_post_book-ticket_mv.data.external.archive_prepare",
            "module.category-module.module.zip_post_book-ticket_mv.local_file.archive_plan",
            "module.category-module.module.zip_post_book-ticket_mv.null_resource.archive",
            "module.category-module.module.zip_post_user_mv.aws_cloudwatch_log_group.lambda",
            "module.category-module.module.zip_post_user_mv.aws_iam_policy.additional_inline",
            "module.category-module.module.zip_post_user_mv.aws_iam_policy.additional_json",
            "module.category-module.module.zip_post_user_mv.aws_iam_policy.additional_jsons",
            "module.category-module.module.zip_post_user_mv.aws_iam_policy.async",
            "module.category-module.module.zip_post_user_mv.aws_iam_policy.dead_letter",
            "module.category-module.module.zip_post_user_mv.aws_iam_policy.logs",
            "module.category-module.module.zip_post_user_mv.aws_iam_policy.tracing",
            "module.category-module.module.zip_post_user_mv.aws_iam_policy.vpc",
            "module.category-module.module.zip_post_user_mv.aws_iam_policy_attachment.additional_inline",
            "module.category-module.module.zip_post_user_mv.aws_iam_policy_attachment.additional_json",
            "module.category-module.module.zip_post_user_mv.aws_iam_policy_attachment.additional_jsons",
            "module.category-module.module.zip_post_user_mv.aws_iam_policy_attachment.async",
            "module.category-module.module.zip_post_user_mv.aws_iam_policy_attachment.dead_letter",
            "module.category-module.module.zip_post_user_mv.aws_iam_policy_attachment.logs",
            "module.category-module.module.zip_post_user_mv.aws_iam_policy_attachment.tracing",
            "module.category-module.module.zip_post_user_mv.aws_iam_policy_attachment.vpc",
            "module.category-module.module.zip_post_user_mv.aws_iam_role.lambda",
            "module.category-module.module.zip_post_user_mv.aws_iam_role_policy_attachment.additional_many",
            "module.category-module.module.zip_post_user_mv.aws_iam_role_policy_attachment.additional_one",
            "module.category-module.module.zip_post_user_mv.aws_lambda_event_source_mapping.this",
            "module.category-module.module.zip_post_user_mv.aws_lambda_function.this",
            "module.category-module.module.zip_post_user_mv.aws_lambda_function_event_invoke_config.this",
            "module.category-module.module.zip_post_user_mv.aws_lambda_layer_version.this",
            "module.category-module.module.zip_post_user_mv.aws_lambda_permission.current_version_triggers",
            "module.category-module.module.zip_post_user_mv.aws_lambda_permission.unqualified_alias_triggers",
            "module.category-module.module.zip_post_user_mv.aws_lambda_provisioned_concurrency_config.current_version",
            "module.category-module.module.zip_post_user_mv.aws_s3_bucket_object.lambda_package",
            "module.category-module.module.zip_post_user_mv.data.aws_arn.log_group_arn",
            "module.category-module.module.zip_post_user_mv.data.aws_cloudwatch_log_group.lambda",
            "module.category-module.module.zip_post_user_mv.data.aws_iam_policy.tracing",
            "module.category-module.module.zip_post_user_mv.data.aws_iam_policy.vpc",
            "module.category-module.module.zip_post_user_mv.data.aws_iam_policy_document.additional_inline",
            "module.category-module.module.zip_post_user_mv.data.aws_iam_policy_document.assume_role",
            "module.category-module.module.zip_post_user_mv.data.aws_iam_policy_document.async",
            "module.category-module.module.zip_post_user_mv.data.aws_iam_policy_document.dead_letter",
            "module.category-module.module.zip_post_user_mv.data.aws_iam_policy_document.logs",
            "module.category-module.module.zip_post_user_mv.data.external.archive_prepare",
            "module.category-module.module.zip_post_user_mv.local_file.archive_plan",
            "module.category-module.module.zip_post_user_mv.null_resource.archive"
          ]
        }
      ]
    },
    {
      "module": "module.category-module",
      "mode": "managed",
      "type": "aws_cloudwatch_log_group",
      "name": "lambda",
      "provider": "provider[\"registry.terraform.io/hashicorp/aws\"]",
      "instances": [
        {
          "index_key": 0,
          "schema_version": 0,
          "attributes": {
            "arn": "arn:aws:logs:ap-southeast-1:774416584173:log-group:/aws/lambda/",
            "id": "/aws/lambda/",
            "kms_key_id": "",
            "name": "/aws/lambda/",
            "name_prefix": "",
            "retention_in_days": 0,
            "skip_destroy": false,
            "tags": {},
            "tags_all": {}
          },
          "sensitive_attributes": [],
          "private": "bnVsbA=="
        }
      ]
    },
    {
      "module": "module.category-module",
      "mode": "managed",
      "type": "aws_lambda_function",
      "name": "authorizer_lambda",
      "provider": "provider[\"registry.terraform.io/hashicorp/aws\"]",
      "instances": [
        {
          "schema_version": 0,
          "attributes": {
            "architectures": [
              "x86_64"
            ],
            "arn": "arn:aws:lambda:ap-southeast-1:774416584173:function:api_gateway_authorizer_ftb",
            "code_signing_config_arn": "",
            "dead_letter_config": [],
            "description": "",
            "environment": [
              {
                "variables": {
                  "database": "lms_project",
                  "host": "database-1.ciqzf7t3wqt1.ap-southeast-1.rds.amazonaws.com",
                  "password": "Vaibhav2002",
                  "port": "5432",
                  "schema": "flight",
                  "timeout": "15",
                  "user": "postgres"
                }
              }
            ],
            "ephemeral_storage": [
              {
                "size": 512
              }
            ],
            "file_system_config": [],
            "filename": null,
            "function_name": "api_gateway_authorizer_ftb",
            "handler": "authorizer.lambda_handler",
            "id": "api_gateway_authorizer_ftb",
            "image_config": [],
            "image_uri": "",
            "invoke_arn": "arn:aws:apigateway:ap-southeast-1:lambda:path/2015-03-31/functions/arn:aws:lambda:ap-southeast-1:774416584173:function:api_gateway_authorizer_ftb/invocations",
            "kms_key_arn": "",
            "last_modified": "2023-07-12T15:51:39.000+0000",
            "layers": [
              "arn:aws:lambda:ap-southeast-1:774416584173:layer:packages:50"
            ],
            "memory_size": 256,
            "package_type": "Zip",
            "publish": false,
            "qualified_arn": "arn:aws:lambda:ap-southeast-1:774416584173:function:api_gateway_authorizer_ftb:$LATEST",
            "qualified_invoke_arn": "arn:aws:apigateway:ap-southeast-1:lambda:path/2015-03-31/functions/arn:aws:lambda:ap-southeast-1:774416584173:function:api_gateway_authorizer_ftb:$LATEST/invocations",
            "replace_security_groups_on_destroy": null,
            "replacement_security_group_ids": null,
            "reserved_concurrent_executions": -1,
            "role": "arn:aws:iam::774416584173:role/academy_lambda_access",
            "runtime": "python3.9",
            "s3_bucket": "my-usage-bucket",
            "s3_key": "s3_folders/authorizer\\85c2c805fc91ee7865173b4368420ca523024f14db30539646a7e6f8d71f0dd0.zip",
            "s3_object_version": null,
            "signing_job_arn": "",
            "signing_profile_version_arn": "",
            "skip_destroy": false,
            "snap_start": [],
            "source_code_hash": "aFBptQM3MuEZpyeebPv5SOCXuyzwucvgxPinVXo5oAk=",
            "source_code_size": 8015,
            "tags": {
              "OWNER": "Bhavya Sree",
              "PROJECT": "flight_ticket_booking",
              "REGION_NAME": "ap-southeast-1",
              "RUN-TIME": "Pyhton-3.9"
            },
            "tags_all": {
              "OWNER": "Bhavya Sree",
              "PROJECT": "flight_ticket_booking",
              "REGION_NAME": "ap-southeast-1",
              "RUN-TIME": "Pyhton-3.9"
            },
            "timeout": 30,
            "timeouts": null,
            "tracing_config": [
              {
                "mode": "PassThrough"
              }
            ],
            "version": "$LATEST",
            "vpc_config": [
              {
                "security_group_ids": [
                  "sg-043a40ff9a620d749"
                ],
                "subnet_ids": [
                  "subnet-0011517e161c530f3",
                  "subnet-025c93f40fbf7e093",
                  "subnet-0ff2919169d4d48d7"
                ],
                "vpc_id": "vpc-0ba04361cf430982d"
              }
            ]
          },
          "sensitive_attributes": [],
          "private": "eyJlMmJmYjczMC1lY2FhLTExZTYtOGY4OC0zNDM2M2JjN2M0YzAiOnsiY3JlYXRlIjo2MDAwMDAwMDAwMDAsImRlbGV0ZSI6NjAwMDAwMDAwMDAwLCJ1cGRhdGUiOjYwMDAwMDAwMDAwMH19",
          "dependencies": [
            "module.category-module.data.aws_iam_role.academy_lambda_access",
            "module.category-module.module.authorizer-zip.aws_cloudwatch_log_group.lambda",
            "module.category-module.module.authorizer-zip.aws_iam_policy.additional_inline",
            "module.category-module.module.authorizer-zip.aws_iam_policy.additional_json",
            "module.category-module.module.authorizer-zip.aws_iam_policy.additional_jsons",
            "module.category-module.module.authorizer-zip.aws_iam_policy.async",
            "module.category-module.module.authorizer-zip.aws_iam_policy.dead_letter",
            "module.category-module.module.authorizer-zip.aws_iam_policy.logs",
            "module.category-module.module.authorizer-zip.aws_iam_policy.tracing",
            "module.category-module.module.authorizer-zip.aws_iam_policy.vpc",
            "module.category-module.module.authorizer-zip.aws_iam_policy_attachment.additional_inline",
            "module.category-module.module.authorizer-zip.aws_iam_policy_attachment.additional_json",
            "module.category-module.module.authorizer-zip.aws_iam_policy_attachment.additional_jsons",
            "module.category-module.module.authorizer-zip.aws_iam_policy_attachment.async",
            "module.category-module.module.authorizer-zip.aws_iam_policy_attachment.dead_letter",
            "module.category-module.module.authorizer-zip.aws_iam_policy_attachment.logs",
            "module.category-module.module.authorizer-zip.aws_iam_policy_attachment.tracing",
            "module.category-module.module.authorizer-zip.aws_iam_policy_attachment.vpc",
            "module.category-module.module.authorizer-zip.aws_iam_role.lambda",
            "module.category-module.module.authorizer-zip.aws_iam_role_policy_attachment.additional_many",
            "module.category-module.module.authorizer-zip.aws_iam_role_policy_attachment.additional_one",
            "module.category-module.module.authorizer-zip.aws_lambda_event_source_mapping.this",
            "module.category-module.module.authorizer-zip.aws_lambda_function.this",
            "module.category-module.module.authorizer-zip.aws_lambda_function_event_invoke_config.this",
            "module.category-module.module.authorizer-zip.aws_lambda_layer_version.this",
            "module.category-module.module.authorizer-zip.aws_lambda_permission.current_version_triggers",
            "module.category-module.module.authorizer-zip.aws_lambda_permission.unqualified_alias_triggers",
            "module.category-module.module.authorizer-zip.aws_lambda_provisioned_concurrency_config.current_version",
            "module.category-module.module.authorizer-zip.aws_s3_bucket_object.lambda_package",
            "module.category-module.module.authorizer-zip.data.aws_arn.log_group_arn",
            "module.category-module.module.authorizer-zip.data.aws_cloudwatch_log_group.lambda",
            "module.category-module.module.authorizer-zip.data.aws_iam_policy.tracing",
            "module.category-module.module.authorizer-zip.data.aws_iam_policy.vpc",
            "module.category-module.module.authorizer-zip.data.aws_iam_policy_document.additional_inline",
            "module.category-module.module.authorizer-zip.data.aws_iam_policy_document.assume_role",
            "module.category-module.module.authorizer-zip.data.aws_iam_policy_document.async",
            "module.category-module.module.authorizer-zip.data.aws_iam_policy_document.dead_letter",
            "module.category-module.module.authorizer-zip.data.aws_iam_policy_document.logs",
            "module.category-module.module.authorizer-zip.data.external.archive_prepare",
            "module.category-module.module.authorizer-zip.local_file.archive_plan",
            "module.category-module.module.authorizer-zip.null_resource.archive",
            "module.category-module.module.lambda_layer.aws_lambda_layer_version.this",
            "module.category-module.module.lambda_layer.aws_s3_bucket_object.lambda_package",
            "module.category-module.module.lambda_layer.data.external.archive_prepare",
            "module.category-module.module.lambda_layer.local_file.archive_plan",
            "module.category-module.module.lambda_layer.null_resource.archive"
          ],
          "create_before_destroy": true
        }
      ]
    },
    {
      "module": "module.category-module",
      "mode": "managed",
      "type": "aws_lambda_function",
      "name": "lambda_get_booking",
      "provider": "provider[\"registry.terraform.io/hashicorp/aws\"]",
      "instances": [
        {
          "schema_version": 0,
          "attributes": {
            "architectures": [
              "x86_64"
            ],
            "arn": "arn:aws:lambda:ap-southeast-1:774416584173:function:lambda_get_booking",
            "code_signing_config_arn": "",
            "dead_letter_config": [],
            "description": "lamda for get-booking method",
            "environment": [
              {
                "variables": {
                  "database": "lms_project",
                  "host": "database-1.ciqzf7t3wqt1.ap-southeast-1.rds.amazonaws.com",
                  "password": "Vaibhav2002",
                  "port": "5432",
                  "schema": "flight",
                  "timeout": "15",
                  "user": "postgres"
                }
              }
            ],
            "ephemeral_storage": [
              {
                "size": 512
              }
            ],
            "file_system_config": [],
            "filename": null,
            "function_name": "lambda_get_booking",
            "handler": "get_booking_details/get-booking.lambda_handler",
            "id": "lambda_get_booking",
            "image_config": [],
            "image_uri": "",
            "invoke_arn": "arn:aws:apigateway:ap-southeast-1:lambda:path/2015-03-31/functions/arn:aws:lambda:ap-southeast-1:774416584173:function:lambda_get_booking/invocations",
            "kms_key_arn": "",
            "last_modified": "2023-07-12T15:51:39.000+0000",
            "layers": [
              "arn:aws:lambda:ap-southeast-1:774416584173:layer:packages:50"
            ],
            "memory_size": 256,
            "package_type": "Zip",
            "publish": false,
            "qualified_arn": "arn:aws:lambda:ap-southeast-1:774416584173:function:lambda_get_booking:$LATEST",
            "qualified_invoke_arn": "arn:aws:apigateway:ap-southeast-1:lambda:path/2015-03-31/functions/arn:aws:lambda:ap-southeast-1:774416584173:function:lambda_get_booking:$LATEST/invocations",
            "replace_security_groups_on_destroy": null,
            "replacement_security_group_ids": null,
            "reserved_concurrent_executions": -1,
            "role": "arn:aws:iam::774416584173:role/academy_lambda_access",
            "runtime": "python3.9",
            "s3_bucket": "my-usage-bucket",
            "s3_key": "s3_files/get-booking\\dbcd0d7de7b17f25b988bbfe93d8ab9e3c1304ee6d17d0b6ea5490f14b91bc3e.zip",
            "s3_object_version": null,
            "signing_job_arn": "",
            "signing_profile_version_arn": "",
            "skip_destroy": false,
            "snap_start": [],
            "source_code_hash": "zPPTr2p4Bg7VGbIwGmpDtS8RkeUF8ELsLNage9gdrDE=",
            "source_code_size": 8144,
            "tags": {
              "OWNER": "Bhavya Sree",
              "PROJECT": "booking_ticket_booking",
              "REGION_NAME": "ap-southeast-1",
              "RUN-TIME": "Pyhton-3.9"
            },
            "tags_all": {
              "OWNER": "Bhavya Sree",
              "PROJECT": "booking_ticket_booking",
              "REGION_NAME": "ap-southeast-1",
              "RUN-TIME": "Pyhton-3.9"
            },
            "timeout": 30,
            "timeouts": null,
            "tracing_config": [
              {
                "mode": "PassThrough"
              }
            ],
            "version": "$LATEST",
            "vpc_config": [
              {
                "security_group_ids": [
                  "sg-043a40ff9a620d749"
                ],
                "subnet_ids": [
                  "subnet-0011517e161c530f3",
                  "subnet-025c93f40fbf7e093",
                  "subnet-0ff2919169d4d48d7"
                ],
                "vpc_id": "vpc-0ba04361cf430982d"
              }
            ]
          },
          "sensitive_attributes": [],
          "private": "eyJlMmJmYjczMC1lY2FhLTExZTYtOGY4OC0zNDM2M2JjN2M0YzAiOnsiY3JlYXRlIjo2MDAwMDAwMDAwMDAsImRlbGV0ZSI6NjAwMDAwMDAwMDAwLCJ1cGRhdGUiOjYwMDAwMDAwMDAwMH19",
          "dependencies": [
            "module.category-module.data.aws_iam_role.academy_lambda_access",
            "module.category-module.module.lambda_layer.aws_lambda_layer_version.this",
            "module.category-module.module.lambda_layer.aws_s3_bucket_object.lambda_package",
            "module.category-module.module.lambda_layer.data.external.archive_prepare",
            "module.category-module.module.lambda_layer.local_file.archive_plan",
            "module.category-module.module.lambda_layer.null_resource.archive",
            "module.category-module.module.zip_get_booking.aws_cloudwatch_log_group.lambda",
            "module.category-module.module.zip_get_booking.aws_iam_policy.additional_inline",
            "module.category-module.module.zip_get_booking.aws_iam_policy.additional_json",
            "module.category-module.module.zip_get_booking.aws_iam_policy.additional_jsons",
            "module.category-module.module.zip_get_booking.aws_iam_policy.async",
            "module.category-module.module.zip_get_booking.aws_iam_policy.dead_letter",
            "module.category-module.module.zip_get_booking.aws_iam_policy.logs",
            "module.category-module.module.zip_get_booking.aws_iam_policy.tracing",
            "module.category-module.module.zip_get_booking.aws_iam_policy.vpc",
            "module.category-module.module.zip_get_booking.aws_iam_policy_attachment.additional_inline",
            "module.category-module.module.zip_get_booking.aws_iam_policy_attachment.additional_json",
            "module.category-module.module.zip_get_booking.aws_iam_policy_attachment.additional_jsons",
            "module.category-module.module.zip_get_booking.aws_iam_policy_attachment.async",
            "module.category-module.module.zip_get_booking.aws_iam_policy_attachment.dead_letter",
            "module.category-module.module.zip_get_booking.aws_iam_policy_attachment.logs",
            "module.category-module.module.zip_get_booking.aws_iam_policy_attachment.tracing",
            "module.category-module.module.zip_get_booking.aws_iam_policy_attachment.vpc",
            "module.category-module.module.zip_get_booking.aws_iam_role.lambda",
            "module.category-module.module.zip_get_booking.aws_iam_role_policy_attachment.additional_many",
            "module.category-module.module.zip_get_booking.aws_iam_role_policy_attachment.additional_one",
            "module.category-module.module.zip_get_booking.aws_lambda_event_source_mapping.this",
            "module.category-module.module.zip_get_booking.aws_lambda_function.this",
            "module.category-module.module.zip_get_booking.aws_lambda_function_event_invoke_config.this",
            "module.category-module.module.zip_get_booking.aws_lambda_layer_version.this",
            "module.category-module.module.zip_get_booking.aws_lambda_permission.current_version_triggers",
            "module.category-module.module.zip_get_booking.aws_lambda_permission.unqualified_alias_triggers",
            "module.category-module.module.zip_get_booking.aws_lambda_provisioned_concurrency_config.current_version",
            "module.category-module.module.zip_get_booking.aws_s3_bucket_object.lambda_package",
            "module.category-module.module.zip_get_booking.data.aws_arn.log_group_arn",
            "module.category-module.module.zip_get_booking.data.aws_cloudwatch_log_group.lambda",
            "module.category-module.module.zip_get_booking.data.aws_iam_policy.tracing",
            "module.category-module.module.zip_get_booking.data.aws_iam_policy.vpc",
            "module.category-module.module.zip_get_booking.data.aws_iam_policy_document.additional_inline",
            "module.category-module.module.zip_get_booking.data.aws_iam_policy_document.assume_role",
            "module.category-module.module.zip_get_booking.data.aws_iam_policy_document.async",
            "module.category-module.module.zip_get_booking.data.aws_iam_policy_document.dead_letter",
            "module.category-module.module.zip_get_booking.data.aws_iam_policy_document.logs",
            "module.category-module.module.zip_get_booking.data.external.archive_prepare",
            "module.category-module.module.zip_get_booking.local_file.archive_plan",
            "module.category-module.module.zip_get_booking.null_resource.archive"
          ],
          "create_before_destroy": true
        }
      ]
    },
    {
      "module": "module.category-module",
      "mode": "managed",
      "type": "aws_lambda_function",
      "name": "lambda_get_flight",
      "provider": "provider[\"registry.terraform.io/hashicorp/aws\"]",
      "instances": [
        {
          "schema_version": 0,
          "attributes": {
            "architectures": [
              "x86_64"
            ],
            "arn": "arn:aws:lambda:ap-southeast-1:774416584173:function:lambda_get_flight",
            "code_signing_config_arn": "",
            "dead_letter_config": [],
            "description": "lamda for get-flight method",
            "environment": [
              {
                "variables": {
                  "database": "lms_project",
                  "host": "database-1.ciqzf7t3wqt1.ap-southeast-1.rds.amazonaws.com",
                  "password": "Vaibhav2002",
                  "port": "5432",
                  "schema": "flight",
                  "timeout": "15",
                  "user": "postgres"
                }
              }
            ],
            "ephemeral_storage": [
              {
                "size": 512
              }
            ],
            "file_system_config": [],
            "filename": null,
            "function_name": "lambda_get_flight",
            "handler": "get_flight_details/get-flight.lambda_handler",
            "id": "lambda_get_flight",
            "image_config": [],
            "image_uri": "",
            "invoke_arn": "arn:aws:apigateway:ap-southeast-1:lambda:path/2015-03-31/functions/arn:aws:lambda:ap-southeast-1:774416584173:function:lambda_get_flight/invocations",
            "kms_key_arn": "",
            "last_modified": "2023-07-12T15:51:39.000+0000",
            "layers": [
              "arn:aws:lambda:ap-southeast-1:774416584173:layer:packages:50"
            ],
            "memory_size": 256,
            "package_type": "Zip",
            "publish": false,
            "qualified_arn": "arn:aws:lambda:ap-southeast-1:774416584173:function:lambda_get_flight:$LATEST",
            "qualified_invoke_arn": "arn:aws:apigateway:ap-southeast-1:lambda:path/2015-03-31/functions/arn:aws:lambda:ap-southeast-1:774416584173:function:lambda_get_flight:$LATEST/invocations",
            "replace_security_groups_on_destroy": null,
            "replacement_security_group_ids": null,
            "reserved_concurrent_executions": -1,
            "role": "arn:aws:iam::774416584173:role/academy_lambda_access",
            "runtime": "python3.9",
            "s3_bucket": "my-usage-bucket",
            "s3_key": "s3_files/get-flight\\19822dd19e10afdb65b8691065911033d198b8eae426de378bae815e8d13e66b.zip",
            "s3_object_version": null,
            "signing_job_arn": "",
            "signing_profile_version_arn": "",
            "skip_destroy": false,
            "snap_start": [],
            "source_code_hash": "/1u+9h/4ADRLroP1Asn6lQrrH5O4lY7UUwd5LPpgeBg=",
            "source_code_size": 8268,
            "tags": {
              "OWNER": "Bhavya Sree",
              "PROJECT": "flight_ticket_booking",
              "REGION_NAME": "ap-southeast-1",
              "RUN-TIME": "Pyhton-3.9"
            },
            "tags_all": {
              "OWNER": "Bhavya Sree",
              "PROJECT": "flight_ticket_booking",
              "REGION_NAME": "ap-southeast-1",
              "RUN-TIME": "Pyhton-3.9"
            },
            "timeout": 30,
            "timeouts": null,
            "tracing_config": [
              {
                "mode": "PassThrough"
              }
            ],
            "version": "$LATEST",
            "vpc_config": [
              {
                "security_group_ids": [
                  "sg-043a40ff9a620d749"
                ],
                "subnet_ids": [
                  "subnet-0011517e161c530f3",
                  "subnet-025c93f40fbf7e093",
                  "subnet-0ff2919169d4d48d7"
                ],
                "vpc_id": "vpc-0ba04361cf430982d"
              }
            ]
          },
          "sensitive_attributes": [],
          "private": "eyJlMmJmYjczMC1lY2FhLTExZTYtOGY4OC0zNDM2M2JjN2M0YzAiOnsiY3JlYXRlIjo2MDAwMDAwMDAwMDAsImRlbGV0ZSI6NjAwMDAwMDAwMDAwLCJ1cGRhdGUiOjYwMDAwMDAwMDAwMH19",
          "dependencies": [
            "module.category-module.data.aws_iam_role.academy_lambda_access",
            "module.category-module.module.lambda_layer.aws_lambda_layer_version.this",
            "module.category-module.module.lambda_layer.aws_s3_bucket_object.lambda_package",
            "module.category-module.module.lambda_layer.data.external.archive_prepare",
            "module.category-module.module.lambda_layer.local_file.archive_plan",
            "module.category-module.module.lambda_layer.null_resource.archive",
            "module.category-module.module.zip_get_flight.aws_cloudwatch_log_group.lambda",
            "module.category-module.module.zip_get_flight.aws_iam_policy.additional_inline",
            "module.category-module.module.zip_get_flight.aws_iam_policy.additional_json",
            "module.category-module.module.zip_get_flight.aws_iam_policy.additional_jsons",
            "module.category-module.module.zip_get_flight.aws_iam_policy.async",
            "module.category-module.module.zip_get_flight.aws_iam_policy.dead_letter",
            "module.category-module.module.zip_get_flight.aws_iam_policy.logs",
            "module.category-module.module.zip_get_flight.aws_iam_policy.tracing",
            "module.category-module.module.zip_get_flight.aws_iam_policy.vpc",
            "module.category-module.module.zip_get_flight.aws_iam_policy_attachment.additional_inline",
            "module.category-module.module.zip_get_flight.aws_iam_policy_attachment.additional_json",
            "module.category-module.module.zip_get_flight.aws_iam_policy_attachment.additional_jsons",
            "module.category-module.module.zip_get_flight.aws_iam_policy_attachment.async",
            "module.category-module.module.zip_get_flight.aws_iam_policy_attachment.dead_letter",
            "module.category-module.module.zip_get_flight.aws_iam_policy_attachment.logs",
            "module.category-module.module.zip_get_flight.aws_iam_policy_attachment.tracing",
            "module.category-module.module.zip_get_flight.aws_iam_policy_attachment.vpc",
            "module.category-module.module.zip_get_flight.aws_iam_role.lambda",
            "module.category-module.module.zip_get_flight.aws_iam_role_policy_attachment.additional_many",
            "module.category-module.module.zip_get_flight.aws_iam_role_policy_attachment.additional_one",
            "module.category-module.module.zip_get_flight.aws_lambda_event_source_mapping.this",
            "module.category-module.module.zip_get_flight.aws_lambda_function.this",
            "module.category-module.module.zip_get_flight.aws_lambda_function_event_invoke_config.this",
            "module.category-module.module.zip_get_flight.aws_lambda_layer_version.this",
            "module.category-module.module.zip_get_flight.aws_lambda_permission.current_version_triggers",
            "module.category-module.module.zip_get_flight.aws_lambda_permission.unqualified_alias_triggers",
            "module.category-module.module.zip_get_flight.aws_lambda_provisioned_concurrency_config.current_version",
            "module.category-module.module.zip_get_flight.aws_s3_bucket_object.lambda_package",
            "module.category-module.module.zip_get_flight.data.aws_arn.log_group_arn",
            "module.category-module.module.zip_get_flight.data.aws_cloudwatch_log_group.lambda",
            "module.category-module.module.zip_get_flight.data.aws_iam_policy.tracing",
            "module.category-module.module.zip_get_flight.data.aws_iam_policy.vpc",
            "module.category-module.module.zip_get_flight.data.aws_iam_policy_document.additional_inline",
            "module.category-module.module.zip_get_flight.data.aws_iam_policy_document.assume_role",
            "module.category-module.module.zip_get_flight.data.aws_iam_policy_document.async",
            "module.category-module.module.zip_get_flight.data.aws_iam_policy_document.dead_letter",
            "module.category-module.module.zip_get_flight.data.aws_iam_policy_document.logs",
            "module.category-module.module.zip_get_flight.data.external.archive_prepare",
            "module.category-module.module.zip_get_flight.local_file.archive_plan",
            "module.category-module.module.zip_get_flight.null_resource.archive"
          ],
          "create_before_destroy": true
        }
      ]
    },
    {
      "module": "module.category-module",
      "mode": "managed",
      "type": "aws_lambda_function",
      "name": "lambda_post_book-ticket",
      "provider": "provider[\"registry.terraform.io/hashicorp/aws\"]",
      "instances": [
        {
          "schema_version": 0,
          "attributes": {
            "architectures": [
              "x86_64"
            ],
            "arn": "arn:aws:lambda:ap-southeast-1:774416584173:function:lambda_post_book_ticket",
            "code_signing_config_arn": "",
            "dead_letter_config": [],
            "description": "lamda for book-ticket method",
            "environment": [
              {
                "variables": {
                  "database": "lms_project",
                  "host": "database-1.ciqzf7t3wqt1.ap-southeast-1.rds.amazonaws.com",
                  "password": "Vaibhav2002",
                  "port": "5432",
                  "schema": "flight",
                  "timeout": "15",
                  "user": "postgres"
                }
              }
            ],
            "ephemeral_storage": [
              {
                "size": 512
              }
            ],
            "file_system_config": [],
            "filename": null,
            "function_name": "lambda_post_book_ticket",
            "handler": "book_ticket/book-ticket.lambda_handler",
            "id": "lambda_post_book_ticket",
            "image_config": [],
            "image_uri": "",
            "invoke_arn": "arn:aws:apigateway:ap-southeast-1:lambda:path/2015-03-31/functions/arn:aws:lambda:ap-southeast-1:774416584173:function:lambda_post_book_ticket/invocations",
            "kms_key_arn": "",
            "last_modified": "2023-07-12T15:51:48.000+0000",
            "layers": [
              "arn:aws:lambda:ap-southeast-1:774416584173:layer:packages:50"
            ],
            "memory_size": 256,
            "package_type": "Zip",
            "publish": false,
            "qualified_arn": "arn:aws:lambda:ap-southeast-1:774416584173:function:lambda_post_book_ticket:$LATEST",
            "qualified_invoke_arn": "arn:aws:apigateway:ap-southeast-1:lambda:path/2015-03-31/functions/arn:aws:lambda:ap-southeast-1:774416584173:function:lambda_post_book_ticket:$LATEST/invocations",
            "replace_security_groups_on_destroy": null,
            "replacement_security_group_ids": null,
            "reserved_concurrent_executions": -1,
            "role": "arn:aws:iam::774416584173:role/academy_lambda_access",
            "runtime": "python3.9",
            "s3_bucket": "my-usage-bucket",
            "s3_key": "s3_files/book-ticket\\f1c8791c8e300a6a3bb75b3e141d6024a056e3a37093732bcc52fa618a7ec0ff.zip",
            "s3_object_version": null,
            "signing_job_arn": "",
            "signing_profile_version_arn": "",
            "skip_destroy": false,
            "snap_start": [],
            "source_code_hash": "HeNrGlj+eZEOXMLTmN+4/pxbyWRFuw09chglyLObcb0=",
            "source_code_size": 7977,
            "tags": {
              "OWNER": "Bhavya Sree",
              "PROJECT": "flight_ticket_booking",
              "REGION_NAME": "ap-southeast-1",
              "RUN-TIME": "Pyhton-3.9"
            },
            "tags_all": {
              "OWNER": "Bhavya Sree",
              "PROJECT": "flight_ticket_booking",
              "REGION_NAME": "ap-southeast-1",
              "RUN-TIME": "Pyhton-3.9"
            },
            "timeout": 30,
            "timeouts": null,
            "tracing_config": [
              {
                "mode": "PassThrough"
              }
            ],
            "version": "$LATEST",
            "vpc_config": [
              {
                "security_group_ids": [
                  "sg-043a40ff9a620d749"
                ],
                "subnet_ids": [
                  "subnet-0011517e161c530f3",
                  "subnet-025c93f40fbf7e093",
                  "subnet-0ff2919169d4d48d7"
                ],
                "vpc_id": "vpc-0ba04361cf430982d"
              }
            ]
          },
          "sensitive_attributes": [],
          "private": "eyJlMmJmYjczMC1lY2FhLTExZTYtOGY4OC0zNDM2M2JjN2M0YzAiOnsiY3JlYXRlIjo2MDAwMDAwMDAwMDAsImRlbGV0ZSI6NjAwMDAwMDAwMDAwLCJ1cGRhdGUiOjYwMDAwMDAwMDAwMH19",
          "dependencies": [
            "module.category-module.data.aws_iam_role.academy_lambda_access",
            "module.category-module.module.lambda_layer.aws_lambda_layer_version.this",
            "module.category-module.module.lambda_layer.aws_s3_bucket_object.lambda_package",
            "module.category-module.module.lambda_layer.data.external.archive_prepare",
            "module.category-module.module.lambda_layer.local_file.archive_plan",
            "module.category-module.module.lambda_layer.null_resource.archive",
            "module.category-module.module.zip_post_book-ticket_mv.aws_cloudwatch_log_group.lambda",
            "module.category-module.module.zip_post_book-ticket_mv.aws_iam_policy.additional_inline",
            "module.category-module.module.zip_post_book-ticket_mv.aws_iam_policy.additional_json",
            "module.category-module.module.zip_post_book-ticket_mv.aws_iam_policy.additional_jsons",
            "module.category-module.module.zip_post_book-ticket_mv.aws_iam_policy.async",
            "module.category-module.module.zip_post_book-ticket_mv.aws_iam_policy.dead_letter",
            "module.category-module.module.zip_post_book-ticket_mv.aws_iam_policy.logs",
            "module.category-module.module.zip_post_book-ticket_mv.aws_iam_policy.tracing",
            "module.category-module.module.zip_post_book-ticket_mv.aws_iam_policy.vpc",
            "module.category-module.module.zip_post_book-ticket_mv.aws_iam_policy_attachment.additional_inline",
            "module.category-module.module.zip_post_book-ticket_mv.aws_iam_policy_attachment.additional_json",
            "module.category-module.module.zip_post_book-ticket_mv.aws_iam_policy_attachment.additional_jsons",
            "module.category-module.module.zip_post_book-ticket_mv.aws_iam_policy_attachment.async",
            "module.category-module.module.zip_post_book-ticket_mv.aws_iam_policy_attachment.dead_letter",
            "module.category-module.module.zip_post_book-ticket_mv.aws_iam_policy_attachment.logs",
            "module.category-module.module.zip_post_book-ticket_mv.aws_iam_policy_attachment.tracing",
            "module.category-module.module.zip_post_book-ticket_mv.aws_iam_policy_attachment.vpc",
            "module.category-module.module.zip_post_book-ticket_mv.aws_iam_role.lambda",
            "module.category-module.module.zip_post_book-ticket_mv.aws_iam_role_policy_attachment.additional_many",
            "module.category-module.module.zip_post_book-ticket_mv.aws_iam_role_policy_attachment.additional_one",
            "module.category-module.module.zip_post_book-ticket_mv.aws_lambda_event_source_mapping.this",
            "module.category-module.module.zip_post_book-ticket_mv.aws_lambda_function.this",
            "module.category-module.module.zip_post_book-ticket_mv.aws_lambda_function_event_invoke_config.this",
            "module.category-module.module.zip_post_book-ticket_mv.aws_lambda_layer_version.this",
            "module.category-module.module.zip_post_book-ticket_mv.aws_lambda_permission.current_version_triggers",
            "module.category-module.module.zip_post_book-ticket_mv.aws_lambda_permission.unqualified_alias_triggers",
            "module.category-module.module.zip_post_book-ticket_mv.aws_lambda_provisioned_concurrency_config.current_version",
            "module.category-module.module.zip_post_book-ticket_mv.aws_s3_bucket_object.lambda_package",
            "module.category-module.module.zip_post_book-ticket_mv.data.aws_arn.log_group_arn",
            "module.category-module.module.zip_post_book-ticket_mv.data.aws_cloudwatch_log_group.lambda",
            "module.category-module.module.zip_post_book-ticket_mv.data.aws_iam_policy.tracing",
            "module.category-module.module.zip_post_book-ticket_mv.data.aws_iam_policy.vpc",
            "module.category-module.module.zip_post_book-ticket_mv.data.aws_iam_policy_document.additional_inline",
            "module.category-module.module.zip_post_book-ticket_mv.data.aws_iam_policy_document.assume_role",
            "module.category-module.module.zip_post_book-ticket_mv.data.aws_iam_policy_document.async",
            "module.category-module.module.zip_post_book-ticket_mv.data.aws_iam_policy_document.dead_letter",
            "module.category-module.module.zip_post_book-ticket_mv.data.aws_iam_policy_document.logs",
            "module.category-module.module.zip_post_book-ticket_mv.data.external.archive_prepare",
            "module.category-module.module.zip_post_book-ticket_mv.local_file.archive_plan",
            "module.category-module.module.zip_post_book-ticket_mv.null_resource.archive"
          ],
          "create_before_destroy": true
        }
      ]
    },
    {
      "module": "module.category-module",
      "mode": "managed",
      "type": "aws_lambda_function",
      "name": "lambda_post_user",
      "provider": "provider[\"registry.terraform.io/hashicorp/aws\"]",
      "instances": [
        {
          "schema_version": 0,
          "attributes": {
            "architectures": [
              "x86_64"
            ],
            "arn": "arn:aws:lambda:ap-southeast-1:774416584173:function:lambda_post_user",
            "code_signing_config_arn": "",
            "dead_letter_config": [],
            "description": "lamda for post-user method",
            "environment": [
              {
                "variables": {
                  "database": "lms_project",
                  "host": "database-1.ciqzf7t3wqt1.ap-southeast-1.rds.amazonaws.com",
                  "password": "Vaibhav2002",
                  "port": "5432",
                  "schema": "flight",
                  "timeout": "15",
                  "user": "postgres"
                }
              }
            ],
            "ephemeral_storage": [
              {
                "size": 512
              }
            ],
            "file_system_config": [],
            "filename": null,
            "function_name": "lambda_post_user",
            "handler": "add_user_details/post-user.lambda_handler",
            "id": "lambda_post_user",
            "image_config": [],
            "image_uri": "",
            "invoke_arn": "arn:aws:apigateway:ap-southeast-1:lambda:path/2015-03-31/functions/arn:aws:lambda:ap-southeast-1:774416584173:function:lambda_post_user/invocations",
            "kms_key_arn": "",
            "last_modified": "2023-07-12T15:51:52.000+0000",
            "layers": [
              "arn:aws:lambda:ap-southeast-1:774416584173:layer:packages:50"
            ],
            "memory_size": 256,
            "package_type": "Zip",
            "publish": false,
            "qualified_arn": "arn:aws:lambda:ap-southeast-1:774416584173:function:lambda_post_user:$LATEST",
            "qualified_invoke_arn": "arn:aws:apigateway:ap-southeast-1:lambda:path/2015-03-31/functions/arn:aws:lambda:ap-southeast-1:774416584173:function:lambda_post_user:$LATEST/invocations",
            "replace_security_groups_on_destroy": null,
            "replacement_security_group_ids": null,
            "reserved_concurrent_executions": -1,
            "role": "arn:aws:iam::774416584173:role/academy_lambda_access",
            "runtime": "python3.9",
            "s3_bucket": "my-usage-bucket",
            "s3_key": "s3_files/post-user\\e4bb469f3c4c62ea10ed123ebd6abacd0f8ba6440648b4889005a2c59e2d6a06.zip",
            "s3_object_version": null,
            "signing_job_arn": "",
            "signing_profile_version_arn": "",
            "skip_destroy": false,
            "snap_start": [],
            "source_code_hash": "LnLzB3tzF7bkrc8t6HFi8UqOTMDOvF6+n4HI76wUY78=",
            "source_code_size": 8011,
            "tags": {
              "OWNER": "Bhavya Sree",
              "PROJECT": "flight_ticket_booking",
              "REGION_NAME": "ap-southeast-1",
              "RUN-TIME": "Pyhton-3.9"
            },
            "tags_all": {
              "OWNER": "Bhavya Sree",
              "PROJECT": "flight_ticket_booking",
              "REGION_NAME": "ap-southeast-1",
              "RUN-TIME": "Pyhton-3.9"
            },
            "timeout": 30,
            "timeouts": null,
            "tracing_config": [
              {
                "mode": "PassThrough"
              }
            ],
            "version": "$LATEST",
            "vpc_config": [
              {
                "security_group_ids": [
                  "sg-043a40ff9a620d749"
                ],
                "subnet_ids": [
                  "subnet-0011517e161c530f3",
                  "subnet-025c93f40fbf7e093",
                  "subnet-0ff2919169d4d48d7"
                ],
                "vpc_id": "vpc-0ba04361cf430982d"
              }
            ]
          },
          "sensitive_attributes": [],
          "private": "eyJlMmJmYjczMC1lY2FhLTExZTYtOGY4OC0zNDM2M2JjN2M0YzAiOnsiY3JlYXRlIjo2MDAwMDAwMDAwMDAsImRlbGV0ZSI6NjAwMDAwMDAwMDAwLCJ1cGRhdGUiOjYwMDAwMDAwMDAwMH19",
          "dependencies": [
            "module.category-module.data.aws_iam_role.academy_lambda_access",
            "module.category-module.module.lambda_layer.aws_lambda_layer_version.this",
            "module.category-module.module.lambda_layer.aws_s3_bucket_object.lambda_package",
            "module.category-module.module.lambda_layer.data.external.archive_prepare",
            "module.category-module.module.lambda_layer.local_file.archive_plan",
            "module.category-module.module.lambda_layer.null_resource.archive",
            "module.category-module.module.zip_post_user_mv.aws_cloudwatch_log_group.lambda",
            "module.category-module.module.zip_post_user_mv.aws_iam_policy.additional_inline",
            "module.category-module.module.zip_post_user_mv.aws_iam_policy.additional_json",
            "module.category-module.module.zip_post_user_mv.aws_iam_policy.additional_jsons",
            "module.category-module.module.zip_post_user_mv.aws_iam_policy.async",
            "module.category-module.module.zip_post_user_mv.aws_iam_policy.dead_letter",
            "module.category-module.module.zip_post_user_mv.aws_iam_policy.logs",
            "module.category-module.module.zip_post_user_mv.aws_iam_policy.tracing",
            "module.category-module.module.zip_post_user_mv.aws_iam_policy.vpc",
            "module.category-module.module.zip_post_user_mv.aws_iam_policy_attachment.additional_inline",
            "module.category-module.module.zip_post_user_mv.aws_iam_policy_attachment.additional_json",
            "module.category-module.module.zip_post_user_mv.aws_iam_policy_attachment.additional_jsons",
            "module.category-module.module.zip_post_user_mv.aws_iam_policy_attachment.async",
            "module.category-module.module.zip_post_user_mv.aws_iam_policy_attachment.dead_letter",
            "module.category-module.module.zip_post_user_mv.aws_iam_policy_attachment.logs",
            "module.category-module.module.zip_post_user_mv.aws_iam_policy_attachment.tracing",
            "module.category-module.module.zip_post_user_mv.aws_iam_policy_attachment.vpc",
            "module.category-module.module.zip_post_user_mv.aws_iam_role.lambda",
            "module.category-module.module.zip_post_user_mv.aws_iam_role_policy_attachment.additional_many",
            "module.category-module.module.zip_post_user_mv.aws_iam_role_policy_attachment.additional_one",
            "module.category-module.module.zip_post_user_mv.aws_lambda_event_source_mapping.this",
            "module.category-module.module.zip_post_user_mv.aws_lambda_function.this",
            "module.category-module.module.zip_post_user_mv.aws_lambda_function_event_invoke_config.this",
            "module.category-module.module.zip_post_user_mv.aws_lambda_layer_version.this",
            "module.category-module.module.zip_post_user_mv.aws_lambda_permission.current_version_triggers",
            "module.category-module.module.zip_post_user_mv.aws_lambda_permission.unqualified_alias_triggers",
            "module.category-module.module.zip_post_user_mv.aws_lambda_provisioned_concurrency_config.current_version",
            "module.category-module.module.zip_post_user_mv.aws_s3_bucket_object.lambda_package",
            "module.category-module.module.zip_post_user_mv.data.aws_arn.log_group_arn",
            "module.category-module.module.zip_post_user_mv.data.aws_cloudwatch_log_group.lambda",
            "module.category-module.module.zip_post_user_mv.data.aws_iam_policy.tracing",
            "module.category-module.module.zip_post_user_mv.data.aws_iam_policy.vpc",
            "module.category-module.module.zip_post_user_mv.data.aws_iam_policy_document.additional_inline",
            "module.category-module.module.zip_post_user_mv.data.aws_iam_policy_document.assume_role",
            "module.category-module.module.zip_post_user_mv.data.aws_iam_policy_document.async",
            "module.category-module.module.zip_post_user_mv.data.aws_iam_policy_document.dead_letter",
            "module.category-module.module.zip_post_user_mv.data.aws_iam_policy_document.logs",
            "module.category-module.module.zip_post_user_mv.data.external.archive_prepare",
            "module.category-module.module.zip_post_user_mv.local_file.archive_plan",
            "module.category-module.module.zip_post_user_mv.null_resource.archive"
          ],
          "create_before_destroy": true
        }
      ]
    },
    {
      "module": "module.category-module",
      "mode": "managed",
      "type": "aws_lambda_permission",
      "name": "lambda-permission-authorizer",
      "provider": "provider[\"registry.terraform.io/hashicorp/aws\"]",
      "instances": [
        {
          "schema_version": 0,
          "attributes": {
            "action": "lambda:InvokeFunction",
            "event_source_token": null,
            "function_name": "api_gateway_authorizer_ftb",
            "function_url_auth_type": null,
            "id": "AllowExecutionFromAPIGateway",
            "principal": "apigateway.amazonaws.com",
            "principal_org_id": null,
            "qualifier": "",
            "source_account": null,
            "source_arn": "arn:aws:execute-api:ap-southeast-1:774416584173:n3ex1fhmv6/authorizers/z2l7aa",
            "statement_id": "AllowExecutionFromAPIGateway",
            "statement_id_prefix": ""
          },
          "sensitive_attributes": [],
          "private": "bnVsbA==",
          "dependencies": [
            "module.category-module.aws_api_gateway_authorizer.authorizer_resource",
            "module.category-module.aws_api_gateway_rest_api.ftb_terraform",
            "module.category-module.aws_lambda_function.authorizer_lambda",
            "module.category-module.data.aws_iam_role.academy_lambda_access",
            "module.category-module.module.authorizer-zip.aws_cloudwatch_log_group.lambda",
            "module.category-module.module.authorizer-zip.aws_iam_policy.additional_inline",
            "module.category-module.module.authorizer-zip.aws_iam_policy.additional_json",
            "module.category-module.module.authorizer-zip.aws_iam_policy.additional_jsons",
            "module.category-module.module.authorizer-zip.aws_iam_policy.async",
            "module.category-module.module.authorizer-zip.aws_iam_policy.dead_letter",
            "module.category-module.module.authorizer-zip.aws_iam_policy.logs",
            "module.category-module.module.authorizer-zip.aws_iam_policy.tracing",
            "module.category-module.module.authorizer-zip.aws_iam_policy.vpc",
            "module.category-module.module.authorizer-zip.aws_iam_policy_attachment.additional_inline",
            "module.category-module.module.authorizer-zip.aws_iam_policy_attachment.additional_json",
            "module.category-module.module.authorizer-zip.aws_iam_policy_attachment.additional_jsons",
            "module.category-module.module.authorizer-zip.aws_iam_policy_attachment.async",
            "module.category-module.module.authorizer-zip.aws_iam_policy_attachment.dead_letter",
            "module.category-module.module.authorizer-zip.aws_iam_policy_attachment.logs",
            "module.category-module.module.authorizer-zip.aws_iam_policy_attachment.tracing",
            "module.category-module.module.authorizer-zip.aws_iam_policy_attachment.vpc",
            "module.category-module.module.authorizer-zip.aws_iam_role.lambda",
            "module.category-module.module.authorizer-zip.aws_iam_role_policy_attachment.additional_many",
            "module.category-module.module.authorizer-zip.aws_iam_role_policy_attachment.additional_one",
            "module.category-module.module.authorizer-zip.aws_lambda_event_source_mapping.this",
            "module.category-module.module.authorizer-zip.aws_lambda_function.this",
            "module.category-module.module.authorizer-zip.aws_lambda_function_event_invoke_config.this",
            "module.category-module.module.authorizer-zip.aws_lambda_layer_version.this",
            "module.category-module.module.authorizer-zip.aws_lambda_permission.current_version_triggers",
            "module.category-module.module.authorizer-zip.aws_lambda_permission.unqualified_alias_triggers",
            "module.category-module.module.authorizer-zip.aws_lambda_provisioned_concurrency_config.current_version",
            "module.category-module.module.authorizer-zip.aws_s3_bucket_object.lambda_package",
            "module.category-module.module.authorizer-zip.data.aws_arn.log_group_arn",
            "module.category-module.module.authorizer-zip.data.aws_cloudwatch_log_group.lambda",
            "module.category-module.module.authorizer-zip.data.aws_iam_policy.tracing",
            "module.category-module.module.authorizer-zip.data.aws_iam_policy.vpc",
            "module.category-module.module.authorizer-zip.data.aws_iam_policy_document.additional_inline",
            "module.category-module.module.authorizer-zip.data.aws_iam_policy_document.assume_role",
            "module.category-module.module.authorizer-zip.data.aws_iam_policy_document.async",
            "module.category-module.module.authorizer-zip.data.aws_iam_policy_document.dead_letter",
            "module.category-module.module.authorizer-zip.data.aws_iam_policy_document.logs",
            "module.category-module.module.authorizer-zip.data.external.archive_prepare",
            "module.category-module.module.authorizer-zip.local_file.archive_plan",
            "module.category-module.module.authorizer-zip.null_resource.archive",
            "module.category-module.module.lambda_layer.aws_lambda_layer_version.this",
            "module.category-module.module.lambda_layer.aws_s3_bucket_object.lambda_package",
            "module.category-module.module.lambda_layer.data.external.archive_prepare",
            "module.category-module.module.lambda_layer.local_file.archive_plan",
            "module.category-module.module.lambda_layer.null_resource.archive"
          ]
        }
      ]
    },
    {
      "module": "module.category-module",
      "mode": "managed",
      "type": "aws_lambda_permission",
      "name": "lambda_permission_get_booking",
      "provider": "provider[\"registry.terraform.io/hashicorp/aws\"]",
      "instances": [
        {
          "schema_version": 0,
          "attributes": {
            "action": "lambda:InvokeFunction",
            "event_source_token": null,
            "function_name": "arn:aws:lambda:ap-southeast-1:774416584173:function:lambda_get_booking",
            "function_url_auth_type": null,
            "id": "AllowExecutionFromAPIGateway",
            "principal": "apigateway.amazonaws.com",
            "principal_org_id": null,
            "qualifier": "",
            "source_account": null,
            "source_arn": "arn:aws:execute-api:ap-southeast-1:774416584173:n3ex1fhmv6/*/GET/v1/flight/get-booking",
            "statement_id": "AllowExecutionFromAPIGateway",
            "statement_id_prefix": ""
          },
          "sensitive_attributes": [],
          "private": "bnVsbA==",
          "dependencies": [
            "module.category-module.aws_api_gateway_authorizer.authorizer_resource",
            "module.category-module.aws_api_gateway_method.get_booking_method",
            "module.category-module.aws_api_gateway_request_validator.get_booking_validator",
            "module.category-module.aws_api_gateway_resource.flight_booking",
            "module.category-module.aws_api_gateway_resource.get_booking",
            "module.category-module.aws_api_gateway_resource.v1",
            "module.category-module.aws_api_gateway_rest_api.ftb_terraform",
            "module.category-module.aws_lambda_function.authorizer_lambda",
            "module.category-module.aws_lambda_function.lambda_get_booking",
            "module.category-module.data.aws_iam_role.academy_lambda_access",
            "module.category-module.module.authorizer-zip.aws_cloudwatch_log_group.lambda",
            "module.category-module.module.authorizer-zip.aws_iam_policy.additional_inline",
            "module.category-module.module.authorizer-zip.aws_iam_policy.additional_json",
            "module.category-module.module.authorizer-zip.aws_iam_policy.additional_jsons",
            "module.category-module.module.authorizer-zip.aws_iam_policy.async",
            "module.category-module.module.authorizer-zip.aws_iam_policy.dead_letter",
            "module.category-module.module.authorizer-zip.aws_iam_policy.logs",
            "module.category-module.module.authorizer-zip.aws_iam_policy.tracing",
            "module.category-module.module.authorizer-zip.aws_iam_policy.vpc",
            "module.category-module.module.authorizer-zip.aws_iam_policy_attachment.additional_inline",
            "module.category-module.module.authorizer-zip.aws_iam_policy_attachment.additional_json",
            "module.category-module.module.authorizer-zip.aws_iam_policy_attachment.additional_jsons",
            "module.category-module.module.authorizer-zip.aws_iam_policy_attachment.async",
            "module.category-module.module.authorizer-zip.aws_iam_policy_attachment.dead_letter",
            "module.category-module.module.authorizer-zip.aws_iam_policy_attachment.logs",
            "module.category-module.module.authorizer-zip.aws_iam_policy_attachment.tracing",
            "module.category-module.module.authorizer-zip.aws_iam_policy_attachment.vpc",
            "module.category-module.module.authorizer-zip.aws_iam_role.lambda",
            "module.category-module.module.authorizer-zip.aws_iam_role_policy_attachment.additional_many",
            "module.category-module.module.authorizer-zip.aws_iam_role_policy_attachment.additional_one",
            "module.category-module.module.authorizer-zip.aws_lambda_event_source_mapping.this",
            "module.category-module.module.authorizer-zip.aws_lambda_function.this",
            "module.category-module.module.authorizer-zip.aws_lambda_function_event_invoke_config.this",
            "module.category-module.module.authorizer-zip.aws_lambda_layer_version.this",
            "module.category-module.module.authorizer-zip.aws_lambda_permission.current_version_triggers",
            "module.category-module.module.authorizer-zip.aws_lambda_permission.unqualified_alias_triggers",
            "module.category-module.module.authorizer-zip.aws_lambda_provisioned_concurrency_config.current_version",
            "module.category-module.module.authorizer-zip.aws_s3_bucket_object.lambda_package",
            "module.category-module.module.authorizer-zip.data.aws_arn.log_group_arn",
            "module.category-module.module.authorizer-zip.data.aws_cloudwatch_log_group.lambda",
            "module.category-module.module.authorizer-zip.data.aws_iam_policy.tracing",
            "module.category-module.module.authorizer-zip.data.aws_iam_policy.vpc",
            "module.category-module.module.authorizer-zip.data.aws_iam_policy_document.additional_inline",
            "module.category-module.module.authorizer-zip.data.aws_iam_policy_document.assume_role",
            "module.category-module.module.authorizer-zip.data.aws_iam_policy_document.async",
            "module.category-module.module.authorizer-zip.data.aws_iam_policy_document.dead_letter",
            "module.category-module.module.authorizer-zip.data.aws_iam_policy_document.logs",
            "module.category-module.module.authorizer-zip.data.external.archive_prepare",
            "module.category-module.module.authorizer-zip.local_file.archive_plan",
            "module.category-module.module.authorizer-zip.null_resource.archive",
            "module.category-module.module.lambda_layer.aws_lambda_layer_version.this",
            "module.category-module.module.lambda_layer.aws_s3_bucket_object.lambda_package",
            "module.category-module.module.lambda_layer.data.external.archive_prepare",
            "module.category-module.module.lambda_layer.local_file.archive_plan",
            "module.category-module.module.lambda_layer.null_resource.archive",
            "module.category-module.module.zip_get_booking.aws_cloudwatch_log_group.lambda",
            "module.category-module.module.zip_get_booking.aws_iam_policy.additional_inline",
            "module.category-module.module.zip_get_booking.aws_iam_policy.additional_json",
            "module.category-module.module.zip_get_booking.aws_iam_policy.additional_jsons",
            "module.category-module.module.zip_get_booking.aws_iam_policy.async",
            "module.category-module.module.zip_get_booking.aws_iam_policy.dead_letter",
            "module.category-module.module.zip_get_booking.aws_iam_policy.logs",
            "module.category-module.module.zip_get_booking.aws_iam_policy.tracing",
            "module.category-module.module.zip_get_booking.aws_iam_policy.vpc",
            "module.category-module.module.zip_get_booking.aws_iam_policy_attachment.additional_inline",
            "module.category-module.module.zip_get_booking.aws_iam_policy_attachment.additional_json",
            "module.category-module.module.zip_get_booking.aws_iam_policy_attachment.additional_jsons",
            "module.category-module.module.zip_get_booking.aws_iam_policy_attachment.async",
            "module.category-module.module.zip_get_booking.aws_iam_policy_attachment.dead_letter",
            "module.category-module.module.zip_get_booking.aws_iam_policy_attachment.logs",
            "module.category-module.module.zip_get_booking.aws_iam_policy_attachment.tracing",
            "module.category-module.module.zip_get_booking.aws_iam_policy_attachment.vpc",
            "module.category-module.module.zip_get_booking.aws_iam_role.lambda",
            "module.category-module.module.zip_get_booking.aws_iam_role_policy_attachment.additional_many",
            "module.category-module.module.zip_get_booking.aws_iam_role_policy_attachment.additional_one",
            "module.category-module.module.zip_get_booking.aws_lambda_event_source_mapping.this",
            "module.category-module.module.zip_get_booking.aws_lambda_function.this",
            "module.category-module.module.zip_get_booking.aws_lambda_function_event_invoke_config.this",
            "module.category-module.module.zip_get_booking.aws_lambda_layer_version.this",
            "module.category-module.module.zip_get_booking.aws_lambda_permission.current_version_triggers",
            "module.category-module.module.zip_get_booking.aws_lambda_permission.unqualified_alias_triggers",
            "module.category-module.module.zip_get_booking.aws_lambda_provisioned_concurrency_config.current_version",
            "module.category-module.module.zip_get_booking.aws_s3_bucket_object.lambda_package",
            "module.category-module.module.zip_get_booking.data.aws_arn.log_group_arn",
            "module.category-module.module.zip_get_booking.data.aws_cloudwatch_log_group.lambda",
            "module.category-module.module.zip_get_booking.data.aws_iam_policy.tracing",
            "module.category-module.module.zip_get_booking.data.aws_iam_policy.vpc",
            "module.category-module.module.zip_get_booking.data.aws_iam_policy_document.additional_inline",
            "module.category-module.module.zip_get_booking.data.aws_iam_policy_document.assume_role",
            "module.category-module.module.zip_get_booking.data.aws_iam_policy_document.async",
            "module.category-module.module.zip_get_booking.data.aws_iam_policy_document.dead_letter",
            "module.category-module.module.zip_get_booking.data.aws_iam_policy_document.logs",
            "module.category-module.module.zip_get_booking.data.external.archive_prepare",
            "module.category-module.module.zip_get_booking.local_file.archive_plan",
            "module.category-module.module.zip_get_booking.null_resource.archive"
          ]
        }
      ]
    },
    {
      "module": "module.category-module",
      "mode": "managed",
      "type": "aws_lambda_permission",
      "name": "lambda_permission_get_flight",
      "provider": "provider[\"registry.terraform.io/hashicorp/aws\"]",
      "instances": [
        {
          "schema_version": 0,
          "attributes": {
            "action": "lambda:InvokeFunction",
            "event_source_token": null,
            "function_name": "arn:aws:lambda:ap-southeast-1:774416584173:function:lambda_get_flight",
            "function_url_auth_type": null,
            "id": "AllowExecutionFromAPIGateway",
            "principal": "apigateway.amazonaws.com",
            "principal_org_id": null,
            "qualifier": "",
            "source_account": null,
            "source_arn": "arn:aws:execute-api:ap-southeast-1:774416584173:n3ex1fhmv6/*/GET/v1/flight/get-flight",
            "statement_id": "AllowExecutionFromAPIGateway",
            "statement_id_prefix": ""
          },
          "sensitive_attributes": [],
          "private": "bnVsbA==",
          "dependencies": [
            "module.category-module.aws_api_gateway_authorizer.authorizer_resource",
            "module.category-module.aws_api_gateway_method.get_flight_method",
            "module.category-module.aws_api_gateway_request_validator.get_flight_validator",
            "module.category-module.aws_api_gateway_resource.flight_booking",
            "module.category-module.aws_api_gateway_resource.get_flight",
            "module.category-module.aws_api_gateway_resource.v1",
            "module.category-module.aws_api_gateway_rest_api.ftb_terraform",
            "module.category-module.aws_lambda_function.authorizer_lambda",
            "module.category-module.aws_lambda_function.lambda_get_flight",
            "module.category-module.data.aws_iam_role.academy_lambda_access",
            "module.category-module.module.authorizer-zip.aws_cloudwatch_log_group.lambda",
            "module.category-module.module.authorizer-zip.aws_iam_policy.additional_inline",
            "module.category-module.module.authorizer-zip.aws_iam_policy.additional_json",
            "module.category-module.module.authorizer-zip.aws_iam_policy.additional_jsons",
            "module.category-module.module.authorizer-zip.aws_iam_policy.async",
            "module.category-module.module.authorizer-zip.aws_iam_policy.dead_letter",
            "module.category-module.module.authorizer-zip.aws_iam_policy.logs",
            "module.category-module.module.authorizer-zip.aws_iam_policy.tracing",
            "module.category-module.module.authorizer-zip.aws_iam_policy.vpc",
            "module.category-module.module.authorizer-zip.aws_iam_policy_attachment.additional_inline",
            "module.category-module.module.authorizer-zip.aws_iam_policy_attachment.additional_json",
            "module.category-module.module.authorizer-zip.aws_iam_policy_attachment.additional_jsons",
            "module.category-module.module.authorizer-zip.aws_iam_policy_attachment.async",
            "module.category-module.module.authorizer-zip.aws_iam_policy_attachment.dead_letter",
            "module.category-module.module.authorizer-zip.aws_iam_policy_attachment.logs",
            "module.category-module.module.authorizer-zip.aws_iam_policy_attachment.tracing",
            "module.category-module.module.authorizer-zip.aws_iam_policy_attachment.vpc",
            "module.category-module.module.authorizer-zip.aws_iam_role.lambda",
            "module.category-module.module.authorizer-zip.aws_iam_role_policy_attachment.additional_many",
            "module.category-module.module.authorizer-zip.aws_iam_role_policy_attachment.additional_one",
            "module.category-module.module.authorizer-zip.aws_lambda_event_source_mapping.this",
            "module.category-module.module.authorizer-zip.aws_lambda_function.this",
            "module.category-module.module.authorizer-zip.aws_lambda_function_event_invoke_config.this",
            "module.category-module.module.authorizer-zip.aws_lambda_layer_version.this",
            "module.category-module.module.authorizer-zip.aws_lambda_permission.current_version_triggers",
            "module.category-module.module.authorizer-zip.aws_lambda_permission.unqualified_alias_triggers",
            "module.category-module.module.authorizer-zip.aws_lambda_provisioned_concurrency_config.current_version",
            "module.category-module.module.authorizer-zip.aws_s3_bucket_object.lambda_package",
            "module.category-module.module.authorizer-zip.data.aws_arn.log_group_arn",
            "module.category-module.module.authorizer-zip.data.aws_cloudwatch_log_group.lambda",
            "module.category-module.module.authorizer-zip.data.aws_iam_policy.tracing",
            "module.category-module.module.authorizer-zip.data.aws_iam_policy.vpc",
            "module.category-module.module.authorizer-zip.data.aws_iam_policy_document.additional_inline",
            "module.category-module.module.authorizer-zip.data.aws_iam_policy_document.assume_role",
            "module.category-module.module.authorizer-zip.data.aws_iam_policy_document.async",
            "module.category-module.module.authorizer-zip.data.aws_iam_policy_document.dead_letter",
            "module.category-module.module.authorizer-zip.data.aws_iam_policy_document.logs",
            "module.category-module.module.authorizer-zip.data.external.archive_prepare",
            "module.category-module.module.authorizer-zip.local_file.archive_plan",
            "module.category-module.module.authorizer-zip.null_resource.archive",
            "module.category-module.module.lambda_layer.aws_lambda_layer_version.this",
            "module.category-module.module.lambda_layer.aws_s3_bucket_object.lambda_package",
            "module.category-module.module.lambda_layer.data.external.archive_prepare",
            "module.category-module.module.lambda_layer.local_file.archive_plan",
            "module.category-module.module.lambda_layer.null_resource.archive",
            "module.category-module.module.zip_get_flight.aws_cloudwatch_log_group.lambda",
            "module.category-module.module.zip_get_flight.aws_iam_policy.additional_inline",
            "module.category-module.module.zip_get_flight.aws_iam_policy.additional_json",
            "module.category-module.module.zip_get_flight.aws_iam_policy.additional_jsons",
            "module.category-module.module.zip_get_flight.aws_iam_policy.async",
            "module.category-module.module.zip_get_flight.aws_iam_policy.dead_letter",
            "module.category-module.module.zip_get_flight.aws_iam_policy.logs",
            "module.category-module.module.zip_get_flight.aws_iam_policy.tracing",
            "module.category-module.module.zip_get_flight.aws_iam_policy.vpc",
            "module.category-module.module.zip_get_flight.aws_iam_policy_attachment.additional_inline",
            "module.category-module.module.zip_get_flight.aws_iam_policy_attachment.additional_json",
            "module.category-module.module.zip_get_flight.aws_iam_policy_attachment.additional_jsons",
            "module.category-module.module.zip_get_flight.aws_iam_policy_attachment.async",
            "module.category-module.module.zip_get_flight.aws_iam_policy_attachment.dead_letter",
            "module.category-module.module.zip_get_flight.aws_iam_policy_attachment.logs",
            "module.category-module.module.zip_get_flight.aws_iam_policy_attachment.tracing",
            "module.category-module.module.zip_get_flight.aws_iam_policy_attachment.vpc",
            "module.category-module.module.zip_get_flight.aws_iam_role.lambda",
            "module.category-module.module.zip_get_flight.aws_iam_role_policy_attachment.additional_many",
            "module.category-module.module.zip_get_flight.aws_iam_role_policy_attachment.additional_one",
            "module.category-module.module.zip_get_flight.aws_lambda_event_source_mapping.this",
            "module.category-module.module.zip_get_flight.aws_lambda_function.this",
            "module.category-module.module.zip_get_flight.aws_lambda_function_event_invoke_config.this",
            "module.category-module.module.zip_get_flight.aws_lambda_layer_version.this",
            "module.category-module.module.zip_get_flight.aws_lambda_permission.current_version_triggers",
            "module.category-module.module.zip_get_flight.aws_lambda_permission.unqualified_alias_triggers",
            "module.category-module.module.zip_get_flight.aws_lambda_provisioned_concurrency_config.current_version",
            "module.category-module.module.zip_get_flight.aws_s3_bucket_object.lambda_package",
            "module.category-module.module.zip_get_flight.data.aws_arn.log_group_arn",
            "module.category-module.module.zip_get_flight.data.aws_cloudwatch_log_group.lambda",
            "module.category-module.module.zip_get_flight.data.aws_iam_policy.tracing",
            "module.category-module.module.zip_get_flight.data.aws_iam_policy.vpc",
            "module.category-module.module.zip_get_flight.data.aws_iam_policy_document.additional_inline",
            "module.category-module.module.zip_get_flight.data.aws_iam_policy_document.assume_role",
            "module.category-module.module.zip_get_flight.data.aws_iam_policy_document.async",
            "module.category-module.module.zip_get_flight.data.aws_iam_policy_document.dead_letter",
            "module.category-module.module.zip_get_flight.data.aws_iam_policy_document.logs",
            "module.category-module.module.zip_get_flight.data.external.archive_prepare",
            "module.category-module.module.zip_get_flight.local_file.archive_plan",
            "module.category-module.module.zip_get_flight.null_resource.archive"
          ]
        }
      ]
    },
    {
      "module": "module.category-module",
      "mode": "managed",
      "type": "aws_lambda_permission",
      "name": "lambda_permission_post_book-ticket",
      "provider": "provider[\"registry.terraform.io/hashicorp/aws\"]",
      "instances": [
        {
          "schema_version": 0,
          "attributes": {
            "action": "lambda:InvokeFunction",
            "event_source_token": null,
            "function_name": "arn:aws:lambda:ap-southeast-1:774416584173:function:lambda_post_book_ticket",
            "function_url_auth_type": null,
            "id": "AllowExecutionFromAPIGateway",
            "principal": "apigateway.amazonaws.com",
            "principal_org_id": null,
            "qualifier": "",
            "source_account": null,
            "source_arn": "arn:aws:execute-api:ap-southeast-1:774416584173:n3ex1fhmv6/*/POST/v1/flight/book-ticket",
            "statement_id": "AllowExecutionFromAPIGateway",
            "statement_id_prefix": ""
          },
          "sensitive_attributes": [],
          "private": "bnVsbA==",
          "dependencies": [
            "module.category-module.aws_api_gateway_authorizer.authorizer_resource",
            "module.category-module.aws_api_gateway_method.book-ticket_method",
            "module.category-module.aws_api_gateway_request_validator.book-ticket_validator",
            "module.category-module.aws_api_gateway_resource.book-ticket",
            "module.category-module.aws_api_gateway_resource.flight_booking",
            "module.category-module.aws_api_gateway_resource.v1",
            "module.category-module.aws_api_gateway_rest_api.ftb_terraform",
            "module.category-module.aws_lambda_function.authorizer_lambda",
            "module.category-module.aws_lambda_function.lambda_post_book-ticket",
            "module.category-module.data.aws_iam_role.academy_lambda_access",
            "module.category-module.module.authorizer-zip.aws_cloudwatch_log_group.lambda",
            "module.category-module.module.authorizer-zip.aws_iam_policy.additional_inline",
            "module.category-module.module.authorizer-zip.aws_iam_policy.additional_json",
            "module.category-module.module.authorizer-zip.aws_iam_policy.additional_jsons",
            "module.category-module.module.authorizer-zip.aws_iam_policy.async",
            "module.category-module.module.authorizer-zip.aws_iam_policy.dead_letter",
            "module.category-module.module.authorizer-zip.aws_iam_policy.logs",
            "module.category-module.module.authorizer-zip.aws_iam_policy.tracing",
            "module.category-module.module.authorizer-zip.aws_iam_policy.vpc",
            "module.category-module.module.authorizer-zip.aws_iam_policy_attachment.additional_inline",
            "module.category-module.module.authorizer-zip.aws_iam_policy_attachment.additional_json",
            "module.category-module.module.authorizer-zip.aws_iam_policy_attachment.additional_jsons",
            "module.category-module.module.authorizer-zip.aws_iam_policy_attachment.async",
            "module.category-module.module.authorizer-zip.aws_iam_policy_attachment.dead_letter",
            "module.category-module.module.authorizer-zip.aws_iam_policy_attachment.logs",
            "module.category-module.module.authorizer-zip.aws_iam_policy_attachment.tracing",
            "module.category-module.module.authorizer-zip.aws_iam_policy_attachment.vpc",
            "module.category-module.module.authorizer-zip.aws_iam_role.lambda",
            "module.category-module.module.authorizer-zip.aws_iam_role_policy_attachment.additional_many",
            "module.category-module.module.authorizer-zip.aws_iam_role_policy_attachment.additional_one",
            "module.category-module.module.authorizer-zip.aws_lambda_event_source_mapping.this",
            "module.category-module.module.authorizer-zip.aws_lambda_function.this",
            "module.category-module.module.authorizer-zip.aws_lambda_function_event_invoke_config.this",
            "module.category-module.module.authorizer-zip.aws_lambda_layer_version.this",
            "module.category-module.module.authorizer-zip.aws_lambda_permission.current_version_triggers",
            "module.category-module.module.authorizer-zip.aws_lambda_permission.unqualified_alias_triggers",
            "module.category-module.module.authorizer-zip.aws_lambda_provisioned_concurrency_config.current_version",
            "module.category-module.module.authorizer-zip.aws_s3_bucket_object.lambda_package",
            "module.category-module.module.authorizer-zip.data.aws_arn.log_group_arn",
            "module.category-module.module.authorizer-zip.data.aws_cloudwatch_log_group.lambda",
            "module.category-module.module.authorizer-zip.data.aws_iam_policy.tracing",
            "module.category-module.module.authorizer-zip.data.aws_iam_policy.vpc",
            "module.category-module.module.authorizer-zip.data.aws_iam_policy_document.additional_inline",
            "module.category-module.module.authorizer-zip.data.aws_iam_policy_document.assume_role",
            "module.category-module.module.authorizer-zip.data.aws_iam_policy_document.async",
            "module.category-module.module.authorizer-zip.data.aws_iam_policy_document.dead_letter",
            "module.category-module.module.authorizer-zip.data.aws_iam_policy_document.logs",
            "module.category-module.module.authorizer-zip.data.external.archive_prepare",
            "module.category-module.module.authorizer-zip.local_file.archive_plan",
            "module.category-module.module.authorizer-zip.null_resource.archive",
            "module.category-module.module.lambda_layer.aws_lambda_layer_version.this",
            "module.category-module.module.lambda_layer.aws_s3_bucket_object.lambda_package",
            "module.category-module.module.lambda_layer.data.external.archive_prepare",
            "module.category-module.module.lambda_layer.local_file.archive_plan",
            "module.category-module.module.lambda_layer.null_resource.archive",
            "module.category-module.module.zip_post_book-ticket_mv.aws_cloudwatch_log_group.lambda",
            "module.category-module.module.zip_post_book-ticket_mv.aws_iam_policy.additional_inline",
            "module.category-module.module.zip_post_book-ticket_mv.aws_iam_policy.additional_json",
            "module.category-module.module.zip_post_book-ticket_mv.aws_iam_policy.additional_jsons",
            "module.category-module.module.zip_post_book-ticket_mv.aws_iam_policy.async",
            "module.category-module.module.zip_post_book-ticket_mv.aws_iam_policy.dead_letter",
            "module.category-module.module.zip_post_book-ticket_mv.aws_iam_policy.logs",
            "module.category-module.module.zip_post_book-ticket_mv.aws_iam_policy.tracing",
            "module.category-module.module.zip_post_book-ticket_mv.aws_iam_policy.vpc",
            "module.category-module.module.zip_post_book-ticket_mv.aws_iam_policy_attachment.additional_inline",
            "module.category-module.module.zip_post_book-ticket_mv.aws_iam_policy_attachment.additional_json",
            "module.category-module.module.zip_post_book-ticket_mv.aws_iam_policy_attachment.additional_jsons",
            "module.category-module.module.zip_post_book-ticket_mv.aws_iam_policy_attachment.async",
            "module.category-module.module.zip_post_book-ticket_mv.aws_iam_policy_attachment.dead_letter",
            "module.category-module.module.zip_post_book-ticket_mv.aws_iam_policy_attachment.logs",
            "module.category-module.module.zip_post_book-ticket_mv.aws_iam_policy_attachment.tracing",
            "module.category-module.module.zip_post_book-ticket_mv.aws_iam_policy_attachment.vpc",
            "module.category-module.module.zip_post_book-ticket_mv.aws_iam_role.lambda",
            "module.category-module.module.zip_post_book-ticket_mv.aws_iam_role_policy_attachment.additional_many",
            "module.category-module.module.zip_post_book-ticket_mv.aws_iam_role_policy_attachment.additional_one",
            "module.category-module.module.zip_post_book-ticket_mv.aws_lambda_event_source_mapping.this",
            "module.category-module.module.zip_post_book-ticket_mv.aws_lambda_function.this",
            "module.category-module.module.zip_post_book-ticket_mv.aws_lambda_function_event_invoke_config.this",
            "module.category-module.module.zip_post_book-ticket_mv.aws_lambda_layer_version.this",
            "module.category-module.module.zip_post_book-ticket_mv.aws_lambda_permission.current_version_triggers",
            "module.category-module.module.zip_post_book-ticket_mv.aws_lambda_permission.unqualified_alias_triggers",
            "module.category-module.module.zip_post_book-ticket_mv.aws_lambda_provisioned_concurrency_config.current_version",
            "module.category-module.module.zip_post_book-ticket_mv.aws_s3_bucket_object.lambda_package",
            "module.category-module.module.zip_post_book-ticket_mv.data.aws_arn.log_group_arn",
            "module.category-module.module.zip_post_book-ticket_mv.data.aws_cloudwatch_log_group.lambda",
            "module.category-module.module.zip_post_book-ticket_mv.data.aws_iam_policy.tracing",
            "module.category-module.module.zip_post_book-ticket_mv.data.aws_iam_policy.vpc",
            "module.category-module.module.zip_post_book-ticket_mv.data.aws_iam_policy_document.additional_inline",
            "module.category-module.module.zip_post_book-ticket_mv.data.aws_iam_policy_document.assume_role",
            "module.category-module.module.zip_post_book-ticket_mv.data.aws_iam_policy_document.async",
            "module.category-module.module.zip_post_book-ticket_mv.data.aws_iam_policy_document.dead_letter",
            "module.category-module.module.zip_post_book-ticket_mv.data.aws_iam_policy_document.logs",
            "module.category-module.module.zip_post_book-ticket_mv.data.external.archive_prepare",
            "module.category-module.module.zip_post_book-ticket_mv.local_file.archive_plan",
            "module.category-module.module.zip_post_book-ticket_mv.null_resource.archive"
          ]
        }
      ]
    },
    {
      "module": "module.category-module",
      "mode": "managed",
      "type": "aws_lambda_permission",
      "name": "lambda_permission_post_user",
      "provider": "provider[\"registry.terraform.io/hashicorp/aws\"]",
      "instances": [
        {
          "schema_version": 0,
          "attributes": {
            "action": "lambda:InvokeFunction",
            "event_source_token": null,
            "function_name": "arn:aws:lambda:ap-southeast-1:774416584173:function:lambda_post_user",
            "function_url_auth_type": null,
            "id": "AllowExecutionFromAPIGateway",
            "principal": "apigateway.amazonaws.com",
            "principal_org_id": null,
            "qualifier": "",
            "source_account": null,
            "source_arn": "arn:aws:execute-api:ap-southeast-1:774416584173:n3ex1fhmv6/*/POST/v1/flight/user",
            "statement_id": "AllowExecutionFromAPIGateway",
            "statement_id_prefix": ""
          },
          "sensitive_attributes": [],
          "private": "bnVsbA==",
          "dependencies": [
            "module.category-module.aws_api_gateway_authorizer.authorizer_resource",
            "module.category-module.aws_api_gateway_method.user_method",
            "module.category-module.aws_api_gateway_request_validator.user_validator",
            "module.category-module.aws_api_gateway_resource.flight_booking",
            "module.category-module.aws_api_gateway_resource.user",
            "module.category-module.aws_api_gateway_resource.v1",
            "module.category-module.aws_api_gateway_rest_api.ftb_terraform",
            "module.category-module.aws_lambda_function.authorizer_lambda",
            "module.category-module.aws_lambda_function.lambda_post_user",
            "module.category-module.data.aws_iam_role.academy_lambda_access",
            "module.category-module.module.authorizer-zip.aws_cloudwatch_log_group.lambda",
            "module.category-module.module.authorizer-zip.aws_iam_policy.additional_inline",
            "module.category-module.module.authorizer-zip.aws_iam_policy.additional_json",
            "module.category-module.module.authorizer-zip.aws_iam_policy.additional_jsons",
            "module.category-module.module.authorizer-zip.aws_iam_policy.async",
            "module.category-module.module.authorizer-zip.aws_iam_policy.dead_letter",
            "module.category-module.module.authorizer-zip.aws_iam_policy.logs",
            "module.category-module.module.authorizer-zip.aws_iam_policy.tracing",
            "module.category-module.module.authorizer-zip.aws_iam_policy.vpc",
            "module.category-module.module.authorizer-zip.aws_iam_policy_attachment.additional_inline",
            "module.category-module.module.authorizer-zip.aws_iam_policy_attachment.additional_json",
            "module.category-module.module.authorizer-zip.aws_iam_policy_attachment.additional_jsons",
            "module.category-module.module.authorizer-zip.aws_iam_policy_attachment.async",
            "module.category-module.module.authorizer-zip.aws_iam_policy_attachment.dead_letter",
            "module.category-module.module.authorizer-zip.aws_iam_policy_attachment.logs",
            "module.category-module.module.authorizer-zip.aws_iam_policy_attachment.tracing",
            "module.category-module.module.authorizer-zip.aws_iam_policy_attachment.vpc",
            "module.category-module.module.authorizer-zip.aws_iam_role.lambda",
            "module.category-module.module.authorizer-zip.aws_iam_role_policy_attachment.additional_many",
            "module.category-module.module.authorizer-zip.aws_iam_role_policy_attachment.additional_one",
            "module.category-module.module.authorizer-zip.aws_lambda_event_source_mapping.this",
            "module.category-module.module.authorizer-zip.aws_lambda_function.this",
            "module.category-module.module.authorizer-zip.aws_lambda_function_event_invoke_config.this",
            "module.category-module.module.authorizer-zip.aws_lambda_layer_version.this",
            "module.category-module.module.authorizer-zip.aws_lambda_permission.current_version_triggers",
            "module.category-module.module.authorizer-zip.aws_lambda_permission.unqualified_alias_triggers",
            "module.category-module.module.authorizer-zip.aws_lambda_provisioned_concurrency_config.current_version",
            "module.category-module.module.authorizer-zip.aws_s3_bucket_object.lambda_package",
            "module.category-module.module.authorizer-zip.data.aws_arn.log_group_arn",
            "module.category-module.module.authorizer-zip.data.aws_cloudwatch_log_group.lambda",
            "module.category-module.module.authorizer-zip.data.aws_iam_policy.tracing",
            "module.category-module.module.authorizer-zip.data.aws_iam_policy.vpc",
            "module.category-module.module.authorizer-zip.data.aws_iam_policy_document.additional_inline",
            "module.category-module.module.authorizer-zip.data.aws_iam_policy_document.assume_role",
            "module.category-module.module.authorizer-zip.data.aws_iam_policy_document.async",
            "module.category-module.module.authorizer-zip.data.aws_iam_policy_document.dead_letter",
            "module.category-module.module.authorizer-zip.data.aws_iam_policy_document.logs",
            "module.category-module.module.authorizer-zip.data.external.archive_prepare",
            "module.category-module.module.authorizer-zip.local_file.archive_plan",
            "module.category-module.module.authorizer-zip.null_resource.archive",
            "module.category-module.module.lambda_layer.aws_lambda_layer_version.this",
            "module.category-module.module.lambda_layer.aws_s3_bucket_object.lambda_package",
            "module.category-module.module.lambda_layer.data.external.archive_prepare",
            "module.category-module.module.lambda_layer.local_file.archive_plan",
            "module.category-module.module.lambda_layer.null_resource.archive",
            "module.category-module.module.zip_post_user_mv.aws_cloudwatch_log_group.lambda",
            "module.category-module.module.zip_post_user_mv.aws_iam_policy.additional_inline",
            "module.category-module.module.zip_post_user_mv.aws_iam_policy.additional_json",
            "module.category-module.module.zip_post_user_mv.aws_iam_policy.additional_jsons",
            "module.category-module.module.zip_post_user_mv.aws_iam_policy.async",
            "module.category-module.module.zip_post_user_mv.aws_iam_policy.dead_letter",
            "module.category-module.module.zip_post_user_mv.aws_iam_policy.logs",
            "module.category-module.module.zip_post_user_mv.aws_iam_policy.tracing",
            "module.category-module.module.zip_post_user_mv.aws_iam_policy.vpc",
            "module.category-module.module.zip_post_user_mv.aws_iam_policy_attachment.additional_inline",
            "module.category-module.module.zip_post_user_mv.aws_iam_policy_attachment.additional_json",
            "module.category-module.module.zip_post_user_mv.aws_iam_policy_attachment.additional_jsons",
            "module.category-module.module.zip_post_user_mv.aws_iam_policy_attachment.async",
            "module.category-module.module.zip_post_user_mv.aws_iam_policy_attachment.dead_letter",
            "module.category-module.module.zip_post_user_mv.aws_iam_policy_attachment.logs",
            "module.category-module.module.zip_post_user_mv.aws_iam_policy_attachment.tracing",
            "module.category-module.module.zip_post_user_mv.aws_iam_policy_attachment.vpc",
            "module.category-module.module.zip_post_user_mv.aws_iam_role.lambda",
            "module.category-module.module.zip_post_user_mv.aws_iam_role_policy_attachment.additional_many",
            "module.category-module.module.zip_post_user_mv.aws_iam_role_policy_attachment.additional_one",
            "module.category-module.module.zip_post_user_mv.aws_lambda_event_source_mapping.this",
            "module.category-module.module.zip_post_user_mv.aws_lambda_function.this",
            "module.category-module.module.zip_post_user_mv.aws_lambda_function_event_invoke_config.this",
            "module.category-module.module.zip_post_user_mv.aws_lambda_layer_version.this",
            "module.category-module.module.zip_post_user_mv.aws_lambda_permission.current_version_triggers",
            "module.category-module.module.zip_post_user_mv.aws_lambda_permission.unqualified_alias_triggers",
            "module.category-module.module.zip_post_user_mv.aws_lambda_provisioned_concurrency_config.current_version",
            "module.category-module.module.zip_post_user_mv.aws_s3_bucket_object.lambda_package",
            "module.category-module.module.zip_post_user_mv.data.aws_arn.log_group_arn",
            "module.category-module.module.zip_post_user_mv.data.aws_cloudwatch_log_group.lambda",
            "module.category-module.module.zip_post_user_mv.data.aws_iam_policy.tracing",
            "module.category-module.module.zip_post_user_mv.data.aws_iam_policy.vpc",
            "module.category-module.module.zip_post_user_mv.data.aws_iam_policy_document.additional_inline",
            "module.category-module.module.zip_post_user_mv.data.aws_iam_policy_document.assume_role",
            "module.category-module.module.zip_post_user_mv.data.aws_iam_policy_document.async",
            "module.category-module.module.zip_post_user_mv.data.aws_iam_policy_document.dead_letter",
            "module.category-module.module.zip_post_user_mv.data.aws_iam_policy_document.logs",
            "module.category-module.module.zip_post_user_mv.data.external.archive_prepare",
            "module.category-module.module.zip_post_user_mv.local_file.archive_plan",
            "module.category-module.module.zip_post_user_mv.null_resource.archive"
          ]
        }
      ]
    },
    {
      "module": "module.category-module.module.authorizer-zip",
      "mode": "data",
      "type": "external",
      "name": "archive_prepare",
      "provider": "provider[\"registry.terraform.io/hashicorp/external\"]",
      "instances": [
        {
          "index_key": 0,
          "schema_version": 0,
          "attributes": {
            "id": "-",
            "program": [
              "python.exe",
              "modules/terraform-aws-lambda/package.py",
              "prepare"
            ],
            "query": {
              "artifacts_dir": "s3_folders/authorizer",
              "docker": null,
              "hash_extra": "",
              "hash_extra_paths": "[]",
              "paths": "{\"cwd\":\"C:/Users/vaibhav.m/Downloads/Flight_Ticket_Booking/Flight_Ticket_Booking/terraform\",\"module\":\"modules/terraform-aws-lambda\",\"root\":\".\"}",
              "runtime": "python3.9",
              "source_path": "[{\"path\":\"./../src/python/authorizer\",\"patterns\":[\"!src/python/authorizer/__pycache__/?.*\"]},{\"path\":\"./../src/python/models\",\"patterns\":[\"!src/python/models/__pycache__/?.*\"],\"prefix_in_zip\":\"models\"},{\"path\":\"./../src/python/service\",\"patterns\":[\"!src/python/service/__pycache__/?.*\"],\"prefix_in_zip\":\"service\"}]"
            },
            "result": {
              "build_plan": "{\"filename\": \"s3_folders/authorizer\\\\85c2c805fc91ee7865173b4368420ca523024f14db30539646a7e6f8d71f0dd0.zip\", \"runtime\": \"python3.9\", \"artifacts_dir\": \"s3_folders/authorizer\", \"build_plan\": [[\"set:filter\", [\"!src/python/authorizer/__pycache__/?.*\"]], [\"zip\", \"./../src/python/authorizer\", null], [\"clear:filter\"], [\"set:filter\", [\"!src/python/models/__pycache__/?.*\"]], [\"zip\", \"./../src/python/models\", \"models\"], [\"clear:filter\"], [\"set:filter\", [\"!src/python/service/__pycache__/?.*\"]], [\"zip\", \"./../src/python/service\", \"service\"], [\"clear:filter\"]]}",
              "build_plan_filename": "s3_folders/authorizer\\85c2c805fc91ee7865173b4368420ca523024f14db30539646a7e6f8d71f0dd0.plan.json",
              "filename": "s3_folders/authorizer\\85c2c805fc91ee7865173b4368420ca523024f14db30539646a7e6f8d71f0dd0.zip",
              "timestamp": "1689174662026332000",
              "was_missing": "false"
            },
            "working_dir": null
          },
          "sensitive_attributes": []
        }
      ]
    },
    {
      "module": "module.category-module.module.authorizer-zip",
      "mode": "managed",
      "type": "aws_s3_bucket_object",
      "name": "lambda_package",
      "provider": "provider[\"registry.terraform.io/hashicorp/aws\"]",
      "instances": [
        {
          "index_key": 0,
          "schema_version": 0,
          "attributes": {
            "acl": "private",
            "bucket": "my-usage-bucket",
            "bucket_key_enabled": false,
            "cache_control": "",
            "content": null,
            "content_base64": null,
            "content_disposition": "",
            "content_encoding": "",
            "content_language": "",
            "content_type": "binary/octet-stream",
            "etag": "2e93c9727339606885fe7a4b11999458",
            "force_destroy": false,
            "id": "s3_folders/authorizer\\85c2c805fc91ee7865173b4368420ca523024f14db30539646a7e6f8d71f0dd0.zip",
            "key": "s3_folders/authorizer\\85c2c805fc91ee7865173b4368420ca523024f14db30539646a7e6f8d71f0dd0.zip",
            "kms_key_id": null,
            "metadata": {},
            "object_lock_legal_hold_status": "",
            "object_lock_mode": "",
            "object_lock_retain_until_date": "",
            "server_side_encryption": "AES256",
            "source": "s3_folders/authorizer\\85c2c805fc91ee7865173b4368420ca523024f14db30539646a7e6f8d71f0dd0.zip",
            "source_hash": null,
            "storage_class": "ONEZONE_IA",
            "tags": {},
            "tags_all": {},
            "version_id": "",
            "website_redirect": ""
          },
          "sensitive_attributes": [],
          "private": "bnVsbA==",
          "dependencies": [
            "module.category-module.module.authorizer-zip.data.external.archive_prepare",
            "module.category-module.module.authorizer-zip.local_file.archive_plan",
            "module.category-module.module.authorizer-zip.null_resource.archive"
          ],
          "create_before_destroy": true
        }
      ]
    },
    {
      "module": "module.category-module.module.authorizer-zip",
      "mode": "managed",
      "type": "local_file",
      "name": "archive_plan",
      "provider": "provider[\"registry.terraform.io/hashicorp/local\"]",
      "instances": [
        {
          "index_key": 0,
          "schema_version": 0,
          "attributes": {
            "content": "{\"filename\": \"s3_folders/authorizer\\\\85c2c805fc91ee7865173b4368420ca523024f14db30539646a7e6f8d71f0dd0.zip\", \"runtime\": \"python3.9\", \"artifacts_dir\": \"s3_folders/authorizer\", \"build_plan\": [[\"set:filter\", [\"!src/python/authorizer/__pycache__/?.*\"]], [\"zip\", \"./../src/python/authorizer\", null], [\"clear:filter\"], [\"set:filter\", [\"!src/python/models/__pycache__/?.*\"]], [\"zip\", \"./../src/python/models\", \"models\"], [\"clear:filter\"], [\"set:filter\", [\"!src/python/service/__pycache__/?.*\"]], [\"zip\", \"./../src/python/service\", \"service\"], [\"clear:filter\"]]}",
            "content_base64": null,
            "content_base64sha256": "PEFeCSZBaJAJV7UGYP2o76Qojl50zh9qhKwqZmS8cMg=",
            "content_base64sha512": "51HaI6zRq43hGJqy00lBalUa02y7zd8M+o+nJFChuKQdDnmm/ezlnOUdfiyIVEfUqEcRLbBy4P6qMUmSilEN3A==",
            "content_md5": "1b26463dff95b4d7d2c5c375c767d0b7",
            "content_sha1": "7da95a80ae0de8e3ab93bd944002802e82a8e000",
            "content_sha256": "3c415e09264168900957b50660fda8efa4288e5e74ce1f6a84ac2a6664bc70c8",
            "content_sha512": "e751da23acd1ab8de1189ab2d349416a551ad36cbbcddf0cfa8fa72450a1b8a41d0e79a6fdece59ce51d7e2c885447d4a847112db072e0feaa3149928a510ddc",
            "directory_permission": "0755",
            "file_permission": "0644",
            "filename": "s3_folders/authorizer\\85c2c805fc91ee7865173b4368420ca523024f14db30539646a7e6f8d71f0dd0.plan.json",
            "id": "7da95a80ae0de8e3ab93bd944002802e82a8e000",
            "sensitive_content": null,
            "source": null
          },
          "sensitive_attributes": [],
          "dependencies": [
            "module.category-module.module.authorizer-zip.data.external.archive_prepare"
          ],
          "create_before_destroy": true
        }
      ]
    },
    {
      "module": "module.category-module.module.authorizer-zip",
      "mode": "managed",
      "type": "null_resource",
      "name": "archive",
      "provider": "provider[\"registry.terraform.io/hashicorp/null\"]",
      "instances": [
        {
          "index_key": 0,
          "schema_version": 0,
          "attributes": {
            "id": "1516848815612648340",
            "triggers": {
              "filename": "s3_folders/authorizer\\85c2c805fc91ee7865173b4368420ca523024f14db30539646a7e6f8d71f0dd0.zip",
              "timestamp": "1689174662026332000"
            }
          },
          "sensitive_attributes": [],
          "dependencies": [
            "module.category-module.module.authorizer-zip.data.external.archive_prepare",
            "module.category-module.module.authorizer-zip.local_file.archive_plan"
          ],
          "create_before_destroy": true
        }
      ]
    },
    {
      "module": "module.category-module.module.lambda_layer",
      "mode": "data",
      "type": "external",
      "name": "archive_prepare",
      "provider": "provider[\"registry.terraform.io/hashicorp/external\"]",
      "instances": [
        {
          "index_key": 0,
          "schema_version": 0,
          "attributes": {
            "id": "-",
            "program": [
              "python.exe",
              "modules/terraform-aws-lambda/package.py",
              "prepare"
            ],
            "query": {
              "artifacts_dir": "s3_files/lambda_layer",
              "docker": null,
              "hash_extra": "",
              "hash_extra_paths": "[]",
              "paths": "{\"cwd\":\"C:/Users/vaibhav.m/Downloads/Flight_Ticket_Booking/Flight_Ticket_Booking/terraform\",\"module\":\"modules/terraform-aws-lambda\",\"root\":\".\"}",
              "runtime": "python3.9",
              "source_path": "{\"pip_requirements\":\"./../requirements.txt\",\"prefix_in_zip\":\"python\"}"
            },
            "result": {
              "build_plan": "{\"filename\": \"s3_files/lambda_layer\\\\9fe46b9851c0f9978b50f3f84122565724402f4ed415b3b64a811f2e317f0597.zip\", \"runtime\": \"python3.9\", \"artifacts_dir\": \"s3_files/lambda_layer\", \"build_plan\": [[\"pip\", \"python3.9\", \"./../requirements.txt\", \"python\"]]}",
              "build_plan_filename": "s3_files/lambda_layer\\9fe46b9851c0f9978b50f3f84122565724402f4ed415b3b64a811f2e317f0597.plan.json",
              "filename": "s3_files/lambda_layer\\9fe46b9851c0f9978b50f3f84122565724402f4ed415b3b64a811f2e317f0597.zip",
              "timestamp": "1689096000541402200",
              "was_missing": "false"
            },
            "working_dir": null
          },
          "sensitive_attributes": []
        }
      ]
    },
    {
      "module": "module.category-module.module.lambda_layer",
      "mode": "managed",
      "type": "aws_lambda_layer_version",
      "name": "this",
      "provider": "provider[\"registry.terraform.io/hashicorp/aws\"]",
      "instances": [
        {
          "index_key": 0,
          "schema_version": 0,
          "attributes": {
            "arn": "arn:aws:lambda:ap-southeast-1:774416584173:layer:packages:50",
            "compatible_architectures": null,
            "compatible_runtimes": [
              "python3.9"
            ],
            "created_date": "2023-07-12T15:51:38.723+0000",
            "description": "",
            "filename": null,
            "id": "arn:aws:lambda:ap-southeast-1:774416584173:layer:packages:50",
            "layer_arn": "arn:aws:lambda:ap-southeast-1:774416584173:layer:packages",
            "layer_name": "packages",
            "license_info": "",
            "s3_bucket": "my-usage-bucket",
            "s3_key": "s3_files/lambda_layer\\9fe46b9851c0f9978b50f3f84122565724402f4ed415b3b64a811f2e317f0597.zip",
            "s3_object_version": "",
            "signing_job_arn": "",
            "signing_profile_version_arn": "",
            "skip_destroy": false,
            "source_code_hash": "EO5FdZWKfZJP3VE0TU/FzOTTvReSgJ0shkw6XRLERS8=",
            "source_code_size": 29130903,
            "version": "50"
          },
          "sensitive_attributes": [],
          "private": "bnVsbA==",
          "dependencies": [
            "module.category-module.module.lambda_layer.aws_s3_bucket_object.lambda_package",
            "module.category-module.module.lambda_layer.data.external.archive_prepare",
            "module.category-module.module.lambda_layer.local_file.archive_plan",
            "module.category-module.module.lambda_layer.null_resource.archive"
          ],
          "create_before_destroy": true
        }
      ]
    },
    {
      "module": "module.category-module.module.lambda_layer",
      "mode": "managed",
      "type": "aws_s3_bucket_object",
      "name": "lambda_package",
      "provider": "provider[\"registry.terraform.io/hashicorp/aws\"]",
      "instances": [
        {
          "index_key": 0,
          "schema_version": 0,
          "attributes": {
            "acl": "private",
            "bucket": "my-usage-bucket",
            "bucket_key_enabled": false,
            "cache_control": "",
            "content": null,
            "content_base64": null,
            "content_disposition": "",
            "content_encoding": "",
            "content_language": "",
            "content_type": "binary/octet-stream",
            "etag": "7f6c4d2cf664a1e44f31e1353645ec1b-6",
            "force_destroy": false,
            "id": "s3_files/lambda_layer\\9fe46b9851c0f9978b50f3f84122565724402f4ed415b3b64a811f2e317f0597.zip",
            "key": "s3_files/lambda_layer\\9fe46b9851c0f9978b50f3f84122565724402f4ed415b3b64a811f2e317f0597.zip",
            "kms_key_id": null,
            "metadata": {},
            "object_lock_legal_hold_status": "",
            "object_lock_mode": "",
            "object_lock_retain_until_date": "",
            "server_side_encryption": "AES256",
            "source": "s3_files/lambda_layer\\9fe46b9851c0f9978b50f3f84122565724402f4ed415b3b64a811f2e317f0597.zip",
            "source_hash": null,
            "storage_class": "ONEZONE_IA",
            "tags": {},
            "tags_all": {},
            "version_id": "",
            "website_redirect": ""
          },
          "sensitive_attributes": [],
          "private": "bnVsbA==",
          "dependencies": [
            "module.category-module.module.lambda_layer.data.external.archive_prepare",
            "module.category-module.module.lambda_layer.local_file.archive_plan",
            "module.category-module.module.lambda_layer.null_resource.archive"
          ],
          "create_before_destroy": true
        }
      ]
    },
    {
      "module": "module.category-module.module.lambda_layer",
      "mode": "managed",
      "type": "local_file",
      "name": "archive_plan",
      "provider": "provider[\"registry.terraform.io/hashicorp/local\"]",
      "instances": [
        {
          "index_key": 0,
          "schema_version": 0,
          "attributes": {
            "content": "{\"filename\": \"s3_files/lambda_layer\\\\9fe46b9851c0f9978b50f3f84122565724402f4ed415b3b64a811f2e317f0597.zip\", \"runtime\": \"python3.9\", \"artifacts_dir\": \"s3_files/lambda_layer\", \"build_plan\": [[\"pip\", \"python3.9\", \"./../requirements.txt\", \"python\"]]}",
            "content_base64": null,
            "content_base64sha256": "zw3KbcKMtsPJiKZfekzB93Cx/Kv76TwDYKzgCioOlbI=",
            "content_base64sha512": "Kn0VOOgjPHV2vFD0sUn9aG1dqQwKIVpZySvng52uUoMGRYDQYoWZzY4dGqC5D5n/9z7phqCJFl8u3lMCgTN1pQ==",
            "content_md5": "781f30c033a5fb54e6e89ea4b0d94736",
            "content_sha1": "5b1906d4505cc98276a1d0e1c89215829a1e5a73",
            "content_sha256": "cf0dca6dc28cb6c3c988a65f7a4cc1f770b1fcabfbe93c0360ace00a2a0e95b2",
            "content_sha512": "2a7d1538e8233c7576bc50f4b149fd686d5da90c0a215a59c92be7839dae5283064580d0628599cd8e1d1aa0b90f99fff73ee986a089165f2ede5302813375a5",
            "directory_permission": "0755",
            "file_permission": "0644",
            "filename": "s3_files/lambda_layer\\9fe46b9851c0f9978b50f3f84122565724402f4ed415b3b64a811f2e317f0597.plan.json",
            "id": "5b1906d4505cc98276a1d0e1c89215829a1e5a73",
            "sensitive_content": null,
            "source": null
          },
          "sensitive_attributes": [],
          "dependencies": [
            "module.category-module.module.lambda_layer.data.external.archive_prepare"
          ],
          "create_before_destroy": true
        }
      ]
    },
    {
      "module": "module.category-module.module.lambda_layer",
      "mode": "managed",
      "type": "null_resource",
      "name": "archive",
      "provider": "provider[\"registry.terraform.io/hashicorp/null\"]",
      "instances": [
        {
          "index_key": 0,
          "schema_version": 0,
          "attributes": {
            "id": "3602144083505999674",
            "triggers": {
              "filename": "s3_files/lambda_layer\\9fe46b9851c0f9978b50f3f84122565724402f4ed415b3b64a811f2e317f0597.zip",
              "timestamp": "1689096000541402200"
            }
          },
          "sensitive_attributes": [],
          "dependencies": [
            "module.category-module.module.lambda_layer.data.external.archive_prepare",
            "module.category-module.module.lambda_layer.local_file.archive_plan"
          ],
          "create_before_destroy": true
        }
      ]
    },
    {
      "module": "module.category-module.module.zip_get_booking",
      "mode": "data",
      "type": "external",
      "name": "archive_prepare",
      "provider": "provider[\"registry.terraform.io/hashicorp/external\"]",
      "instances": [
        {
          "index_key": 0,
          "schema_version": 0,
          "attributes": {
            "id": "-",
            "program": [
              "python.exe",
              "modules/terraform-aws-lambda/package.py",
              "prepare"
            ],
            "query": {
              "artifacts_dir": "s3_files/get-booking",
              "docker": null,
              "hash_extra": "",
              "hash_extra_paths": "[]",
              "paths": "{\"cwd\":\"C:/Users/vaibhav.m/Downloads/Flight_Ticket_Booking/Flight_Ticket_Booking/terraform\",\"module\":\"modules/terraform-aws-lambda\",\"root\":\".\"}",
              "runtime": "python3.9",
              "source_path": "[{\"path\":\"./../src/python/get_booking_details\",\"patterns\":[\"!src/get_booking_details/__pycache__/?.*\"],\"prefix_in_zip\":\"get_booking_details\"},{\"path\":\"./../src/python/service\",\"patterns\":[\"!src/service/__pycache__/?.*\"],\"prefix_in_zip\":\"service\"},{\"path\":\"./../src/python/models\",\"patterns\":[\"!src/models/__pycache__/?.*\"],\"prefix_in_zip\":\"models\"}]"
            },
            "result": {
              "build_plan": "{\"filename\": \"s3_files/get-booking\\\\dbcd0d7de7b17f25b988bbfe93d8ab9e3c1304ee6d17d0b6ea5490f14b91bc3e.zip\", \"runtime\": \"python3.9\", \"artifacts_dir\": \"s3_files/get-booking\", \"build_plan\": [[\"set:filter\", [\"!src/get_booking_details/__pycache__/?.*\"]], [\"zip\", \"./../src/python/get_booking_details\", \"get_booking_details\"], [\"clear:filter\"], [\"set:filter\", [\"!src/service/__pycache__/?.*\"]], [\"zip\", \"./../src/python/service\", \"service\"], [\"clear:filter\"], [\"set:filter\", [\"!src/models/__pycache__/?.*\"]], [\"zip\", \"./../src/python/models\", \"models\"], [\"clear:filter\"]]}",
              "build_plan_filename": "s3_files/get-booking\\dbcd0d7de7b17f25b988bbfe93d8ab9e3c1304ee6d17d0b6ea5490f14b91bc3e.plan.json",
              "filename": "s3_files/get-booking\\dbcd0d7de7b17f25b988bbfe93d8ab9e3c1304ee6d17d0b6ea5490f14b91bc3e.zip",
              "timestamp": "1689174662019399800",
              "was_missing": "false"
            },
            "working_dir": null
          },
          "sensitive_attributes": []
        }
      ]
    },
    {
      "module": "module.category-module.module.zip_get_booking",
      "mode": "managed",
      "type": "aws_s3_bucket_object",
      "name": "lambda_package",
      "provider": "provider[\"registry.terraform.io/hashicorp/aws\"]",
      "instances": [
        {
          "index_key": 0,
          "schema_version": 0,
          "attributes": {
            "acl": "private",
            "bucket": "my-usage-bucket",
            "bucket_key_enabled": false,
            "cache_control": "",
            "content": null,
            "content_base64": null,
            "content_disposition": "",
            "content_encoding": "",
            "content_language": "",
            "content_type": "binary/octet-stream",
            "etag": "e93d19fc26fdc8e4539f691d024f4716",
            "force_destroy": false,
            "id": "s3_files/get-booking\\dbcd0d7de7b17f25b988bbfe93d8ab9e3c1304ee6d17d0b6ea5490f14b91bc3e.zip",
            "key": "s3_files/get-booking\\dbcd0d7de7b17f25b988bbfe93d8ab9e3c1304ee6d17d0b6ea5490f14b91bc3e.zip",
            "kms_key_id": null,
            "metadata": {},
            "object_lock_legal_hold_status": "",
            "object_lock_mode": "",
            "object_lock_retain_until_date": "",
            "server_side_encryption": "AES256",
            "source": "s3_files/get-booking\\dbcd0d7de7b17f25b988bbfe93d8ab9e3c1304ee6d17d0b6ea5490f14b91bc3e.zip",
            "source_hash": null,
            "storage_class": "ONEZONE_IA",
            "tags": {},
            "tags_all": {},
            "version_id": "",
            "website_redirect": ""
          },
          "sensitive_attributes": [],
          "private": "bnVsbA==",
          "dependencies": [
            "module.category-module.module.zip_get_booking.data.external.archive_prepare",
            "module.category-module.module.zip_get_booking.local_file.archive_plan",
            "module.category-module.module.zip_get_booking.null_resource.archive"
          ],
          "create_before_destroy": true
        }
      ]
    },
    {
      "module": "module.category-module.module.zip_get_booking",
      "mode": "managed",
      "type": "local_file",
      "name": "archive_plan",
      "provider": "provider[\"registry.terraform.io/hashicorp/local\"]",
      "instances": [
        {
          "index_key": 0,
          "schema_version": 0,
          "attributes": {
            "content": "{\"filename\": \"s3_files/get-booking\\\\dbcd0d7de7b17f25b988bbfe93d8ab9e3c1304ee6d17d0b6ea5490f14b91bc3e.zip\", \"runtime\": \"python3.9\", \"artifacts_dir\": \"s3_files/get-booking\", \"build_plan\": [[\"set:filter\", [\"!src/get_booking_details/__pycache__/?.*\"]], [\"zip\", \"./../src/python/get_booking_details\", \"get_booking_details\"], [\"clear:filter\"], [\"set:filter\", [\"!src/service/__pycache__/?.*\"]], [\"zip\", \"./../src/python/service\", \"service\"], [\"clear:filter\"], [\"set:filter\", [\"!src/models/__pycache__/?.*\"]], [\"zip\", \"./../src/python/models\", \"models\"], [\"clear:filter\"]]}",
            "content_base64": null,
            "content_base64sha256": "+DPSEkZ68W54R0SZuCyN1s4TcLJZe3lYkmLctK/XWKg=",
            "content_base64sha512": "k57UrLb6vxaVG9WPEqt8ngc8wOpkusPgd0fkIvYU0s1UT/B6wZOIyUm5HX1qv7A1wU1qDh/x1m3MvQD45KD9YQ==",
            "content_md5": "cd3a3a47b80c3ae1ea14604569ab5bc5",
            "content_sha1": "990f51299bd9b1192446090dd203313217f2e005",
            "content_sha256": "f833d212467af16e78474499b82c8dd6ce1370b2597b79589262dcb4afd758a8",
            "content_sha512": "939ed4acb6fabf16951bd58f12ab7c9e073cc0ea64bac3e07747e422f614d2cd544ff07ac19388c949b91d7d6abfb035c14d6a0e1ff1d66dccbd00f8e4a0fd61",
            "directory_permission": "0755",
            "file_permission": "0644",
            "filename": "s3_files/get-booking\\dbcd0d7de7b17f25b988bbfe93d8ab9e3c1304ee6d17d0b6ea5490f14b91bc3e.plan.json",
            "id": "990f51299bd9b1192446090dd203313217f2e005",
            "sensitive_content": null,
            "source": null
          },
          "sensitive_attributes": [],
          "dependencies": [
            "module.category-module.module.zip_get_booking.data.external.archive_prepare"
          ],
          "create_before_destroy": true
        }
      ]
    },
    {
      "module": "module.category-module.module.zip_get_booking",
      "mode": "managed",
      "type": "null_resource",
      "name": "archive",
      "provider": "provider[\"registry.terraform.io/hashicorp/null\"]",
      "instances": [
        {
          "index_key": 0,
          "schema_version": 0,
          "attributes": {
            "id": "1951913735621927552",
            "triggers": {
              "filename": "s3_files/get-booking\\dbcd0d7de7b17f25b988bbfe93d8ab9e3c1304ee6d17d0b6ea5490f14b91bc3e.zip",
              "timestamp": "1689174662019399800"
            }
          },
          "sensitive_attributes": [],
          "dependencies": [
            "module.category-module.module.zip_get_booking.data.external.archive_prepare",
            "module.category-module.module.zip_get_booking.local_file.archive_plan"
          ],
          "create_before_destroy": true
        }
      ]
    },
    {
      "module": "module.category-module.module.zip_get_flight",
      "mode": "data",
      "type": "external",
      "name": "archive_prepare",
      "provider": "provider[\"registry.terraform.io/hashicorp/external\"]",
      "instances": [
        {
          "index_key": 0,
          "schema_version": 0,
          "attributes": {
            "id": "-",
            "program": [
              "python.exe",
              "modules/terraform-aws-lambda/package.py",
              "prepare"
            ],
            "query": {
              "artifacts_dir": "s3_files/get-flight",
              "docker": null,
              "hash_extra": "",
              "hash_extra_paths": "[]",
              "paths": "{\"cwd\":\"C:/Users/vaibhav.m/Downloads/Flight_Ticket_Booking/Flight_Ticket_Booking/terraform\",\"module\":\"modules/terraform-aws-lambda\",\"root\":\".\"}",
              "runtime": "python3.9",
              "source_path": "[{\"path\":\"./../src/python/get_flight_details\",\"patterns\":[\"!src/get_flight_details/__pycache__/?.*\"],\"prefix_in_zip\":\"get_flight_details\"},{\"path\":\"./../src/python/service\",\"patterns\":[\"!src/service/__pycache__/?.*\"],\"prefix_in_zip\":\"service\"},{\"path\":\"./../src/python/models\",\"patterns\":[\"!src/models/__pycache__/?.*\"],\"prefix_in_zip\":\"models\"}]"
            },
            "result": {
              "build_plan": "{\"filename\": \"s3_files/get-flight\\\\19822dd19e10afdb65b8691065911033d198b8eae426de378bae815e8d13e66b.zip\", \"runtime\": \"python3.9\", \"artifacts_dir\": \"s3_files/get-flight\", \"build_plan\": [[\"set:filter\", [\"!src/get_flight_details/__pycache__/?.*\"]], [\"zip\", \"./../src/python/get_flight_details\", \"get_flight_details\"], [\"clear:filter\"], [\"set:filter\", [\"!src/service/__pycache__/?.*\"]], [\"zip\", \"./../src/python/service\", \"service\"], [\"clear:filter\"], [\"set:filter\", [\"!src/models/__pycache__/?.*\"]], [\"zip\", \"./../src/python/models\", \"models\"], [\"clear:filter\"]]}",
              "build_plan_filename": "s3_files/get-flight\\19822dd19e10afdb65b8691065911033d198b8eae426de378bae815e8d13e66b.plan.json",
              "filename": "s3_files/get-flight\\19822dd19e10afdb65b8691065911033d198b8eae426de378bae815e8d13e66b.zip",
              "timestamp": "1689174662028009000",
              "was_missing": "false"
            },
            "working_dir": null
          },
          "sensitive_attributes": []
        }
      ]
    },
    {
      "module": "module.category-module.module.zip_get_flight",
      "mode": "managed",
      "type": "aws_s3_bucket_object",
      "name": "lambda_package",
      "provider": "provider[\"registry.terraform.io/hashicorp/aws\"]",
      "instances": [
        {
          "index_key": 0,
          "schema_version": 0,
          "attributes": {
            "acl": "private",
            "bucket": "my-usage-bucket",
            "bucket_key_enabled": false,
            "cache_control": "",
            "content": null,
            "content_base64": null,
            "content_disposition": "",
            "content_encoding": "",
            "content_language": "",
            "content_type": "binary/octet-stream",
            "etag": "7e76e5ced8198e6e5e83dde3e1d84a14",
            "force_destroy": false,
            "id": "s3_files/get-flight\\19822dd19e10afdb65b8691065911033d198b8eae426de378bae815e8d13e66b.zip",
            "key": "s3_files/get-flight\\19822dd19e10afdb65b8691065911033d198b8eae426de378bae815e8d13e66b.zip",
            "kms_key_id": null,
            "metadata": {},
            "object_lock_legal_hold_status": "",
            "object_lock_mode": "",
            "object_lock_retain_until_date": "",
            "server_side_encryption": "AES256",
            "source": "s3_files/get-flight\\19822dd19e10afdb65b8691065911033d198b8eae426de378bae815e8d13e66b.zip",
            "source_hash": null,
            "storage_class": "ONEZONE_IA",
            "tags": {},
            "tags_all": {},
            "version_id": "",
            "website_redirect": ""
          },
          "sensitive_attributes": [],
          "private": "bnVsbA==",
          "dependencies": [
            "module.category-module.module.zip_get_flight.data.external.archive_prepare",
            "module.category-module.module.zip_get_flight.local_file.archive_plan",
            "module.category-module.module.zip_get_flight.null_resource.archive"
          ],
          "create_before_destroy": true
        }
      ]
    },
    {
      "module": "module.category-module.module.zip_get_flight",
      "mode": "managed",
      "type": "local_file",
      "name": "archive_plan",
      "provider": "provider[\"registry.terraform.io/hashicorp/local\"]",
      "instances": [
        {
          "index_key": 0,
          "schema_version": 0,
          "attributes": {
            "content": "{\"filename\": \"s3_files/get-flight\\\\19822dd19e10afdb65b8691065911033d198b8eae426de378bae815e8d13e66b.zip\", \"runtime\": \"python3.9\", \"artifacts_dir\": \"s3_files/get-flight\", \"build_plan\": [[\"set:filter\", [\"!src/get_flight_details/__pycache__/?.*\"]], [\"zip\", \"./../src/python/get_flight_details\", \"get_flight_details\"], [\"clear:filter\"], [\"set:filter\", [\"!src/service/__pycache__/?.*\"]], [\"zip\", \"./../src/python/service\", \"service\"], [\"clear:filter\"], [\"set:filter\", [\"!src/models/__pycache__/?.*\"]], [\"zip\", \"./../src/python/models\", \"models\"], [\"clear:filter\"]]}",
            "content_base64": null,
            "content_base64sha256": "keTgF1xpl5r1qG5YL/gePPkhtZOKwIRr5RoCZDGsm6k=",
            "content_base64sha512": "Ka/UvPr5r4MMC+lLiVztlAZ6yRhDjWAp4MEQieQESIOm3+U1oErp9k1DF8e0rBibgFI/Ijh2RM9pDH/PS/AX8w==",
            "content_md5": "706f8aa2223509c088ed6235be76f9b5",
            "content_sha1": "4228491760f1342e5d874748f63d278dbddef198",
            "content_sha256": "91e4e0175c69979af5a86e582ff81e3cf921b5938ac0846be51a026431ac9ba9",
            "content_sha512": "29afd4bcfaf9af830c0be94b895ced94067ac918438d6029e0c11089e4044883a6dfe535a04ae9f64d4317c7b4ac189b80523f22387644cf690c7fcf4bf017f3",
            "directory_permission": "0755",
            "file_permission": "0644",
            "filename": "s3_files/get-flight\\19822dd19e10afdb65b8691065911033d198b8eae426de378bae815e8d13e66b.plan.json",
            "id": "4228491760f1342e5d874748f63d278dbddef198",
            "sensitive_content": null,
            "source": null
          },
          "sensitive_attributes": [],
          "dependencies": [
            "module.category-module.module.zip_get_flight.data.external.archive_prepare"
          ],
          "create_before_destroy": true
        }
      ]
    },
    {
      "module": "module.category-module.module.zip_get_flight",
      "mode": "managed",
      "type": "null_resource",
      "name": "archive",
      "provider": "provider[\"registry.terraform.io/hashicorp/null\"]",
      "instances": [
        {
          "index_key": 0,
          "schema_version": 0,
          "attributes": {
            "id": "391480459103042172",
            "triggers": {
              "filename": "s3_files/get-flight\\19822dd19e10afdb65b8691065911033d198b8eae426de378bae815e8d13e66b.zip",
              "timestamp": "1689174662028009000"
            }
          },
          "sensitive_attributes": [],
          "dependencies": [
            "module.category-module.module.zip_get_flight.data.external.archive_prepare",
            "module.category-module.module.zip_get_flight.local_file.archive_plan"
          ],
          "create_before_destroy": true
        }
      ]
    },
    {
      "module": "module.category-module.module.zip_post_book-ticket_mv",
      "mode": "data",
      "type": "external",
      "name": "archive_prepare",
      "provider": "provider[\"registry.terraform.io/hashicorp/external\"]",
      "instances": [
        {
          "index_key": 0,
          "schema_version": 0,
          "attributes": {
            "id": "-",
            "program": [
              "python.exe",
              "modules/terraform-aws-lambda/package.py",
              "prepare"
            ],
            "query": {
              "artifacts_dir": "s3_files/book-ticket",
              "docker": null,
              "hash_extra": "",
              "hash_extra_paths": "[]",
              "paths": "{\"cwd\":\"C:/Users/vaibhav.m/Downloads/Flight_Ticket_Booking/Flight_Ticket_Booking/terraform\",\"module\":\"modules/terraform-aws-lambda\",\"root\":\".\"}",
              "runtime": "python3.9",
              "source_path": "[{\"path\":\"./../src/python/book_ticket\",\"patterns\":[\"!src/book_ticket/__pycache__/?.*\"],\"prefix_in_zip\":\"book_ticket\"},{\"path\":\"./../src/python/service\",\"patterns\":[\"!src/service/__pycache__/?.*\"],\"prefix_in_zip\":\"service\"},{\"path\":\"./../src/python/models\",\"patterns\":[\"!src/models/__pycache__/?.*\"],\"prefix_in_zip\":\"models\"}]"
            },
            "result": {
              "build_plan": "{\"filename\": \"s3_files/book-ticket\\\\f1c8791c8e300a6a3bb75b3e141d6024a056e3a37093732bcc52fa618a7ec0ff.zip\", \"runtime\": \"python3.9\", \"artifacts_dir\": \"s3_files/book-ticket\", \"build_plan\": [[\"set:filter\", [\"!src/book_ticket/__pycache__/?.*\"]], [\"zip\", \"./../src/python/book_ticket\", \"book_ticket\"], [\"clear:filter\"], [\"set:filter\", [\"!src/service/__pycache__/?.*\"]], [\"zip\", \"./../src/python/service\", \"service\"], [\"clear:filter\"], [\"set:filter\", [\"!src/models/__pycache__/?.*\"]], [\"zip\", \"./../src/python/models\", \"models\"], [\"clear:filter\"]]}",
              "build_plan_filename": "s3_files/book-ticket\\f1c8791c8e300a6a3bb75b3e141d6024a056e3a37093732bcc52fa618a7ec0ff.plan.json",
              "filename": "s3_files/book-ticket\\f1c8791c8e300a6a3bb75b3e141d6024a056e3a37093732bcc52fa618a7ec0ff.zip",
              "timestamp": "1689177063616916000",
              "was_missing": "true"
            },
            "working_dir": null
          },
          "sensitive_attributes": []
        }
      ]
    },
    {
      "module": "module.category-module.module.zip_post_book-ticket_mv",
      "mode": "managed",
      "type": "aws_s3_bucket_object",
      "name": "lambda_package",
      "provider": "provider[\"registry.terraform.io/hashicorp/aws\"]",
      "instances": [
        {
          "index_key": 0,
          "schema_version": 0,
          "attributes": {
            "acl": "private",
            "bucket": "my-usage-bucket",
            "bucket_key_enabled": false,
            "cache_control": "",
            "content": null,
            "content_base64": null,
            "content_disposition": "",
            "content_encoding": "",
            "content_language": "",
            "content_type": "binary/octet-stream",
            "etag": "0db4a17d60116aeb19d604f20f785794",
            "force_destroy": false,
            "id": "s3_files/book-ticket\\f1c8791c8e300a6a3bb75b3e141d6024a056e3a37093732bcc52fa618a7ec0ff.zip",
            "key": "s3_files/book-ticket\\f1c8791c8e300a6a3bb75b3e141d6024a056e3a37093732bcc52fa618a7ec0ff.zip",
            "kms_key_id": null,
            "metadata": null,
            "object_lock_legal_hold_status": "",
            "object_lock_mode": "",
            "object_lock_retain_until_date": "",
            "server_side_encryption": "AES256",
            "source": "s3_files/book-ticket\\f1c8791c8e300a6a3bb75b3e141d6024a056e3a37093732bcc52fa618a7ec0ff.zip",
            "source_hash": null,
            "storage_class": "ONEZONE_IA",
            "tags": null,
            "tags_all": {},
            "version_id": "",
            "website_redirect": ""
          },
          "sensitive_attributes": [],
          "private": "bnVsbA==",
          "dependencies": [
            "module.category-module.module.zip_post_book-ticket_mv.data.external.archive_prepare",
            "module.category-module.module.zip_post_book-ticket_mv.local_file.archive_plan",
            "module.category-module.module.zip_post_book-ticket_mv.null_resource.archive"
          ],
          "create_before_destroy": true
        }
      ]
    },
    {
      "module": "module.category-module.module.zip_post_book-ticket_mv",
      "mode": "managed",
      "type": "local_file",
      "name": "archive_plan",
      "provider": "provider[\"registry.terraform.io/hashicorp/local\"]",
      "instances": [
        {
          "index_key": 0,
          "schema_version": 0,
          "attributes": {
            "content": "{\"filename\": \"s3_files/book-ticket\\\\f1c8791c8e300a6a3bb75b3e141d6024a056e3a37093732bcc52fa618a7ec0ff.zip\", \"runtime\": \"python3.9\", \"artifacts_dir\": \"s3_files/book-ticket\", \"build_plan\": [[\"set:filter\", [\"!src/book_ticket/__pycache__/?.*\"]], [\"zip\", \"./../src/python/book_ticket\", \"book_ticket\"], [\"clear:filter\"], [\"set:filter\", [\"!src/service/__pycache__/?.*\"]], [\"zip\", \"./../src/python/service\", \"service\"], [\"clear:filter\"], [\"set:filter\", [\"!src/models/__pycache__/?.*\"]], [\"zip\", \"./../src/python/models\", \"models\"], [\"clear:filter\"]]}",
            "content_base64": null,
            "content_base64sha256": "N+ezbFm1xPTECJmqR61GBgV7LPifMIJ38z8dS1JHSsE=",
            "content_base64sha512": "OFkYxdiZh91B4mB0r6ilBMbbpG0Sr7zlH/Z42izIMIoQYmgB+fo9AnCXFwy5krjCfMQtlMZxU7h+G/yuOVeHLw==",
            "content_md5": "4800b811f6e8d81e1611f5974ca8a0aa",
            "content_sha1": "ec47878b64d9b9e655356fb3a97c466f11858fca",
            "content_sha256": "37e7b36c59b5c4f4c40899aa47ad4606057b2cf89f308277f33f1d4b52474ac1",
            "content_sha512": "385918c5d89987dd41e26074afa8a504c6dba46d12afbce51ff678da2cc8308a10626801f9fa3d027097170cb992b8c27cc42d94c67153b87e1bfcae3957872f",
            "directory_permission": "0755",
            "file_permission": "0644",
            "filename": "s3_files/book-ticket\\f1c8791c8e300a6a3bb75b3e141d6024a056e3a37093732bcc52fa618a7ec0ff.plan.json",
            "id": "ec47878b64d9b9e655356fb3a97c466f11858fca",
            "sensitive_content": null,
            "source": null
          },
          "sensitive_attributes": [],
          "dependencies": [
            "module.category-module.module.zip_post_book-ticket_mv.data.external.archive_prepare"
          ],
          "create_before_destroy": true
        }
      ]
    },
    {
      "module": "module.category-module.module.zip_post_book-ticket_mv",
      "mode": "managed",
      "type": "null_resource",
      "name": "archive",
      "provider": "provider[\"registry.terraform.io/hashicorp/null\"]",
      "instances": [
        {
          "index_key": 0,
          "schema_version": 0,
          "attributes": {
            "id": "34789676792355081",
            "triggers": {
              "filename": "s3_files/book-ticket\\f1c8791c8e300a6a3bb75b3e141d6024a056e3a37093732bcc52fa618a7ec0ff.zip",
              "timestamp": "1689177063616916000"
            }
          },
          "sensitive_attributes": [],
          "dependencies": [
            "module.category-module.module.zip_post_book-ticket_mv.data.external.archive_prepare",
            "module.category-module.module.zip_post_book-ticket_mv.local_file.archive_plan"
          ],
          "create_before_destroy": true
        }
      ]
    },
    {
      "module": "module.category-module.module.zip_post_user_mv",
      "mode": "data",
      "type": "external",
      "name": "archive_prepare",
      "provider": "provider[\"registry.terraform.io/hashicorp/external\"]",
      "instances": [
        {
          "index_key": 0,
          "schema_version": 0,
          "attributes": {
            "id": "-",
            "program": [
              "python.exe",
              "modules/terraform-aws-lambda/package.py",
              "prepare"
            ],
            "query": {
              "artifacts_dir": "s3_files/post-user",
              "docker": null,
              "hash_extra": "",
              "hash_extra_paths": "[]",
              "paths": "{\"cwd\":\"C:/Users/vaibhav.m/Downloads/Flight_Ticket_Booking/Flight_Ticket_Booking/terraform\",\"module\":\"modules/terraform-aws-lambda\",\"root\":\".\"}",
              "runtime": "python3.9",
              "source_path": "[{\"path\":\"./../src/python/add_user_details\",\"patterns\":[\"!src/add_user_details/__pycache__/?.*\"],\"prefix_in_zip\":\"add_user_details\"},{\"path\":\"./../src/python/service\",\"patterns\":[\"!src/service/__pycache__/?.*\"],\"prefix_in_zip\":\"service\"},{\"path\":\"./../src/python/models\",\"patterns\":[\"!src/models/__pycache__/?.*\"],\"prefix_in_zip\":\"models\"}]"
            },
            "result": {
              "build_plan": "{\"filename\": \"s3_files/post-user\\\\e4bb469f3c4c62ea10ed123ebd6abacd0f8ba6440648b4889005a2c59e2d6a06.zip\", \"runtime\": \"python3.9\", \"artifacts_dir\": \"s3_files/post-user\", \"build_plan\": [[\"set:filter\", [\"!src/add_user_details/__pycache__/?.*\"]], [\"zip\", \"./../src/python/add_user_details\", \"add_user_details\"], [\"clear:filter\"], [\"set:filter\", [\"!src/service/__pycache__/?.*\"]], [\"zip\", \"./../src/python/service\", \"service\"], [\"clear:filter\"], [\"set:filter\", [\"!src/models/__pycache__/?.*\"]], [\"zip\", \"./../src/python/models\", \"models\"], [\"clear:filter\"]]}",
              "build_plan_filename": "s3_files/post-user\\e4bb469f3c4c62ea10ed123ebd6abacd0f8ba6440648b4889005a2c59e2d6a06.plan.json",
              "filename": "s3_files/post-user\\e4bb469f3c4c62ea10ed123ebd6abacd0f8ba6440648b4889005a2c59e2d6a06.zip",
              "timestamp": "1689177063651669000",
              "was_missing": "true"
            },
            "working_dir": null
          },
          "sensitive_attributes": []
        }
      ]
    },
    {
      "module": "module.category-module.module.zip_post_user_mv",
      "mode": "managed",
      "type": "aws_s3_bucket_object",
      "name": "lambda_package",
      "provider": "provider[\"registry.terraform.io/hashicorp/aws\"]",
      "instances": [
        {
          "index_key": 0,
          "schema_version": 0,
          "attributes": {
            "acl": "private",
            "bucket": "my-usage-bucket",
            "bucket_key_enabled": false,
            "cache_control": "",
            "content": null,
            "content_base64": null,
            "content_disposition": "",
            "content_encoding": "",
            "content_language": "",
            "content_type": "binary/octet-stream",
            "etag": "8c2ecc0bc4161cd1a81f05371f70bcc5",
            "force_destroy": false,
            "id": "s3_files/post-user\\e4bb469f3c4c62ea10ed123ebd6abacd0f8ba6440648b4889005a2c59e2d6a06.zip",
            "key": "s3_files/post-user\\e4bb469f3c4c62ea10ed123ebd6abacd0f8ba6440648b4889005a2c59e2d6a06.zip",
            "kms_key_id": null,
            "metadata": null,
            "object_lock_legal_hold_status": "",
            "object_lock_mode": "",
            "object_lock_retain_until_date": "",
            "server_side_encryption": "AES256",
            "source": "s3_files/post-user\\e4bb469f3c4c62ea10ed123ebd6abacd0f8ba6440648b4889005a2c59e2d6a06.zip",
            "source_hash": null,
            "storage_class": "ONEZONE_IA",
            "tags": null,
            "tags_all": {},
            "version_id": "",
            "website_redirect": ""
          },
          "sensitive_attributes": [],
          "private": "bnVsbA==",
          "dependencies": [
            "module.category-module.module.zip_post_user_mv.data.external.archive_prepare",
            "module.category-module.module.zip_post_user_mv.local_file.archive_plan",
            "module.category-module.module.zip_post_user_mv.null_resource.archive"
          ],
          "create_before_destroy": true
        }
      ]
    },
    {
      "module": "module.category-module.module.zip_post_user_mv",
      "mode": "managed",
      "type": "local_file",
      "name": "archive_plan",
      "provider": "provider[\"registry.terraform.io/hashicorp/local\"]",
      "instances": [
        {
          "index_key": 0,
          "schema_version": 0,
          "attributes": {
            "content": "{\"filename\": \"s3_files/post-user\\\\e4bb469f3c4c62ea10ed123ebd6abacd0f8ba6440648b4889005a2c59e2d6a06.zip\", \"runtime\": \"python3.9\", \"artifacts_dir\": \"s3_files/post-user\", \"build_plan\": [[\"set:filter\", [\"!src/add_user_details/__pycache__/?.*\"]], [\"zip\", \"./../src/python/add_user_details\", \"add_user_details\"], [\"clear:filter\"], [\"set:filter\", [\"!src/service/__pycache__/?.*\"]], [\"zip\", \"./../src/python/service\", \"service\"], [\"clear:filter\"], [\"set:filter\", [\"!src/models/__pycache__/?.*\"]], [\"zip\", \"./../src/python/models\", \"models\"], [\"clear:filter\"]]}",
            "content_base64": null,
            "content_base64sha256": "29qrWxaWxse1gh4oWlh+vD2Vkllknu+61jkKB1c79c4=",
            "content_base64sha512": "Aocil+LYj11T5K6tVIENuRYSVVOwfFB9cvKz3lOI6KUo+mhh9cNZJ5q8IH1pAjtOuDue9fdynkNDOj/2eD81KQ==",
            "content_md5": "23dca9d57f4f82d52114260a0c9bb669",
            "content_sha1": "f6a7d8fbe28a3abac4013788d75a662925d51282",
            "content_sha256": "dbdaab5b1696c6c7b5821e285a587ebc3d959259649eefbad6390a07573bf5ce",
            "content_sha512": "02872297e2d88f5d53e4aead54810db916125553b07c507d72f2b3de5388e8a528fa6861f5c359279abc207d69023b4eb83b9ef5f7729e43433a3ff6783f3529",
            "directory_permission": "0755",
            "file_permission": "0644",
            "filename": "s3_files/post-user\\e4bb469f3c4c62ea10ed123ebd6abacd0f8ba6440648b4889005a2c59e2d6a06.plan.json",
            "id": "f6a7d8fbe28a3abac4013788d75a662925d51282",
            "sensitive_content": null,
            "source": null
          },
          "sensitive_attributes": [],
          "dependencies": [
            "module.category-module.module.zip_post_user_mv.data.external.archive_prepare"
          ],
          "create_before_destroy": true
        }
      ]
    },
    {
      "module": "module.category-module.module.zip_post_user_mv",
      "mode": "managed",
      "type": "null_resource",
      "name": "archive",
      "provider": "provider[\"registry.terraform.io/hashicorp/null\"]",
      "instances": [
        {
          "index_key": 0,
          "schema_version": 0,
          "attributes": {
            "id": "8083420643673689226",
            "triggers": {
              "filename": "s3_files/post-user\\e4bb469f3c4c62ea10ed123ebd6abacd0f8ba6440648b4889005a2c59e2d6a06.zip",
              "timestamp": "1689177063651669000"
            }
          },
          "sensitive_attributes": [],
          "dependencies": [
            "module.category-module.module.zip_post_user_mv.data.external.archive_prepare",
            "module.category-module.module.zip_post_user_mv.local_file.archive_plan"
          ],
          "create_before_destroy": true
        }
      ]
    }
  ],
  "check_results": []
}
